{
  "version": 4,
  "terraform_version": "1.9.8",
  "serial": 26,
  "lineage": "f26d8dea-4e28-817f-436d-ea1c138a0fe1",
  "outputs": {
    "hello-world": {
      "value": "Hello World",
      "type": "string"
    },
    "public_dns": {
      "value": "",
      "type": "string"
    },
    "public_ip": {
      "value": "3.107.49.89",
      "type": "string"
    },
    "public_udl": {
      "value": "http://54.206.73.112",
      "type": "string"
    },
    "size": {
      "value": "t2.micro",
      "type": "string"
    },
    "vpc_id": {
      "value": "vpc-02811c939341f6e74",
      "type": "string"
    },
    "vpc_information": {
      "value": "Your demo_environment VPC has no ID of vpc-02811c939341f6e74",
      "type": "string"
    }
  },
  "resources": [
    {
      "mode": "data",
      "type": "aws_ami",
      "name": "ubuntu",
      "provider": "provider[\"registry.terraform.io/hashicorp/aws\"]",
      "instances": [
        {
          "schema_version": 0,
          "attributes": {
            "allow_unsafe_filter": null,
            "architecture": "x86_64",
            "arn": "arn:aws:ec2:ap-southeast-2::image/ami-06cd25c905a7e9a0f",
            "block_device_mappings": [
              {
                "device_name": "/dev/sda1",
                "ebs": {
                  "delete_on_termination": "true",
                  "encrypted": "false",
                  "iops": "0",
                  "snapshot_id": "snap-00bcd746cb27dc779",
                  "throughput": "0",
                  "volume_initialization_rate": "0",
                  "volume_size": "8",
                  "volume_type": "gp2"
                },
                "no_device": "",
                "virtual_name": ""
              },
              {
                "device_name": "/dev/sdb",
                "ebs": {},
                "no_device": "",
                "virtual_name": "ephemeral0"
              },
              {
                "device_name": "/dev/sdc",
                "ebs": {},
                "no_device": "",
                "virtual_name": "ephemeral1"
              }
            ],
            "boot_mode": "legacy-bios",
            "creation_date": "2025-06-25T05:33:06.000Z",
            "deprecation_time": "2027-06-25T05:33:06.000Z",
            "description": "Canonical, Ubuntu, 20.04, amd64 focal image",
            "ena_support": true,
            "executable_users": null,
            "filter": [
              {
                "name": "name",
                "values": [
                  "ubuntu/images/hvm-ssd/ubuntu-focal-20.04-amd64-server-*"
                ]
              },
              {
                "name": "virtualization-type",
                "values": [
                  "hvm"
                ]
              }
            ],
            "hypervisor": "xen",
            "id": "ami-06cd25c905a7e9a0f",
            "image_id": "ami-06cd25c905a7e9a0f",
            "image_location": "amazon/ubuntu/images/hvm-ssd/ubuntu-focal-20.04-amd64-server-20250624",
            "image_owner_alias": "amazon",
            "image_type": "machine",
            "imds_support": "",
            "include_deprecated": false,
            "kernel_id": "",
            "last_launched_time": "",
            "most_recent": true,
            "name": "ubuntu/images/hvm-ssd/ubuntu-focal-20.04-amd64-server-20250624",
            "name_regex": null,
            "owner_id": "099720109477",
            "owners": [
              "099720109477"
            ],
            "platform": "",
            "platform_details": "Linux/UNIX",
            "product_codes": [],
            "public": true,
            "ramdisk_id": "",
            "region": "ap-southeast-2",
            "root_device_name": "/dev/sda1",
            "root_device_type": "ebs",
            "root_snapshot_id": "snap-00bcd746cb27dc779",
            "sriov_net_support": "simple",
            "state": "available",
            "state_reason": {
              "code": "UNSET",
              "message": "UNSET"
            },
            "tags": {},
            "timeouts": null,
            "tpm_support": "",
            "uefi_data": null,
            "usage_operation": "RunInstances",
            "virtualization_type": "hvm"
          },
          "sensitive_attributes": []
        }
      ]
    },
    {
      "mode": "data",
      "type": "aws_availability_zones",
      "name": "available",
      "provider": "provider[\"registry.terraform.io/hashicorp/aws\"]",
      "instances": [
        {
          "schema_version": 0,
          "attributes": {
            "all_availability_zones": null,
            "exclude_names": null,
            "exclude_zone_ids": null,
            "filter": null,
            "group_names": [
              "ap-southeast-2-zg-1"
            ],
            "id": "ap-southeast-2",
            "names": [
              "ap-southeast-2a",
              "ap-southeast-2b",
              "ap-southeast-2c"
            ],
            "region": "ap-southeast-2",
            "state": null,
            "timeouts": null,
            "zone_ids": [
              "apse2-az1",
              "apse2-az3",
              "apse2-az2"
            ]
          },
          "sensitive_attributes": []
        }
      ]
    },
    {
      "mode": "data",
      "type": "aws_region",
      "name": "current",
      "provider": "provider[\"registry.terraform.io/hashicorp/aws\"]",
      "instances": [
        {
          "schema_version": 0,
          "attributes": {
            "description": "Asia Pacific (Sydney)",
            "endpoint": "ec2.ap-southeast-2.amazonaws.com",
            "id": "ap-southeast-2",
            "name": "ap-southeast-2",
            "region": "ap-southeast-2"
          },
          "sensitive_attributes": []
        }
      ]
    },
    {
      "mode": "managed",
      "type": "aws_instance",
      "name": "ubuntu_server",
      "provider": "provider[\"registry.terraform.io/hashicorp/aws\"]",
      "instances": [
        {
          "schema_version": 2,
          "attributes": {
            "ami": "ami-06cd25c905a7e9a0f",
            "arn": "arn:aws:ec2:ap-southeast-2:229342747134:instance/i-0001e371c4645d1be",
            "associate_public_ip_address": true,
            "availability_zone": "ap-southeast-2b",
            "capacity_reservation_specification": [
              {
                "capacity_reservation_preference": "open",
                "capacity_reservation_target": []
              }
            ],
            "cpu_options": [
              {
                "amd_sev_snp": "",
                "core_count": 1,
                "threads_per_core": 1
              }
            ],
            "credit_specification": [
              {
                "cpu_credits": "standard"
              }
            ],
            "disable_api_stop": false,
            "disable_api_termination": false,
            "ebs_block_device": [],
            "ebs_optimized": false,
            "enable_primary_ipv6": null,
            "enclave_options": [
              {
                "enabled": false
              }
            ],
            "ephemeral_block_device": [],
            "force_destroy": false,
            "get_password_data": false,
            "hibernation": false,
            "host_id": "",
            "host_resource_group_arn": null,
            "iam_instance_profile": "",
            "id": "i-0001e371c4645d1be",
            "instance_initiated_shutdown_behavior": "stop",
            "instance_lifecycle": "",
            "instance_market_options": [],
            "instance_state": "running",
            "instance_type": "t2.micro",
            "ipv6_address_count": 0,
            "ipv6_addresses": [],
            "key_name": "MyAWSKey",
            "launch_template": [],
            "maintenance_options": [
              {
                "auto_recovery": "default"
              }
            ],
            "metadata_options": [
              {
                "http_endpoint": "enabled",
                "http_protocol_ipv6": "disabled",
                "http_put_response_hop_limit": 1,
                "http_tokens": "optional",
                "instance_metadata_tags": "disabled"
              }
            ],
            "monitoring": false,
            "network_interface": [],
            "outpost_arn": "",
            "password_data": "",
            "placement_group": "",
            "placement_group_id": "",
            "placement_partition_number": 0,
            "primary_network_interface": [
              {
                "delete_on_termination": true,
                "network_interface_id": "eni-0d2033c6b3c2d3d35"
              }
            ],
            "primary_network_interface_id": "eni-0d2033c6b3c2d3d35",
            "private_dns": "ip-10-0-101-141.ap-southeast-2.compute.internal",
            "private_dns_name_options": [
              {
                "enable_resource_name_dns_a_record": false,
                "enable_resource_name_dns_aaaa_record": false,
                "hostname_type": "ip-name"
              }
            ],
            "private_ip": "10.0.101.141",
            "public_dns": "",
            "public_ip": "54.206.73.112",
            "region": "ap-southeast-2",
            "root_block_device": [
              {
                "delete_on_termination": true,
                "device_name": "/dev/sda1",
                "encrypted": false,
                "iops": 100,
                "kms_key_id": "",
                "tags": {
                  "Environment": "default",
                  "Owner": "Acme",
                  "Provisoned": "Terrafor"
                },
                "tags_all": {
                  "Environment": "default",
                  "Owner": "Acme",
                  "Provisoned": "Terrafor"
                },
                "throughput": 0,
                "volume_id": "vol-01fc5403677328fe8",
                "volume_size": 8,
                "volume_type": "gp2"
              }
            ],
            "secondary_private_ips": [],
            "security_groups": [
              "sg-00a18f9f03548762a",
              "sg-01d95c61d825240e0",
              "sg-09789f9837e0f3b04"
            ],
            "source_dest_check": true,
            "spot_instance_request_id": "",
            "subnet_id": "subnet-08f79491e88571d38",
            "tags": {
              "App": "core_api",
              "Name": "ec2-Dev-api-ap-southeast-2a",
              "Owner": "api_mgmt_dev"
            },
            "tags_all": {
              "App": "core_api",
              "Environment": "default",
              "Name": "ec2-Dev-api-ap-southeast-2a",
              "Owner": "api_mgmt_dev",
              "Provisoned": "Terrafor"
            },
            "tenancy": "default",
            "timeouts": null,
            "user_data": null,
            "user_data_base64": null,
            "user_data_replace_on_change": false,
            "volume_tags": null,
            "vpc_security_group_ids": [
              "sg-00a18f9f03548762a",
              "sg-01d95c61d825240e0",
              "sg-09789f9837e0f3b04"
            ]
          },
          "sensitive_attributes": [],
          "private": "eyJlMmJmYjczMC1lY2FhLTExZTYtOGY4OC0zNDM2M2JjN2M0YzAiOnsiY3JlYXRlIjo2MDAwMDAwMDAwMDAsImRlbGV0ZSI6MTIwMDAwMDAwMDAwMCwicmVhZCI6OTAwMDAwMDAwMDAwLCJ1cGRhdGUiOjYwMDAwMDAwMDAwMH0sInNjaGVtYV92ZXJzaW9uIjoiMiJ9",
          "dependencies": [
            "aws_key_pair.generated",
            "aws_security_group.ingress-ssh",
            "aws_security_group.vpc-ping",
            "aws_security_group.vpc-web",
            "aws_subnet.public_subnets",
            "aws_vpc.vpc",
            "data.aws_ami.ubuntu",
            "data.aws_availability_zones.available",
            "data.aws_region.current",
            "local_file.private_key_pem",
            "tls_private_key.generated"
          ]
        }
      ]
    },
    {
      "mode": "managed",
      "type": "aws_instance",
      "name": "web_server",
      "provider": "provider[\"registry.terraform.io/hashicorp/aws\"]",
      "instances": [
        {
          "schema_version": 2,
          "attributes": {
            "ami": "ami-06cd25c905a7e9a0f",
            "arn": "arn:aws:ec2:ap-southeast-2:229342747134:instance/i-0677e77b0420c8830",
            "associate_public_ip_address": true,
            "availability_zone": "ap-southeast-2b",
            "capacity_reservation_specification": [
              {
                "capacity_reservation_preference": "open",
                "capacity_reservation_target": []
              }
            ],
            "cpu_options": [
              {
                "amd_sev_snp": "",
                "core_count": 1,
                "threads_per_core": 1
              }
            ],
            "credit_specification": [
              {
                "cpu_credits": "standard"
              }
            ],
            "disable_api_stop": false,
            "disable_api_termination": false,
            "ebs_block_device": [],
            "ebs_optimized": false,
            "enable_primary_ipv6": null,
            "enclave_options": [
              {
                "enabled": false
              }
            ],
            "ephemeral_block_device": [],
            "force_destroy": false,
            "get_password_data": false,
            "hibernation": false,
            "host_id": "",
            "host_resource_group_arn": null,
            "iam_instance_profile": "",
            "id": "i-0677e77b0420c8830",
            "instance_initiated_shutdown_behavior": "stop",
            "instance_lifecycle": "",
            "instance_market_options": [],
            "instance_state": "running",
            "instance_type": "t2.micro",
            "ipv6_address_count": 0,
            "ipv6_addresses": [],
            "key_name": "MyAWSKey",
            "launch_template": [],
            "maintenance_options": [
              {
                "auto_recovery": "default"
              }
            ],
            "metadata_options": [
              {
                "http_endpoint": "enabled",
                "http_protocol_ipv6": "disabled",
                "http_put_response_hop_limit": 1,
                "http_tokens": "optional",
                "instance_metadata_tags": "disabled"
              }
            ],
            "monitoring": false,
            "network_interface": [],
            "outpost_arn": "",
            "password_data": "",
            "placement_group": "",
            "placement_group_id": "",
            "placement_partition_number": 0,
            "primary_network_interface": [
              {
                "delete_on_termination": true,
                "network_interface_id": "eni-032f1c2149fbe52dc"
              }
            ],
            "primary_network_interface_id": "eni-032f1c2149fbe52dc",
            "private_dns": "ip-10-0-101-132.ap-southeast-2.compute.internal",
            "private_dns_name_options": [
              {
                "enable_resource_name_dns_a_record": false,
                "enable_resource_name_dns_aaaa_record": false,
                "hostname_type": "ip-name"
              }
            ],
            "private_ip": "10.0.101.132",
            "public_dns": "",
            "public_ip": "3.25.171.210",
            "region": "ap-southeast-2",
            "root_block_device": [
              {
                "delete_on_termination": true,
                "device_name": "/dev/sda1",
                "encrypted": false,
                "iops": 100,
                "kms_key_id": "",
                "tags": {
                  "Environment": "default",
                  "Owner": "Acme",
                  "Provisoned": "Terrafor"
                },
                "tags_all": {
                  "Environment": "default",
                  "Owner": "Acme",
                  "Provisoned": "Terrafor"
                },
                "throughput": 0,
                "volume_id": "vol-0b366f88e1dfa250a",
                "volume_size": 8,
                "volume_type": "gp2"
              }
            ],
            "secondary_private_ips": [],
            "security_groups": [
              "sg-00a18f9f03548762a",
              "sg-01d95c61d825240e0",
              "sg-09789f9837e0f3b04"
            ],
            "source_dest_check": true,
            "spot_instance_request_id": "",
            "subnet_id": "subnet-08f79491e88571d38",
            "tags": {
              "Name": "Web EC2 Server"
            },
            "tags_all": {
              "Environment": "default",
              "Name": "Web EC2 Server",
              "Owner": "Acme",
              "Provisoned": "Terrafor"
            },
            "tenancy": "default",
            "timeouts": null,
            "user_data": null,
            "user_data_base64": null,
            "user_data_replace_on_change": false,
            "volume_tags": null,
            "vpc_security_group_ids": [
              "sg-00a18f9f03548762a",
              "sg-01d95c61d825240e0",
              "sg-09789f9837e0f3b04"
            ]
          },
          "sensitive_attributes": [],
          "private": "eyJlMmJmYjczMC1lY2FhLTExZTYtOGY4OC0zNDM2M2JjN2M0YzAiOnsiY3JlYXRlIjo2MDAwMDAwMDAwMDAsImRlbGV0ZSI6MTIwMDAwMDAwMDAwMCwicmVhZCI6OTAwMDAwMDAwMDAwLCJ1cGRhdGUiOjYwMDAwMDAwMDAwMH0sInNjaGVtYV92ZXJzaW9uIjoiMiJ9",
          "dependencies": [
            "aws_key_pair.generated",
            "aws_security_group.ingress-ssh",
            "aws_security_group.vpc-ping",
            "aws_security_group.vpc-web",
            "aws_subnet.public_subnets",
            "aws_vpc.vpc",
            "data.aws_ami.ubuntu",
            "data.aws_availability_zones.available",
            "data.aws_region.current",
            "local_file.private_key_pem",
            "tls_private_key.generated"
          ]
        }
      ]
    },
    {
      "mode": "managed",
      "type": "aws_instance",
      "name": "web_server_2",
      "provider": "provider[\"registry.terraform.io/hashicorp/aws\"]",
      "instances": [
        {
          "schema_version": 2,
          "attributes": {
            "ami": "ami-06cd25c905a7e9a0f",
            "arn": "arn:aws:ec2:ap-southeast-2:229342747134:instance/i-03c0ac97b546dd677",
            "associate_public_ip_address": true,
            "availability_zone": "ap-southeast-2c",
            "capacity_reservation_specification": [
              {
                "capacity_reservation_preference": "open",
                "capacity_reservation_target": []
              }
            ],
            "cpu_options": [
              {
                "amd_sev_snp": "",
                "core_count": 1,
                "threads_per_core": 1
              }
            ],
            "credit_specification": [
              {
                "cpu_credits": "standard"
              }
            ],
            "disable_api_stop": false,
            "disable_api_termination": false,
            "ebs_block_device": [],
            "ebs_optimized": false,
            "enable_primary_ipv6": null,
            "enclave_options": [
              {
                "enabled": false
              }
            ],
            "ephemeral_block_device": [],
            "force_destroy": false,
            "get_password_data": false,
            "hibernation": false,
            "host_id": "",
            "host_resource_group_arn": null,
            "iam_instance_profile": "",
            "id": "i-03c0ac97b546dd677",
            "instance_initiated_shutdown_behavior": "stop",
            "instance_lifecycle": "",
            "instance_market_options": [],
            "instance_state": "running",
            "instance_type": "t2.micro",
            "ipv6_address_count": 0,
            "ipv6_addresses": [],
            "key_name": "",
            "launch_template": [],
            "maintenance_options": [
              {
                "auto_recovery": "default"
              }
            ],
            "metadata_options": [
              {
                "http_endpoint": "enabled",
                "http_protocol_ipv6": "disabled",
                "http_put_response_hop_limit": 1,
                "http_tokens": "optional",
                "instance_metadata_tags": "disabled"
              }
            ],
            "monitoring": false,
            "network_interface": [],
            "outpost_arn": "",
            "password_data": "",
            "placement_group": "",
            "placement_group_id": "",
            "placement_partition_number": 0,
            "primary_network_interface": [
              {
                "delete_on_termination": true,
                "network_interface_id": "eni-02498e152fd01e5d7"
              }
            ],
            "primary_network_interface_id": "eni-02498e152fd01e5d7",
            "private_dns": "ip-10-0-102-140.ap-southeast-2.compute.internal",
            "private_dns_name_options": [
              {
                "enable_resource_name_dns_a_record": false,
                "enable_resource_name_dns_aaaa_record": false,
                "hostname_type": "ip-name"
              }
            ],
            "private_ip": "10.0.102.140",
            "public_dns": "",
            "public_ip": "3.25.229.23",
            "region": "ap-southeast-2",
            "root_block_device": [
              {
                "delete_on_termination": true,
                "device_name": "/dev/sda1",
                "encrypted": false,
                "iops": 100,
                "kms_key_id": "",
                "tags": {
                  "Environment": "default",
                  "Owner": "Acme",
                  "Provisoned": "Terrafor"
                },
                "tags_all": {
                  "Environment": "default",
                  "Owner": "Acme",
                  "Provisoned": "Terrafor"
                },
                "throughput": 0,
                "volume_id": "vol-09e34dff7b24fda23",
                "volume_size": 8,
                "volume_type": "gp2"
              }
            ],
            "secondary_private_ips": [],
            "security_groups": [],
            "source_dest_check": true,
            "spot_instance_request_id": "",
            "subnet_id": "subnet-0f9770efeb48c878d",
            "tags": {
              "Name": "Web EC2 Server 2"
            },
            "tags_all": {
              "Environment": "default",
              "Name": "Web EC2 Server 2",
              "Owner": "Acme",
              "Provisoned": "Terrafor"
            },
            "tenancy": "default",
            "timeouts": null,
            "user_data": null,
            "user_data_base64": null,
            "user_data_replace_on_change": false,
            "volume_tags": null,
            "vpc_security_group_ids": [
              "sg-0b611522237b56e47"
            ]
          },
          "sensitive_attributes": [],
          "private": "eyJlMmJmYjczMC1lY2FhLTExZTYtOGY4OC0zNDM2M2JjN2M0YzAiOnsiY3JlYXRlIjo2MDAwMDAwMDAwMDAsImRlbGV0ZSI6MTIwMDAwMDAwMDAwMCwicmVhZCI6OTAwMDAwMDAwMDAwLCJ1cGRhdGUiOjYwMDAwMDAwMDAwMH0sInNjaGVtYV92ZXJzaW9uIjoiMiJ9",
          "dependencies": [
            "aws_subnet.public_subnets",
            "aws_vpc.vpc",
            "data.aws_ami.ubuntu",
            "data.aws_availability_zones.available",
            "data.aws_region.current"
          ]
        }
      ]
    },
    {
      "mode": "managed",
      "type": "aws_internet_gateway",
      "name": "demo_igw",
      "provider": "provider[\"registry.terraform.io/hashicorp/aws\"]",
      "instances": [
        {
          "schema_version": 0,
          "attributes": {
            "arn": "arn:aws:ec2:ap-southeast-2:229342747134:internet-gateway/igw-0cb580f72f01117a1",
            "id": "igw-0cb580f72f01117a1",
            "owner_id": "229342747134",
            "region": "ap-southeast-2",
            "tags": {
              "Name": "Demo IGW"
            },
            "tags_all": {
              "Environment": "default",
              "Name": "Demo IGW",
              "Owner": "Acme",
              "Provisoned": "Terrafor"
            },
            "timeouts": null,
            "vpc_id": "vpc-02811c939341f6e74"
          },
          "sensitive_attributes": [],
          "private": "eyJlMmJmYjczMC1lY2FhLTExZTYtOGY4OC0zNDM2M2JjN2M0YzAiOnsiY3JlYXRlIjoxMjAwMDAwMDAwMDAwLCJkZWxldGUiOjEyMDAwMDAwMDAwMDAsInVwZGF0ZSI6MTIwMDAwMDAwMDAwMH19",
          "dependencies": [
            "aws_vpc.vpc",
            "data.aws_region.current"
          ]
        }
      ]
    },
    {
      "mode": "managed",
      "type": "aws_key_pair",
      "name": "generated",
      "provider": "provider[\"registry.terraform.io/hashicorp/aws\"]",
      "instances": [
        {
          "schema_version": 1,
          "attributes": {
            "arn": "arn:aws:ec2:ap-southeast-2:229342747134:key-pair/MyAWSKey",
            "fingerprint": "7d:3b:6c:3d:89:30:d8:92:6e:e4:39:be:4c:22:a1:00",
            "id": "MyAWSKey",
            "key_name": "MyAWSKey",
            "key_name_prefix": "",
            "key_pair_id": "key-06de19c12a71707fd",
            "key_type": "rsa",
            "public_key": "ssh-rsa AAAAB3NzaC1yc2EAAAADAQABAAABAQDJJi0j3XEBYOqw0FQNfPjoGhuDg9wZ7QBj6KFvmavS1uKRqiLp9W9kr2vBAOiQsx18EL84H2RFPb/GWNLKorUVDw7MxCRO7jekRZAmN6lVeyo+rDzD4mn0tTPKhygDzLWRotMHMs21SbhIfyVrTFa43YHXtv888dKSuD5rW9SEOTdM7BcHGoWk8NyoXSLN4jd6qfGu8HTLA0WxTRB8+IDOHu24ddWR2F+buB/e0vx+lxCoWFo6V9WPpiA4N+6HwRkPJaXuaz+FCUyoA3yHRl3ObsQK0f+B1JHjmOJtHunAjxNuJ05/n5IlhGVI2PDlh/Ipy8klANrf6qSH7AAt5lH/",
            "region": "ap-southeast-2",
            "tags": null,
            "tags_all": {
              "Environment": "default",
              "Owner": "Acme",
              "Provisoned": "Terrafor"
            }
          },
          "sensitive_attributes": [],
          "private": "eyJzY2hlbWFfdmVyc2lvbiI6IjEifQ==",
          "dependencies": [
            "tls_private_key.generated"
          ]
        }
      ]
    },
    {
      "mode": "managed",
      "type": "aws_route",
      "name": "demo_route_table",
      "provider": "provider[\"registry.terraform.io/hashicorp/aws\"]",
      "instances": [
        {
          "schema_version": 0,
          "attributes": {
            "carrier_gateway_id": "",
            "core_network_arn": "",
            "destination_cidr_block": "0.0.0.0/0",
            "destination_ipv6_cidr_block": "",
            "destination_prefix_list_id": "",
            "egress_only_gateway_id": "",
            "gateway_id": "igw-0cb580f72f01117a1",
            "id": "r-rtb-0fd2e0f99a634e6c21080289494",
            "instance_id": "",
            "instance_owner_id": "",
            "local_gateway_id": "",
            "nat_gateway_id": "",
            "network_interface_id": "",
            "origin": "CreateRoute",
            "region": "ap-southeast-2",
            "route_table_id": "rtb-0fd2e0f99a634e6c2",
            "state": "active",
            "timeouts": null,
            "transit_gateway_id": "",
            "vpc_endpoint_id": "",
            "vpc_peering_connection_id": ""
          },
          "sensitive_attributes": [],
          "private": "eyJlMmJmYjczMC1lY2FhLTExZTYtOGY4OC0zNDM2M2JjN2M0YzAiOnsiY3JlYXRlIjozMDAwMDAwMDAwMDAsImRlbGV0ZSI6MzAwMDAwMDAwMDAwLCJ1cGRhdGUiOjEyMDAwMDAwMDAwMH19",
          "dependencies": [
            "aws_internet_gateway.demo_igw",
            "aws_vpc.vpc",
            "data.aws_region.current"
          ]
        }
      ]
    },
    {
      "mode": "managed",
      "type": "aws_s3_bucket",
      "name": "my-aws-s3-bucket",
      "provider": "provider[\"registry.terraform.io/hashicorp/aws\"]",
      "instances": [
        {
          "schema_version": 0,
          "attributes": {
            "acceleration_status": "",
            "acl": null,
            "arn": "arn:aws:s3:::fkaba-sirri-9f6a75d5d8f2d08301b3820958e8a4af",
            "bucket": "fkaba-sirri-9f6a75d5d8f2d08301b3820958e8a4af",
            "bucket_domain_name": "fkaba-sirri-9f6a75d5d8f2d08301b3820958e8a4af.s3.amazonaws.com",
            "bucket_prefix": "fkaba-sirri-9f6a75",
            "bucket_region": "ap-southeast-2",
            "bucket_regional_domain_name": "fkaba-sirri-9f6a75d5d8f2d08301b3820958e8a4af.s3.ap-southeast-2.amazonaws.com",
            "cors_rule": [],
            "force_destroy": false,
            "grant": [
              {
                "id": "f5280c0f4eaccbfcea1406ef4e975dad15b514928f69f45ee51d13cd6b665334",
                "permissions": [
                  "FULL_CONTROL"
                ],
                "type": "CanonicalUser",
                "uri": ""
              }
            ],
            "hosted_zone_id": "Z1WCIGYICN2BYD",
            "id": "fkaba-sirri-9f6a75d5d8f2d08301b3820958e8a4af",
            "lifecycle_rule": [],
            "logging": [],
            "object_lock_configuration": [],
            "object_lock_enabled": false,
            "policy": "",
            "region": "ap-southeast-2",
            "replication_configuration": [],
            "request_payer": "BucketOwner",
            "server_side_encryption_configuration": [
              {
                "rule": [
                  {
                    "apply_server_side_encryption_by_default": [
                      {
                        "kms_master_key_id": "",
                        "sse_algorithm": "AES256"
                      }
                    ],
                    "bucket_key_enabled": false
                  }
                ]
              }
            ],
            "tags": {
              "Name": "MY s3 bucket",
              "Purpose": "Building an automation"
            },
            "tags_all": {
              "Environment": "default",
              "Name": "MY s3 bucket",
              "Owner": "Acme",
              "Provisoned": "Terrafor",
              "Purpose": "Building an automation"
            },
            "timeouts": null,
            "versioning": [
              {
                "enabled": false,
                "mfa_delete": false
              }
            ],
            "website": [],
            "website_domain": null,
            "website_endpoint": null
          },
          "sensitive_attributes": [],
          "private": "eyJlMmJmYjczMC1lY2FhLTExZTYtOGY4OC0zNDM2M2JjN2M0YzAiOnsiY3JlYXRlIjoxMjAwMDAwMDAwMDAwLCJkZWxldGUiOjM2MDAwMDAwMDAwMDAsInJlYWQiOjEyMDAwMDAwMDAwMDAsInVwZGF0ZSI6MTIwMDAwMDAwMDAwMH19",
          "dependencies": [
            "random_id.randomness"
          ]
        }
      ]
    },
    {
      "mode": "managed",
      "type": "aws_security_group",
      "name": "ingress-ssh",
      "provider": "provider[\"registry.terraform.io/hashicorp/aws\"]",
      "instances": [
        {
          "schema_version": 1,
          "attributes": {
            "arn": "arn:aws:ec2:ap-southeast-2:229342747134:security-group/sg-01d95c61d825240e0",
            "description": "Managed by Terraform",
            "egress": [
              {
                "cidr_blocks": [
                  "0.0.0.0/0"
                ],
                "description": "",
                "from_port": 0,
                "ipv6_cidr_blocks": [],
                "prefix_list_ids": [],
                "protocol": "-1",
                "security_groups": [],
                "self": false,
                "to_port": 0
              }
            ],
            "id": "sg-01d95c61d825240e0",
            "ingress": [
              {
                "cidr_blocks": [
                  "0.0.0.0/0"
                ],
                "description": "",
                "from_port": 22,
                "ipv6_cidr_blocks": [],
                "prefix_list_ids": [],
                "protocol": "tcp",
                "security_groups": [],
                "self": false,
                "to_port": 22
              }
            ],
            "name": "allow-all-ssh",
            "name_prefix": "",
            "owner_id": "229342747134",
            "region": "ap-southeast-2",
            "revoke_rules_on_delete": false,
            "tags": null,
            "tags_all": {
              "Environment": "default",
              "Owner": "Acme",
              "Provisoned": "Terrafor"
            },
            "timeouts": null,
            "vpc_id": "vpc-02811c939341f6e74"
          },
          "sensitive_attributes": [],
          "private": "eyJlMmJmYjczMC1lY2FhLTExZTYtOGY4OC0zNDM2M2JjN2M0YzAiOnsiY3JlYXRlIjo2MDAwMDAwMDAwMDAsImRlbGV0ZSI6OTAwMDAwMDAwMDAwfSwic2NoZW1hX3ZlcnNpb24iOiIxIn0=",
          "dependencies": [
            "aws_vpc.vpc",
            "data.aws_region.current"
          ]
        }
      ]
    },
    {
      "mode": "managed",
      "type": "aws_security_group",
      "name": "vpc-ping",
      "provider": "provider[\"registry.terraform.io/hashicorp/aws\"]",
      "instances": [
        {
          "schema_version": 1,
          "attributes": {
            "arn": "arn:aws:ec2:ap-southeast-2:229342747134:security-group/sg-09789f9837e0f3b04",
            "description": "ICMP for Ping Access",
            "egress": [
              {
                "cidr_blocks": [
                  "0.0.0.0/0"
                ],
                "description": "Allow all ip and ports outbound",
                "from_port": 0,
                "ipv6_cidr_blocks": [],
                "prefix_list_ids": [],
                "protocol": "-1",
                "security_groups": [],
                "self": false,
                "to_port": 0
              }
            ],
            "id": "sg-09789f9837e0f3b04",
            "ingress": [
              {
                "cidr_blocks": [
                  "0.0.0.0/0"
                ],
                "description": "Allow ICMP Traffic",
                "from_port": -1,
                "ipv6_cidr_blocks": [],
                "prefix_list_ids": [],
                "protocol": "icmp",
                "security_groups": [],
                "self": false,
                "to_port": -1
              }
            ],
            "name": "vpc-ping",
            "name_prefix": "",
            "owner_id": "229342747134",
            "region": "ap-southeast-2",
            "revoke_rules_on_delete": false,
            "tags": null,
            "tags_all": {
              "Environment": "default",
              "Owner": "Acme",
              "Provisoned": "Terrafor"
            },
            "timeouts": null,
            "vpc_id": "vpc-02811c939341f6e74"
          },
          "sensitive_attributes": [],
          "private": "eyJlMmJmYjczMC1lY2FhLTExZTYtOGY4OC0zNDM2M2JjN2M0YzAiOnsiY3JlYXRlIjo2MDAwMDAwMDAwMDAsImRlbGV0ZSI6OTAwMDAwMDAwMDAwfSwic2NoZW1hX3ZlcnNpb24iOiIxIn0=",
          "dependencies": [
            "aws_vpc.vpc",
            "data.aws_region.current"
          ]
        }
      ]
    },
    {
      "mode": "managed",
      "type": "aws_security_group",
      "name": "vpc-web",
      "provider": "provider[\"registry.terraform.io/hashicorp/aws\"]",
      "instances": [
        {
          "schema_version": 1,
          "attributes": {
            "arn": "arn:aws:ec2:ap-southeast-2:229342747134:security-group/sg-00a18f9f03548762a",
            "description": "Web Traffic",
            "egress": [
              {
                "cidr_blocks": [
                  "0.0.0.0/0"
                ],
                "description": "Allow all ip and ports outbound",
                "from_port": 0,
                "ipv6_cidr_blocks": [],
                "prefix_list_ids": [],
                "protocol": "-1",
                "security_groups": [],
                "self": false,
                "to_port": 0
              }
            ],
            "id": "sg-00a18f9f03548762a",
            "ingress": [
              {
                "cidr_blocks": [
                  "0.0.0.0/0"
                ],
                "description": "Allow Port 443",
                "from_port": 443,
                "ipv6_cidr_blocks": [],
                "prefix_list_ids": [],
                "protocol": "tcp",
                "security_groups": [],
                "self": false,
                "to_port": 443
              },
              {
                "cidr_blocks": [
                  "0.0.0.0/0"
                ],
                "description": "Allow Port 80",
                "from_port": 80,
                "ipv6_cidr_blocks": [],
                "prefix_list_ids": [],
                "protocol": "tcp",
                "security_groups": [],
                "self": false,
                "to_port": 80
              }
            ],
            "name": "vpc-web-default",
            "name_prefix": "",
            "owner_id": "229342747134",
            "region": "ap-southeast-2",
            "revoke_rules_on_delete": false,
            "tags": null,
            "tags_all": {
              "Environment": "default",
              "Owner": "Acme",
              "Provisoned": "Terrafor"
            },
            "timeouts": null,
            "vpc_id": "vpc-02811c939341f6e74"
          },
          "sensitive_attributes": [],
          "private": "eyJlMmJmYjczMC1lY2FhLTExZTYtOGY4OC0zNDM2M2JjN2M0YzAiOnsiY3JlYXRlIjo2MDAwMDAwMDAwMDAsImRlbGV0ZSI6OTAwMDAwMDAwMDAwfSwic2NoZW1hX3ZlcnNpb24iOiIxIn0=",
          "dependencies": [
            "aws_vpc.vpc",
            "data.aws_region.current"
          ]
        }
      ]
    },
    {
      "mode": "managed",
      "type": "aws_subnet",
      "name": "private_subnets",
      "provider": "provider[\"registry.terraform.io/hashicorp/aws\"]",
      "instances": [
        {
          "index_key": "private_subnet_1",
          "schema_version": 1,
          "attributes": {
            "arn": "arn:aws:ec2:ap-southeast-2:229342747134:subnet/subnet-003efa8268540bb5d",
            "assign_ipv6_address_on_creation": false,
            "availability_zone": "ap-southeast-2b",
            "availability_zone_id": "apse2-az3",
            "cidr_block": "10.0.1.0/24",
            "customer_owned_ipv4_pool": "",
            "enable_dns64": false,
            "enable_lni_at_device_index": 0,
            "enable_resource_name_dns_a_record_on_launch": false,
            "enable_resource_name_dns_aaaa_record_on_launch": false,
            "id": "subnet-003efa8268540bb5d",
            "ipv6_cidr_block": "",
            "ipv6_cidr_block_association_id": "",
            "ipv6_native": false,
            "map_customer_owned_ip_on_launch": false,
            "map_public_ip_on_launch": false,
            "outpost_arn": "",
            "owner_id": "229342747134",
            "private_dns_hostname_type_on_launch": "ip-name",
            "region": "ap-southeast-2",
            "tags": {
              "Name": "private_subnet_1",
              "Terraform": "true"
            },
            "tags_all": {
              "Environment": "default",
              "Name": "private_subnet_1",
              "Owner": "Acme",
              "Provisoned": "Terrafor",
              "Terraform": "true"
            },
            "timeouts": null,
            "vpc_id": "vpc-02811c939341f6e74"
          },
          "sensitive_attributes": [],
          "private": "eyJlMmJmYjczMC1lY2FhLTExZTYtOGY4OC0zNDM2M2JjN2M0YzAiOnsiY3JlYXRlIjo2MDAwMDAwMDAwMDAsImRlbGV0ZSI6MTIwMDAwMDAwMDAwMH0sInNjaGVtYV92ZXJzaW9uIjoiMSJ9",
          "dependencies": [
            "aws_vpc.vpc",
            "data.aws_availability_zones.available",
            "data.aws_region.current"
          ],
          "create_before_destroy": true
        },
        {
          "index_key": "private_subnet_2",
          "schema_version": 1,
          "attributes": {
            "arn": "arn:aws:ec2:ap-southeast-2:229342747134:subnet/subnet-079bbdbba10e8e43b",
            "assign_ipv6_address_on_creation": false,
            "availability_zone": "ap-southeast-2c",
            "availability_zone_id": "apse2-az2",
            "cidr_block": "10.0.2.0/24",
            "customer_owned_ipv4_pool": "",
            "enable_dns64": false,
            "enable_lni_at_device_index": 0,
            "enable_resource_name_dns_a_record_on_launch": false,
            "enable_resource_name_dns_aaaa_record_on_launch": false,
            "id": "subnet-079bbdbba10e8e43b",
            "ipv6_cidr_block": "",
            "ipv6_cidr_block_association_id": "",
            "ipv6_native": false,
            "map_customer_owned_ip_on_launch": false,
            "map_public_ip_on_launch": false,
            "outpost_arn": "",
            "owner_id": "229342747134",
            "private_dns_hostname_type_on_launch": "ip-name",
            "region": "ap-southeast-2",
            "tags": {
              "Name": "private_subnet_2",
              "Terraform": "true"
            },
            "tags_all": {
              "Environment": "default",
              "Name": "private_subnet_2",
              "Owner": "Acme",
              "Provisoned": "Terrafor",
              "Terraform": "true"
            },
            "timeouts": null,
            "vpc_id": "vpc-02811c939341f6e74"
          },
          "sensitive_attributes": [],
          "private": "eyJlMmJmYjczMC1lY2FhLTExZTYtOGY4OC0zNDM2M2JjN2M0YzAiOnsiY3JlYXRlIjo2MDAwMDAwMDAwMDAsImRlbGV0ZSI6MTIwMDAwMDAwMDAwMH0sInNjaGVtYV92ZXJzaW9uIjoiMSJ9",
          "dependencies": [
            "aws_vpc.vpc",
            "data.aws_availability_zones.available",
            "data.aws_region.current"
          ],
          "create_before_destroy": true
        },
        {
          "index_key": "private_subnet_3",
          "schema_version": 1,
          "attributes": {
            "arn": "arn:aws:ec2:ap-southeast-2:229342747134:subnet/subnet-06f855615a5eb17b2",
            "assign_ipv6_address_on_creation": false,
            "availability_zone": "ap-southeast-2a",
            "availability_zone_id": "apse2-az1",
            "cidr_block": "10.0.3.0/24",
            "customer_owned_ipv4_pool": "",
            "enable_dns64": false,
            "enable_lni_at_device_index": 0,
            "enable_resource_name_dns_a_record_on_launch": false,
            "enable_resource_name_dns_aaaa_record_on_launch": false,
            "id": "subnet-06f855615a5eb17b2",
            "ipv6_cidr_block": "",
            "ipv6_cidr_block_association_id": "",
            "ipv6_native": false,
            "map_customer_owned_ip_on_launch": false,
            "map_public_ip_on_launch": false,
            "outpost_arn": "",
            "owner_id": "229342747134",
            "private_dns_hostname_type_on_launch": "ip-name",
            "region": "ap-southeast-2",
            "tags": {
              "Name": "private_subnet_3",
              "Terraform": "true"
            },
            "tags_all": {
              "Environment": "default",
              "Name": "private_subnet_3",
              "Owner": "Acme",
              "Provisoned": "Terrafor",
              "Terraform": "true"
            },
            "timeouts": null,
            "vpc_id": "vpc-02811c939341f6e74"
          },
          "sensitive_attributes": [],
          "private": "eyJlMmJmYjczMC1lY2FhLTExZTYtOGY4OC0zNDM2M2JjN2M0YzAiOnsiY3JlYXRlIjo2MDAwMDAwMDAwMDAsImRlbGV0ZSI6MTIwMDAwMDAwMDAwMH0sInNjaGVtYV92ZXJzaW9uIjoiMSJ9",
          "dependencies": [
            "aws_vpc.vpc",
            "data.aws_availability_zones.available",
            "data.aws_region.current"
          ],
          "create_before_destroy": true
        }
      ]
    },
    {
      "mode": "managed",
      "type": "aws_subnet",
      "name": "public_subnets",
      "provider": "provider[\"registry.terraform.io/hashicorp/aws\"]",
      "instances": [
        {
          "index_key": "public_subnet_1",
          "schema_version": 1,
          "attributes": {
            "arn": "arn:aws:ec2:ap-southeast-2:229342747134:subnet/subnet-08f79491e88571d38",
            "assign_ipv6_address_on_creation": false,
            "availability_zone": "ap-southeast-2b",
            "availability_zone_id": "apse2-az3",
            "cidr_block": "10.0.101.0/24",
            "customer_owned_ipv4_pool": "",
            "enable_dns64": false,
            "enable_lni_at_device_index": 0,
            "enable_resource_name_dns_a_record_on_launch": false,
            "enable_resource_name_dns_aaaa_record_on_launch": false,
            "id": "subnet-08f79491e88571d38",
            "ipv6_cidr_block": "",
            "ipv6_cidr_block_association_id": "",
            "ipv6_native": false,
            "map_customer_owned_ip_on_launch": false,
            "map_public_ip_on_launch": true,
            "outpost_arn": "",
            "owner_id": "229342747134",
            "private_dns_hostname_type_on_launch": "ip-name",
            "region": "ap-southeast-2",
            "tags": {
              "Name": "public_subnet_1",
              "Terraform": "true"
            },
            "tags_all": {
              "Environment": "default",
              "Name": "public_subnet_1",
              "Owner": "Acme",
              "Provisoned": "Terrafor",
              "Terraform": "true"
            },
            "timeouts": null,
            "vpc_id": "vpc-02811c939341f6e74"
          },
          "sensitive_attributes": [],
          "private": "eyJlMmJmYjczMC1lY2FhLTExZTYtOGY4OC0zNDM2M2JjN2M0YzAiOnsiY3JlYXRlIjo2MDAwMDAwMDAwMDAsImRlbGV0ZSI6MTIwMDAwMDAwMDAwMH0sInNjaGVtYV92ZXJzaW9uIjoiMSJ9",
          "dependencies": [
            "aws_vpc.vpc",
            "data.aws_availability_zones.available",
            "data.aws_region.current"
          ]
        },
        {
          "index_key": "public_subnet_2",
          "schema_version": 1,
          "attributes": {
            "arn": "arn:aws:ec2:ap-southeast-2:229342747134:subnet/subnet-0f9770efeb48c878d",
            "assign_ipv6_address_on_creation": false,
            "availability_zone": "ap-southeast-2c",
            "availability_zone_id": "apse2-az2",
            "cidr_block": "10.0.102.0/24",
            "customer_owned_ipv4_pool": "",
            "enable_dns64": false,
            "enable_lni_at_device_index": 0,
            "enable_resource_name_dns_a_record_on_launch": false,
            "enable_resource_name_dns_aaaa_record_on_launch": false,
            "id": "subnet-0f9770efeb48c878d",
            "ipv6_cidr_block": "",
            "ipv6_cidr_block_association_id": "",
            "ipv6_native": false,
            "map_customer_owned_ip_on_launch": false,
            "map_public_ip_on_launch": true,
            "outpost_arn": "",
            "owner_id": "229342747134",
            "private_dns_hostname_type_on_launch": "ip-name",
            "region": "ap-southeast-2",
            "tags": {
              "Name": "public_subnet_2",
              "Terraform": "true"
            },
            "tags_all": {
              "Environment": "default",
              "Name": "public_subnet_2",
              "Owner": "Acme",
              "Provisoned": "Terrafor",
              "Terraform": "true"
            },
            "timeouts": null,
            "vpc_id": "vpc-02811c939341f6e74"
          },
          "sensitive_attributes": [],
          "private": "eyJlMmJmYjczMC1lY2FhLTExZTYtOGY4OC0zNDM2M2JjN2M0YzAiOnsiY3JlYXRlIjo2MDAwMDAwMDAwMDAsImRlbGV0ZSI6MTIwMDAwMDAwMDAwMH0sInNjaGVtYV92ZXJzaW9uIjoiMSJ9",
          "dependencies": [
            "aws_vpc.vpc",
            "data.aws_availability_zones.available",
            "data.aws_region.current"
          ]
        },
        {
          "index_key": "public_subnet_3",
          "schema_version": 1,
          "attributes": {
            "arn": "arn:aws:ec2:ap-southeast-2:229342747134:subnet/subnet-063977aad2a5ddc90",
            "assign_ipv6_address_on_creation": false,
            "availability_zone": "ap-southeast-2a",
            "availability_zone_id": "apse2-az1",
            "cidr_block": "10.0.103.0/24",
            "customer_owned_ipv4_pool": "",
            "enable_dns64": false,
            "enable_lni_at_device_index": 0,
            "enable_resource_name_dns_a_record_on_launch": false,
            "enable_resource_name_dns_aaaa_record_on_launch": false,
            "id": "subnet-063977aad2a5ddc90",
            "ipv6_cidr_block": "",
            "ipv6_cidr_block_association_id": "",
            "ipv6_native": false,
            "map_customer_owned_ip_on_launch": false,
            "map_public_ip_on_launch": true,
            "outpost_arn": "",
            "owner_id": "229342747134",
            "private_dns_hostname_type_on_launch": "ip-name",
            "region": "ap-southeast-2",
            "tags": {
              "Name": "public_subnet_3",
              "Terraform": "true"
            },
            "tags_all": {
              "Environment": "default",
              "Name": "public_subnet_3",
              "Owner": "Acme",
              "Provisoned": "Terrafor",
              "Terraform": "true"
            },
            "timeouts": null,
            "vpc_id": "vpc-02811c939341f6e74"
          },
          "sensitive_attributes": [],
          "private": "eyJlMmJmYjczMC1lY2FhLTExZTYtOGY4OC0zNDM2M2JjN2M0YzAiOnsiY3JlYXRlIjo2MDAwMDAwMDAwMDAsImRlbGV0ZSI6MTIwMDAwMDAwMDAwMH0sInNjaGVtYV92ZXJzaW9uIjoiMSJ9",
          "dependencies": [
            "aws_vpc.vpc",
            "data.aws_availability_zones.available",
            "data.aws_region.current"
          ]
        }
      ]
    },
    {
      "mode": "managed",
      "type": "aws_subnet",
      "name": "variables-subnet",
      "provider": "provider[\"registry.terraform.io/hashicorp/aws\"]",
      "instances": [
        {
          "schema_version": 1,
          "attributes": {
            "arn": "arn:aws:ec2:ap-southeast-2:229342747134:subnet/subnet-0ff713e1bf3f4684e",
            "assign_ipv6_address_on_creation": false,
            "availability_zone": "ap-southeast-2a",
            "availability_zone_id": "apse2-az1",
            "cidr_block": "10.0.250.0/24",
            "customer_owned_ipv4_pool": "",
            "enable_dns64": false,
            "enable_lni_at_device_index": 0,
            "enable_resource_name_dns_a_record_on_launch": false,
            "enable_resource_name_dns_aaaa_record_on_launch": false,
            "id": "subnet-0ff713e1bf3f4684e",
            "ipv6_cidr_block": "",
            "ipv6_cidr_block_association_id": "",
            "ipv6_native": false,
            "map_customer_owned_ip_on_launch": false,
            "map_public_ip_on_launch": true,
            "outpost_arn": "",
            "owner_id": "229342747134",
            "private_dns_hostname_type_on_launch": "ip-name",
            "region": "ap-southeast-2",
            "tags": {
              "Name": "sub-variableap-southeast-2a",
              "Terraform": "true"
            },
            "tags_all": {
              "Environment": "default",
              "Name": "sub-variableap-southeast-2a",
              "Owner": "Acme",
              "Provisoned": "Terrafor",
              "Terraform": "true"
            },
            "timeouts": null,
            "vpc_id": "vpc-02811c939341f6e74"
          },
          "sensitive_attributes": [],
          "private": "eyJlMmJmYjczMC1lY2FhLTExZTYtOGY4OC0zNDM2M2JjN2M0YzAiOnsiY3JlYXRlIjo2MDAwMDAwMDAwMDAsImRlbGV0ZSI6MTIwMDAwMDAwMDAwMH0sInNjaGVtYV92ZXJzaW9uIjoiMSJ9",
          "dependencies": [
            "aws_vpc.vpc",
            "data.aws_region.current"
          ]
        }
      ]
    },
    {
      "mode": "managed",
      "type": "aws_vpc",
      "name": "vpc",
      "provider": "provider[\"registry.terraform.io/hashicorp/aws\"]",
      "instances": [
        {
          "schema_version": 1,
          "attributes": {
            "arn": "arn:aws:ec2:ap-southeast-2:229342747134:vpc/vpc-02811c939341f6e74",
            "assign_generated_ipv6_cidr_block": false,
            "cidr_block": "10.0.0.0/16",
            "default_network_acl_id": "acl-05a8721fa8982ac42",
            "default_route_table_id": "rtb-0fd2e0f99a634e6c2",
            "default_security_group_id": "sg-0b611522237b56e47",
            "dhcp_options_id": "dopt-0da38bf39f17302bc",
            "enable_dns_hostnames": false,
            "enable_dns_support": true,
            "enable_network_address_usage_metrics": false,
            "id": "vpc-02811c939341f6e74",
            "instance_tenancy": "default",
            "ipv4_ipam_pool_id": null,
            "ipv4_netmask_length": null,
            "ipv6_association_id": "",
            "ipv6_cidr_block": "",
            "ipv6_cidr_block_network_border_group": "",
            "ipv6_ipam_pool_id": "",
            "ipv6_netmask_length": 0,
            "main_route_table_id": "rtb-0fd2e0f99a634e6c2",
            "owner_id": "229342747134",
            "region": "ap-southeast-2",
            "tags": {
              "Environment": "demo_environment",
              "Name": "demo_vpc",
              "Region": "Asia Pacific (Sydney)",
              "Terraform": "true"
            },
            "tags_all": {
              "Environment": "demo_environment",
              "Name": "demo_vpc",
              "Owner": "Acme",
              "Provisoned": "Terrafor",
              "Region": "Asia Pacific (Sydney)",
              "Terraform": "true"
            }
          },
          "sensitive_attributes": [],
          "private": "eyJzY2hlbWFfdmVyc2lvbiI6IjEifQ==",
          "dependencies": [
            "data.aws_region.current"
          ],
          "create_before_destroy": true
        }
      ]
    },
    {
      "mode": "managed",
      "type": "local_file",
      "name": "private_key_pem",
      "provider": "provider[\"registry.terraform.io/hashicorp/local\"]",
      "instances": [
        {
          "schema_version": 0,
          "attributes": {
            "content": "-----BEGIN RSA PRIVATE KEY-----\nMIIEpAIBAAKCAQEAySYtI91xAWDqsNBUDXz46Bobg4PcGe0AY+ihb5mr0tbikaoi\n6fVvZK9rwQDokLMdfBC/OB9kRT2/xljSyqK1FQ8OzMQkTu43pEWQJjepVXsqPqw8\nw+Jp9LUzyocoA8y1kaLTBzLNtUm4SH8la0xWuN2B17b/PPHSkrg+a1vUhDk3TOwX\nBxqFpPDcqF0izeI3eqnxrvB0ywNFsU0QfPiAzh7tuHXVkdhfm7gf3tL8fpcQqFha\nOlfVj6YgODfuh8EZDyWl7ms/hQlMqAN8h0Zdzm7ECtH/gdSR45jibR7pwI8TbidO\nf5+SJYRlSNjw5YfyKcvJJQDa3+qkh+wALeZR/wIDAQABAoIBAAk+N1nMDarODMrG\nL+6UvQ1RUc1XzE/mq5trr6tkqNgd5rhh1IviqtU6GF38kDNB/8tZK6hFDQL/hOX0\n4+7Kzj5i/D+djbuQx77FMYwIB8B1UeoiWQJ5T3werXwTfNu71uYT0NWmWHyJoC24\npfwJvHxvNU23y3+97vqt+7RMOnY+4+vu0F7gAoxHRM/mIKCC+m1m/hIeeb9a0dE8\ngseL86S4fDntsiDUMjA/0491oqBfSNi2QL7wyvMuPJwmAwm3FVzfMkXgBlVfBkrU\nPyKjOdI2rsg4jj1rc5AOoogOUqsh3U1CQTc+Wk4RQDKM8HbmT6nJ9P98gt8eJxYs\nHjX6+AkCgYEA1Abpd1Xisl631KuA+5q7Uy03x/UWnUDtkE7xfEEfSbzcIC6vQfu8\nM/CMAFGyjHO4o9x1V3r5XoHjyLkpIbAr49Or2OJkbYRMv4lFqQ3JUdsVtVLonliA\ntTLQKDkqRB4ATDx2xEJDmt9aWRYYhuHj8KH82FrlslRdjlvCrC1HuCcCgYEA8t26\ngvx1t59TgNqmTHa5UoZdgiqxxbPGd4lZJ6yiPdp2cw4YsFv62J749wVaZ8vNBbmk\n6pbGT5zPlAgJeKpZOoGv2njaeKBZoZOqfWoSR+LQR+Tk9mTmzInVeI+bKFZ5JjjT\nT2onAIvzXYZYR1hI32Q49ohEW0ibDY8in1pqJmkCgYBBVQfnb5103N7ENzx9SsZh\n8NL5WDnpprIM/2ZFpUNg00L436m9KTZqwrpA9uuPf7DrPOkjVY81Ycywcu2Lpd9A\nSl7va4MKg/OqKUA/wTHBeUKNJsjq0daG/utJGaQ+bQgmdZMbElgGhsAuJzLTjRNR\neHiSqh+Q/ZH+ZaPsrd8ljQKBgQCcb6JB2ShiPKhm6XAQ9LBurcnxnFqiBCikur3I\nxnRC70M43S2d+8FaYxvu0W3oSegn9ep6iN/4TAORUJP5O5D6FKsXSJ1A8diKMTmy\nSu63iyuqA5BP/bKEsYvlemrw0rJ6okPKdY/l1D/QUEbwvbdC3aWrdx7AxcXKOBaP\nGoghcQKBgQDMJzOH7WfWMxfN35MOtOJQ7oWzTBwOOf/AFq/7jedn6Vv7hfPOGoEG\ncDskGqDxTZHw7r470/Ke38gr6KPxi92yy3fjN7wkD/QmiJ370ssBH64YiMGRoV9Q\nZ7+1Vcisg24R+9vciH8/rVE1evZWOl/eZsxlzJlKaDFwt9LdCPhphg==\n-----END RSA PRIVATE KEY-----\n",
            "content_base64": null,
            "content_base64sha256": "+W/W8v9h6BNm9BkERpnkifakAcp7Q1yoUX2VvEJFZto=",
            "content_base64sha512": "J7mRWSzevjrDQmEYHqtyeB04Lv6FtBmmxngA/Y7cjyIq4rAu3Z05wyXqbHTmVd26K6ubmdDdTS3PJf8yWFhI2w==",
            "content_md5": "a42b82fc21912030d02d8f4321160cdc",
            "content_sha1": "5103d83c66e301d513862862832b8fe27ab03a56",
            "content_sha256": "f96fd6f2ff61e81366f419044699e489f6a401ca7b435ca8517d95bc424566da",
            "content_sha512": "27b991592cdebe3ac34261181eab72781d382efe85b419a6c67800fd8edc8f222ae2b02edd9d39c325ea6c74e655ddba2bab9b99d0dd4d2dcf25ff32585848db",
            "directory_permission": "0777",
            "file_permission": "0777",
            "filename": "MyAWSKey.pem",
            "id": "5103d83c66e301d513862862832b8fe27ab03a56",
            "sensitive_content": null,
            "source": null
          },
          "sensitive_attributes": [
            [
              {
                "type": "get_attr",
                "value": "sensitive_content"
              }
            ],
            [
              {
                "type": "get_attr",
                "value": "content"
              }
            ]
          ],
          "dependencies": [
            "tls_private_key.generated"
          ]
        }
      ]
    },
    {
      "mode": "managed",
      "type": "random_id",
      "name": "randomness",
      "provider": "provider[\"registry.terraform.io/hashicorp/random\"]",
      "instances": [
        {
          "schema_version": 0,
          "attributes": {
            "b64_std": "n2p11djy0IMBs4IJWOikrw==",
            "b64_url": "n2p11djy0IMBs4IJWOikrw",
            "byte_length": 16,
            "dec": "211900024781470865142704834687248409775",
            "hex": "9f6a75d5d8f2d08301b3820958e8a4af",
            "id": "n2p11djy0IMBs4IJWOikrw",
            "keepers": null,
            "prefix": null
          },
          "sensitive_attributes": [],
          "private": "bnVsbA=="
        }
      ]
    },
    {
      "mode": "managed",
      "type": "tls_private_key",
      "name": "generated",
      "provider": "provider[\"registry.terraform.io/hashicorp/tls\"]",
      "instances": [
        {
          "schema_version": 1,
          "attributes": {
            "algorithm": "RSA",
            "ecdsa_curve": "P224",
            "id": "0827180fe5d2bad5eabe9b06b20bb80800e9c0cf",
            "private_key_openssh": "-----BEGIN OPENSSH PRIVATE KEY-----\nb3BlbnNzaC1rZXktdjEAAAAABG5vbmUAAAAEbm9uZQAAAAAAAAABAAABFwAAAAdz\nc2gtcnNhAAAAAwEAAQAAAQEAySYtI91xAWDqsNBUDXz46Bobg4PcGe0AY+ihb5mr\n0tbikaoi6fVvZK9rwQDokLMdfBC/OB9kRT2/xljSyqK1FQ8OzMQkTu43pEWQJjep\nVXsqPqw8w+Jp9LUzyocoA8y1kaLTBzLNtUm4SH8la0xWuN2B17b/PPHSkrg+a1vU\nhDk3TOwXBxqFpPDcqF0izeI3eqnxrvB0ywNFsU0QfPiAzh7tuHXVkdhfm7gf3tL8\nfpcQqFhaOlfVj6YgODfuh8EZDyWl7ms/hQlMqAN8h0Zdzm7ECtH/gdSR45jibR7p\nwI8TbidOf5+SJYRlSNjw5YfyKcvJJQDa3+qkh+wALeZR/wAAA7iC881/gvPNfwAA\nAAdzc2gtcnNhAAABAQDJJi0j3XEBYOqw0FQNfPjoGhuDg9wZ7QBj6KFvmavS1uKR\nqiLp9W9kr2vBAOiQsx18EL84H2RFPb/GWNLKorUVDw7MxCRO7jekRZAmN6lVeyo+\nrDzD4mn0tTPKhygDzLWRotMHMs21SbhIfyVrTFa43YHXtv888dKSuD5rW9SEOTdM\n7BcHGoWk8NyoXSLN4jd6qfGu8HTLA0WxTRB8+IDOHu24ddWR2F+buB/e0vx+lxCo\nWFo6V9WPpiA4N+6HwRkPJaXuaz+FCUyoA3yHRl3ObsQK0f+B1JHjmOJtHunAjxNu\nJ05/n5IlhGVI2PDlh/Ipy8klANrf6qSH7AAt5lH/AAAAAwEAAQAAAQAJPjdZzA2q\nzgzKxi/ulL0NUVHNV8xP5quba6+rZKjYHea4YdSL4qrVOhhd/JAzQf/LWSuoRQ0C\n/4Tl9OPuys4+Yvw/nY27kMe+xTGMCAfAdVHqIlkCeU98Hq18E3zbu9bmE9DVplh8\niaAtuKX8Cbx8bzVNt8t/ve76rfu0TDp2PuPr7tBe4AKMR0TP5iCggvptZv4SHnm/\nWtHRPILHi/OkuHw57bIg1DIwP9OPdaKgX0jYtkC+8MrzLjycJgMJtxVc3zJF4AZV\nXwZK1D8ioznSNq7IOI49a3OQDqKIDlKrId1NQkE3PlpOEUAyjPB25k+pyfT/fILf\nHicWLB41+vgJAAAAgQDMJzOH7WfWMxfN35MOtOJQ7oWzTBwOOf/AFq/7jedn6Vv7\nhfPOGoEGcDskGqDxTZHw7r470/Ke38gr6KPxi92yy3fjN7wkD/QmiJ370ssBH64Y\niMGRoV9QZ7+1Vcisg24R+9vciH8/rVE1evZWOl/eZsxlzJlKaDFwt9LdCPhphgAA\nAIEA1Abpd1Xisl631KuA+5q7Uy03x/UWnUDtkE7xfEEfSbzcIC6vQfu8M/CMAFGy\njHO4o9x1V3r5XoHjyLkpIbAr49Or2OJkbYRMv4lFqQ3JUdsVtVLonliAtTLQKDkq\nRB4ATDx2xEJDmt9aWRYYhuHj8KH82FrlslRdjlvCrC1HuCcAAACBAPLduoL8dbef\nU4Dapkx2uVKGXYIqscWzxneJWSesoj3adnMOGLBb+tie+PcFWmfLzQW5pOqWxk+c\nz5QICXiqWTqBr9p42nigWaGTqn1qEkfi0Efk5PZk5syJ1XiPmyhWeSY4009qJwCL\n812GWEdYSN9kOPaIRFtImw2PIp9aaiZpAAAAAAEC\n-----END OPENSSH PRIVATE KEY-----\n",
            "private_key_pem": "-----BEGIN RSA PRIVATE KEY-----\nMIIEpAIBAAKCAQEAySYtI91xAWDqsNBUDXz46Bobg4PcGe0AY+ihb5mr0tbikaoi\n6fVvZK9rwQDokLMdfBC/OB9kRT2/xljSyqK1FQ8OzMQkTu43pEWQJjepVXsqPqw8\nw+Jp9LUzyocoA8y1kaLTBzLNtUm4SH8la0xWuN2B17b/PPHSkrg+a1vUhDk3TOwX\nBxqFpPDcqF0izeI3eqnxrvB0ywNFsU0QfPiAzh7tuHXVkdhfm7gf3tL8fpcQqFha\nOlfVj6YgODfuh8EZDyWl7ms/hQlMqAN8h0Zdzm7ECtH/gdSR45jibR7pwI8TbidO\nf5+SJYRlSNjw5YfyKcvJJQDa3+qkh+wALeZR/wIDAQABAoIBAAk+N1nMDarODMrG\nL+6UvQ1RUc1XzE/mq5trr6tkqNgd5rhh1IviqtU6GF38kDNB/8tZK6hFDQL/hOX0\n4+7Kzj5i/D+djbuQx77FMYwIB8B1UeoiWQJ5T3werXwTfNu71uYT0NWmWHyJoC24\npfwJvHxvNU23y3+97vqt+7RMOnY+4+vu0F7gAoxHRM/mIKCC+m1m/hIeeb9a0dE8\ngseL86S4fDntsiDUMjA/0491oqBfSNi2QL7wyvMuPJwmAwm3FVzfMkXgBlVfBkrU\nPyKjOdI2rsg4jj1rc5AOoogOUqsh3U1CQTc+Wk4RQDKM8HbmT6nJ9P98gt8eJxYs\nHjX6+AkCgYEA1Abpd1Xisl631KuA+5q7Uy03x/UWnUDtkE7xfEEfSbzcIC6vQfu8\nM/CMAFGyjHO4o9x1V3r5XoHjyLkpIbAr49Or2OJkbYRMv4lFqQ3JUdsVtVLonliA\ntTLQKDkqRB4ATDx2xEJDmt9aWRYYhuHj8KH82FrlslRdjlvCrC1HuCcCgYEA8t26\ngvx1t59TgNqmTHa5UoZdgiqxxbPGd4lZJ6yiPdp2cw4YsFv62J749wVaZ8vNBbmk\n6pbGT5zPlAgJeKpZOoGv2njaeKBZoZOqfWoSR+LQR+Tk9mTmzInVeI+bKFZ5JjjT\nT2onAIvzXYZYR1hI32Q49ohEW0ibDY8in1pqJmkCgYBBVQfnb5103N7ENzx9SsZh\n8NL5WDnpprIM/2ZFpUNg00L436m9KTZqwrpA9uuPf7DrPOkjVY81Ycywcu2Lpd9A\nSl7va4MKg/OqKUA/wTHBeUKNJsjq0daG/utJGaQ+bQgmdZMbElgGhsAuJzLTjRNR\neHiSqh+Q/ZH+ZaPsrd8ljQKBgQCcb6JB2ShiPKhm6XAQ9LBurcnxnFqiBCikur3I\nxnRC70M43S2d+8FaYxvu0W3oSegn9ep6iN/4TAORUJP5O5D6FKsXSJ1A8diKMTmy\nSu63iyuqA5BP/bKEsYvlemrw0rJ6okPKdY/l1D/QUEbwvbdC3aWrdx7AxcXKOBaP\nGoghcQKBgQDMJzOH7WfWMxfN35MOtOJQ7oWzTBwOOf/AFq/7jedn6Vv7hfPOGoEG\ncDskGqDxTZHw7r470/Ke38gr6KPxi92yy3fjN7wkD/QmiJ370ssBH64YiMGRoV9Q\nZ7+1Vcisg24R+9vciH8/rVE1evZWOl/eZsxlzJlKaDFwt9LdCPhphg==\n-----END RSA PRIVATE KEY-----\n",
            "private_key_pem_pkcs8": "-----BEGIN PRIVATE KEY-----\nMIIEvgIBADANBgkqhkiG9w0BAQEFAASCBKgwggSkAgEAAoIBAQDJJi0j3XEBYOqw\n0FQNfPjoGhuDg9wZ7QBj6KFvmavS1uKRqiLp9W9kr2vBAOiQsx18EL84H2RFPb/G\nWNLKorUVDw7MxCRO7jekRZAmN6lVeyo+rDzD4mn0tTPKhygDzLWRotMHMs21SbhI\nfyVrTFa43YHXtv888dKSuD5rW9SEOTdM7BcHGoWk8NyoXSLN4jd6qfGu8HTLA0Wx\nTRB8+IDOHu24ddWR2F+buB/e0vx+lxCoWFo6V9WPpiA4N+6HwRkPJaXuaz+FCUyo\nA3yHRl3ObsQK0f+B1JHjmOJtHunAjxNuJ05/n5IlhGVI2PDlh/Ipy8klANrf6qSH\n7AAt5lH/AgMBAAECggEACT43WcwNqs4MysYv7pS9DVFRzVfMT+arm2uvq2So2B3m\nuGHUi+Kq1ToYXfyQM0H/y1krqEUNAv+E5fTj7srOPmL8P52Nu5DHvsUxjAgHwHVR\n6iJZAnlPfB6tfBN827vW5hPQ1aZYfImgLbil/Am8fG81TbfLf73u+q37tEw6dj7j\n6+7QXuACjEdEz+YgoIL6bWb+Eh55v1rR0TyCx4vzpLh8Oe2yINQyMD/Tj3WioF9I\n2LZAvvDK8y48nCYDCbcVXN8yReAGVV8GStQ/IqM50jauyDiOPWtzkA6iiA5SqyHd\nTUJBNz5aThFAMozwduZPqcn0/3yC3x4nFiweNfr4CQKBgQDUBul3VeKyXrfUq4D7\nmrtTLTfH9RadQO2QTvF8QR9JvNwgLq9B+7wz8IwAUbKMc7ij3HVXevlegePIuSkh\nsCvj06vY4mRthEy/iUWpDclR2xW1UuieWIC1MtAoOSpEHgBMPHbEQkOa31pZFhiG\n4ePwofzYWuWyVF2OW8KsLUe4JwKBgQDy3bqC/HW3n1OA2qZMdrlShl2CKrHFs8Z3\niVknrKI92nZzDhiwW/rYnvj3BVpny80FuaTqlsZPnM+UCAl4qlk6ga/aeNp4oFmh\nk6p9ahJH4tBH5OT2ZObMidV4j5soVnkmONNPaicAi/NdhlhHWEjfZDj2iERbSJsN\njyKfWmomaQKBgEFVB+dvnXTc3sQ3PH1KxmHw0vlYOemmsgz/ZkWlQ2DTQvjfqb0p\nNmrCukD2649/sOs86SNVjzVhzLBy7Yul30BKXu9rgwqD86opQD/BMcF5Qo0myOrR\n1ob+60kZpD5tCCZ1kxsSWAaGwC4nMtONE1F4eJKqH5D9kf5lo+yt3yWNAoGBAJxv\nokHZKGI8qGbpcBD0sG6tyfGcWqIEKKS6vcjGdELvQzjdLZ37wVpjG+7RbehJ6Cf1\n6nqI3/hMA5FQk/k7kPoUqxdInUDx2IoxObJK7reLK6oDkE/9soSxi+V6avDSsnqi\nQ8p1j+XUP9BQRvC9t0Ldpat3HsDFxco4Fo8aiCFxAoGBAMwnM4ftZ9YzF83fkw60\n4lDuhbNMHA45/8AWr/uN52fpW/uF884agQZwOyQaoPFNkfDuvjvT8p7fyCvoo/GL\n3bLLd+M3vCQP9CaInfvSywEfrhiIwZGhX1Bnv7VVyKyDbhH729yIfz+tUTV69lY6\nX95mzGXMmUpoMXC30t0I+GmG\n-----END PRIVATE KEY-----\n",
            "public_key_fingerprint_md5": "a8:db:18:00:a2:60:50:55:64:cd:9e:54:5a:93:f6:28",
            "public_key_fingerprint_sha256": "SHA256:33CF7D4Ri0/BBd40cV1mv+WdjnKp7ir3dZ+vccEEclc",
            "public_key_openssh": "ssh-rsa AAAAB3NzaC1yc2EAAAADAQABAAABAQDJJi0j3XEBYOqw0FQNfPjoGhuDg9wZ7QBj6KFvmavS1uKRqiLp9W9kr2vBAOiQsx18EL84H2RFPb/GWNLKorUVDw7MxCRO7jekRZAmN6lVeyo+rDzD4mn0tTPKhygDzLWRotMHMs21SbhIfyVrTFa43YHXtv888dKSuD5rW9SEOTdM7BcHGoWk8NyoXSLN4jd6qfGu8HTLA0WxTRB8+IDOHu24ddWR2F+buB/e0vx+lxCoWFo6V9WPpiA4N+6HwRkPJaXuaz+FCUyoA3yHRl3ObsQK0f+B1JHjmOJtHunAjxNuJ05/n5IlhGVI2PDlh/Ipy8klANrf6qSH7AAt5lH/\n",
            "public_key_pem": "-----BEGIN PUBLIC KEY-----\nMIIBIjANBgkqhkiG9w0BAQEFAAOCAQ8AMIIBCgKCAQEAySYtI91xAWDqsNBUDXz4\n6Bobg4PcGe0AY+ihb5mr0tbikaoi6fVvZK9rwQDokLMdfBC/OB9kRT2/xljSyqK1\nFQ8OzMQkTu43pEWQJjepVXsqPqw8w+Jp9LUzyocoA8y1kaLTBzLNtUm4SH8la0xW\nuN2B17b/PPHSkrg+a1vUhDk3TOwXBxqFpPDcqF0izeI3eqnxrvB0ywNFsU0QfPiA\nzh7tuHXVkdhfm7gf3tL8fpcQqFhaOlfVj6YgODfuh8EZDyWl7ms/hQlMqAN8h0Zd\nzm7ECtH/gdSR45jibR7pwI8TbidOf5+SJYRlSNjw5YfyKcvJJQDa3+qkh+wALeZR\n/wIDAQAB\n-----END PUBLIC KEY-----\n",
            "rsa_bits": 2048
          },
          "sensitive_attributes": [
            [
              {
                "type": "get_attr",
                "value": "private_key_pem_pkcs8"
              }
            ],
            [
              {
                "type": "get_attr",
                "value": "private_key_pem"
              }
            ],
            [
              {
                "type": "get_attr",
                "value": "private_key_openssh"
              }
            ]
          ]
        }
      ]
    },
    {
      "module": "module.autoscaling",
      "mode": "data",
      "type": "aws_partition",
      "name": "current",
      "provider": "provider[\"registry.terraform.io/hashicorp/aws\"]",
      "instances": [
        {
          "schema_version": 0,
          "attributes": {
            "dns_suffix": "amazonaws.com",
            "id": "aws",
            "partition": "aws",
            "reverse_dns_prefix": "com.amazonaws"
          },
          "sensitive_attributes": []
        }
      ]
    },
    {
      "module": "module.autoscaling",
      "mode": "managed",
      "type": "aws_autoscaling_group",
      "name": "this",
      "provider": "provider[\"registry.terraform.io/hashicorp/aws\"]",
      "instances": [
        {
          "index_key": 0,
          "schema_version": 1,
          "attributes": {
            "arn": "arn:aws:autoscaling:ap-southeast-2:229342747134:autoScalingGroup:595bf1e8-10fa-41bc-a294-a64909a9114e:autoScalingGroupName/myasg-20251027093216050500000003",
            "availability_zone_distribution": [
              {
                "capacity_distribution_strategy": "balanced-best-effort"
              }
            ],
            "availability_zones": [
              "ap-southeast-2a",
              "ap-southeast-2b",
              "ap-southeast-2c"
            ],
            "capacity_rebalance": false,
            "capacity_reservation_specification": [
              {
                "capacity_reservation_preference": "default",
                "capacity_reservation_target": []
              }
            ],
            "context": "",
            "default_cooldown": 300,
            "default_instance_warmup": 0,
            "desired_capacity": 1,
            "desired_capacity_type": "",
            "enabled_metrics": null,
            "force_delete": false,
            "force_delete_warm_pool": false,
            "health_check_grace_period": 300,
            "health_check_type": "EC2",
            "id": "myasg-20251027093216050500000003",
            "ignore_failed_scaling_activities": false,
            "initial_lifecycle_hook": [],
            "instance_maintenance_policy": [],
            "instance_refresh": [],
            "launch_configuration": "",
            "launch_template": [
              {
                "id": "lt-0dc6f3c7bab013ef9",
                "name": "myasg-20251027093210317000000001",
                "version": "1"
              }
            ],
            "load_balancers": [],
            "max_instance_lifetime": 0,
            "max_size": 1,
            "metrics_granularity": "1Minute",
            "min_elb_capacity": null,
            "min_size": 0,
            "mixed_instances_policy": [],
            "name": "myasg-20251027093216050500000003",
            "name_prefix": "myasg-",
            "placement_group": "",
            "predicted_capacity": 0,
            "protect_from_scale_in": false,
            "region": "ap-southeast-2",
            "service_linked_role_arn": "arn:aws:iam::229342747134:role/aws-service-role/autoscaling.amazonaws.com/AWSServiceRoleForAutoScaling",
            "suspended_processes": null,
            "tag": [
              {
                "key": "Name",
                "propagate_at_launch": true,
                "value": "asg-instance"
              }
            ],
            "target_group_arns": [],
            "termination_policies": [],
            "timeouts": null,
            "traffic_source": [],
            "vpc_zone_identifier": [
              "subnet-003efa8268540bb5d",
              "subnet-06f855615a5eb17b2",
              "subnet-079bbdbba10e8e43b"
            ],
            "wait_for_capacity_timeout": "10m",
            "wait_for_elb_capacity": null,
            "warm_pool": [],
            "warm_pool_size": 0
          },
          "sensitive_attributes": [],
          "private": "eyJlMmJmYjczMC1lY2FhLTExZTYtOGY4OC0zNDM2M2JjN2M0YzAiOnsiZGVsZXRlIjo2MDAwMDAwMDAwMDAsInVwZGF0ZSI6NjAwMDAwMDAwMDAwfSwic2NoZW1hX3ZlcnNpb24iOiIxIn0=",
          "dependencies": [
            "aws_subnet.private_subnets",
            "aws_vpc.vpc",
            "data.aws_ami.ubuntu",
            "data.aws_availability_zones.available",
            "data.aws_region.current",
            "module.autoscaling.aws_iam_instance_profile.this",
            "module.autoscaling.aws_iam_role.this",
            "module.autoscaling.aws_launch_template.this",
            "module.autoscaling.data.aws_iam_policy_document.assume_role_policy",
            "module.autoscaling.data.aws_partition.current"
          ],
          "create_before_destroy": true
        }
      ]
    },
    {
      "module": "module.autoscaling",
      "mode": "managed",
      "type": "aws_launch_template",
      "name": "this",
      "provider": "provider[\"registry.terraform.io/hashicorp/aws\"]",
      "instances": [
        {
          "index_key": 0,
          "schema_version": 1,
          "attributes": {
            "arn": "arn:aws:ec2:ap-southeast-2:229342747134:launch-template/lt-0dc6f3c7bab013ef9",
            "block_device_mappings": [],
            "capacity_reservation_specification": [],
            "cpu_options": [],
            "credit_specification": [],
            "default_version": 1,
            "description": "",
            "disable_api_stop": false,
            "disable_api_termination": false,
            "ebs_optimized": "",
            "enclave_options": [],
            "hibernation_options": [],
            "iam_instance_profile": [],
            "id": "lt-0dc6f3c7bab013ef9",
            "image_id": "ami-06cd25c905a7e9a0f",
            "instance_initiated_shutdown_behavior": "",
            "instance_market_options": [],
            "instance_requirements": [],
            "instance_type": "t3.micro",
            "kernel_id": "",
            "key_name": "",
            "latest_version": 1,
            "license_specification": [],
            "maintenance_options": [],
            "metadata_options": [
              {
                "http_endpoint": "enabled",
                "http_protocol_ipv6": "",
                "http_put_response_hop_limit": 1,
                "http_tokens": "required",
                "instance_metadata_tags": ""
              }
            ],
            "monitoring": [
              {
                "enabled": true
              }
            ],
            "name": "myasg-20251027093210317000000001",
            "name_prefix": "myasg-",
            "network_interfaces": [],
            "placement": [],
            "private_dns_name_options": [],
            "ram_disk_id": "",
            "region": "ap-southeast-2",
            "security_group_names": null,
            "tag_specifications": [],
            "tags": {
              "Name": "Web EC2 Server 2"
            },
            "tags_all": {
              "Environment": "default",
              "Name": "Web EC2 Server 2",
              "Owner": "Acme",
              "Provisoned": "Terrafor"
            },
            "update_default_version": null,
            "user_data": "",
            "vpc_security_group_ids": null
          },
          "sensitive_attributes": [],
          "private": "eyJzY2hlbWFfdmVyc2lvbiI6IjEifQ==",
          "dependencies": [
            "data.aws_ami.ubuntu",
            "module.autoscaling.aws_iam_instance_profile.this",
            "module.autoscaling.aws_iam_role.this",
            "module.autoscaling.data.aws_iam_policy_document.assume_role_policy",
            "module.autoscaling.data.aws_partition.current"
          ],
          "create_before_destroy": true
        }
      ]
    },
    {
      "module": "module.server",
      "mode": "managed",
      "type": "aws_instance",
      "name": "web",
      "provider": "provider[\"registry.terraform.io/hashicorp/aws\"]",
      "instances": [
        {
          "schema_version": 2,
          "attributes": {
            "ami": "ami-06cd25c905a7e9a0f",
            "arn": "arn:aws:ec2:ap-southeast-2:229342747134:instance/i-03f711883e44d60e3",
            "associate_public_ip_address": true,
            "availability_zone": "ap-southeast-2a",
            "capacity_reservation_specification": [
              {
                "capacity_reservation_preference": "open",
                "capacity_reservation_target": []
              }
            ],
            "cpu_options": [
              {
                "amd_sev_snp": "",
                "core_count": 1,
                "threads_per_core": 1
              }
            ],
            "credit_specification": [
              {
                "cpu_credits": "standard"
              }
            ],
            "disable_api_stop": false,
            "disable_api_termination": false,
            "ebs_block_device": [],
            "ebs_optimized": false,
            "enable_primary_ipv6": null,
            "enclave_options": [
              {
                "enabled": false
              }
            ],
            "ephemeral_block_device": [],
            "force_destroy": false,
            "get_password_data": false,
            "hibernation": false,
            "host_id": "",
            "host_resource_group_arn": null,
            "iam_instance_profile": "",
            "id": "i-03f711883e44d60e3",
            "instance_initiated_shutdown_behavior": "stop",
            "instance_lifecycle": "",
            "instance_market_options": [],
            "instance_state": "running",
            "instance_type": "t2.micro",
            "ipv6_address_count": 0,
            "ipv6_addresses": [],
            "key_name": "",
            "launch_template": [],
            "maintenance_options": [
              {
                "auto_recovery": "default"
              }
            ],
            "metadata_options": [
              {
                "http_endpoint": "enabled",
                "http_protocol_ipv6": "disabled",
                "http_put_response_hop_limit": 1,
                "http_tokens": "optional",
                "instance_metadata_tags": "disabled"
              }
            ],
            "monitoring": false,
            "network_interface": [],
            "outpost_arn": "",
            "password_data": "",
            "placement_group": "",
            "placement_group_id": "",
            "placement_partition_number": 0,
            "primary_network_interface": [
              {
                "delete_on_termination": true,
                "network_interface_id": "eni-0c3e7309e41cbc0b1"
              }
            ],
            "primary_network_interface_id": "eni-0c3e7309e41cbc0b1",
            "private_dns": "ip-10-0-103-108.ap-southeast-2.compute.internal",
            "private_dns_name_options": [
              {
                "enable_resource_name_dns_a_record": false,
                "enable_resource_name_dns_aaaa_record": false,
                "hostname_type": "ip-name"
              }
            ],
            "private_ip": "10.0.103.108",
            "public_dns": "",
            "public_ip": "3.107.49.89",
            "region": "ap-southeast-2",
            "root_block_device": [
              {
                "delete_on_termination": true,
                "device_name": "/dev/sda1",
                "encrypted": false,
                "iops": 100,
                "kms_key_id": "",
                "tags": {
                  "Environment": "default",
                  "Owner": "Acme",
                  "Provisoned": "Terrafor"
                },
                "tags_all": {
                  "Environment": "default",
                  "Owner": "Acme",
                  "Provisoned": "Terrafor"
                },
                "throughput": 0,
                "volume_id": "vol-013007416bbe55aba",
                "volume_size": 8,
                "volume_type": "gp2"
              }
            ],
            "secondary_private_ips": [],
            "security_groups": [],
            "source_dest_check": true,
            "spot_instance_request_id": "",
            "subnet_id": "subnet-063977aad2a5ddc90",
            "tags": {
              "Environment": "Training",
              "Name": "Server from Module"
            },
            "tags_all": {
              "Environment": "Training",
              "Name": "Server from Module",
              "Owner": "Acme",
              "Provisoned": "Terrafor"
            },
            "tenancy": "default",
            "timeouts": null,
            "user_data": null,
            "user_data_base64": null,
            "user_data_replace_on_change": false,
            "volume_tags": null,
            "vpc_security_group_ids": [
              "sg-00a18f9f03548762a",
              "sg-01d95c61d825240e0",
              "sg-09789f9837e0f3b04"
            ]
          },
          "sensitive_attributes": [],
          "private": "eyJlMmJmYjczMC1lY2FhLTExZTYtOGY4OC0zNDM2M2JjN2M0YzAiOnsiY3JlYXRlIjo2MDAwMDAwMDAwMDAsImRlbGV0ZSI6MTIwMDAwMDAwMDAwMCwicmVhZCI6OTAwMDAwMDAwMDAwLCJ1cGRhdGUiOjYwMDAwMDAwMDAwMH0sInNjaGVtYV92ZXJzaW9uIjoiMiJ9",
          "dependencies": [
            "aws_security_group.ingress-ssh",
            "aws_security_group.vpc-ping",
            "aws_security_group.vpc-web",
            "aws_subnet.public_subnets",
            "aws_vpc.vpc",
            "data.aws_ami.ubuntu",
            "data.aws_availability_zones.available",
            "data.aws_region.current"
          ]
        }
      ]
    },
    {
      "module": "module.server_subnet_1",
      "mode": "managed",
      "type": "aws_instance",
      "name": "web",
      "provider": "provider[\"registry.terraform.io/hashicorp/aws\"]",
      "instances": [
        {
          "schema_version": 2,
          "attributes": {
            "ami": "ami-06cd25c905a7e9a0f",
            "arn": "arn:aws:ec2:ap-southeast-2:229342747134:instance/i-0470dc41a205723d9",
            "associate_public_ip_address": true,
            "availability_zone": "ap-southeast-2b",
            "capacity_reservation_specification": [
              {
                "capacity_reservation_preference": "open",
                "capacity_reservation_target": []
              }
            ],
            "cpu_options": [
              {
                "amd_sev_snp": "",
                "core_count": 1,
                "threads_per_core": 2
              }
            ],
            "credit_specification": [
              {
                "cpu_credits": "unlimited"
              }
            ],
            "disable_api_stop": false,
            "disable_api_termination": false,
            "ebs_block_device": [],
            "ebs_optimized": false,
            "enable_primary_ipv6": null,
            "enclave_options": [
              {
                "enabled": false
              }
            ],
            "ephemeral_block_device": [],
            "force_destroy": false,
            "get_password_data": false,
            "hibernation": false,
            "host_id": "",
            "host_resource_group_arn": null,
            "iam_instance_profile": "",
            "id": "i-0470dc41a205723d9",
            "instance_initiated_shutdown_behavior": "stop",
            "instance_lifecycle": "",
            "instance_market_options": [],
            "instance_state": "running",
            "instance_type": "t3.micro",
            "ipv6_address_count": 0,
            "ipv6_addresses": [],
            "key_name": "MyAWSKey",
            "launch_template": [],
            "maintenance_options": [
              {
                "auto_recovery": "default"
              }
            ],
            "metadata_options": [
              {
                "http_endpoint": "enabled",
                "http_protocol_ipv6": "disabled",
                "http_put_response_hop_limit": 1,
                "http_tokens": "optional",
                "instance_metadata_tags": "disabled"
              }
            ],
            "monitoring": false,
            "network_interface": [],
            "outpost_arn": "",
            "password_data": "",
            "placement_group": "",
            "placement_group_id": "",
            "placement_partition_number": 0,
            "primary_network_interface": [
              {
                "delete_on_termination": true,
                "network_interface_id": "eni-0068aa7387a92225f"
              }
            ],
            "primary_network_interface_id": "eni-0068aa7387a92225f",
            "private_dns": "ip-10-0-101-145.ap-southeast-2.compute.internal",
            "private_dns_name_options": [
              {
                "enable_resource_name_dns_a_record": false,
                "enable_resource_name_dns_aaaa_record": false,
                "hostname_type": "ip-name"
              }
            ],
            "private_ip": "10.0.101.145",
            "public_dns": "",
            "public_ip": "52.65.152.48",
            "region": "ap-southeast-2",
            "root_block_device": [
              {
                "delete_on_termination": true,
                "device_name": "/dev/sda1",
                "encrypted": false,
                "iops": 100,
                "kms_key_id": "",
                "tags": {
                  "Environment": "default",
                  "Owner": "Acme",
                  "Provisoned": "Terrafor"
                },
                "tags_all": {
                  "Environment": "default",
                  "Owner": "Acme",
                  "Provisoned": "Terrafor"
                },
                "throughput": 0,
                "volume_id": "vol-04b3580ad53c43788",
                "volume_size": 8,
                "volume_type": "gp2"
              }
            ],
            "secondary_private_ips": [],
            "security_groups": [],
            "source_dest_check": true,
            "spot_instance_request_id": "",
            "subnet_id": "subnet-08f79491e88571d38",
            "tags": {
              "Environment": "Training",
              "Name": "Web Server from Module"
            },
            "tags_all": {
              "Environment": "Training",
              "Name": "Web Server from Module",
              "Owner": "Acme",
              "Provisoned": "Terrafor"
            },
            "tenancy": "default",
            "timeouts": null,
            "user_data": null,
            "user_data_base64": null,
            "user_data_replace_on_change": false,
            "volume_tags": null,
            "vpc_security_group_ids": [
              "sg-00a18f9f03548762a",
              "sg-01d95c61d825240e0",
              "sg-09789f9837e0f3b04"
            ]
          },
          "sensitive_attributes": [],
          "private": "eyJlMmJmYjczMC1lY2FhLTExZTYtOGY4OC0zNDM2M2JjN2M0YzAiOnsiY3JlYXRlIjo2MDAwMDAwMDAwMDAsImRlbGV0ZSI6MTIwMDAwMDAwMDAwMCwicmVhZCI6OTAwMDAwMDAwMDAwLCJ1cGRhdGUiOjYwMDAwMDAwMDAwMH0sInNjaGVtYV92ZXJzaW9uIjoiMiJ9",
          "dependencies": [
            "aws_key_pair.generated",
            "aws_security_group.ingress-ssh",
            "aws_security_group.vpc-ping",
            "aws_security_group.vpc-web",
            "aws_subnet.public_subnets",
            "aws_vpc.vpc",
            "data.aws_ami.ubuntu",
            "data.aws_availability_zones.available",
            "data.aws_region.current",
            "tls_private_key.generated"
          ]
        }
      ]
    }
  ],
  "check_results": null
}
