{
  "version": 4,
  "terraform_version": "1.9.8",
  "serial": 24,
  "lineage": "034d4f0e-d167-7a67-feaa-f5f38ee9cb12",
  "outputs": {
    "hello-world": {
      "value": "Hello World",
      "type": "string"
    },
    "public_udl": {
      "value": "http://18.183.50.213",
      "type": "string"
    },
    "vpc_id": {
      "value": "vpc-0b3b371143f12b153",
      "type": "string"
    },
    "vpc_information": {
      "value": "Your demo_environment VPC has no ID of vpc-0b3b371143f12b153",
      "type": "string"
    }
  },
  "resources": [
    {
      "mode": "data",
      "type": "aws_ami",
      "name": "ubuntu",
      "provider": "provider[\"registry.terraform.io/hashicorp/aws\"]",
      "instances": [
        {
          "schema_version": 0,
          "attributes": {
            "allow_unsafe_filter": null,
            "architecture": "x86_64",
            "arn": "arn:aws:ec2:ap-northeast-1::image/ami-0836e97b3d843dd82",
            "block_device_mappings": [
              {
                "device_name": "/dev/sda1",
                "ebs": {
                  "delete_on_termination": "true",
                  "encrypted": "false",
                  "iops": "0",
                  "snapshot_id": "snap-030ac87380e809157",
                  "throughput": "0",
                  "volume_initialization_rate": "0",
                  "volume_size": "8",
                  "volume_type": "gp2"
                },
                "no_device": "",
                "virtual_name": ""
              },
              {
                "device_name": "/dev/sdb",
                "ebs": {},
                "no_device": "",
                "virtual_name": "ephemeral0"
              },
              {
                "device_name": "/dev/sdc",
                "ebs": {},
                "no_device": "",
                "virtual_name": "ephemeral1"
              }
            ],
            "boot_mode": "legacy-bios",
            "creation_date": "2025-06-25T05:32:58.000Z",
            "deprecation_time": "2027-06-25T05:32:58.000Z",
            "description": "Canonical, Ubuntu, 20.04, amd64 focal image",
            "ena_support": true,
            "executable_users": null,
            "filter": [
              {
                "name": "name",
                "values": [
                  "ubuntu/images/hvm-ssd/ubuntu-focal-20.04-amd64-server-*"
                ]
              },
              {
                "name": "virtualization-type",
                "values": [
                  "hvm"
                ]
              }
            ],
            "hypervisor": "xen",
            "id": "ami-0836e97b3d843dd82",
            "image_id": "ami-0836e97b3d843dd82",
            "image_location": "amazon/ubuntu/images/hvm-ssd/ubuntu-focal-20.04-amd64-server-20250624",
            "image_owner_alias": "amazon",
            "image_type": "machine",
            "imds_support": "",
            "include_deprecated": false,
            "kernel_id": "",
            "last_launched_time": "",
            "most_recent": true,
            "name": "ubuntu/images/hvm-ssd/ubuntu-focal-20.04-amd64-server-20250624",
            "name_regex": null,
            "owner_id": "099720109477",
            "owners": [
              "099720109477"
            ],
            "platform": "",
            "platform_details": "Linux/UNIX",
            "product_codes": [],
            "public": true,
            "ramdisk_id": "",
            "region": "ap-northeast-1",
            "root_device_name": "/dev/sda1",
            "root_device_type": "ebs",
            "root_snapshot_id": "snap-030ac87380e809157",
            "sriov_net_support": "simple",
            "state": "available",
            "state_reason": {
              "code": "UNSET",
              "message": "UNSET"
            },
            "tags": {},
            "timeouts": null,
            "tpm_support": "",
            "uefi_data": null,
            "usage_operation": "RunInstances",
            "virtualization_type": "hvm"
          },
          "sensitive_attributes": []
        }
      ]
    },
    {
      "mode": "data",
      "type": "aws_availability_zones",
      "name": "available",
      "provider": "provider[\"registry.terraform.io/hashicorp/aws\"]",
      "instances": [
        {
          "schema_version": 0,
          "attributes": {
            "all_availability_zones": null,
            "exclude_names": null,
            "exclude_zone_ids": null,
            "filter": null,
            "group_names": [
              "ap-northeast-1-zg-1"
            ],
            "id": "ap-northeast-1",
            "names": [
              "ap-northeast-1a",
              "ap-northeast-1c",
              "ap-northeast-1d"
            ],
            "region": "ap-northeast-1",
            "state": null,
            "timeouts": null,
            "zone_ids": [
              "apne1-az4",
              "apne1-az1",
              "apne1-az2"
            ]
          },
          "sensitive_attributes": []
        }
      ]
    },
    {
      "mode": "data",
      "type": "aws_region",
      "name": "current",
      "provider": "provider[\"registry.terraform.io/hashicorp/aws\"]",
      "instances": [
        {
          "schema_version": 0,
          "attributes": {
            "description": "Asia Pacific (Tokyo)",
            "endpoint": "ec2.ap-northeast-1.amazonaws.com",
            "id": "ap-northeast-1",
            "name": "ap-northeast-1",
            "region": "ap-northeast-1"
          },
          "sensitive_attributes": []
        }
      ]
    },
    {
      "mode": "managed",
      "type": "aws_instance",
      "name": "ubuntu_server",
      "provider": "provider[\"registry.terraform.io/hashicorp/aws\"]",
      "instances": [
        {
          "schema_version": 2,
          "attributes": {
            "ami": "ami-0836e97b3d843dd82",
            "arn": "arn:aws:ec2:ap-northeast-1:229342747134:instance/i-0bda92de4aeb4039f",
            "associate_public_ip_address": true,
            "availability_zone": "ap-northeast-1c",
            "capacity_reservation_specification": [
              {
                "capacity_reservation_preference": "open",
                "capacity_reservation_target": []
              }
            ],
            "cpu_options": [
              {
                "amd_sev_snp": "",
                "core_count": 1,
                "threads_per_core": 1
              }
            ],
            "credit_specification": [
              {
                "cpu_credits": "standard"
              }
            ],
            "disable_api_stop": false,
            "disable_api_termination": false,
            "ebs_block_device": [],
            "ebs_optimized": false,
            "enable_primary_ipv6": null,
            "enclave_options": [
              {
                "enabled": false
              }
            ],
            "ephemeral_block_device": [],
            "force_destroy": false,
            "get_password_data": false,
            "hibernation": false,
            "host_id": "",
            "host_resource_group_arn": null,
            "iam_instance_profile": "",
            "id": "i-0bda92de4aeb4039f",
            "instance_initiated_shutdown_behavior": "stop",
            "instance_lifecycle": "",
            "instance_market_options": [],
            "instance_state": "running",
            "instance_type": "t2.micro",
            "ipv6_address_count": 0,
            "ipv6_addresses": [],
            "key_name": "MyAWSKey",
            "launch_template": [],
            "maintenance_options": [
              {
                "auto_recovery": "default"
              }
            ],
            "metadata_options": [
              {
                "http_endpoint": "enabled",
                "http_protocol_ipv6": "disabled",
                "http_put_response_hop_limit": 1,
                "http_tokens": "optional",
                "instance_metadata_tags": "disabled"
              }
            ],
            "monitoring": false,
            "network_interface": [],
            "outpost_arn": "",
            "password_data": "",
            "placement_group": "",
            "placement_group_id": "",
            "placement_partition_number": 0,
            "primary_network_interface": [
              {
                "delete_on_termination": true,
                "network_interface_id": "eni-0e002aa22e16fdfc7"
              }
            ],
            "primary_network_interface_id": "eni-0e002aa22e16fdfc7",
            "private_dns": "ip-10-0-101-45.ap-northeast-1.compute.internal",
            "private_dns_name_options": [
              {
                "enable_resource_name_dns_a_record": false,
                "enable_resource_name_dns_aaaa_record": false,
                "hostname_type": "ip-name"
              }
            ],
            "private_ip": "10.0.101.45",
            "public_dns": "",
            "public_ip": "18.183.50.213",
            "region": "ap-northeast-1",
            "root_block_device": [
              {
                "delete_on_termination": true,
                "device_name": "/dev/sda1",
                "encrypted": false,
                "iops": 100,
                "kms_key_id": "",
                "tags": {},
                "tags_all": {},
                "throughput": 0,
                "volume_id": "vol-0380bed74bbf5bd4c",
                "volume_size": 8,
                "volume_type": "gp2"
              }
            ],
            "secondary_private_ips": [],
            "security_groups": [],
            "source_dest_check": true,
            "spot_instance_request_id": "",
            "subnet_id": "subnet-06678cb756a98bc6c",
            "tags": {
              "App": "core_api",
              "Name": "ec2-Dev-api-yes",
              "Owner": "api_mgmt_dev"
            },
            "tags_all": {
              "App": "core_api",
              "Name": "ec2-Dev-api-yes",
              "Owner": "api_mgmt_dev"
            },
            "tenancy": "default",
            "timeouts": null,
            "user_data": null,
            "user_data_base64": null,
            "user_data_replace_on_change": false,
            "volume_tags": null,
            "vpc_security_group_ids": [
              "sg-01b4665e20f65ab17",
              "sg-0574c4f03e2bab067",
              "sg-09b7253760abad7c0"
            ]
          },
          "sensitive_attributes": [],
          "private": "eyJlMmJmYjczMC1lY2FhLTExZTYtOGY4OC0zNDM2M2JjN2M0YzAiOnsiY3JlYXRlIjo2MDAwMDAwMDAwMDAsImRlbGV0ZSI6MTIwMDAwMDAwMDAwMCwicmVhZCI6OTAwMDAwMDAwMDAwLCJ1cGRhdGUiOjYwMDAwMDAwMDAwMH0sInNjaGVtYV92ZXJzaW9uIjoiMiJ9",
          "dependencies": [
            "aws_key_pair.generated",
            "aws_security_group.ingress-ssh",
            "aws_security_group.vpc-ping",
            "aws_security_group.vpc-web",
            "aws_subnet.public_subnets",
            "aws_vpc.vpc",
            "data.aws_ami.ubuntu",
            "data.aws_availability_zones.available",
            "data.aws_region.current",
            "local_file.private_key_pem",
            "tls_private_key.generated"
          ]
        }
      ]
    },
    {
      "mode": "managed",
      "type": "aws_instance",
      "name": "web_server",
      "provider": "provider[\"registry.terraform.io/hashicorp/aws\"]",
      "instances": [
        {
          "schema_version": 2,
          "attributes": {
            "ami": "ami-0836e97b3d843dd82",
            "arn": "arn:aws:ec2:ap-northeast-1:229342747134:instance/i-01d6559cbb9292c87",
            "associate_public_ip_address": true,
            "availability_zone": "ap-northeast-1c",
            "capacity_reservation_specification": [
              {
                "capacity_reservation_preference": "open",
                "capacity_reservation_target": []
              }
            ],
            "cpu_options": [
              {
                "amd_sev_snp": "",
                "core_count": 1,
                "threads_per_core": 1
              }
            ],
            "credit_specification": [
              {
                "cpu_credits": "standard"
              }
            ],
            "disable_api_stop": false,
            "disable_api_termination": false,
            "ebs_block_device": [],
            "ebs_optimized": false,
            "enable_primary_ipv6": null,
            "enclave_options": [
              {
                "enabled": false
              }
            ],
            "ephemeral_block_device": [],
            "force_destroy": false,
            "get_password_data": false,
            "hibernation": false,
            "host_id": "",
            "host_resource_group_arn": null,
            "iam_instance_profile": "",
            "id": "i-01d6559cbb9292c87",
            "instance_initiated_shutdown_behavior": "stop",
            "instance_lifecycle": "",
            "instance_market_options": [],
            "instance_state": "running",
            "instance_type": "t2.micro",
            "ipv6_address_count": 0,
            "ipv6_addresses": [],
            "key_name": "MyAWSKey",
            "launch_template": [],
            "maintenance_options": [
              {
                "auto_recovery": "default"
              }
            ],
            "metadata_options": [
              {
                "http_endpoint": "enabled",
                "http_protocol_ipv6": "disabled",
                "http_put_response_hop_limit": 1,
                "http_tokens": "optional",
                "instance_metadata_tags": "disabled"
              }
            ],
            "monitoring": false,
            "network_interface": [],
            "outpost_arn": "",
            "password_data": "",
            "placement_group": "",
            "placement_group_id": "",
            "placement_partition_number": 0,
            "primary_network_interface": [
              {
                "delete_on_termination": true,
                "network_interface_id": "eni-0967307215bac2574"
              }
            ],
            "primary_network_interface_id": "eni-0967307215bac2574",
            "private_dns": "ip-10-0-101-22.ap-northeast-1.compute.internal",
            "private_dns_name_options": [
              {
                "enable_resource_name_dns_a_record": false,
                "enable_resource_name_dns_aaaa_record": false,
                "hostname_type": "ip-name"
              }
            ],
            "private_ip": "10.0.101.22",
            "public_dns": "",
            "public_ip": "43.207.154.7",
            "region": "ap-northeast-1",
            "root_block_device": [
              {
                "delete_on_termination": true,
                "device_name": "/dev/sda1",
                "encrypted": false,
                "iops": 100,
                "kms_key_id": "",
                "tags": {},
                "tags_all": {},
                "throughput": 0,
                "volume_id": "vol-06393d9b8a4bd1405",
                "volume_size": 8,
                "volume_type": "gp2"
              }
            ],
            "secondary_private_ips": [],
            "security_groups": [],
            "source_dest_check": true,
            "spot_instance_request_id": "",
            "subnet_id": "subnet-06678cb756a98bc6c",
            "tags": {
              "Name": "Web EC2 Server"
            },
            "tags_all": {
              "Name": "Web EC2 Server"
            },
            "tenancy": "default",
            "timeouts": null,
            "user_data": null,
            "user_data_base64": null,
            "user_data_replace_on_change": false,
            "volume_tags": null,
            "vpc_security_group_ids": [
              "sg-01b4665e20f65ab17",
              "sg-0574c4f03e2bab067",
              "sg-09b7253760abad7c0"
            ]
          },
          "sensitive_attributes": [],
          "private": "eyJlMmJmYjczMC1lY2FhLTExZTYtOGY4OC0zNDM2M2JjN2M0YzAiOnsiY3JlYXRlIjo2MDAwMDAwMDAwMDAsImRlbGV0ZSI6MTIwMDAwMDAwMDAwMCwicmVhZCI6OTAwMDAwMDAwMDAwLCJ1cGRhdGUiOjYwMDAwMDAwMDAwMH0sInNjaGVtYV92ZXJzaW9uIjoiMiJ9",
          "dependencies": [
            "aws_key_pair.generated",
            "aws_security_group.ingress-ssh",
            "aws_security_group.vpc-ping",
            "aws_security_group.vpc-web",
            "aws_subnet.public_subnets",
            "aws_vpc.vpc",
            "data.aws_ami.ubuntu",
            "data.aws_availability_zones.available",
            "data.aws_region.current",
            "local_file.private_key_pem",
            "tls_private_key.generated"
          ]
        }
      ]
    },
    {
      "mode": "managed",
      "type": "aws_internet_gateway",
      "name": "demo_igw",
      "provider": "provider[\"registry.terraform.io/hashicorp/aws\"]",
      "instances": [
        {
          "schema_version": 0,
          "attributes": {
            "arn": "arn:aws:ec2:ap-northeast-1:229342747134:internet-gateway/igw-048652369a2935d4e",
            "id": "igw-048652369a2935d4e",
            "owner_id": "229342747134",
            "region": "ap-northeast-1",
            "tags": {
              "Name": "Demo IGW"
            },
            "tags_all": {
              "Name": "Demo IGW"
            },
            "timeouts": null,
            "vpc_id": "vpc-0b3b371143f12b153"
          },
          "sensitive_attributes": [],
          "private": "eyJlMmJmYjczMC1lY2FhLTExZTYtOGY4OC0zNDM2M2JjN2M0YzAiOnsiY3JlYXRlIjoxMjAwMDAwMDAwMDAwLCJkZWxldGUiOjEyMDAwMDAwMDAwMDAsInVwZGF0ZSI6MTIwMDAwMDAwMDAwMH19",
          "dependencies": [
            "aws_vpc.vpc",
            "data.aws_region.current"
          ]
        }
      ]
    },
    {
      "mode": "managed",
      "type": "aws_key_pair",
      "name": "generated",
      "provider": "provider[\"registry.terraform.io/hashicorp/aws\"]",
      "instances": [
        {
          "schema_version": 1,
          "attributes": {
            "arn": "arn:aws:ec2:ap-northeast-1:229342747134:key-pair/MyAWSKey",
            "fingerprint": "a2:c0:36:b3:61:4c:d5:64:1e:e5:4d:39:00:98:ee:32",
            "id": "MyAWSKey",
            "key_name": "MyAWSKey",
            "key_name_prefix": "",
            "key_pair_id": "key-0346202c7487965ae",
            "key_type": "rsa",
            "public_key": "ssh-rsa AAAAB3NzaC1yc2EAAAADAQABAAABAQC7H9mt8gKsBOzLsUmYTRrIdIR6IAsHxkF3rTkvAih/Se+hstVcrGplCHQeR7cwrSsFpdDKzwXX6W3bsIf4o2ca4pb+uptNDDvKssOFQBL7vm8pCI0yVat8WmvaXycySSbbHRyvlWFNNyROTxYDwUKXya8KR8hMslukS/k1lURKaWdj/vY48Y/emOXg2JR5RzxQL2CCfneatynLRaRH6K9FSBNYqe33K2FCXiUlrF9chtpj+dU/GNI4aybX7XTTEyJIi48bAz5ATQicG/cP4ZLfMwLwOEEO2XZrTnnl1E8IeBRY52YGZEmtc5vjuwEn8uh1yf0Aor9MXNNRMQDQaK3T",
            "region": "ap-northeast-1",
            "tags": {},
            "tags_all": {}
          },
          "sensitive_attributes": [],
          "private": "eyJzY2hlbWFfdmVyc2lvbiI6IjEifQ==",
          "dependencies": [
            "tls_private_key.generated"
          ]
        }
      ]
    },
    {
      "mode": "managed",
      "type": "aws_route",
      "name": "demo_route_table",
      "provider": "provider[\"registry.terraform.io/hashicorp/aws\"]",
      "instances": [
        {
          "schema_version": 0,
          "attributes": {
            "carrier_gateway_id": "",
            "core_network_arn": "",
            "destination_cidr_block": "0.0.0.0/0",
            "destination_ipv6_cidr_block": "",
            "destination_prefix_list_id": "",
            "egress_only_gateway_id": "",
            "gateway_id": "igw-048652369a2935d4e",
            "id": "r-rtb-0cce592c2ae0ca0921080289494",
            "instance_id": "",
            "instance_owner_id": "",
            "local_gateway_id": "",
            "nat_gateway_id": "",
            "network_interface_id": "",
            "origin": "CreateRoute",
            "region": "ap-northeast-1",
            "route_table_id": "rtb-0cce592c2ae0ca092",
            "state": "active",
            "timeouts": null,
            "transit_gateway_id": "",
            "vpc_endpoint_id": "",
            "vpc_peering_connection_id": ""
          },
          "sensitive_attributes": [],
          "private": "eyJlMmJmYjczMC1lY2FhLTExZTYtOGY4OC0zNDM2M2JjN2M0YzAiOnsiY3JlYXRlIjozMDAwMDAwMDAwMDAsImRlbGV0ZSI6MzAwMDAwMDAwMDAwLCJ1cGRhdGUiOjEyMDAwMDAwMDAwMH19",
          "dependencies": [
            "aws_internet_gateway.demo_igw",
            "aws_vpc.vpc",
            "data.aws_region.current"
          ]
        }
      ]
    },
    {
      "mode": "managed",
      "type": "aws_s3_bucket",
      "name": "my-aws-s3-bucket",
      "provider": "provider[\"registry.terraform.io/hashicorp/aws\"]",
      "instances": [
        {
          "schema_version": 0,
          "attributes": {
            "acceleration_status": "",
            "acl": null,
            "arn": "arn:aws:s3:::fkaba-sirri-2f3ecc0825158593b6806bc95ffb0f9b",
            "bucket": "fkaba-sirri-2f3ecc0825158593b6806bc95ffb0f9b",
            "bucket_domain_name": "fkaba-sirri-2f3ecc0825158593b6806bc95ffb0f9b.s3.amazonaws.com",
            "bucket_prefix": "fkaba-sirri-2f3ecc",
            "bucket_region": "ap-northeast-1",
            "bucket_regional_domain_name": "fkaba-sirri-2f3ecc0825158593b6806bc95ffb0f9b.s3.ap-northeast-1.amazonaws.com",
            "cors_rule": [],
            "force_destroy": false,
            "grant": [
              {
                "id": "f5280c0f4eaccbfcea1406ef4e975dad15b514928f69f45ee51d13cd6b665334",
                "permissions": [
                  "FULL_CONTROL"
                ],
                "type": "CanonicalUser",
                "uri": ""
              }
            ],
            "hosted_zone_id": "Z2M4EHUR26P7ZW",
            "id": "fkaba-sirri-2f3ecc0825158593b6806bc95ffb0f9b",
            "lifecycle_rule": [],
            "logging": [],
            "object_lock_configuration": [],
            "object_lock_enabled": false,
            "policy": "",
            "region": "ap-northeast-1",
            "replication_configuration": [],
            "request_payer": "BucketOwner",
            "server_side_encryption_configuration": [
              {
                "rule": [
                  {
                    "apply_server_side_encryption_by_default": [
                      {
                        "kms_master_key_id": "",
                        "sse_algorithm": "AES256"
                      }
                    ],
                    "bucket_key_enabled": false
                  }
                ]
              }
            ],
            "tags": {
              "Name": "MY s3 bucket",
              "Purpose": "Building an automation"
            },
            "tags_all": {
              "Name": "MY s3 bucket",
              "Purpose": "Building an automation"
            },
            "timeouts": null,
            "versioning": [
              {
                "enabled": false,
                "mfa_delete": false
              }
            ],
            "website": [],
            "website_domain": null,
            "website_endpoint": null
          },
          "sensitive_attributes": [],
          "private": "eyJlMmJmYjczMC1lY2FhLTExZTYtOGY4OC0zNDM2M2JjN2M0YzAiOnsiY3JlYXRlIjoxMjAwMDAwMDAwMDAwLCJkZWxldGUiOjM2MDAwMDAwMDAwMDAsInJlYWQiOjEyMDAwMDAwMDAwMDAsInVwZGF0ZSI6MTIwMDAwMDAwMDAwMH19",
          "dependencies": [
            "random_id.randomness"
          ]
        }
      ]
    },
    {
      "mode": "managed",
      "type": "aws_security_group",
      "name": "ingress-ssh",
      "provider": "provider[\"registry.terraform.io/hashicorp/aws\"]",
      "instances": [
        {
          "schema_version": 1,
          "attributes": {
            "arn": "arn:aws:ec2:ap-northeast-1:229342747134:security-group/sg-01b4665e20f65ab17",
            "description": "Managed by Terraform",
            "egress": [
              {
                "cidr_blocks": [
                  "0.0.0.0/0"
                ],
                "description": "",
                "from_port": 0,
                "ipv6_cidr_blocks": [],
                "prefix_list_ids": [],
                "protocol": "-1",
                "security_groups": [],
                "self": false,
                "to_port": 0
              }
            ],
            "id": "sg-01b4665e20f65ab17",
            "ingress": [
              {
                "cidr_blocks": [
                  "0.0.0.0/0"
                ],
                "description": "",
                "from_port": 22,
                "ipv6_cidr_blocks": [],
                "prefix_list_ids": [],
                "protocol": "tcp",
                "security_groups": [],
                "self": false,
                "to_port": 22
              }
            ],
            "name": "allow-all-ssh",
            "name_prefix": "",
            "owner_id": "229342747134",
            "region": "ap-northeast-1",
            "revoke_rules_on_delete": false,
            "tags": {},
            "tags_all": {},
            "timeouts": null,
            "vpc_id": "vpc-0b3b371143f12b153"
          },
          "sensitive_attributes": [],
          "private": "eyJlMmJmYjczMC1lY2FhLTExZTYtOGY4OC0zNDM2M2JjN2M0YzAiOnsiY3JlYXRlIjo2MDAwMDAwMDAwMDAsImRlbGV0ZSI6OTAwMDAwMDAwMDAwfSwic2NoZW1hX3ZlcnNpb24iOiIxIn0=",
          "dependencies": [
            "aws_vpc.vpc",
            "data.aws_region.current"
          ]
        }
      ]
    },
    {
      "mode": "managed",
      "type": "aws_security_group",
      "name": "vpc-ping",
      "provider": "provider[\"registry.terraform.io/hashicorp/aws\"]",
      "instances": [
        {
          "schema_version": 1,
          "attributes": {
            "arn": "arn:aws:ec2:ap-northeast-1:229342747134:security-group/sg-0574c4f03e2bab067",
            "description": "ICMP for Ping Access",
            "egress": [
              {
                "cidr_blocks": [
                  "0.0.0.0/0"
                ],
                "description": "Allow all ip and ports outbound",
                "from_port": 0,
                "ipv6_cidr_blocks": [],
                "prefix_list_ids": [],
                "protocol": "-1",
                "security_groups": [],
                "self": false,
                "to_port": 0
              }
            ],
            "id": "sg-0574c4f03e2bab067",
            "ingress": [
              {
                "cidr_blocks": [
                  "0.0.0.0/0"
                ],
                "description": "Allow ICMP Traffic",
                "from_port": -1,
                "ipv6_cidr_blocks": [],
                "prefix_list_ids": [],
                "protocol": "icmp",
                "security_groups": [],
                "self": false,
                "to_port": -1
              }
            ],
            "name": "vpc-ping",
            "name_prefix": "",
            "owner_id": "229342747134",
            "region": "ap-northeast-1",
            "revoke_rules_on_delete": false,
            "tags": {},
            "tags_all": {},
            "timeouts": null,
            "vpc_id": "vpc-0b3b371143f12b153"
          },
          "sensitive_attributes": [],
          "private": "eyJlMmJmYjczMC1lY2FhLTExZTYtOGY4OC0zNDM2M2JjN2M0YzAiOnsiY3JlYXRlIjo2MDAwMDAwMDAwMDAsImRlbGV0ZSI6OTAwMDAwMDAwMDAwfSwic2NoZW1hX3ZlcnNpb24iOiIxIn0=",
          "dependencies": [
            "aws_vpc.vpc",
            "data.aws_region.current"
          ]
        }
      ]
    },
    {
      "mode": "managed",
      "type": "aws_security_group",
      "name": "vpc-web",
      "provider": "provider[\"registry.terraform.io/hashicorp/aws\"]",
      "instances": [
        {
          "schema_version": 1,
          "attributes": {
            "arn": "arn:aws:ec2:ap-northeast-1:229342747134:security-group/sg-09b7253760abad7c0",
            "description": "Web Traffic",
            "egress": [
              {
                "cidr_blocks": [
                  "0.0.0.0/0"
                ],
                "description": "Allow all ip and ports outbound",
                "from_port": 0,
                "ipv6_cidr_blocks": [],
                "prefix_list_ids": [],
                "protocol": "-1",
                "security_groups": [],
                "self": false,
                "to_port": 0
              }
            ],
            "id": "sg-09b7253760abad7c0",
            "ingress": [
              {
                "cidr_blocks": [
                  "0.0.0.0/0"
                ],
                "description": "Allow Port 443",
                "from_port": 443,
                "ipv6_cidr_blocks": [],
                "prefix_list_ids": [],
                "protocol": "tcp",
                "security_groups": [],
                "self": false,
                "to_port": 443
              },
              {
                "cidr_blocks": [
                  "0.0.0.0/0"
                ],
                "description": "Allow Port 80",
                "from_port": 80,
                "ipv6_cidr_blocks": [],
                "prefix_list_ids": [],
                "protocol": "tcp",
                "security_groups": [],
                "self": false,
                "to_port": 80
              }
            ],
            "name": "vpc-web-development",
            "name_prefix": "",
            "owner_id": "229342747134",
            "region": "ap-northeast-1",
            "revoke_rules_on_delete": false,
            "tags": {},
            "tags_all": {},
            "timeouts": null,
            "vpc_id": "vpc-0b3b371143f12b153"
          },
          "sensitive_attributes": [],
          "private": "eyJlMmJmYjczMC1lY2FhLTExZTYtOGY4OC0zNDM2M2JjN2M0YzAiOnsiY3JlYXRlIjo2MDAwMDAwMDAwMDAsImRlbGV0ZSI6OTAwMDAwMDAwMDAwfSwic2NoZW1hX3ZlcnNpb24iOiIxIn0=",
          "dependencies": [
            "aws_vpc.vpc",
            "data.aws_region.current"
          ]
        }
      ]
    },
    {
      "mode": "managed",
      "type": "aws_subnet",
      "name": "private_subnets",
      "provider": "provider[\"registry.terraform.io/hashicorp/aws\"]",
      "instances": [
        {
          "index_key": "private_subnet_1",
          "schema_version": 1,
          "attributes": {
            "arn": "arn:aws:ec2:ap-northeast-1:229342747134:subnet/subnet-0414c98260ad98ed4",
            "assign_ipv6_address_on_creation": false,
            "availability_zone": "ap-northeast-1c",
            "availability_zone_id": "apne1-az1",
            "cidr_block": "10.0.1.0/24",
            "customer_owned_ipv4_pool": "",
            "enable_dns64": false,
            "enable_lni_at_device_index": 0,
            "enable_resource_name_dns_a_record_on_launch": false,
            "enable_resource_name_dns_aaaa_record_on_launch": false,
            "id": "subnet-0414c98260ad98ed4",
            "ipv6_cidr_block": "",
            "ipv6_cidr_block_association_id": "",
            "ipv6_native": false,
            "map_customer_owned_ip_on_launch": false,
            "map_public_ip_on_launch": false,
            "outpost_arn": "",
            "owner_id": "229342747134",
            "private_dns_hostname_type_on_launch": "ip-name",
            "region": "ap-northeast-1",
            "tags": {
              "Name": "private_subnet_1",
              "Terraform": "true"
            },
            "tags_all": {
              "Name": "private_subnet_1",
              "Terraform": "true"
            },
            "timeouts": null,
            "vpc_id": "vpc-0b3b371143f12b153"
          },
          "sensitive_attributes": [],
          "private": "eyJlMmJmYjczMC1lY2FhLTExZTYtOGY4OC0zNDM2M2JjN2M0YzAiOnsiY3JlYXRlIjo2MDAwMDAwMDAwMDAsImRlbGV0ZSI6MTIwMDAwMDAwMDAwMH0sInNjaGVtYV92ZXJzaW9uIjoiMSJ9",
          "dependencies": [
            "aws_vpc.vpc",
            "data.aws_availability_zones.available",
            "data.aws_region.current"
          ]
        },
        {
          "index_key": "private_subnet_2",
          "schema_version": 1,
          "attributes": {
            "arn": "arn:aws:ec2:ap-northeast-1:229342747134:subnet/subnet-0672cc8a4cfb004c7",
            "assign_ipv6_address_on_creation": false,
            "availability_zone": "ap-northeast-1d",
            "availability_zone_id": "apne1-az2",
            "cidr_block": "10.0.2.0/24",
            "customer_owned_ipv4_pool": "",
            "enable_dns64": false,
            "enable_lni_at_device_index": 0,
            "enable_resource_name_dns_a_record_on_launch": false,
            "enable_resource_name_dns_aaaa_record_on_launch": false,
            "id": "subnet-0672cc8a4cfb004c7",
            "ipv6_cidr_block": "",
            "ipv6_cidr_block_association_id": "",
            "ipv6_native": false,
            "map_customer_owned_ip_on_launch": false,
            "map_public_ip_on_launch": false,
            "outpost_arn": "",
            "owner_id": "229342747134",
            "private_dns_hostname_type_on_launch": "ip-name",
            "region": "ap-northeast-1",
            "tags": {
              "Name": "private_subnet_2",
              "Terraform": "true"
            },
            "tags_all": {
              "Name": "private_subnet_2",
              "Terraform": "true"
            },
            "timeouts": null,
            "vpc_id": "vpc-0b3b371143f12b153"
          },
          "sensitive_attributes": [],
          "private": "eyJlMmJmYjczMC1lY2FhLTExZTYtOGY4OC0zNDM2M2JjN2M0YzAiOnsiY3JlYXRlIjo2MDAwMDAwMDAwMDAsImRlbGV0ZSI6MTIwMDAwMDAwMDAwMH0sInNjaGVtYV92ZXJzaW9uIjoiMSJ9",
          "dependencies": [
            "aws_vpc.vpc",
            "data.aws_availability_zones.available",
            "data.aws_region.current"
          ]
        },
        {
          "index_key": "private_subnet_3",
          "schema_version": 1,
          "attributes": {
            "arn": "arn:aws:ec2:ap-northeast-1:229342747134:subnet/subnet-0e5677872f9b59b41",
            "assign_ipv6_address_on_creation": false,
            "availability_zone": "ap-northeast-1a",
            "availability_zone_id": "apne1-az4",
            "cidr_block": "10.0.3.0/24",
            "customer_owned_ipv4_pool": "",
            "enable_dns64": false,
            "enable_lni_at_device_index": 0,
            "enable_resource_name_dns_a_record_on_launch": false,
            "enable_resource_name_dns_aaaa_record_on_launch": false,
            "id": "subnet-0e5677872f9b59b41",
            "ipv6_cidr_block": "",
            "ipv6_cidr_block_association_id": "",
            "ipv6_native": false,
            "map_customer_owned_ip_on_launch": false,
            "map_public_ip_on_launch": false,
            "outpost_arn": "",
            "owner_id": "229342747134",
            "private_dns_hostname_type_on_launch": "ip-name",
            "region": "ap-northeast-1",
            "tags": {
              "Name": "private_subnet_3",
              "Terraform": "true"
            },
            "tags_all": {
              "Name": "private_subnet_3",
              "Terraform": "true"
            },
            "timeouts": null,
            "vpc_id": "vpc-0b3b371143f12b153"
          },
          "sensitive_attributes": [],
          "private": "eyJlMmJmYjczMC1lY2FhLTExZTYtOGY4OC0zNDM2M2JjN2M0YzAiOnsiY3JlYXRlIjo2MDAwMDAwMDAwMDAsImRlbGV0ZSI6MTIwMDAwMDAwMDAwMH0sInNjaGVtYV92ZXJzaW9uIjoiMSJ9",
          "dependencies": [
            "aws_vpc.vpc",
            "data.aws_availability_zones.available",
            "data.aws_region.current"
          ]
        }
      ]
    },
    {
      "mode": "managed",
      "type": "aws_subnet",
      "name": "public_subnets",
      "provider": "provider[\"registry.terraform.io/hashicorp/aws\"]",
      "instances": [
        {
          "index_key": "public_subnet_1",
          "schema_version": 1,
          "attributes": {
            "arn": "arn:aws:ec2:ap-northeast-1:229342747134:subnet/subnet-06678cb756a98bc6c",
            "assign_ipv6_address_on_creation": false,
            "availability_zone": "ap-northeast-1c",
            "availability_zone_id": "apne1-az1",
            "cidr_block": "10.0.101.0/24",
            "customer_owned_ipv4_pool": "",
            "enable_dns64": false,
            "enable_lni_at_device_index": 0,
            "enable_resource_name_dns_a_record_on_launch": false,
            "enable_resource_name_dns_aaaa_record_on_launch": false,
            "id": "subnet-06678cb756a98bc6c",
            "ipv6_cidr_block": "",
            "ipv6_cidr_block_association_id": "",
            "ipv6_native": false,
            "map_customer_owned_ip_on_launch": false,
            "map_public_ip_on_launch": true,
            "outpost_arn": "",
            "owner_id": "229342747134",
            "private_dns_hostname_type_on_launch": "ip-name",
            "region": "ap-northeast-1",
            "tags": {
              "Name": "public_subnet_1",
              "Terraform": "true"
            },
            "tags_all": {
              "Name": "public_subnet_1",
              "Terraform": "true"
            },
            "timeouts": null,
            "vpc_id": "vpc-0b3b371143f12b153"
          },
          "sensitive_attributes": [],
          "private": "eyJlMmJmYjczMC1lY2FhLTExZTYtOGY4OC0zNDM2M2JjN2M0YzAiOnsiY3JlYXRlIjo2MDAwMDAwMDAwMDAsImRlbGV0ZSI6MTIwMDAwMDAwMDAwMH0sInNjaGVtYV92ZXJzaW9uIjoiMSJ9",
          "dependencies": [
            "aws_vpc.vpc",
            "data.aws_availability_zones.available",
            "data.aws_region.current"
          ]
        },
        {
          "index_key": "public_subnet_2",
          "schema_version": 1,
          "attributes": {
            "arn": "arn:aws:ec2:ap-northeast-1:229342747134:subnet/subnet-08e62966c9f26a441",
            "assign_ipv6_address_on_creation": false,
            "availability_zone": "ap-northeast-1d",
            "availability_zone_id": "apne1-az2",
            "cidr_block": "10.0.102.0/24",
            "customer_owned_ipv4_pool": "",
            "enable_dns64": false,
            "enable_lni_at_device_index": 0,
            "enable_resource_name_dns_a_record_on_launch": false,
            "enable_resource_name_dns_aaaa_record_on_launch": false,
            "id": "subnet-08e62966c9f26a441",
            "ipv6_cidr_block": "",
            "ipv6_cidr_block_association_id": "",
            "ipv6_native": false,
            "map_customer_owned_ip_on_launch": false,
            "map_public_ip_on_launch": true,
            "outpost_arn": "",
            "owner_id": "229342747134",
            "private_dns_hostname_type_on_launch": "ip-name",
            "region": "ap-northeast-1",
            "tags": {
              "Name": "public_subnet_2",
              "Terraform": "true"
            },
            "tags_all": {
              "Name": "public_subnet_2",
              "Terraform": "true"
            },
            "timeouts": null,
            "vpc_id": "vpc-0b3b371143f12b153"
          },
          "sensitive_attributes": [],
          "private": "eyJlMmJmYjczMC1lY2FhLTExZTYtOGY4OC0zNDM2M2JjN2M0YzAiOnsiY3JlYXRlIjo2MDAwMDAwMDAwMDAsImRlbGV0ZSI6MTIwMDAwMDAwMDAwMH0sInNjaGVtYV92ZXJzaW9uIjoiMSJ9",
          "dependencies": [
            "aws_vpc.vpc",
            "data.aws_availability_zones.available",
            "data.aws_region.current"
          ]
        },
        {
          "index_key": "public_subnet_3",
          "schema_version": 1,
          "attributes": {
            "arn": "arn:aws:ec2:ap-northeast-1:229342747134:subnet/subnet-0a367c3ee735e5e4b",
            "assign_ipv6_address_on_creation": false,
            "availability_zone": "ap-northeast-1a",
            "availability_zone_id": "apne1-az4",
            "cidr_block": "10.0.103.0/24",
            "customer_owned_ipv4_pool": "",
            "enable_dns64": false,
            "enable_lni_at_device_index": 0,
            "enable_resource_name_dns_a_record_on_launch": false,
            "enable_resource_name_dns_aaaa_record_on_launch": false,
            "id": "subnet-0a367c3ee735e5e4b",
            "ipv6_cidr_block": "",
            "ipv6_cidr_block_association_id": "",
            "ipv6_native": false,
            "map_customer_owned_ip_on_launch": false,
            "map_public_ip_on_launch": true,
            "outpost_arn": "",
            "owner_id": "229342747134",
            "private_dns_hostname_type_on_launch": "ip-name",
            "region": "ap-northeast-1",
            "tags": {
              "Name": "public_subnet_3",
              "Terraform": "true"
            },
            "tags_all": {
              "Name": "public_subnet_3",
              "Terraform": "true"
            },
            "timeouts": null,
            "vpc_id": "vpc-0b3b371143f12b153"
          },
          "sensitive_attributes": [],
          "private": "eyJlMmJmYjczMC1lY2FhLTExZTYtOGY4OC0zNDM2M2JjN2M0YzAiOnsiY3JlYXRlIjo2MDAwMDAwMDAwMDAsImRlbGV0ZSI6MTIwMDAwMDAwMDAwMH0sInNjaGVtYV92ZXJzaW9uIjoiMSJ9",
          "dependencies": [
            "aws_vpc.vpc",
            "data.aws_availability_zones.available",
            "data.aws_region.current"
          ]
        }
      ]
    },
    {
      "mode": "managed",
      "type": "aws_vpc",
      "name": "vpc",
      "provider": "provider[\"registry.terraform.io/hashicorp/aws\"]",
      "instances": [
        {
          "schema_version": 1,
          "attributes": {
            "arn": "arn:aws:ec2:ap-northeast-1:229342747134:vpc/vpc-0b3b371143f12b153",
            "assign_generated_ipv6_cidr_block": false,
            "cidr_block": "10.0.0.0/16",
            "default_network_acl_id": "acl-06492bd58edbb330d",
            "default_route_table_id": "rtb-0cce592c2ae0ca092",
            "default_security_group_id": "sg-0a94bdd154fa65ed2",
            "dhcp_options_id": "dopt-01ad0f0f0e56f36fe",
            "enable_dns_hostnames": false,
            "enable_dns_support": true,
            "enable_network_address_usage_metrics": false,
            "id": "vpc-0b3b371143f12b153",
            "instance_tenancy": "default",
            "ipv4_ipam_pool_id": null,
            "ipv4_netmask_length": null,
            "ipv6_association_id": "",
            "ipv6_cidr_block": "",
            "ipv6_cidr_block_network_border_group": "",
            "ipv6_ipam_pool_id": "",
            "ipv6_netmask_length": 0,
            "main_route_table_id": "rtb-0cce592c2ae0ca092",
            "owner_id": "229342747134",
            "region": "ap-northeast-1",
            "tags": {
              "Environment": "demo_environment",
              "Name": "demo_vpc",
              "Region": "Asia Pacific (Tokyo)",
              "Terraform": "true"
            },
            "tags_all": {
              "Environment": "demo_environment",
              "Name": "demo_vpc",
              "Region": "Asia Pacific (Tokyo)",
              "Terraform": "true"
            }
          },
          "sensitive_attributes": [],
          "private": "eyJzY2hlbWFfdmVyc2lvbiI6IjEifQ==",
          "dependencies": [
            "data.aws_region.current"
          ]
        }
      ]
    },
    {
      "mode": "managed",
      "type": "local_file",
      "name": "private_key_pem",
      "provider": "provider[\"registry.terraform.io/hashicorp/local\"]",
      "instances": [
        {
          "schema_version": 0,
          "attributes": {
            "content": "-----BEGIN RSA PRIVATE KEY-----\nMIIEowIBAAKCAQEAux/ZrfICrATsy7FJmE0ayHSEeiALB8ZBd605LwIof0nvobLV\nXKxqZQh0Hke3MK0rBaXQys8F1+lt27CH+KNnGuKW/rqbTQw7yrLDhUAS+75vKQiN\nMlWrfFpr2l8nMkkm2x0cr5VhTTckTk8WA8FCl8mvCkfITLJbpEv5NZVESmlnY/72\nOPGP3pjl4NiUeUc8UC9ggn53mrcpy0WkR+ivRUgTWKnt9ythQl4lJaxfXIbaY/nV\nPxjSOGsm1+100xMiSIuPGwM+QE0InBv3D+GS3zMC8DhBDtl2a0555dRPCHgUWOdm\nBmRJrXOb47sBJ/Lodcn9AKK/TFzTUTEA0Git0wIDAQABAoIBAAiBeyCYBp0RID5m\nEaVVo+kGutreSAITdfhdrGLBo1ud3cGo4l/zCmcLSlPyCJay2GjKT8JYRLi6yJ6a\n2KNpsg8by6dKjjKjYrhlBdQxxGsjDeR8mgZ2tHPTnGFxv9NeVeDR4vLsRF8BKapR\nl/uVtlQ1+7no52btGJNQTMStw0vqiLlIptqm9uGBSgsxebTVt9HOMFDFF1qLstwC\neJ7Vtzz5adwWwLTsOFPApp0ThEdWku67jkG8nNf2K2Y5nKJH34hB0efkq+R3XSZO\nWMRqu8aGC5Gt8RhkqohjYODlYCjMmvkA08GOEyi0C+dMGckhyKJTyXXw+g272pEa\n+ca5q/ECgYEA0eVZ1Z2dW3qvl5akb7yDiXjOV2B7eN3LtR3SdoLP+2/n5fogEKG8\njSAu1/vgekB1U3CDHriBesN/4rLteSuXNVkb6kAyiAiBFJ4RiKRpswmPS/GKHK16\n9xIVAIcAYqJTbulEDWX6geXAW2ZEq+2HJoee23vF7PMkxVoi2D+aTckCgYEA5DoJ\nZsoX1SJUE2IMiUEnU6qbNASWRt5YCuqxbWveAK+YIpWR9cRhkr1MkuFBmGHcOWlT\nDQl7MOiWEt60SVk9YYmosNMIEoALv/G1m3hQweg3g80jSmuzqk+xgJC78V5B4jnG\nK6ZbdC877BKPEzXRREi1KRrIBp8ti275SVUg/LsCgYB3n9Y2N9Eh/OcsZu+quu7g\nn5hCFjvoo8fgnnF/l4g/jgTFfmtd7z/N0sS/1c6W/juf5WTlUlSBCgDNzBopz90q\ny3FsbVAfVXFzta7aiJGxN0aTCsMjGwAU5hpQJaDjlg4lDQ767974v1+E9+E1d3dq\nTysLfhxMsjqHu5pWUtF3eQKBgQCe+NYnpUmoinrp7Xgx+xI7szDcsP1EbAgDwqrI\nP0SqUaW1IV5ERQB6SCWYghNA45mU3AqfoCURUlGG313RYbnhwROh571Ntad5khIg\nM1R9XRWeVzvn0NGbJlvL5AUmAbP+sqOZMA2wBl7E98B1bx1PZR3bfe4qvqHo5+n4\n7LVHlQKBgE8Q/cykKaITdCoSuZEPQWb7cXCD1ylKS1hFE68XbZmlv957OutXTCc2\nWFfrK95fNHxE5dZPLY6sani+uBOy+E5Ts7h59f8OzSaiQqr/Uc+afP3qCXo7CqH0\n6767pHspXmgmQ5uvwmevAcFeeIETTi/Y+/5hEpRcEfXt1TXMP9S4\n-----END RSA PRIVATE KEY-----\n",
            "content_base64": null,
            "content_base64sha256": "p2kypzYsKhifLZDfW3q2ErLOl9IIW2noy1HHsmigGH0=",
            "content_base64sha512": "uVN0JOEC/zGBZasTcZKdzPeo57+nh1KZMapYAuepTgvbmdPY6nOOw1pL30HybUyiEn1uIp4J1dOvdX19EE9DFg==",
            "content_md5": "8b693e46be9f5572e20ebfbf5895cfba",
            "content_sha1": "10c797cff982127fb957bf6912f0ddead8614d73",
            "content_sha256": "a76932a7362c2a189f2d90df5b7ab612b2ce97d2085b69e8cb51c7b268a0187d",
            "content_sha512": "b9537424e102ff318165ab1371929dccf7a8e7bfa787529931aa5802e7a94e0bdb99d3d8ea738ec35a4bdf41f26d4ca2127d6e229e09d5d3af757d7d104f4316",
            "directory_permission": "0777",
            "file_permission": "0777",
            "filename": "MyAWSKey.pem",
            "id": "10c797cff982127fb957bf6912f0ddead8614d73",
            "sensitive_content": null,
            "source": null
          },
          "sensitive_attributes": [
            [
              {
                "type": "get_attr",
                "value": "content"
              }
            ],
            [
              {
                "type": "get_attr",
                "value": "sensitive_content"
              }
            ]
          ],
          "dependencies": [
            "tls_private_key.generated"
          ]
        }
      ]
    },
    {
      "mode": "managed",
      "type": "random_id",
      "name": "randomness",
      "provider": "provider[\"registry.terraform.io/hashicorp/random\"]",
      "instances": [
        {
          "schema_version": 0,
          "attributes": {
            "b64_std": "Lz7MCCUVhZO2gGvJX/sPmw==",
            "b64_url": "Lz7MCCUVhZO2gGvJX_sPmw",
            "byte_length": 16,
            "dec": "62799776463981613999494913271369764763",
            "hex": "2f3ecc0825158593b6806bc95ffb0f9b",
            "id": "Lz7MCCUVhZO2gGvJX_sPmw",
            "keepers": null,
            "prefix": null
          },
          "sensitive_attributes": [],
          "private": "bnVsbA=="
        }
      ]
    },
    {
      "mode": "managed",
      "type": "tls_private_key",
      "name": "generated",
      "provider": "provider[\"registry.terraform.io/hashicorp/tls\"]",
      "instances": [
        {
          "schema_version": 1,
          "attributes": {
            "algorithm": "RSA",
            "ecdsa_curve": "P224",
            "id": "1dfda076f5014ab0313c5586398d5021e889375b",
            "private_key_openssh": "-----BEGIN OPENSSH PRIVATE KEY-----\nb3BlbnNzaC1rZXktdjEAAAAABG5vbmUAAAAEbm9uZQAAAAAAAAABAAABFwAAAAdz\nc2gtcnNhAAAAAwEAAQAAAQEAux/ZrfICrATsy7FJmE0ayHSEeiALB8ZBd605LwIo\nf0nvobLVXKxqZQh0Hke3MK0rBaXQys8F1+lt27CH+KNnGuKW/rqbTQw7yrLDhUAS\n+75vKQiNMlWrfFpr2l8nMkkm2x0cr5VhTTckTk8WA8FCl8mvCkfITLJbpEv5NZVE\nSmlnY/72OPGP3pjl4NiUeUc8UC9ggn53mrcpy0WkR+ivRUgTWKnt9ythQl4lJaxf\nXIbaY/nVPxjSOGsm1+100xMiSIuPGwM+QE0InBv3D+GS3zMC8DhBDtl2a0555dRP\nCHgUWOdmBmRJrXOb47sBJ/Lodcn9AKK/TFzTUTEA0Git0wAAA7gNh8KcDYfCnAAA\nAAdzc2gtcnNhAAABAQC7H9mt8gKsBOzLsUmYTRrIdIR6IAsHxkF3rTkvAih/Se+h\nstVcrGplCHQeR7cwrSsFpdDKzwXX6W3bsIf4o2ca4pb+uptNDDvKssOFQBL7vm8p\nCI0yVat8WmvaXycySSbbHRyvlWFNNyROTxYDwUKXya8KR8hMslukS/k1lURKaWdj\n/vY48Y/emOXg2JR5RzxQL2CCfneatynLRaRH6K9FSBNYqe33K2FCXiUlrF9chtpj\n+dU/GNI4aybX7XTTEyJIi48bAz5ATQicG/cP4ZLfMwLwOEEO2XZrTnnl1E8IeBRY\n52YGZEmtc5vjuwEn8uh1yf0Aor9MXNNRMQDQaK3TAAAAAwEAAQAAAQAIgXsgmAad\nESA+ZhGlVaPpBrra3kgCE3X4XaxiwaNbnd3BqOJf8wpnC0pT8giWsthoyk/CWES4\nusiemtijabIPG8unSo4yo2K4ZQXUMcRrIw3kfJoGdrRz05xhcb/TXlXg0eLy7ERf\nASmqUZf7lbZUNfu56Odm7RiTUEzErcNL6oi5SKbapvbhgUoLMXm01bfRzjBQxRda\ni7LcAnie1bc8+WncFsC07DhTwKadE4RHVpLuu45BvJzX9itmOZyiR9+IQdHn5Kvk\nd10mTljEarvGhguRrfEYZKqIY2Dg5WAozJr5ANPBjhMotAvnTBnJIciiU8l18PoN\nu9qRGvnGuavxAAAAgE8Q/cykKaITdCoSuZEPQWb7cXCD1ylKS1hFE68XbZmlv957\nOutXTCc2WFfrK95fNHxE5dZPLY6sani+uBOy+E5Ts7h59f8OzSaiQqr/Uc+afP3q\nCXo7CqH06767pHspXmgmQ5uvwmevAcFeeIETTi/Y+/5hEpRcEfXt1TXMP9S4AAAA\ngQDR5VnVnZ1beq+XlqRvvIOJeM5XYHt43cu1HdJ2gs/7b+fl+iAQobyNIC7X++B6\nQHVTcIMeuIF6w3/isu15K5c1WRvqQDKICIEUnhGIpGmzCY9L8YocrXr3EhUAhwBi\nolNu6UQNZfqB5cBbZkSr7Ycmh57be8Xs8yTFWiLYP5pNyQAAAIEA5DoJZsoX1SJU\nE2IMiUEnU6qbNASWRt5YCuqxbWveAK+YIpWR9cRhkr1MkuFBmGHcOWlTDQl7MOiW\nEt60SVk9YYmosNMIEoALv/G1m3hQweg3g80jSmuzqk+xgJC78V5B4jnGK6ZbdC87\n7BKPEzXRREi1KRrIBp8ti275SVUg/LsAAAAAAQID\n-----END OPENSSH PRIVATE KEY-----\n",
            "private_key_pem": "-----BEGIN RSA PRIVATE KEY-----\nMIIEowIBAAKCAQEAux/ZrfICrATsy7FJmE0ayHSEeiALB8ZBd605LwIof0nvobLV\nXKxqZQh0Hke3MK0rBaXQys8F1+lt27CH+KNnGuKW/rqbTQw7yrLDhUAS+75vKQiN\nMlWrfFpr2l8nMkkm2x0cr5VhTTckTk8WA8FCl8mvCkfITLJbpEv5NZVESmlnY/72\nOPGP3pjl4NiUeUc8UC9ggn53mrcpy0WkR+ivRUgTWKnt9ythQl4lJaxfXIbaY/nV\nPxjSOGsm1+100xMiSIuPGwM+QE0InBv3D+GS3zMC8DhBDtl2a0555dRPCHgUWOdm\nBmRJrXOb47sBJ/Lodcn9AKK/TFzTUTEA0Git0wIDAQABAoIBAAiBeyCYBp0RID5m\nEaVVo+kGutreSAITdfhdrGLBo1ud3cGo4l/zCmcLSlPyCJay2GjKT8JYRLi6yJ6a\n2KNpsg8by6dKjjKjYrhlBdQxxGsjDeR8mgZ2tHPTnGFxv9NeVeDR4vLsRF8BKapR\nl/uVtlQ1+7no52btGJNQTMStw0vqiLlIptqm9uGBSgsxebTVt9HOMFDFF1qLstwC\neJ7Vtzz5adwWwLTsOFPApp0ThEdWku67jkG8nNf2K2Y5nKJH34hB0efkq+R3XSZO\nWMRqu8aGC5Gt8RhkqohjYODlYCjMmvkA08GOEyi0C+dMGckhyKJTyXXw+g272pEa\n+ca5q/ECgYEA0eVZ1Z2dW3qvl5akb7yDiXjOV2B7eN3LtR3SdoLP+2/n5fogEKG8\njSAu1/vgekB1U3CDHriBesN/4rLteSuXNVkb6kAyiAiBFJ4RiKRpswmPS/GKHK16\n9xIVAIcAYqJTbulEDWX6geXAW2ZEq+2HJoee23vF7PMkxVoi2D+aTckCgYEA5DoJ\nZsoX1SJUE2IMiUEnU6qbNASWRt5YCuqxbWveAK+YIpWR9cRhkr1MkuFBmGHcOWlT\nDQl7MOiWEt60SVk9YYmosNMIEoALv/G1m3hQweg3g80jSmuzqk+xgJC78V5B4jnG\nK6ZbdC877BKPEzXRREi1KRrIBp8ti275SVUg/LsCgYB3n9Y2N9Eh/OcsZu+quu7g\nn5hCFjvoo8fgnnF/l4g/jgTFfmtd7z/N0sS/1c6W/juf5WTlUlSBCgDNzBopz90q\ny3FsbVAfVXFzta7aiJGxN0aTCsMjGwAU5hpQJaDjlg4lDQ767974v1+E9+E1d3dq\nTysLfhxMsjqHu5pWUtF3eQKBgQCe+NYnpUmoinrp7Xgx+xI7szDcsP1EbAgDwqrI\nP0SqUaW1IV5ERQB6SCWYghNA45mU3AqfoCURUlGG313RYbnhwROh571Ntad5khIg\nM1R9XRWeVzvn0NGbJlvL5AUmAbP+sqOZMA2wBl7E98B1bx1PZR3bfe4qvqHo5+n4\n7LVHlQKBgE8Q/cykKaITdCoSuZEPQWb7cXCD1ylKS1hFE68XbZmlv957OutXTCc2\nWFfrK95fNHxE5dZPLY6sani+uBOy+E5Ts7h59f8OzSaiQqr/Uc+afP3qCXo7CqH0\n6767pHspXmgmQ5uvwmevAcFeeIETTi/Y+/5hEpRcEfXt1TXMP9S4\n-----END RSA PRIVATE KEY-----\n",
            "private_key_pem_pkcs8": "-----BEGIN PRIVATE KEY-----\nMIIEvQIBADANBgkqhkiG9w0BAQEFAASCBKcwggSjAgEAAoIBAQC7H9mt8gKsBOzL\nsUmYTRrIdIR6IAsHxkF3rTkvAih/Se+hstVcrGplCHQeR7cwrSsFpdDKzwXX6W3b\nsIf4o2ca4pb+uptNDDvKssOFQBL7vm8pCI0yVat8WmvaXycySSbbHRyvlWFNNyRO\nTxYDwUKXya8KR8hMslukS/k1lURKaWdj/vY48Y/emOXg2JR5RzxQL2CCfneatynL\nRaRH6K9FSBNYqe33K2FCXiUlrF9chtpj+dU/GNI4aybX7XTTEyJIi48bAz5ATQic\nG/cP4ZLfMwLwOEEO2XZrTnnl1E8IeBRY52YGZEmtc5vjuwEn8uh1yf0Aor9MXNNR\nMQDQaK3TAgMBAAECggEACIF7IJgGnREgPmYRpVWj6Qa62t5IAhN1+F2sYsGjW53d\nwajiX/MKZwtKU/IIlrLYaMpPwlhEuLrInprYo2myDxvLp0qOMqNiuGUF1DHEayMN\n5HyaBna0c9OcYXG/015V4NHi8uxEXwEpqlGX+5W2VDX7uejnZu0Yk1BMxK3DS+qI\nuUim2qb24YFKCzF5tNW30c4wUMUXWouy3AJ4ntW3PPlp3BbAtOw4U8CmnROER1aS\n7ruOQbyc1/YrZjmcokffiEHR5+Sr5HddJk5YxGq7xoYLka3xGGSqiGNg4OVgKMya\n+QDTwY4TKLQL50wZySHIolPJdfD6DbvakRr5xrmr8QKBgQDR5VnVnZ1beq+XlqRv\nvIOJeM5XYHt43cu1HdJ2gs/7b+fl+iAQobyNIC7X++B6QHVTcIMeuIF6w3/isu15\nK5c1WRvqQDKICIEUnhGIpGmzCY9L8YocrXr3EhUAhwBiolNu6UQNZfqB5cBbZkSr\n7Ycmh57be8Xs8yTFWiLYP5pNyQKBgQDkOglmyhfVIlQTYgyJQSdTqps0BJZG3lgK\n6rFta94Ar5gilZH1xGGSvUyS4UGYYdw5aVMNCXsw6JYS3rRJWT1hiaiw0wgSgAu/\n8bWbeFDB6DeDzSNKa7OqT7GAkLvxXkHiOcYrplt0LzvsEo8TNdFESLUpGsgGny2L\nbvlJVSD8uwKBgHef1jY30SH85yxm76q67uCfmEIWO+ijx+CecX+XiD+OBMV+a13v\nP83SxL/Vzpb+O5/lZOVSVIEKAM3MGinP3SrLcWxtUB9VcXO1rtqIkbE3RpMKwyMb\nABTmGlAloOOWDiUNDvrv3vi/X4T34TV3d2pPKwt+HEyyOoe7mlZS0Xd5AoGBAJ74\n1ielSaiKeunteDH7EjuzMNyw/URsCAPCqsg/RKpRpbUhXkRFAHpIJZiCE0DjmZTc\nCp+gJRFSUYbfXdFhueHBE6HnvU21p3mSEiAzVH1dFZ5XO+fQ0ZsmW8vkBSYBs/6y\no5kwDbAGXsT3wHVvHU9lHdt97iq+oejn6fjstUeVAoGATxD9zKQpohN0KhK5kQ9B\nZvtxcIPXKUpLWEUTrxdtmaW/3ns661dMJzZYV+sr3l80fETl1k8tjqxqeL64E7L4\nTlOzuHn1/w7NJqJCqv9Rz5p8/eoJejsKofTrvrukeyleaCZDm6/CZ68BwV54gRNO\nL9j7/mESlFwR9e3VNcw/1Lg=\n-----END PRIVATE KEY-----\n",
            "public_key_fingerprint_md5": "2e:e7:14:46:6a:25:f6:de:1a:cc:7a:1a:ae:47:00:ca",
            "public_key_fingerprint_sha256": "SHA256:OStWBxQE8Ruf5XF6NLdxHiC+LIogz0xApYANNUq5kQs",
            "public_key_openssh": "ssh-rsa AAAAB3NzaC1yc2EAAAADAQABAAABAQC7H9mt8gKsBOzLsUmYTRrIdIR6IAsHxkF3rTkvAih/Se+hstVcrGplCHQeR7cwrSsFpdDKzwXX6W3bsIf4o2ca4pb+uptNDDvKssOFQBL7vm8pCI0yVat8WmvaXycySSbbHRyvlWFNNyROTxYDwUKXya8KR8hMslukS/k1lURKaWdj/vY48Y/emOXg2JR5RzxQL2CCfneatynLRaRH6K9FSBNYqe33K2FCXiUlrF9chtpj+dU/GNI4aybX7XTTEyJIi48bAz5ATQicG/cP4ZLfMwLwOEEO2XZrTnnl1E8IeBRY52YGZEmtc5vjuwEn8uh1yf0Aor9MXNNRMQDQaK3T\n",
            "public_key_pem": "-----BEGIN PUBLIC KEY-----\nMIIBIjANBgkqhkiG9w0BAQEFAAOCAQ8AMIIBCgKCAQEAux/ZrfICrATsy7FJmE0a\nyHSEeiALB8ZBd605LwIof0nvobLVXKxqZQh0Hke3MK0rBaXQys8F1+lt27CH+KNn\nGuKW/rqbTQw7yrLDhUAS+75vKQiNMlWrfFpr2l8nMkkm2x0cr5VhTTckTk8WA8FC\nl8mvCkfITLJbpEv5NZVESmlnY/72OPGP3pjl4NiUeUc8UC9ggn53mrcpy0WkR+iv\nRUgTWKnt9ythQl4lJaxfXIbaY/nVPxjSOGsm1+100xMiSIuPGwM+QE0InBv3D+GS\n3zMC8DhBDtl2a0555dRPCHgUWOdmBmRJrXOb47sBJ/Lodcn9AKK/TFzTUTEA0Git\n0wIDAQAB\n-----END PUBLIC KEY-----\n",
            "rsa_bits": 2048
          },
          "sensitive_attributes": [
            [
              {
                "type": "get_attr",
                "value": "private_key_pem_pkcs8"
              }
            ],
            [
              {
                "type": "get_attr",
                "value": "private_key_openssh"
              }
            ],
            [
              {
                "type": "get_attr",
                "value": "private_key_pem"
              }
            ]
          ]
        }
      ]
    }
  ],
  "check_results": null
}
