{
  "version": 4,
  "terraform_version": "1.9.8",
  "serial": 978,
  "lineage": "e2954d0a-d2c3-9611-acba-714eeb95c479",
  "outputs": {
    "hello-world": {
      "value": "Hello World",
      "type": "string"
    },
    "public_dns": {
      "value": "",
      "type": "string"
    },
    "public_ip": {
      "value": "3.27.248.176",
      "type": "string"
    },
    "public_udl": {
      "value": "http://13.211.160.31",
      "type": "string"
    },
    "size": {
      "value": "t2.micro",
      "type": "string"
    },
    "vpc_id": {
      "value": "vpc-003f2376f00a3dea8",
      "type": "string"
    },
    "vpc_information": {
      "value": "Your demo_environment VPC has no ID of vpc-003f2376f00a3dea8",
      "type": "string"
    }
  },
  "resources": [
    {
      "mode": "data",
      "type": "aws_ami",
      "name": "ubuntu",
      "provider": "provider[\"registry.terraform.io/hashicorp/aws\"]",
      "instances": [
        {
          "schema_version": 0,
          "attributes": {
            "allow_unsafe_filter": null,
            "architecture": "x86_64",
            "arn": "arn:aws:ec2:ap-southeast-2::image/ami-06cd25c905a7e9a0f",
            "block_device_mappings": [
              {
                "device_name": "/dev/sda1",
                "ebs": {
                  "delete_on_termination": "true",
                  "encrypted": "false",
                  "iops": "0",
                  "snapshot_id": "snap-00bcd746cb27dc779",
                  "throughput": "0",
                  "volume_initialization_rate": "0",
                  "volume_size": "8",
                  "volume_type": "gp2"
                },
                "no_device": "",
                "virtual_name": ""
              },
              {
                "device_name": "/dev/sdb",
                "ebs": {},
                "no_device": "",
                "virtual_name": "ephemeral0"
              },
              {
                "device_name": "/dev/sdc",
                "ebs": {},
                "no_device": "",
                "virtual_name": "ephemeral1"
              }
            ],
            "boot_mode": "legacy-bios",
            "creation_date": "2025-06-25T05:33:06.000Z",
            "deprecation_time": "2027-06-25T05:33:06.000Z",
            "description": "Canonical, Ubuntu, 20.04, amd64 focal image",
            "ena_support": true,
            "executable_users": null,
            "filter": [
              {
                "name": "name",
                "values": [
                  "ubuntu/images/hvm-ssd/ubuntu-focal-20.04-amd64-server-*"
                ]
              },
              {
                "name": "virtualization-type",
                "values": [
                  "hvm"
                ]
              }
            ],
            "hypervisor": "xen",
            "id": "ami-06cd25c905a7e9a0f",
            "image_id": "ami-06cd25c905a7e9a0f",
            "image_location": "amazon/ubuntu/images/hvm-ssd/ubuntu-focal-20.04-amd64-server-20250624",
            "image_owner_alias": "amazon",
            "image_type": "machine",
            "imds_support": "",
            "include_deprecated": false,
            "kernel_id": "",
            "last_launched_time": "",
            "most_recent": true,
            "name": "ubuntu/images/hvm-ssd/ubuntu-focal-20.04-amd64-server-20250624",
            "name_regex": null,
            "owner_id": "099720109477",
            "owners": [
              "099720109477"
            ],
            "platform": "",
            "platform_details": "Linux/UNIX",
            "product_codes": [],
            "public": true,
            "ramdisk_id": "",
            "region": "ap-southeast-2",
            "root_device_name": "/dev/sda1",
            "root_device_type": "ebs",
            "root_snapshot_id": "snap-00bcd746cb27dc779",
            "sriov_net_support": "simple",
            "state": "available",
            "state_reason": {
              "code": "UNSET",
              "message": "UNSET"
            },
            "tags": {},
            "timeouts": null,
            "tpm_support": "",
            "uefi_data": null,
            "usage_operation": "RunInstances",
            "virtualization_type": "hvm"
          },
          "sensitive_attributes": []
        }
      ]
    },
    {
      "mode": "data",
      "type": "aws_availability_zones",
      "name": "available",
      "provider": "provider[\"registry.terraform.io/hashicorp/aws\"]",
      "instances": [
        {
          "schema_version": 0,
          "attributes": {
            "all_availability_zones": null,
            "exclude_names": null,
            "exclude_zone_ids": null,
            "filter": null,
            "group_names": [
              "ap-southeast-2-zg-1"
            ],
            "id": "ap-southeast-2",
            "names": [
              "ap-southeast-2a",
              "ap-southeast-2b",
              "ap-southeast-2c"
            ],
            "region": "ap-southeast-2",
            "state": null,
            "timeouts": null,
            "zone_ids": [
              "apse2-az1",
              "apse2-az3",
              "apse2-az2"
            ]
          },
          "sensitive_attributes": []
        }
      ]
    },
    {
      "mode": "data",
      "type": "aws_region",
      "name": "current",
      "provider": "provider[\"registry.terraform.io/hashicorp/aws\"]",
      "instances": [
        {
          "schema_version": 0,
          "attributes": {
            "description": "Asia Pacific (Sydney)",
            "endpoint": "ec2.ap-southeast-2.amazonaws.com",
            "id": "ap-southeast-2",
            "name": "ap-southeast-2",
            "region": "ap-southeast-2"
          },
          "sensitive_attributes": []
        }
      ]
    },
    {
      "mode": "managed",
      "type": "aws_instance",
      "name": "ubuntu_server",
      "provider": "provider[\"registry.terraform.io/hashicorp/aws\"]",
      "instances": [
        {
          "schema_version": 2,
          "attributes": {
            "ami": "ami-06cd25c905a7e9a0f",
            "arn": "arn:aws:ec2:ap-southeast-2:229342747134:instance/i-03c95f60d8fcfd5c5",
            "associate_public_ip_address": true,
            "availability_zone": "ap-southeast-2b",
            "capacity_reservation_specification": [
              {
                "capacity_reservation_preference": "open",
                "capacity_reservation_target": []
              }
            ],
            "cpu_options": [
              {
                "amd_sev_snp": "",
                "core_count": 1,
                "threads_per_core": 1
              }
            ],
            "credit_specification": [
              {
                "cpu_credits": "standard"
              }
            ],
            "disable_api_stop": false,
            "disable_api_termination": false,
            "ebs_block_device": [],
            "ebs_optimized": false,
            "enable_primary_ipv6": null,
            "enclave_options": [
              {
                "enabled": false
              }
            ],
            "ephemeral_block_device": [],
            "force_destroy": false,
            "get_password_data": false,
            "hibernation": false,
            "host_id": "",
            "host_resource_group_arn": null,
            "iam_instance_profile": "",
            "id": "i-03c95f60d8fcfd5c5",
            "instance_initiated_shutdown_behavior": "stop",
            "instance_lifecycle": "",
            "instance_market_options": [],
            "instance_state": "running",
            "instance_type": "t2.micro",
            "ipv6_address_count": 0,
            "ipv6_addresses": [],
            "key_name": "MyAWSKey",
            "launch_template": [],
            "maintenance_options": [
              {
                "auto_recovery": "default"
              }
            ],
            "metadata_options": [
              {
                "http_endpoint": "enabled",
                "http_protocol_ipv6": "disabled",
                "http_put_response_hop_limit": 1,
                "http_tokens": "optional",
                "instance_metadata_tags": "disabled"
              }
            ],
            "monitoring": false,
            "network_interface": [],
            "outpost_arn": "",
            "password_data": "",
            "placement_group": "",
            "placement_group_id": "",
            "placement_partition_number": 0,
            "primary_network_interface": [
              {
                "delete_on_termination": true,
                "network_interface_id": "eni-0dcecadc57232d662"
              }
            ],
            "primary_network_interface_id": "eni-0dcecadc57232d662",
            "private_dns": "ip-10-0-101-59.ap-southeast-2.compute.internal",
            "private_dns_name_options": [
              {
                "enable_resource_name_dns_a_record": false,
                "enable_resource_name_dns_aaaa_record": false,
                "hostname_type": "ip-name"
              }
            ],
            "private_ip": "10.0.101.59",
            "public_dns": "",
            "public_ip": "13.211.160.31",
            "region": "ap-southeast-2",
            "root_block_device": [
              {
                "delete_on_termination": true,
                "device_name": "/dev/sda1",
                "encrypted": false,
                "iops": 100,
                "kms_key_id": "",
                "tags": {
                  "Environment": "default",
                  "Owner": "Acme",
                  "Provisoned": "Terrafor"
                },
                "tags_all": {
                  "Environment": "default",
                  "Owner": "Acme",
                  "Provisoned": "Terrafor"
                },
                "throughput": 0,
                "volume_id": "vol-0c0407ab053d1977f",
                "volume_size": 8,
                "volume_type": "gp2"
              }
            ],
            "secondary_private_ips": [],
            "security_groups": [],
            "source_dest_check": true,
            "spot_instance_request_id": "",
            "subnet_id": "subnet-09d20f149575338c5",
            "tags": {
              "App": "core_api",
              "Name": "ec2-Dev-api-ap-southeast-2a",
              "Owner": "api_mgmt_dev"
            },
            "tags_all": {
              "App": "core_api",
              "Environment": "default",
              "Name": "ec2-Dev-api-ap-southeast-2a",
              "Owner": "api_mgmt_dev",
              "Provisoned": "Terrafor"
            },
            "tenancy": "default",
            "timeouts": null,
            "user_data": null,
            "user_data_base64": null,
            "user_data_replace_on_change": false,
            "volume_tags": null,
            "vpc_security_group_ids": [
              "sg-05c9280a7ab659cea",
              "sg-0c769aa3a60527fa0",
              "sg-0f2167bef184332ee"
            ]
          },
          "sensitive_attributes": [],
          "private": "eyJlMmJmYjczMC1lY2FhLTExZTYtOGY4OC0zNDM2M2JjN2M0YzAiOnsiY3JlYXRlIjo2MDAwMDAwMDAwMDAsImRlbGV0ZSI6MTIwMDAwMDAwMDAwMCwicmVhZCI6OTAwMDAwMDAwMDAwLCJ1cGRhdGUiOjYwMDAwMDAwMDAwMH0sInNjaGVtYV92ZXJzaW9uIjoiMiJ9",
          "dependencies": [
            "aws_key_pair.generated",
            "aws_security_group.ingress-ssh",
            "aws_security_group.vpc-ping",
            "aws_security_group.vpc-web",
            "aws_subnet.public_subnets",
            "aws_vpc.vpc",
            "data.aws_ami.ubuntu",
            "data.aws_availability_zones.available",
            "data.aws_region.current",
            "local_file.private_key_pem",
            "tls_private_key.generated"
          ]
        }
      ]
    },
    {
      "mode": "managed",
      "type": "aws_instance",
      "name": "web_server",
      "provider": "provider[\"registry.terraform.io/hashicorp/aws\"]",
      "instances": [
        {
          "schema_version": 2,
          "attributes": {
            "ami": "ami-06cd25c905a7e9a0f",
            "arn": "arn:aws:ec2:ap-southeast-2:229342747134:instance/i-0ebbdb3a21102bfb0",
            "associate_public_ip_address": true,
            "availability_zone": "ap-southeast-2b",
            "capacity_reservation_specification": [
              {
                "capacity_reservation_preference": "open",
                "capacity_reservation_target": []
              }
            ],
            "cpu_options": [
              {
                "amd_sev_snp": "",
                "core_count": 1,
                "threads_per_core": 1
              }
            ],
            "credit_specification": [
              {
                "cpu_credits": "standard"
              }
            ],
            "disable_api_stop": false,
            "disable_api_termination": false,
            "ebs_block_device": [],
            "ebs_optimized": false,
            "enable_primary_ipv6": null,
            "enclave_options": [
              {
                "enabled": false
              }
            ],
            "ephemeral_block_device": [],
            "force_destroy": false,
            "get_password_data": false,
            "hibernation": false,
            "host_id": "",
            "host_resource_group_arn": null,
            "iam_instance_profile": "",
            "id": "i-0ebbdb3a21102bfb0",
            "instance_initiated_shutdown_behavior": "stop",
            "instance_lifecycle": "",
            "instance_market_options": [],
            "instance_state": "running",
            "instance_type": "t2.micro",
            "ipv6_address_count": 0,
            "ipv6_addresses": [],
            "key_name": "MyAWSKey",
            "launch_template": [],
            "maintenance_options": [
              {
                "auto_recovery": "default"
              }
            ],
            "metadata_options": [
              {
                "http_endpoint": "enabled",
                "http_protocol_ipv6": "disabled",
                "http_put_response_hop_limit": 1,
                "http_tokens": "optional",
                "instance_metadata_tags": "disabled"
              }
            ],
            "monitoring": false,
            "network_interface": [],
            "outpost_arn": "",
            "password_data": "",
            "placement_group": "",
            "placement_group_id": "",
            "placement_partition_number": 0,
            "primary_network_interface": [
              {
                "delete_on_termination": true,
                "network_interface_id": "eni-07e7857091b00badf"
              }
            ],
            "primary_network_interface_id": "eni-07e7857091b00badf",
            "private_dns": "ip-10-0-101-23.ap-southeast-2.compute.internal",
            "private_dns_name_options": [
              {
                "enable_resource_name_dns_a_record": false,
                "enable_resource_name_dns_aaaa_record": false,
                "hostname_type": "ip-name"
              }
            ],
            "private_ip": "10.0.101.23",
            "public_dns": "",
            "public_ip": "3.27.57.209",
            "region": "ap-southeast-2",
            "root_block_device": [
              {
                "delete_on_termination": true,
                "device_name": "/dev/sda1",
                "encrypted": false,
                "iops": 100,
                "kms_key_id": "",
                "tags": {
                  "Environment": "default",
                  "Owner": "Acme",
                  "Provisoned": "Terrafor"
                },
                "tags_all": {
                  "Environment": "default",
                  "Owner": "Acme",
                  "Provisoned": "Terrafor"
                },
                "throughput": 0,
                "volume_id": "vol-0cf2d401bb73b32fe",
                "volume_size": 8,
                "volume_type": "gp2"
              }
            ],
            "secondary_private_ips": [],
            "security_groups": [],
            "source_dest_check": true,
            "spot_instance_request_id": "",
            "subnet_id": "subnet-09d20f149575338c5",
            "tags": {
              "Name": "Web EC2 Server"
            },
            "tags_all": {
              "Environment": "default",
              "Name": "Web EC2 Server",
              "Owner": "Acme",
              "Provisoned": "Terrafor"
            },
            "tenancy": "default",
            "timeouts": null,
            "user_data": null,
            "user_data_base64": null,
            "user_data_replace_on_change": false,
            "volume_tags": null,
            "vpc_security_group_ids": [
              "sg-05c9280a7ab659cea",
              "sg-0c769aa3a60527fa0",
              "sg-0f2167bef184332ee"
            ]
          },
          "sensitive_attributes": [],
          "private": "eyJlMmJmYjczMC1lY2FhLTExZTYtOGY4OC0zNDM2M2JjN2M0YzAiOnsiY3JlYXRlIjo2MDAwMDAwMDAwMDAsImRlbGV0ZSI6MTIwMDAwMDAwMDAwMCwicmVhZCI6OTAwMDAwMDAwMDAwLCJ1cGRhdGUiOjYwMDAwMDAwMDAwMH0sInNjaGVtYV92ZXJzaW9uIjoiMiJ9",
          "dependencies": [
            "aws_key_pair.generated",
            "aws_security_group.ingress-ssh",
            "aws_security_group.vpc-ping",
            "aws_security_group.vpc-web",
            "aws_subnet.public_subnets",
            "aws_vpc.vpc",
            "data.aws_ami.ubuntu",
            "data.aws_availability_zones.available",
            "data.aws_region.current",
            "local_file.private_key_pem",
            "tls_private_key.generated"
          ]
        }
      ]
    },
    {
      "mode": "managed",
      "type": "aws_instance",
      "name": "web_server_2",
      "provider": "provider[\"registry.terraform.io/hashicorp/aws\"]",
      "instances": [
        {
          "schema_version": 2,
          "attributes": {
            "ami": "ami-06cd25c905a7e9a0f",
            "arn": "arn:aws:ec2:ap-southeast-2:229342747134:instance/i-06dcf76971fad24f2",
            "associate_public_ip_address": true,
            "availability_zone": "ap-southeast-2c",
            "capacity_reservation_specification": [
              {
                "capacity_reservation_preference": "open",
                "capacity_reservation_target": []
              }
            ],
            "cpu_options": [
              {
                "amd_sev_snp": "",
                "core_count": 1,
                "threads_per_core": 1
              }
            ],
            "credit_specification": [
              {
                "cpu_credits": "standard"
              }
            ],
            "disable_api_stop": false,
            "disable_api_termination": false,
            "ebs_block_device": [],
            "ebs_optimized": false,
            "enable_primary_ipv6": null,
            "enclave_options": [
              {
                "enabled": false
              }
            ],
            "ephemeral_block_device": [],
            "force_destroy": false,
            "get_password_data": false,
            "hibernation": false,
            "host_id": "",
            "host_resource_group_arn": null,
            "iam_instance_profile": "",
            "id": "i-06dcf76971fad24f2",
            "instance_initiated_shutdown_behavior": "stop",
            "instance_lifecycle": "",
            "instance_market_options": [],
            "instance_state": "running",
            "instance_type": "t2.micro",
            "ipv6_address_count": 0,
            "ipv6_addresses": [],
            "key_name": "",
            "launch_template": [],
            "maintenance_options": [
              {
                "auto_recovery": "default"
              }
            ],
            "metadata_options": [
              {
                "http_endpoint": "enabled",
                "http_protocol_ipv6": "disabled",
                "http_put_response_hop_limit": 1,
                "http_tokens": "optional",
                "instance_metadata_tags": "disabled"
              }
            ],
            "monitoring": false,
            "network_interface": [],
            "outpost_arn": "",
            "password_data": "",
            "placement_group": "",
            "placement_group_id": "",
            "placement_partition_number": 0,
            "primary_network_interface": [
              {
                "delete_on_termination": true,
                "network_interface_id": "eni-02e4e48910af9362d"
              }
            ],
            "primary_network_interface_id": "eni-02e4e48910af9362d",
            "private_dns": "ip-10-0-102-97.ap-southeast-2.compute.internal",
            "private_dns_name_options": [
              {
                "enable_resource_name_dns_a_record": false,
                "enable_resource_name_dns_aaaa_record": false,
                "hostname_type": "ip-name"
              }
            ],
            "private_ip": "10.0.102.97",
            "public_dns": "",
            "public_ip": "3.25.252.64",
            "region": "ap-southeast-2",
            "root_block_device": [
              {
                "delete_on_termination": true,
                "device_name": "/dev/sda1",
                "encrypted": false,
                "iops": 100,
                "kms_key_id": "",
                "tags": {
                  "Environment": "default",
                  "Owner": "Acme",
                  "Provisoned": "Terrafor"
                },
                "tags_all": {
                  "Environment": "default",
                  "Owner": "Acme",
                  "Provisoned": "Terrafor"
                },
                "throughput": 0,
                "volume_id": "vol-0bdee7cb283e10ec7",
                "volume_size": 8,
                "volume_type": "gp2"
              }
            ],
            "secondary_private_ips": [],
            "security_groups": [],
            "source_dest_check": true,
            "spot_instance_request_id": "",
            "subnet_id": "subnet-0d12f80110fd298a6",
            "tags": {
              "Name": "Web EC2 Server 2"
            },
            "tags_all": {
              "Environment": "default",
              "Name": "Web EC2 Server 2",
              "Owner": "Acme",
              "Provisoned": "Terrafor"
            },
            "tenancy": "default",
            "timeouts": null,
            "user_data": null,
            "user_data_base64": null,
            "user_data_replace_on_change": false,
            "volume_tags": null,
            "vpc_security_group_ids": [
              "sg-099543ca130a91ee7"
            ]
          },
          "sensitive_attributes": [],
          "private": "eyJlMmJmYjczMC1lY2FhLTExZTYtOGY4OC0zNDM2M2JjN2M0YzAiOnsiY3JlYXRlIjo2MDAwMDAwMDAwMDAsImRlbGV0ZSI6MTIwMDAwMDAwMDAwMCwicmVhZCI6OTAwMDAwMDAwMDAwLCJ1cGRhdGUiOjYwMDAwMDAwMDAwMH0sInNjaGVtYV92ZXJzaW9uIjoiMiJ9",
          "dependencies": [
            "aws_subnet.public_subnets",
            "aws_vpc.vpc",
            "data.aws_ami.ubuntu",
            "data.aws_availability_zones.available",
            "data.aws_region.current"
          ]
        }
      ]
    },
    {
      "mode": "managed",
      "type": "aws_internet_gateway",
      "name": "demo_igw",
      "provider": "provider[\"registry.terraform.io/hashicorp/aws\"]",
      "instances": [
        {
          "schema_version": 0,
          "attributes": {
            "arn": "arn:aws:ec2:ap-southeast-2:229342747134:internet-gateway/igw-0c758bcecad96e25b",
            "id": "igw-0c758bcecad96e25b",
            "owner_id": "229342747134",
            "region": "ap-southeast-2",
            "tags": {
              "Name": "Demo IGW"
            },
            "tags_all": {
              "Environment": "default",
              "Name": "Demo IGW",
              "Owner": "Acme",
              "Provisoned": "Terrafor"
            },
            "timeouts": null,
            "vpc_id": "vpc-003f2376f00a3dea8"
          },
          "sensitive_attributes": [],
          "private": "eyJlMmJmYjczMC1lY2FhLTExZTYtOGY4OC0zNDM2M2JjN2M0YzAiOnsiY3JlYXRlIjoxMjAwMDAwMDAwMDAwLCJkZWxldGUiOjEyMDAwMDAwMDAwMDAsInVwZGF0ZSI6MTIwMDAwMDAwMDAwMH19",
          "dependencies": [
            "aws_vpc.vpc",
            "data.aws_region.current"
          ]
        }
      ]
    },
    {
      "mode": "managed",
      "type": "aws_key_pair",
      "name": "generated",
      "provider": "provider[\"registry.terraform.io/hashicorp/aws\"]",
      "instances": [
        {
          "schema_version": 1,
          "attributes": {
            "arn": "arn:aws:ec2:ap-southeast-2:229342747134:key-pair/MyAWSKey",
            "fingerprint": "a8:2d:31:0e:86:9a:27:37:b5:1f:96:1e:2a:a6:4a:0c",
            "id": "MyAWSKey",
            "key_name": "MyAWSKey",
            "key_name_prefix": "",
            "key_pair_id": "key-06fd6c403fa937103",
            "key_type": "rsa",
            "public_key": "ssh-rsa AAAAB3NzaC1yc2EAAAADAQABAAABAQCxeU1kuA/oM76EmaYbbHIU7xT89s05E7CF+XbPLhp9AFotEqqr/B/RDlwyuoP/kvLK3Vagl1q1Dmoe9FZ4JjOUnZmxfnBQcK1TQUo/8uSzjGC+h8V7Tpdcfg5vyATbwQtHqBNhu0vsjTRF86GrvlTul4ksE28cv+jsOT/hZ4wVFFTHlaQ+VgJKB+ozmom7FkKCWOR+Sj2NYct7HLxZnEINtajyZYhgmA7A+DDU3duqp/2uNDNTsb82VkOBWVGGtNbt98wm7tr9lrSlvtLXvmuvqinOTVU96/w4wimm1ggDYy/witetnkHenGhQiEiNSN60f16XlJldIn3569TYHKsB",
            "region": "ap-southeast-2",
            "tags": {},
            "tags_all": {
              "Environment": "default",
              "Owner": "Acme",
              "Provisoned": "Terrafor"
            }
          },
          "sensitive_attributes": [],
          "private": "eyJzY2hlbWFfdmVyc2lvbiI6IjEifQ==",
          "dependencies": [
            "tls_private_key.generated"
          ]
        }
      ]
    },
    {
      "mode": "managed",
      "type": "aws_route",
      "name": "demo_route_table",
      "provider": "provider[\"registry.terraform.io/hashicorp/aws\"]",
      "instances": [
        {
          "schema_version": 0,
          "attributes": {
            "carrier_gateway_id": "",
            "core_network_arn": "",
            "destination_cidr_block": "0.0.0.0/0",
            "destination_ipv6_cidr_block": "",
            "destination_prefix_list_id": "",
            "egress_only_gateway_id": "",
            "gateway_id": "igw-0c758bcecad96e25b",
            "id": "r-rtb-04bfc63cf02d3a0941080289494",
            "instance_id": "",
            "instance_owner_id": "",
            "local_gateway_id": "",
            "nat_gateway_id": "",
            "network_interface_id": "",
            "origin": "CreateRoute",
            "region": "ap-southeast-2",
            "route_table_id": "rtb-04bfc63cf02d3a094",
            "state": "active",
            "timeouts": null,
            "transit_gateway_id": "",
            "vpc_endpoint_id": "",
            "vpc_peering_connection_id": ""
          },
          "sensitive_attributes": [],
          "private": "eyJlMmJmYjczMC1lY2FhLTExZTYtOGY4OC0zNDM2M2JjN2M0YzAiOnsiY3JlYXRlIjozMDAwMDAwMDAwMDAsImRlbGV0ZSI6MzAwMDAwMDAwMDAwLCJ1cGRhdGUiOjEyMDAwMDAwMDAwMH19",
          "dependencies": [
            "aws_internet_gateway.demo_igw",
            "aws_vpc.vpc",
            "data.aws_region.current"
          ]
        }
      ]
    },
    {
      "mode": "managed",
      "type": "aws_s3_bucket",
      "name": "my-aws-s3-bucket",
      "provider": "provider[\"registry.terraform.io/hashicorp/aws\"]",
      "instances": [
        {
          "schema_version": 0,
          "attributes": {
            "acceleration_status": "",
            "acl": null,
            "arn": "arn:aws:s3:::fkaba-sirri-8c51b3485e9d8f39310886705f622435",
            "bucket": "fkaba-sirri-8c51b3485e9d8f39310886705f622435",
            "bucket_domain_name": "fkaba-sirri-8c51b3485e9d8f39310886705f622435.s3.amazonaws.com",
            "bucket_prefix": "fkaba-sirri-8c51b3",
            "bucket_region": "ap-southeast-2",
            "bucket_regional_domain_name": "fkaba-sirri-8c51b3485e9d8f39310886705f622435.s3.ap-southeast-2.amazonaws.com",
            "cors_rule": [],
            "force_destroy": false,
            "grant": [
              {
                "id": "f5280c0f4eaccbfcea1406ef4e975dad15b514928f69f45ee51d13cd6b665334",
                "permissions": [
                  "FULL_CONTROL"
                ],
                "type": "CanonicalUser",
                "uri": ""
              }
            ],
            "hosted_zone_id": "Z1WCIGYICN2BYD",
            "id": "fkaba-sirri-8c51b3485e9d8f39310886705f622435",
            "lifecycle_rule": [],
            "logging": [],
            "object_lock_configuration": [],
            "object_lock_enabled": false,
            "policy": "",
            "region": "ap-southeast-2",
            "replication_configuration": [],
            "request_payer": "BucketOwner",
            "server_side_encryption_configuration": [
              {
                "rule": [
                  {
                    "apply_server_side_encryption_by_default": [
                      {
                        "kms_master_key_id": "",
                        "sse_algorithm": "AES256"
                      }
                    ],
                    "bucket_key_enabled": false
                  }
                ]
              }
            ],
            "tags": {
              "Name": "MY s3 bucket",
              "Purpose": "Building an automation"
            },
            "tags_all": {
              "Environment": "default",
              "Name": "MY s3 bucket",
              "Owner": "Acme",
              "Provisoned": "Terrafor",
              "Purpose": "Building an automation"
            },
            "timeouts": null,
            "versioning": [
              {
                "enabled": false,
                "mfa_delete": false
              }
            ],
            "website": [],
            "website_domain": null,
            "website_endpoint": null
          },
          "sensitive_attributes": [],
          "private": "eyJlMmJmYjczMC1lY2FhLTExZTYtOGY4OC0zNDM2M2JjN2M0YzAiOnsiY3JlYXRlIjoxMjAwMDAwMDAwMDAwLCJkZWxldGUiOjM2MDAwMDAwMDAwMDAsInJlYWQiOjEyMDAwMDAwMDAwMDAsInVwZGF0ZSI6MTIwMDAwMDAwMDAwMH19",
          "dependencies": [
            "random_id.randomness"
          ]
        }
      ]
    },
    {
      "mode": "managed",
      "type": "aws_security_group",
      "name": "ingress-ssh",
      "provider": "provider[\"registry.terraform.io/hashicorp/aws\"]",
      "instances": [
        {
          "schema_version": 1,
          "attributes": {
            "arn": "arn:aws:ec2:ap-southeast-2:229342747134:security-group/sg-05c9280a7ab659cea",
            "description": "Managed by Terraform",
            "egress": [
              {
                "cidr_blocks": [
                  "0.0.0.0/0"
                ],
                "description": "",
                "from_port": 0,
                "ipv6_cidr_blocks": [],
                "prefix_list_ids": [],
                "protocol": "-1",
                "security_groups": [],
                "self": false,
                "to_port": 0
              }
            ],
            "id": "sg-05c9280a7ab659cea",
            "ingress": [
              {
                "cidr_blocks": [
                  "0.0.0.0/0"
                ],
                "description": "",
                "from_port": 22,
                "ipv6_cidr_blocks": [],
                "prefix_list_ids": [],
                "protocol": "tcp",
                "security_groups": [],
                "self": false,
                "to_port": 22
              }
            ],
            "name": "allow-all-ssh",
            "name_prefix": "",
            "owner_id": "229342747134",
            "region": "ap-southeast-2",
            "revoke_rules_on_delete": false,
            "tags": {},
            "tags_all": {
              "Environment": "default",
              "Owner": "Acme",
              "Provisoned": "Terrafor"
            },
            "timeouts": null,
            "vpc_id": "vpc-003f2376f00a3dea8"
          },
          "sensitive_attributes": [],
          "private": "eyJlMmJmYjczMC1lY2FhLTExZTYtOGY4OC0zNDM2M2JjN2M0YzAiOnsiY3JlYXRlIjo2MDAwMDAwMDAwMDAsImRlbGV0ZSI6OTAwMDAwMDAwMDAwfSwic2NoZW1hX3ZlcnNpb24iOiIxIn0=",
          "dependencies": [
            "aws_vpc.vpc",
            "data.aws_region.current"
          ]
        }
      ]
    },
    {
      "mode": "managed",
      "type": "aws_security_group",
      "name": "vpc-ping",
      "provider": "provider[\"registry.terraform.io/hashicorp/aws\"]",
      "instances": [
        {
          "schema_version": 1,
          "attributes": {
            "arn": "arn:aws:ec2:ap-southeast-2:229342747134:security-group/sg-0f2167bef184332ee",
            "description": "ICMP for Ping Access",
            "egress": [
              {
                "cidr_blocks": [
                  "0.0.0.0/0"
                ],
                "description": "Allow all ip and ports outbound",
                "from_port": 0,
                "ipv6_cidr_blocks": [],
                "prefix_list_ids": [],
                "protocol": "-1",
                "security_groups": [],
                "self": false,
                "to_port": 0
              }
            ],
            "id": "sg-0f2167bef184332ee",
            "ingress": [
              {
                "cidr_blocks": [
                  "0.0.0.0/0"
                ],
                "description": "Allow ICMP Traffic",
                "from_port": -1,
                "ipv6_cidr_blocks": [],
                "prefix_list_ids": [],
                "protocol": "icmp",
                "security_groups": [],
                "self": false,
                "to_port": -1
              }
            ],
            "name": "vpc-ping",
            "name_prefix": "",
            "owner_id": "229342747134",
            "region": "ap-southeast-2",
            "revoke_rules_on_delete": false,
            "tags": {},
            "tags_all": {
              "Environment": "default",
              "Owner": "Acme",
              "Provisoned": "Terrafor"
            },
            "timeouts": null,
            "vpc_id": "vpc-003f2376f00a3dea8"
          },
          "sensitive_attributes": [],
          "private": "eyJlMmJmYjczMC1lY2FhLTExZTYtOGY4OC0zNDM2M2JjN2M0YzAiOnsiY3JlYXRlIjo2MDAwMDAwMDAwMDAsImRlbGV0ZSI6OTAwMDAwMDAwMDAwfSwic2NoZW1hX3ZlcnNpb24iOiIxIn0=",
          "dependencies": [
            "aws_vpc.vpc",
            "data.aws_region.current"
          ]
        }
      ]
    },
    {
      "mode": "managed",
      "type": "aws_security_group",
      "name": "vpc-web",
      "provider": "provider[\"registry.terraform.io/hashicorp/aws\"]",
      "instances": [
        {
          "schema_version": 1,
          "attributes": {
            "arn": "arn:aws:ec2:ap-southeast-2:229342747134:security-group/sg-0c769aa3a60527fa0",
            "description": "Web Traffic",
            "egress": [
              {
                "cidr_blocks": [
                  "0.0.0.0/0"
                ],
                "description": "Allow all ip and ports outbound",
                "from_port": 0,
                "ipv6_cidr_blocks": [],
                "prefix_list_ids": [],
                "protocol": "-1",
                "security_groups": [],
                "self": false,
                "to_port": 0
              }
            ],
            "id": "sg-0c769aa3a60527fa0",
            "ingress": [
              {
                "cidr_blocks": [
                  "0.0.0.0/0"
                ],
                "description": "Allow Port 443",
                "from_port": 443,
                "ipv6_cidr_blocks": [],
                "prefix_list_ids": [],
                "protocol": "tcp",
                "security_groups": [],
                "self": false,
                "to_port": 443
              },
              {
                "cidr_blocks": [
                  "0.0.0.0/0"
                ],
                "description": "Allow Port 80",
                "from_port": 80,
                "ipv6_cidr_blocks": [],
                "prefix_list_ids": [],
                "protocol": "tcp",
                "security_groups": [],
                "self": false,
                "to_port": 80
              }
            ],
            "name": "vpc-web-default",
            "name_prefix": "",
            "owner_id": "229342747134",
            "region": "ap-southeast-2",
            "revoke_rules_on_delete": false,
            "tags": {},
            "tags_all": {
              "Environment": "default",
              "Owner": "Acme",
              "Provisoned": "Terrafor"
            },
            "timeouts": null,
            "vpc_id": "vpc-003f2376f00a3dea8"
          },
          "sensitive_attributes": [],
          "private": "eyJlMmJmYjczMC1lY2FhLTExZTYtOGY4OC0zNDM2M2JjN2M0YzAiOnsiY3JlYXRlIjo2MDAwMDAwMDAwMDAsImRlbGV0ZSI6OTAwMDAwMDAwMDAwfSwic2NoZW1hX3ZlcnNpb24iOiIxIn0=",
          "dependencies": [
            "aws_vpc.vpc",
            "data.aws_region.current"
          ]
        }
      ]
    },
    {
      "mode": "managed",
      "type": "aws_subnet",
      "name": "private_subnets",
      "provider": "provider[\"registry.terraform.io/hashicorp/aws\"]",
      "instances": [
        {
          "index_key": "private_subnet_1",
          "schema_version": 1,
          "attributes": {
            "arn": "arn:aws:ec2:ap-southeast-2:229342747134:subnet/subnet-0712ba772c2574de1",
            "assign_ipv6_address_on_creation": false,
            "availability_zone": "ap-southeast-2b",
            "availability_zone_id": "apse2-az3",
            "cidr_block": "10.0.1.0/24",
            "customer_owned_ipv4_pool": "",
            "enable_dns64": false,
            "enable_lni_at_device_index": 0,
            "enable_resource_name_dns_a_record_on_launch": false,
            "enable_resource_name_dns_aaaa_record_on_launch": false,
            "id": "subnet-0712ba772c2574de1",
            "ipv6_cidr_block": "",
            "ipv6_cidr_block_association_id": "",
            "ipv6_native": false,
            "map_customer_owned_ip_on_launch": false,
            "map_public_ip_on_launch": false,
            "outpost_arn": "",
            "owner_id": "229342747134",
            "private_dns_hostname_type_on_launch": "ip-name",
            "region": "ap-southeast-2",
            "tags": {
              "Name": "private_subnet_1",
              "Terraform": "true"
            },
            "tags_all": {
              "Environment": "default",
              "Name": "private_subnet_1",
              "Owner": "Acme",
              "Provisoned": "Terrafor",
              "Terraform": "true"
            },
            "timeouts": null,
            "vpc_id": "vpc-003f2376f00a3dea8"
          },
          "sensitive_attributes": [],
          "private": "eyJlMmJmYjczMC1lY2FhLTExZTYtOGY4OC0zNDM2M2JjN2M0YzAiOnsiY3JlYXRlIjo2MDAwMDAwMDAwMDAsImRlbGV0ZSI6MTIwMDAwMDAwMDAwMH0sInNjaGVtYV92ZXJzaW9uIjoiMSJ9",
          "dependencies": [
            "aws_vpc.vpc",
            "data.aws_availability_zones.available",
            "data.aws_region.current"
          ],
          "create_before_destroy": true
        },
        {
          "index_key": "private_subnet_2",
          "schema_version": 1,
          "attributes": {
            "arn": "arn:aws:ec2:ap-southeast-2:229342747134:subnet/subnet-0790b63b74e6f3a59",
            "assign_ipv6_address_on_creation": false,
            "availability_zone": "ap-southeast-2c",
            "availability_zone_id": "apse2-az2",
            "cidr_block": "10.0.2.0/24",
            "customer_owned_ipv4_pool": "",
            "enable_dns64": false,
            "enable_lni_at_device_index": 0,
            "enable_resource_name_dns_a_record_on_launch": false,
            "enable_resource_name_dns_aaaa_record_on_launch": false,
            "id": "subnet-0790b63b74e6f3a59",
            "ipv6_cidr_block": "",
            "ipv6_cidr_block_association_id": "",
            "ipv6_native": false,
            "map_customer_owned_ip_on_launch": false,
            "map_public_ip_on_launch": false,
            "outpost_arn": "",
            "owner_id": "229342747134",
            "private_dns_hostname_type_on_launch": "ip-name",
            "region": "ap-southeast-2",
            "tags": {
              "Name": "private_subnet_2",
              "Terraform": "true"
            },
            "tags_all": {
              "Environment": "default",
              "Name": "private_subnet_2",
              "Owner": "Acme",
              "Provisoned": "Terrafor",
              "Terraform": "true"
            },
            "timeouts": null,
            "vpc_id": "vpc-003f2376f00a3dea8"
          },
          "sensitive_attributes": [],
          "private": "eyJlMmJmYjczMC1lY2FhLTExZTYtOGY4OC0zNDM2M2JjN2M0YzAiOnsiY3JlYXRlIjo2MDAwMDAwMDAwMDAsImRlbGV0ZSI6MTIwMDAwMDAwMDAwMH0sInNjaGVtYV92ZXJzaW9uIjoiMSJ9",
          "dependencies": [
            "aws_vpc.vpc",
            "data.aws_availability_zones.available",
            "data.aws_region.current"
          ],
          "create_before_destroy": true
        },
        {
          "index_key": "private_subnet_3",
          "schema_version": 1,
          "attributes": {
            "arn": "arn:aws:ec2:ap-southeast-2:229342747134:subnet/subnet-0686dde53fb4af968",
            "assign_ipv6_address_on_creation": false,
            "availability_zone": "ap-southeast-2a",
            "availability_zone_id": "apse2-az1",
            "cidr_block": "10.0.3.0/24",
            "customer_owned_ipv4_pool": "",
            "enable_dns64": false,
            "enable_lni_at_device_index": 0,
            "enable_resource_name_dns_a_record_on_launch": false,
            "enable_resource_name_dns_aaaa_record_on_launch": false,
            "id": "subnet-0686dde53fb4af968",
            "ipv6_cidr_block": "",
            "ipv6_cidr_block_association_id": "",
            "ipv6_native": false,
            "map_customer_owned_ip_on_launch": false,
            "map_public_ip_on_launch": false,
            "outpost_arn": "",
            "owner_id": "229342747134",
            "private_dns_hostname_type_on_launch": "ip-name",
            "region": "ap-southeast-2",
            "tags": {
              "Name": "private_subnet_3",
              "Terraform": "true"
            },
            "tags_all": {
              "Environment": "default",
              "Name": "private_subnet_3",
              "Owner": "Acme",
              "Provisoned": "Terrafor",
              "Terraform": "true"
            },
            "timeouts": null,
            "vpc_id": "vpc-003f2376f00a3dea8"
          },
          "sensitive_attributes": [],
          "private": "eyJlMmJmYjczMC1lY2FhLTExZTYtOGY4OC0zNDM2M2JjN2M0YzAiOnsiY3JlYXRlIjo2MDAwMDAwMDAwMDAsImRlbGV0ZSI6MTIwMDAwMDAwMDAwMH0sInNjaGVtYV92ZXJzaW9uIjoiMSJ9",
          "dependencies": [
            "aws_vpc.vpc",
            "data.aws_availability_zones.available",
            "data.aws_region.current"
          ],
          "create_before_destroy": true
        }
      ]
    },
    {
      "mode": "managed",
      "type": "aws_subnet",
      "name": "public_subnets",
      "provider": "provider[\"registry.terraform.io/hashicorp/aws\"]",
      "instances": [
        {
          "index_key": "public_subnet_1",
          "schema_version": 1,
          "attributes": {
            "arn": "arn:aws:ec2:ap-southeast-2:229342747134:subnet/subnet-09d20f149575338c5",
            "assign_ipv6_address_on_creation": false,
            "availability_zone": "ap-southeast-2b",
            "availability_zone_id": "apse2-az3",
            "cidr_block": "10.0.101.0/24",
            "customer_owned_ipv4_pool": "",
            "enable_dns64": false,
            "enable_lni_at_device_index": 0,
            "enable_resource_name_dns_a_record_on_launch": false,
            "enable_resource_name_dns_aaaa_record_on_launch": false,
            "id": "subnet-09d20f149575338c5",
            "ipv6_cidr_block": "",
            "ipv6_cidr_block_association_id": "",
            "ipv6_native": false,
            "map_customer_owned_ip_on_launch": false,
            "map_public_ip_on_launch": true,
            "outpost_arn": "",
            "owner_id": "229342747134",
            "private_dns_hostname_type_on_launch": "ip-name",
            "region": "ap-southeast-2",
            "tags": {
              "Name": "public_subnet_1",
              "Terraform": "true"
            },
            "tags_all": {
              "Environment": "default",
              "Name": "public_subnet_1",
              "Owner": "Acme",
              "Provisoned": "Terrafor",
              "Terraform": "true"
            },
            "timeouts": null,
            "vpc_id": "vpc-003f2376f00a3dea8"
          },
          "sensitive_attributes": [],
          "private": "eyJlMmJmYjczMC1lY2FhLTExZTYtOGY4OC0zNDM2M2JjN2M0YzAiOnsiY3JlYXRlIjo2MDAwMDAwMDAwMDAsImRlbGV0ZSI6MTIwMDAwMDAwMDAwMH0sInNjaGVtYV92ZXJzaW9uIjoiMSJ9",
          "dependencies": [
            "aws_vpc.vpc",
            "data.aws_availability_zones.available",
            "data.aws_region.current"
          ]
        },
        {
          "index_key": "public_subnet_2",
          "schema_version": 1,
          "attributes": {
            "arn": "arn:aws:ec2:ap-southeast-2:229342747134:subnet/subnet-0d12f80110fd298a6",
            "assign_ipv6_address_on_creation": false,
            "availability_zone": "ap-southeast-2c",
            "availability_zone_id": "apse2-az2",
            "cidr_block": "10.0.102.0/24",
            "customer_owned_ipv4_pool": "",
            "enable_dns64": false,
            "enable_lni_at_device_index": 0,
            "enable_resource_name_dns_a_record_on_launch": false,
            "enable_resource_name_dns_aaaa_record_on_launch": false,
            "id": "subnet-0d12f80110fd298a6",
            "ipv6_cidr_block": "",
            "ipv6_cidr_block_association_id": "",
            "ipv6_native": false,
            "map_customer_owned_ip_on_launch": false,
            "map_public_ip_on_launch": true,
            "outpost_arn": "",
            "owner_id": "229342747134",
            "private_dns_hostname_type_on_launch": "ip-name",
            "region": "ap-southeast-2",
            "tags": {
              "Name": "public_subnet_2",
              "Terraform": "true"
            },
            "tags_all": {
              "Environment": "default",
              "Name": "public_subnet_2",
              "Owner": "Acme",
              "Provisoned": "Terrafor",
              "Terraform": "true"
            },
            "timeouts": null,
            "vpc_id": "vpc-003f2376f00a3dea8"
          },
          "sensitive_attributes": [],
          "private": "eyJlMmJmYjczMC1lY2FhLTExZTYtOGY4OC0zNDM2M2JjN2M0YzAiOnsiY3JlYXRlIjo2MDAwMDAwMDAwMDAsImRlbGV0ZSI6MTIwMDAwMDAwMDAwMH0sInNjaGVtYV92ZXJzaW9uIjoiMSJ9",
          "dependencies": [
            "aws_vpc.vpc",
            "data.aws_availability_zones.available",
            "data.aws_region.current"
          ]
        },
        {
          "index_key": "public_subnet_3",
          "schema_version": 1,
          "attributes": {
            "arn": "arn:aws:ec2:ap-southeast-2:229342747134:subnet/subnet-0cbb1121d75ca6c2f",
            "assign_ipv6_address_on_creation": false,
            "availability_zone": "ap-southeast-2a",
            "availability_zone_id": "apse2-az1",
            "cidr_block": "10.0.103.0/24",
            "customer_owned_ipv4_pool": "",
            "enable_dns64": false,
            "enable_lni_at_device_index": 0,
            "enable_resource_name_dns_a_record_on_launch": false,
            "enable_resource_name_dns_aaaa_record_on_launch": false,
            "id": "subnet-0cbb1121d75ca6c2f",
            "ipv6_cidr_block": "",
            "ipv6_cidr_block_association_id": "",
            "ipv6_native": false,
            "map_customer_owned_ip_on_launch": false,
            "map_public_ip_on_launch": true,
            "outpost_arn": "",
            "owner_id": "229342747134",
            "private_dns_hostname_type_on_launch": "ip-name",
            "region": "ap-southeast-2",
            "tags": {
              "Name": "public_subnet_3",
              "Terraform": "true"
            },
            "tags_all": {
              "Environment": "default",
              "Name": "public_subnet_3",
              "Owner": "Acme",
              "Provisoned": "Terrafor",
              "Terraform": "true"
            },
            "timeouts": null,
            "vpc_id": "vpc-003f2376f00a3dea8"
          },
          "sensitive_attributes": [],
          "private": "eyJlMmJmYjczMC1lY2FhLTExZTYtOGY4OC0zNDM2M2JjN2M0YzAiOnsiY3JlYXRlIjo2MDAwMDAwMDAwMDAsImRlbGV0ZSI6MTIwMDAwMDAwMDAwMH0sInNjaGVtYV92ZXJzaW9uIjoiMSJ9",
          "dependencies": [
            "aws_vpc.vpc",
            "data.aws_availability_zones.available",
            "data.aws_region.current"
          ]
        }
      ]
    },
    {
      "mode": "managed",
      "type": "aws_subnet",
      "name": "variables-subnet",
      "provider": "provider[\"registry.terraform.io/hashicorp/aws\"]",
      "instances": [
        {
          "schema_version": 1,
          "attributes": {
            "arn": "arn:aws:ec2:ap-southeast-2:229342747134:subnet/subnet-0c5f71ceaf5ca1cb5",
            "assign_ipv6_address_on_creation": false,
            "availability_zone": "ap-southeast-2a",
            "availability_zone_id": "apse2-az1",
            "cidr_block": "10.0.250.0/24",
            "customer_owned_ipv4_pool": "",
            "enable_dns64": false,
            "enable_lni_at_device_index": 0,
            "enable_resource_name_dns_a_record_on_launch": false,
            "enable_resource_name_dns_aaaa_record_on_launch": false,
            "id": "subnet-0c5f71ceaf5ca1cb5",
            "ipv6_cidr_block": "",
            "ipv6_cidr_block_association_id": "",
            "ipv6_native": false,
            "map_customer_owned_ip_on_launch": false,
            "map_public_ip_on_launch": true,
            "outpost_arn": "",
            "owner_id": "229342747134",
            "private_dns_hostname_type_on_launch": "ip-name",
            "region": "ap-southeast-2",
            "tags": {
              "Name": "sub-variableap-southeast-2a",
              "Terraform": "true"
            },
            "tags_all": {
              "Environment": "default",
              "Name": "sub-variableap-southeast-2a",
              "Owner": "Acme",
              "Provisoned": "Terrafor",
              "Terraform": "true"
            },
            "timeouts": null,
            "vpc_id": "vpc-003f2376f00a3dea8"
          },
          "sensitive_attributes": [],
          "private": "eyJlMmJmYjczMC1lY2FhLTExZTYtOGY4OC0zNDM2M2JjN2M0YzAiOnsiY3JlYXRlIjo2MDAwMDAwMDAwMDAsImRlbGV0ZSI6MTIwMDAwMDAwMDAwMH0sInNjaGVtYV92ZXJzaW9uIjoiMSJ9",
          "dependencies": [
            "aws_vpc.vpc",
            "data.aws_region.current"
          ]
        }
      ]
    },
    {
      "mode": "managed",
      "type": "aws_vpc",
      "name": "vpc",
      "provider": "provider[\"registry.terraform.io/hashicorp/aws\"]",
      "instances": [
        {
          "schema_version": 1,
          "attributes": {
            "arn": "arn:aws:ec2:ap-southeast-2:229342747134:vpc/vpc-003f2376f00a3dea8",
            "assign_generated_ipv6_cidr_block": false,
            "cidr_block": "10.0.0.0/16",
            "default_network_acl_id": "acl-0ec18cc628b1791e0",
            "default_route_table_id": "rtb-04bfc63cf02d3a094",
            "default_security_group_id": "sg-099543ca130a91ee7",
            "dhcp_options_id": "dopt-0da38bf39f17302bc",
            "enable_dns_hostnames": false,
            "enable_dns_support": true,
            "enable_network_address_usage_metrics": false,
            "id": "vpc-003f2376f00a3dea8",
            "instance_tenancy": "default",
            "ipv4_ipam_pool_id": null,
            "ipv4_netmask_length": null,
            "ipv6_association_id": "",
            "ipv6_cidr_block": "",
            "ipv6_cidr_block_network_border_group": "",
            "ipv6_ipam_pool_id": "",
            "ipv6_netmask_length": 0,
            "main_route_table_id": "rtb-04bfc63cf02d3a094",
            "owner_id": "229342747134",
            "region": "ap-southeast-2",
            "tags": {
              "Environment": "demo_environment",
              "Name": "demo_vpc",
              "Region": "Asia Pacific (Sydney)",
              "Terraform": "true"
            },
            "tags_all": {
              "Environment": "demo_environment",
              "Name": "demo_vpc",
              "Owner": "Acme",
              "Provisoned": "Terrafor",
              "Region": "Asia Pacific (Sydney)",
              "Terraform": "true"
            }
          },
          "sensitive_attributes": [],
          "private": "eyJzY2hlbWFfdmVyc2lvbiI6IjEifQ==",
          "dependencies": [
            "data.aws_region.current"
          ],
          "create_before_destroy": true
        }
      ]
    },
    {
      "mode": "managed",
      "type": "local_file",
      "name": "private_key_pem",
      "provider": "provider[\"registry.terraform.io/hashicorp/local\"]",
      "instances": [
        {
          "schema_version": 0,
          "attributes": {
            "content": "-----BEGIN RSA PRIVATE KEY-----\nMIIEowIBAAKCAQEAsXlNZLgP6DO+hJmmG2xyFO8U/PbNOROwhfl2zy4afQBaLRKq\nq/wf0Q5cMrqD/5Lyyt1WoJdatQ5qHvRWeCYzlJ2ZsX5wUHCtU0FKP/Lks4xgvofF\ne06XXH4Ob8gE28ELR6gTYbtL7I00RfOhq75U7peJLBNvHL/o7Dk/4WeMFRRUx5Wk\nPlYCSgfqM5qJuxZCgljkfko9jWHLexy8WZxCDbWo8mWIYJgOwPgw1N3bqqf9rjQz\nU7G/NlZDgVlRhrTW7ffMJu7a/Za0pb7S175rr6opzk1VPev8OMIpptYIA2Mv8IrX\nrZ5B3pxoUIhIjUjetH9el5SZXSJ9+evU2ByrAQIDAQABAoIBAB6kmu4Z0NdPPeVP\n0Uw5Yo5GRKmz5HXnNiq/ytmVdIniSm+vYiwtbYHveJBiv4FcqlLIOlmioI0UBtM+\n7YIz2GKf/qZUtkhRWEAAjTUy93Wf9qFXOIwkowJbmpsG3n3iHFQ8S1Jr4D1hGSY9\n3YuVor0KiasEVQJSCYHmFadR9XA7B1o9DaOiokug0DjG666Qle7mLOyH4a+PdJ4D\nWFWBC9hLoqhor69p1VAyoExCjx1rJIIUv9soDqKzkn9/BsVZzKCmuyryfG1dIj0r\nR+t3n4l+8/z/n5iMwVcWFkjeXXbvTurtpkTTFMPR9aZsvG0XeszGuB84z7jqsBcH\nDIW+UZUCgYEAxJVIQiv1GOuPSRj5amt+sPlHPdSGELllqLgDsjE02kr5pFjaqpSF\ntgrzWHXuqXIfpcVYP4ZIXGcinWm01Nn9r2hLnoXFKCtE+twzm68SCh0He6QvohzM\nNkJ44ibrdx/vgvWiaX62w8HxCm03wo7ir3x9i9vsYQjqWwucbXmGtZUCgYEA5x1t\nwRMAC7MdLBajiFn0AerMnrNiuF6/YekCfNg2avuAo2/suLQ1k8YwuSc4058ydhKg\nmfkQutYqP/xtFQL86fcWJ9tHXE1QtgTw4IdM1kisooxsVhe4yehix1nNyvkHQbev\n0/jK6tYYs0m6MGb6R3ziKJE6gmpNO4jY1uPnLL0CgYB+KYByV1u5XpRayVho4Awy\n8Ai0ucxAt3tyyIY2ujW9UxjcTNopV6BosKZ0Q1ukC8Yb0YdNXZTbGKWyeMDBShXx\nmPHPDvL1UK+4f9HvPHBLZU4EH98iH3E/8XE7UtcTYL+KQLK3GceZ4sIbevSqPKFn\nFnJMbBxMOjiNren6qF+38QKBgHy7S0LKqFmoH3Rt+3BZa/Gk8S4tjngG2q9S/D64\nyhXPCswqWc4NpGTOr/kdi/PalXdX8klnPHo5n6/M4mpWpHz5F4IHPGo6Z/b0j7P+\nEaAMtO89bjLAtsBxpO4GL6T95ca4BjMWsR0w0z/f6Ja63RS796sBRlygVnJtFupT\nMa7ZAoGBAJSMe7faZ15hg8UDCXht6IrmOrTqRaTk6R7QHi45VCBinQkNYYqxpUyr\n1mvl+1uAyM7+TytNZVMv+MN3Hw/HXga8IpNU95SK/F1+onUBqNIrxAHDPxc73yFe\nuFRIIHElIoRGlrd636l/CRR4PwWNeQC4XQ6Wohr25EX0P/5Y9L18\n-----END RSA PRIVATE KEY-----\n",
            "content_base64": null,
            "content_base64sha256": "bFW6WXJOE6uQwpBXWib98qJ1LajcS14jOoKlqgdlxE4=",
            "content_base64sha512": "Srr//sSs2OzMlVDZ7j3qVxB7Tq3Sw+ICxjtANANbBIIEuAZqooc2Dq3ba0Ex/6DqYVT9ciCB/zpsNzTj5TfRuw==",
            "content_md5": "b956655b16f3b9e5b9f1ba9214b66919",
            "content_sha1": "c086b5deeed77368ff67bfc571aa1e76a3a7b657",
            "content_sha256": "6c55ba59724e13ab90c290575a26fdf2a2752da8dc4b5e233a82a5aa0765c44e",
            "content_sha512": "4abafffec4acd8eccc9550d9ee3dea57107b4eadd2c3e202c63b4034035b048204b8066aa287360eaddb6b4131ffa0ea6154fd722081ff3a6c3734e3e537d1bb",
            "directory_permission": "0777",
            "file_permission": "0777",
            "filename": "MyAWSKey.pem",
            "id": "c086b5deeed77368ff67bfc571aa1e76a3a7b657",
            "sensitive_content": null,
            "source": null
          },
          "sensitive_attributes": [
            [
              {
                "type": "get_attr",
                "value": "sensitive_content"
              }
            ],
            [
              {
                "type": "get_attr",
                "value": "content"
              }
            ]
          ],
          "dependencies": [
            "tls_private_key.generated"
          ]
        }
      ]
    },
    {
      "mode": "managed",
      "type": "random_id",
      "name": "randomness",
      "provider": "provider[\"registry.terraform.io/hashicorp/random\"]",
      "instances": [
        {
          "schema_version": 0,
          "attributes": {
            "b64_std": "jFGzSF6djzkxCIZwX2IkNQ==",
            "b64_url": "jFGzSF6djzkxCIZwX2IkNQ",
            "byte_length": 16,
            "dec": "186516131740458366550772769461194859573",
            "hex": "8c51b3485e9d8f39310886705f622435",
            "id": "jFGzSF6djzkxCIZwX2IkNQ",
            "keepers": null,
            "prefix": null
          },
          "sensitive_attributes": [],
          "private": "bnVsbA=="
        }
      ]
    },
    {
      "mode": "managed",
      "type": "tls_private_key",
      "name": "generated",
      "provider": "provider[\"registry.terraform.io/hashicorp/tls\"]",
      "instances": [
        {
          "schema_version": 1,
          "attributes": {
            "algorithm": "RSA",
            "ecdsa_curve": "P224",
            "id": "2a00cb91ac43a3049e5015014518683b2fc0a9ec",
            "private_key_openssh": "-----BEGIN OPENSSH PRIVATE KEY-----\nb3BlbnNzaC1rZXktdjEAAAAABG5vbmUAAAAEbm9uZQAAAAAAAAABAAABFwAAAAdz\nc2gtcnNhAAAAAwEAAQAAAQEAsXlNZLgP6DO+hJmmG2xyFO8U/PbNOROwhfl2zy4a\nfQBaLRKqq/wf0Q5cMrqD/5Lyyt1WoJdatQ5qHvRWeCYzlJ2ZsX5wUHCtU0FKP/Lk\ns4xgvofFe06XXH4Ob8gE28ELR6gTYbtL7I00RfOhq75U7peJLBNvHL/o7Dk/4WeM\nFRRUx5WkPlYCSgfqM5qJuxZCgljkfko9jWHLexy8WZxCDbWo8mWIYJgOwPgw1N3b\nqqf9rjQzU7G/NlZDgVlRhrTW7ffMJu7a/Za0pb7S175rr6opzk1VPev8OMIpptYI\nA2Mv8IrXrZ5B3pxoUIhIjUjetH9el5SZXSJ9+evU2ByrAQAAA7is0UuwrNFLsAAA\nAAdzc2gtcnNhAAABAQCxeU1kuA/oM76EmaYbbHIU7xT89s05E7CF+XbPLhp9AFot\nEqqr/B/RDlwyuoP/kvLK3Vagl1q1Dmoe9FZ4JjOUnZmxfnBQcK1TQUo/8uSzjGC+\nh8V7Tpdcfg5vyATbwQtHqBNhu0vsjTRF86GrvlTul4ksE28cv+jsOT/hZ4wVFFTH\nlaQ+VgJKB+ozmom7FkKCWOR+Sj2NYct7HLxZnEINtajyZYhgmA7A+DDU3duqp/2u\nNDNTsb82VkOBWVGGtNbt98wm7tr9lrSlvtLXvmuvqinOTVU96/w4wimm1ggDYy/w\nitetnkHenGhQiEiNSN60f16XlJldIn3569TYHKsBAAAAAwEAAQAAAQAepJruGdDX\nTz3lT9FMOWKORkSps+R15zYqv8rZlXSJ4kpvr2IsLW2B73iQYr+BXKpSyDpZoqCN\nFAbTPu2CM9hin/6mVLZIUVhAAI01Mvd1n/ahVziMJKMCW5qbBt594hxUPEtSa+A9\nYRkmPd2LlaK9ComrBFUCUgmB5hWnUfVwOwdaPQ2joqJLoNA4xuuukJXu5izsh+Gv\nj3SeA1hVgQvYS6KoaK+vadVQMqBMQo8daySCFL/bKA6is5J/fwbFWcygprsq8nxt\nXSI9K0frd5+JfvP8/5+YjMFXFhZI3l12707q7aZE0xTD0fWmbLxtF3rMxrgfOM+4\n6rAXBwyFvlGVAAAAgQCUjHu32mdeYYPFAwl4beiK5jq06kWk5Oke0B4uOVQgYp0J\nDWGKsaVMq9Zr5ftbgMjO/k8rTWVTL/jDdx8Px14GvCKTVPeUivxdfqJ1AajSK8QB\nwz8XO98hXrhUSCBxJSKERpa3et+pfwkUeD8FjXkAuF0OlqIa9uRF9D/+WPS9fAAA\nAIEAxJVIQiv1GOuPSRj5amt+sPlHPdSGELllqLgDsjE02kr5pFjaqpSFtgrzWHXu\nqXIfpcVYP4ZIXGcinWm01Nn9r2hLnoXFKCtE+twzm68SCh0He6QvohzMNkJ44ibr\ndx/vgvWiaX62w8HxCm03wo7ir3x9i9vsYQjqWwucbXmGtZUAAACBAOcdbcETAAuz\nHSwWo4hZ9AHqzJ6zYrhev2HpAnzYNmr7gKNv7Li0NZPGMLknONOfMnYSoJn5ELrW\nKj/8bRUC/On3FifbR1xNULYE8OCHTNZIrKKMbFYXuMnoYsdZzcr5B0G3r9P4yurW\nGLNJujBm+kd84iiROoJqTTuI2Nbj5yy9AAAAAAEC\n-----END OPENSSH PRIVATE KEY-----\n",
            "private_key_pem": "-----BEGIN RSA PRIVATE KEY-----\nMIIEowIBAAKCAQEAsXlNZLgP6DO+hJmmG2xyFO8U/PbNOROwhfl2zy4afQBaLRKq\nq/wf0Q5cMrqD/5Lyyt1WoJdatQ5qHvRWeCYzlJ2ZsX5wUHCtU0FKP/Lks4xgvofF\ne06XXH4Ob8gE28ELR6gTYbtL7I00RfOhq75U7peJLBNvHL/o7Dk/4WeMFRRUx5Wk\nPlYCSgfqM5qJuxZCgljkfko9jWHLexy8WZxCDbWo8mWIYJgOwPgw1N3bqqf9rjQz\nU7G/NlZDgVlRhrTW7ffMJu7a/Za0pb7S175rr6opzk1VPev8OMIpptYIA2Mv8IrX\nrZ5B3pxoUIhIjUjetH9el5SZXSJ9+evU2ByrAQIDAQABAoIBAB6kmu4Z0NdPPeVP\n0Uw5Yo5GRKmz5HXnNiq/ytmVdIniSm+vYiwtbYHveJBiv4FcqlLIOlmioI0UBtM+\n7YIz2GKf/qZUtkhRWEAAjTUy93Wf9qFXOIwkowJbmpsG3n3iHFQ8S1Jr4D1hGSY9\n3YuVor0KiasEVQJSCYHmFadR9XA7B1o9DaOiokug0DjG666Qle7mLOyH4a+PdJ4D\nWFWBC9hLoqhor69p1VAyoExCjx1rJIIUv9soDqKzkn9/BsVZzKCmuyryfG1dIj0r\nR+t3n4l+8/z/n5iMwVcWFkjeXXbvTurtpkTTFMPR9aZsvG0XeszGuB84z7jqsBcH\nDIW+UZUCgYEAxJVIQiv1GOuPSRj5amt+sPlHPdSGELllqLgDsjE02kr5pFjaqpSF\ntgrzWHXuqXIfpcVYP4ZIXGcinWm01Nn9r2hLnoXFKCtE+twzm68SCh0He6QvohzM\nNkJ44ibrdx/vgvWiaX62w8HxCm03wo7ir3x9i9vsYQjqWwucbXmGtZUCgYEA5x1t\nwRMAC7MdLBajiFn0AerMnrNiuF6/YekCfNg2avuAo2/suLQ1k8YwuSc4058ydhKg\nmfkQutYqP/xtFQL86fcWJ9tHXE1QtgTw4IdM1kisooxsVhe4yehix1nNyvkHQbev\n0/jK6tYYs0m6MGb6R3ziKJE6gmpNO4jY1uPnLL0CgYB+KYByV1u5XpRayVho4Awy\n8Ai0ucxAt3tyyIY2ujW9UxjcTNopV6BosKZ0Q1ukC8Yb0YdNXZTbGKWyeMDBShXx\nmPHPDvL1UK+4f9HvPHBLZU4EH98iH3E/8XE7UtcTYL+KQLK3GceZ4sIbevSqPKFn\nFnJMbBxMOjiNren6qF+38QKBgHy7S0LKqFmoH3Rt+3BZa/Gk8S4tjngG2q9S/D64\nyhXPCswqWc4NpGTOr/kdi/PalXdX8klnPHo5n6/M4mpWpHz5F4IHPGo6Z/b0j7P+\nEaAMtO89bjLAtsBxpO4GL6T95ca4BjMWsR0w0z/f6Ja63RS796sBRlygVnJtFupT\nMa7ZAoGBAJSMe7faZ15hg8UDCXht6IrmOrTqRaTk6R7QHi45VCBinQkNYYqxpUyr\n1mvl+1uAyM7+TytNZVMv+MN3Hw/HXga8IpNU95SK/F1+onUBqNIrxAHDPxc73yFe\nuFRIIHElIoRGlrd636l/CRR4PwWNeQC4XQ6Wohr25EX0P/5Y9L18\n-----END RSA PRIVATE KEY-----\n",
            "private_key_pem_pkcs8": "-----BEGIN PRIVATE KEY-----\nMIIEvQIBADANBgkqhkiG9w0BAQEFAASCBKcwggSjAgEAAoIBAQCxeU1kuA/oM76E\nmaYbbHIU7xT89s05E7CF+XbPLhp9AFotEqqr/B/RDlwyuoP/kvLK3Vagl1q1Dmoe\n9FZ4JjOUnZmxfnBQcK1TQUo/8uSzjGC+h8V7Tpdcfg5vyATbwQtHqBNhu0vsjTRF\n86GrvlTul4ksE28cv+jsOT/hZ4wVFFTHlaQ+VgJKB+ozmom7FkKCWOR+Sj2NYct7\nHLxZnEINtajyZYhgmA7A+DDU3duqp/2uNDNTsb82VkOBWVGGtNbt98wm7tr9lrSl\nvtLXvmuvqinOTVU96/w4wimm1ggDYy/witetnkHenGhQiEiNSN60f16XlJldIn35\n69TYHKsBAgMBAAECggEAHqSa7hnQ10895U/RTDlijkZEqbPkdec2Kr/K2ZV0ieJK\nb69iLC1tge94kGK/gVyqUsg6WaKgjRQG0z7tgjPYYp/+plS2SFFYQACNNTL3dZ/2\noVc4jCSjAluamwbefeIcVDxLUmvgPWEZJj3di5WivQqJqwRVAlIJgeYVp1H1cDsH\nWj0No6KiS6DQOMbrrpCV7uYs7Ifhr490ngNYVYEL2EuiqGivr2nVUDKgTEKPHWsk\nghS/2ygOorOSf38GxVnMoKa7KvJ8bV0iPStH63efiX7z/P+fmIzBVxYWSN5ddu9O\n6u2mRNMUw9H1pmy8bRd6zMa4HzjPuOqwFwcMhb5RlQKBgQDElUhCK/UY649JGPlq\na36w+Uc91IYQuWWouAOyMTTaSvmkWNqqlIW2CvNYde6pch+lxVg/hkhcZyKdabTU\n2f2vaEuehcUoK0T63DObrxIKHQd7pC+iHMw2QnjiJut3H++C9aJpfrbDwfEKbTfC\njuKvfH2L2+xhCOpbC5xteYa1lQKBgQDnHW3BEwALsx0sFqOIWfQB6syes2K4Xr9h\n6QJ82DZq+4Cjb+y4tDWTxjC5JzjTnzJ2EqCZ+RC61io//G0VAvzp9xYn20dcTVC2\nBPDgh0zWSKyijGxWF7jJ6GLHWc3K+QdBt6/T+Mrq1hizSbowZvpHfOIokTqCak07\niNjW4+csvQKBgH4pgHJXW7lelFrJWGjgDDLwCLS5zEC3e3LIhja6Nb1TGNxM2ilX\noGiwpnRDW6QLxhvRh01dlNsYpbJ4wMFKFfGY8c8O8vVQr7h/0e88cEtlTgQf3yIf\ncT/xcTtS1xNgv4pAsrcZx5niwht69Ko8oWcWckxsHEw6OI2t6fqoX7fxAoGAfLtL\nQsqoWagfdG37cFlr8aTxLi2OeAbar1L8PrjKFc8KzCpZzg2kZM6v+R2L89qVd1fy\nSWc8ejmfr8zialakfPkXggc8ajpn9vSPs/4RoAy07z1uMsC2wHGk7gYvpP3lxrgG\nMxaxHTDTP9/olrrdFLv3qwFGXKBWcm0W6lMxrtkCgYEAlIx7t9pnXmGDxQMJeG3o\niuY6tOpFpOTpHtAeLjlUIGKdCQ1hirGlTKvWa+X7W4DIzv5PK01lUy/4w3cfD8de\nBrwik1T3lIr8XX6idQGo0ivEAcM/FzvfIV64VEggcSUihEaWt3rfqX8JFHg/BY15\nALhdDpaiGvbkRfQ//lj0vXw=\n-----END PRIVATE KEY-----\n",
            "public_key_fingerprint_md5": "e5:84:10:e5:ab:f2:1f:e7:73:10:4b:3e:84:6b:de:b9",
            "public_key_fingerprint_sha256": "SHA256:Db47MZolcZQbwMLnq1YCNLazcmM/kDsulsfWWXWukk4",
            "public_key_openssh": "ssh-rsa AAAAB3NzaC1yc2EAAAADAQABAAABAQCxeU1kuA/oM76EmaYbbHIU7xT89s05E7CF+XbPLhp9AFotEqqr/B/RDlwyuoP/kvLK3Vagl1q1Dmoe9FZ4JjOUnZmxfnBQcK1TQUo/8uSzjGC+h8V7Tpdcfg5vyATbwQtHqBNhu0vsjTRF86GrvlTul4ksE28cv+jsOT/hZ4wVFFTHlaQ+VgJKB+ozmom7FkKCWOR+Sj2NYct7HLxZnEINtajyZYhgmA7A+DDU3duqp/2uNDNTsb82VkOBWVGGtNbt98wm7tr9lrSlvtLXvmuvqinOTVU96/w4wimm1ggDYy/witetnkHenGhQiEiNSN60f16XlJldIn3569TYHKsB\n",
            "public_key_pem": "-----BEGIN PUBLIC KEY-----\nMIIBIjANBgkqhkiG9w0BAQEFAAOCAQ8AMIIBCgKCAQEAsXlNZLgP6DO+hJmmG2xy\nFO8U/PbNOROwhfl2zy4afQBaLRKqq/wf0Q5cMrqD/5Lyyt1WoJdatQ5qHvRWeCYz\nlJ2ZsX5wUHCtU0FKP/Lks4xgvofFe06XXH4Ob8gE28ELR6gTYbtL7I00RfOhq75U\n7peJLBNvHL/o7Dk/4WeMFRRUx5WkPlYCSgfqM5qJuxZCgljkfko9jWHLexy8WZxC\nDbWo8mWIYJgOwPgw1N3bqqf9rjQzU7G/NlZDgVlRhrTW7ffMJu7a/Za0pb7S175r\nr6opzk1VPev8OMIpptYIA2Mv8IrXrZ5B3pxoUIhIjUjetH9el5SZXSJ9+evU2Byr\nAQIDAQAB\n-----END PUBLIC KEY-----\n",
            "rsa_bits": 2048
          },
          "sensitive_attributes": [
            [
              {
                "type": "get_attr",
                "value": "private_key_openssh"
              }
            ],
            [
              {
                "type": "get_attr",
                "value": "private_key_pem"
              }
            ],
            [
              {
                "type": "get_attr",
                "value": "private_key_pem_pkcs8"
              }
            ]
          ]
        }
      ]
    },
    {
      "module": "module.autoscaling",
      "mode": "data",
      "type": "aws_partition",
      "name": "current",
      "provider": "provider[\"registry.terraform.io/hashicorp/aws\"]",
      "instances": [
        {
          "schema_version": 0,
          "attributes": {
            "dns_suffix": "amazonaws.com",
            "id": "aws",
            "partition": "aws",
            "reverse_dns_prefix": "com.amazonaws"
          },
          "sensitive_attributes": []
        }
      ]
    },
    {
      "module": "module.autoscaling",
      "mode": "managed",
      "type": "aws_autoscaling_group",
      "name": "this",
      "provider": "provider[\"registry.terraform.io/hashicorp/aws\"]",
      "instances": [
        {
          "index_key": 0,
          "schema_version": 1,
          "attributes": {
            "arn": "arn:aws:autoscaling:ap-southeast-2:229342747134:autoScalingGroup:e6ae5d44-3857-4ad4-8d9c-9b0d6c1663f4:autoScalingGroupName/myasg-20251025023811407600000003",
            "availability_zone_distribution": [
              {
                "capacity_distribution_strategy": "balanced-best-effort"
              }
            ],
            "availability_zones": [
              "ap-southeast-2a",
              "ap-southeast-2b",
              "ap-southeast-2c"
            ],
            "capacity_rebalance": false,
            "capacity_reservation_specification": [
              {
                "capacity_reservation_preference": "default",
                "capacity_reservation_target": []
              }
            ],
            "context": "",
            "default_cooldown": 300,
            "default_instance_warmup": 0,
            "desired_capacity": 1,
            "desired_capacity_type": "",
            "enabled_metrics": [],
            "force_delete": false,
            "force_delete_warm_pool": false,
            "health_check_grace_period": 300,
            "health_check_type": "EC2",
            "id": "myasg-20251025023811407600000003",
            "ignore_failed_scaling_activities": false,
            "initial_lifecycle_hook": [],
            "instance_maintenance_policy": [],
            "instance_refresh": [],
            "launch_configuration": "",
            "launch_template": [
              {
                "id": "lt-0943f3adc523004c3",
                "name": "myasg-20251025023805637000000001",
                "version": "1"
              }
            ],
            "load_balancers": [],
            "max_instance_lifetime": 0,
            "max_size": 1,
            "metrics_granularity": "1Minute",
            "min_elb_capacity": null,
            "min_size": 0,
            "mixed_instances_policy": [],
            "name": "myasg-20251025023811407600000003",
            "name_prefix": "myasg-",
            "placement_group": "",
            "predicted_capacity": 0,
            "protect_from_scale_in": false,
            "region": "ap-southeast-2",
            "service_linked_role_arn": "arn:aws:iam::229342747134:role/aws-service-role/autoscaling.amazonaws.com/AWSServiceRoleForAutoScaling",
            "suspended_processes": [],
            "tag": [
              {
                "key": "Name",
                "propagate_at_launch": true,
                "value": "asg-instance"
              }
            ],
            "target_group_arns": [],
            "termination_policies": [],
            "timeouts": null,
            "traffic_source": [],
            "vpc_zone_identifier": [
              "subnet-0686dde53fb4af968",
              "subnet-0712ba772c2574de1",
              "subnet-0790b63b74e6f3a59"
            ],
            "wait_for_capacity_timeout": "10m",
            "wait_for_elb_capacity": null,
            "warm_pool": [],
            "warm_pool_size": 0
          },
          "sensitive_attributes": [],
          "private": "eyJlMmJmYjczMC1lY2FhLTExZTYtOGY4OC0zNDM2M2JjN2M0YzAiOnsiZGVsZXRlIjo2MDAwMDAwMDAwMDAsInVwZGF0ZSI6NjAwMDAwMDAwMDAwfSwic2NoZW1hX3ZlcnNpb24iOiIxIn0=",
          "dependencies": [
            "aws_subnet.private_subnets",
            "aws_vpc.vpc",
            "data.aws_ami.ubuntu",
            "data.aws_availability_zones.available",
            "data.aws_region.current",
            "module.autoscaling.aws_iam_instance_profile.this",
            "module.autoscaling.aws_iam_role.this",
            "module.autoscaling.aws_launch_template.this",
            "module.autoscaling.data.aws_iam_policy_document.assume_role_policy",
            "module.autoscaling.data.aws_partition.current"
          ],
          "create_before_destroy": true
        }
      ]
    },
    {
      "module": "module.autoscaling",
      "mode": "managed",
      "type": "aws_launch_template",
      "name": "this",
      "provider": "provider[\"registry.terraform.io/hashicorp/aws\"]",
      "instances": [
        {
          "index_key": 0,
          "schema_version": 1,
          "attributes": {
            "arn": "arn:aws:ec2:ap-southeast-2:229342747134:launch-template/lt-0943f3adc523004c3",
            "block_device_mappings": [],
            "capacity_reservation_specification": [],
            "cpu_options": [],
            "credit_specification": [],
            "default_version": 1,
            "description": "",
            "disable_api_stop": false,
            "disable_api_termination": false,
            "ebs_optimized": "",
            "enclave_options": [],
            "hibernation_options": [],
            "iam_instance_profile": [],
            "id": "lt-0943f3adc523004c3",
            "image_id": "ami-06cd25c905a7e9a0f",
            "instance_initiated_shutdown_behavior": "",
            "instance_market_options": [],
            "instance_requirements": [],
            "instance_type": "t3.micro",
            "kernel_id": "",
            "key_name": "",
            "latest_version": 1,
            "license_specification": [],
            "maintenance_options": [],
            "metadata_options": [
              {
                "http_endpoint": "enabled",
                "http_protocol_ipv6": "",
                "http_put_response_hop_limit": 1,
                "http_tokens": "required",
                "instance_metadata_tags": ""
              }
            ],
            "monitoring": [
              {
                "enabled": true
              }
            ],
            "name": "myasg-20251025023805637000000001",
            "name_prefix": "myasg-",
            "network_interfaces": [],
            "placement": [],
            "private_dns_name_options": [],
            "ram_disk_id": "",
            "region": "ap-southeast-2",
            "security_group_names": [],
            "tag_specifications": [],
            "tags": {
              "Name": "Web EC2 Server 2"
            },
            "tags_all": {
              "Environment": "default",
              "Name": "Web EC2 Server 2",
              "Owner": "Acme",
              "Provisoned": "Terrafor"
            },
            "update_default_version": null,
            "user_data": "",
            "vpc_security_group_ids": []
          },
          "sensitive_attributes": [],
          "private": "eyJzY2hlbWFfdmVyc2lvbiI6IjEifQ==",
          "dependencies": [
            "data.aws_ami.ubuntu",
            "module.autoscaling.aws_iam_instance_profile.this",
            "module.autoscaling.aws_iam_role.this",
            "module.autoscaling.data.aws_iam_policy_document.assume_role_policy",
            "module.autoscaling.data.aws_partition.current"
          ],
          "create_before_destroy": true
        }
      ]
    },
    {
      "module": "module.server",
      "mode": "managed",
      "type": "aws_instance",
      "name": "web",
      "provider": "provider[\"registry.terraform.io/hashicorp/aws\"]",
      "instances": [
        {
          "schema_version": 2,
          "attributes": {
            "ami": "ami-06cd25c905a7e9a0f",
            "arn": "arn:aws:ec2:ap-southeast-2:229342747134:instance/i-03cc3b600e118fa2c",
            "associate_public_ip_address": true,
            "availability_zone": "ap-southeast-2a",
            "capacity_reservation_specification": [
              {
                "capacity_reservation_preference": "open",
                "capacity_reservation_target": []
              }
            ],
            "cpu_options": [
              {
                "amd_sev_snp": "",
                "core_count": 1,
                "threads_per_core": 1
              }
            ],
            "credit_specification": [
              {
                "cpu_credits": "standard"
              }
            ],
            "disable_api_stop": false,
            "disable_api_termination": false,
            "ebs_block_device": [],
            "ebs_optimized": false,
            "enable_primary_ipv6": null,
            "enclave_options": [
              {
                "enabled": false
              }
            ],
            "ephemeral_block_device": [],
            "force_destroy": false,
            "get_password_data": false,
            "hibernation": false,
            "host_id": "",
            "host_resource_group_arn": null,
            "iam_instance_profile": "",
            "id": "i-03cc3b600e118fa2c",
            "instance_initiated_shutdown_behavior": "stop",
            "instance_lifecycle": "",
            "instance_market_options": [],
            "instance_state": "running",
            "instance_type": "t2.micro",
            "ipv6_address_count": 0,
            "ipv6_addresses": [],
            "key_name": "",
            "launch_template": [],
            "maintenance_options": [
              {
                "auto_recovery": "default"
              }
            ],
            "metadata_options": [
              {
                "http_endpoint": "enabled",
                "http_protocol_ipv6": "disabled",
                "http_put_response_hop_limit": 1,
                "http_tokens": "optional",
                "instance_metadata_tags": "disabled"
              }
            ],
            "monitoring": false,
            "network_interface": [],
            "outpost_arn": "",
            "password_data": "",
            "placement_group": "",
            "placement_group_id": "",
            "placement_partition_number": 0,
            "primary_network_interface": [
              {
                "delete_on_termination": true,
                "network_interface_id": "eni-0cbc462ab6584a2de"
              }
            ],
            "primary_network_interface_id": "eni-0cbc462ab6584a2de",
            "private_dns": "ip-10-0-103-206.ap-southeast-2.compute.internal",
            "private_dns_name_options": [
              {
                "enable_resource_name_dns_a_record": false,
                "enable_resource_name_dns_aaaa_record": false,
                "hostname_type": "ip-name"
              }
            ],
            "private_ip": "10.0.103.206",
            "public_dns": "",
            "public_ip": "3.27.248.176",
            "region": "ap-southeast-2",
            "root_block_device": [
              {
                "delete_on_termination": true,
                "device_name": "/dev/sda1",
                "encrypted": false,
                "iops": 100,
                "kms_key_id": "",
                "tags": {
                  "Environment": "default",
                  "Owner": "Acme",
                  "Provisoned": "Terrafor"
                },
                "tags_all": {
                  "Environment": "default",
                  "Owner": "Acme",
                  "Provisoned": "Terrafor"
                },
                "throughput": 0,
                "volume_id": "vol-026453227316bcb80",
                "volume_size": 8,
                "volume_type": "gp2"
              }
            ],
            "secondary_private_ips": [],
            "security_groups": [],
            "source_dest_check": true,
            "spot_instance_request_id": "",
            "subnet_id": "subnet-0cbb1121d75ca6c2f",
            "tags": {
              "Environment": "Training",
              "Name": "Server from Module"
            },
            "tags_all": {
              "Environment": "Training",
              "Name": "Server from Module",
              "Owner": "Acme",
              "Provisoned": "Terrafor"
            },
            "tenancy": "default",
            "timeouts": null,
            "user_data": null,
            "user_data_base64": null,
            "user_data_replace_on_change": false,
            "volume_tags": null,
            "vpc_security_group_ids": [
              "sg-05c9280a7ab659cea",
              "sg-0c769aa3a60527fa0",
              "sg-0f2167bef184332ee"
            ]
          },
          "sensitive_attributes": [],
          "private": "eyJlMmJmYjczMC1lY2FhLTExZTYtOGY4OC0zNDM2M2JjN2M0YzAiOnsiY3JlYXRlIjo2MDAwMDAwMDAwMDAsImRlbGV0ZSI6MTIwMDAwMDAwMDAwMCwicmVhZCI6OTAwMDAwMDAwMDAwLCJ1cGRhdGUiOjYwMDAwMDAwMDAwMH0sInNjaGVtYV92ZXJzaW9uIjoiMiJ9",
          "dependencies": [
            "aws_security_group.ingress-ssh",
            "aws_security_group.vpc-ping",
            "aws_security_group.vpc-web",
            "aws_subnet.public_subnets",
            "aws_vpc.vpc",
            "data.aws_ami.ubuntu",
            "data.aws_availability_zones.available",
            "data.aws_region.current"
          ]
        }
      ]
    },
    {
      "module": "module.server_subnet_1",
      "mode": "managed",
      "type": "aws_instance",
      "name": "web",
      "provider": "provider[\"registry.terraform.io/hashicorp/aws\"]",
      "instances": [
        {
          "schema_version": 2,
          "attributes": {
            "ami": "ami-06cd25c905a7e9a0f",
            "arn": "arn:aws:ec2:ap-southeast-2:229342747134:instance/i-0477c9f520d182db4",
            "associate_public_ip_address": true,
            "availability_zone": "ap-southeast-2b",
            "capacity_reservation_specification": [
              {
                "capacity_reservation_preference": "open",
                "capacity_reservation_target": []
              }
            ],
            "cpu_options": [
              {
                "amd_sev_snp": "",
                "core_count": 1,
                "threads_per_core": 2
              }
            ],
            "credit_specification": [
              {
                "cpu_credits": "unlimited"
              }
            ],
            "disable_api_stop": false,
            "disable_api_termination": false,
            "ebs_block_device": [],
            "ebs_optimized": false,
            "enable_primary_ipv6": null,
            "enclave_options": [
              {
                "enabled": false
              }
            ],
            "ephemeral_block_device": [],
            "force_destroy": false,
            "get_password_data": false,
            "hibernation": false,
            "host_id": "",
            "host_resource_group_arn": null,
            "iam_instance_profile": "",
            "id": "i-0477c9f520d182db4",
            "instance_initiated_shutdown_behavior": "stop",
            "instance_lifecycle": "",
            "instance_market_options": [],
            "instance_state": "running",
            "instance_type": "t3.micro",
            "ipv6_address_count": 0,
            "ipv6_addresses": [],
            "key_name": "MyAWSKey",
            "launch_template": [],
            "maintenance_options": [
              {
                "auto_recovery": "default"
              }
            ],
            "metadata_options": [
              {
                "http_endpoint": "enabled",
                "http_protocol_ipv6": "disabled",
                "http_put_response_hop_limit": 1,
                "http_tokens": "optional",
                "instance_metadata_tags": "disabled"
              }
            ],
            "monitoring": false,
            "network_interface": [],
            "outpost_arn": "",
            "password_data": "",
            "placement_group": "",
            "placement_group_id": "",
            "placement_partition_number": 0,
            "primary_network_interface": [
              {
                "delete_on_termination": true,
                "network_interface_id": "eni-00a5b17d43652d294"
              }
            ],
            "primary_network_interface_id": "eni-00a5b17d43652d294",
            "private_dns": "ip-10-0-101-240.ap-southeast-2.compute.internal",
            "private_dns_name_options": [
              {
                "enable_resource_name_dns_a_record": false,
                "enable_resource_name_dns_aaaa_record": false,
                "hostname_type": "ip-name"
              }
            ],
            "private_ip": "10.0.101.240",
            "public_dns": "",
            "public_ip": "3.26.155.195",
            "region": "ap-southeast-2",
            "root_block_device": [
              {
                "delete_on_termination": true,
                "device_name": "/dev/sda1",
                "encrypted": false,
                "iops": 100,
                "kms_key_id": "",
                "tags": {
                  "Environment": "default",
                  "Owner": "Acme",
                  "Provisoned": "Terrafor"
                },
                "tags_all": {
                  "Environment": "default",
                  "Owner": "Acme",
                  "Provisoned": "Terrafor"
                },
                "throughput": 0,
                "volume_id": "vol-0d25809676382e022",
                "volume_size": 8,
                "volume_type": "gp2"
              }
            ],
            "secondary_private_ips": [],
            "security_groups": [],
            "source_dest_check": true,
            "spot_instance_request_id": "",
            "subnet_id": "subnet-09d20f149575338c5",
            "tags": {
              "Environment": "Training",
              "Name": "Web Server from Module"
            },
            "tags_all": {
              "Environment": "Training",
              "Name": "Web Server from Module",
              "Owner": "Acme",
              "Provisoned": "Terrafor"
            },
            "tenancy": "default",
            "timeouts": null,
            "user_data": null,
            "user_data_base64": null,
            "user_data_replace_on_change": false,
            "volume_tags": null,
            "vpc_security_group_ids": [
              "sg-05c9280a7ab659cea",
              "sg-0c769aa3a60527fa0",
              "sg-0f2167bef184332ee"
            ]
          },
          "sensitive_attributes": [],
          "private": "eyJlMmJmYjczMC1lY2FhLTExZTYtOGY4OC0zNDM2M2JjN2M0YzAiOnsiY3JlYXRlIjo2MDAwMDAwMDAwMDAsImRlbGV0ZSI6MTIwMDAwMDAwMDAwMCwicmVhZCI6OTAwMDAwMDAwMDAwLCJ1cGRhdGUiOjYwMDAwMDAwMDAwMH0sInNjaGVtYV92ZXJzaW9uIjoiMiJ9",
          "dependencies": [
            "aws_key_pair.generated",
            "aws_security_group.ingress-ssh",
            "aws_security_group.vpc-ping",
            "aws_security_group.vpc-web",
            "aws_subnet.public_subnets",
            "aws_vpc.vpc",
            "data.aws_ami.ubuntu",
            "data.aws_availability_zones.available",
            "data.aws_region.current",
            "tls_private_key.generated"
          ]
        }
      ]
    }
  ],
  "check_results": null
}
