{
  "version": 4,
  "terraform_version": "1.9.8",
  "serial": 918,
  "lineage": "e2954d0a-d2c3-9611-acba-714eeb95c479",
  "outputs": {
    "hello-world": {
      "value": "Hello World",
      "type": "string"
    },
    "public_dns": {
      "value": "",
      "type": "string"
    },
    "public_ip": {
      "value": "15.134.132.116",
      "type": "string"
    },
    "public_udl": {
      "value": "http://13.236.188.246",
      "type": "string"
    },
    "size": {
      "value": "t2.micro",
      "type": "string"
    },
    "vpc_id": {
      "value": "vpc-09fcb47950d450650",
      "type": "string"
    },
    "vpc_information": {
      "value": "Your demo_environment VPC has no ID of vpc-09fcb47950d450650",
      "type": "string"
    }
  },
  "resources": [
    {
      "mode": "data",
      "type": "aws_ami",
      "name": "ubuntu",
      "provider": "provider[\"registry.terraform.io/hashicorp/aws\"]",
      "instances": [
        {
          "schema_version": 0,
          "attributes": {
            "allow_unsafe_filter": null,
            "architecture": "x86_64",
            "arn": "arn:aws:ec2:ap-southeast-2::image/ami-06cd25c905a7e9a0f",
            "block_device_mappings": [
              {
                "device_name": "/dev/sda1",
                "ebs": {
                  "delete_on_termination": "true",
                  "encrypted": "false",
                  "iops": "0",
                  "snapshot_id": "snap-00bcd746cb27dc779",
                  "throughput": "0",
                  "volume_initialization_rate": "0",
                  "volume_size": "8",
                  "volume_type": "gp2"
                },
                "no_device": "",
                "virtual_name": ""
              },
              {
                "device_name": "/dev/sdb",
                "ebs": {},
                "no_device": "",
                "virtual_name": "ephemeral0"
              },
              {
                "device_name": "/dev/sdc",
                "ebs": {},
                "no_device": "",
                "virtual_name": "ephemeral1"
              }
            ],
            "boot_mode": "legacy-bios",
            "creation_date": "2025-06-25T05:33:06.000Z",
            "deprecation_time": "2027-06-25T05:33:06.000Z",
            "description": "Canonical, Ubuntu, 20.04, amd64 focal image",
            "ena_support": true,
            "executable_users": null,
            "filter": [
              {
                "name": "name",
                "values": [
                  "ubuntu/images/hvm-ssd/ubuntu-focal-20.04-amd64-server-*"
                ]
              },
              {
                "name": "virtualization-type",
                "values": [
                  "hvm"
                ]
              }
            ],
            "hypervisor": "xen",
            "id": "ami-06cd25c905a7e9a0f",
            "image_id": "ami-06cd25c905a7e9a0f",
            "image_location": "amazon/ubuntu/images/hvm-ssd/ubuntu-focal-20.04-amd64-server-20250624",
            "image_owner_alias": "amazon",
            "image_type": "machine",
            "imds_support": "",
            "include_deprecated": false,
            "kernel_id": "",
            "last_launched_time": "",
            "most_recent": true,
            "name": "ubuntu/images/hvm-ssd/ubuntu-focal-20.04-amd64-server-20250624",
            "name_regex": null,
            "owner_id": "099720109477",
            "owners": [
              "099720109477"
            ],
            "platform": "",
            "platform_details": "Linux/UNIX",
            "product_codes": [],
            "public": true,
            "ramdisk_id": "",
            "region": "ap-southeast-2",
            "root_device_name": "/dev/sda1",
            "root_device_type": "ebs",
            "root_snapshot_id": "snap-00bcd746cb27dc779",
            "sriov_net_support": "simple",
            "state": "available",
            "state_reason": {
              "code": "UNSET",
              "message": "UNSET"
            },
            "tags": {},
            "timeouts": null,
            "tpm_support": "",
            "uefi_data": null,
            "usage_operation": "RunInstances",
            "virtualization_type": "hvm"
          },
          "sensitive_attributes": []
        }
      ]
    },
    {
      "mode": "data",
      "type": "aws_availability_zones",
      "name": "available",
      "provider": "provider[\"registry.terraform.io/hashicorp/aws\"]",
      "instances": [
        {
          "schema_version": 0,
          "attributes": {
            "all_availability_zones": null,
            "exclude_names": null,
            "exclude_zone_ids": null,
            "filter": null,
            "group_names": [
              "ap-southeast-2-zg-1"
            ],
            "id": "ap-southeast-2",
            "names": [
              "ap-southeast-2a",
              "ap-southeast-2b",
              "ap-southeast-2c"
            ],
            "region": "ap-southeast-2",
            "state": null,
            "timeouts": null,
            "zone_ids": [
              "apse2-az1",
              "apse2-az3",
              "apse2-az2"
            ]
          },
          "sensitive_attributes": []
        }
      ]
    },
    {
      "mode": "data",
      "type": "aws_region",
      "name": "current",
      "provider": "provider[\"registry.terraform.io/hashicorp/aws\"]",
      "instances": [
        {
          "schema_version": 0,
          "attributes": {
            "description": "Asia Pacific (Sydney)",
            "endpoint": "ec2.ap-southeast-2.amazonaws.com",
            "id": "ap-southeast-2",
            "name": "ap-southeast-2",
            "region": "ap-southeast-2"
          },
          "sensitive_attributes": []
        }
      ]
    },
    {
      "mode": "managed",
      "type": "aws_instance",
      "name": "ubuntu_server",
      "provider": "provider[\"registry.terraform.io/hashicorp/aws\"]",
      "instances": [
        {
          "schema_version": 2,
          "attributes": {
            "ami": "ami-06cd25c905a7e9a0f",
            "arn": "arn:aws:ec2:ap-southeast-2:229342747134:instance/i-000eb0aafe921d741",
            "associate_public_ip_address": true,
            "availability_zone": "ap-southeast-2b",
            "capacity_reservation_specification": [
              {
                "capacity_reservation_preference": "open",
                "capacity_reservation_target": []
              }
            ],
            "cpu_options": [
              {
                "amd_sev_snp": "",
                "core_count": 1,
                "threads_per_core": 1
              }
            ],
            "credit_specification": [
              {
                "cpu_credits": "standard"
              }
            ],
            "disable_api_stop": false,
            "disable_api_termination": false,
            "ebs_block_device": [],
            "ebs_optimized": false,
            "enable_primary_ipv6": null,
            "enclave_options": [
              {
                "enabled": false
              }
            ],
            "ephemeral_block_device": [],
            "force_destroy": false,
            "get_password_data": false,
            "hibernation": false,
            "host_id": "",
            "host_resource_group_arn": null,
            "iam_instance_profile": "",
            "id": "i-000eb0aafe921d741",
            "instance_initiated_shutdown_behavior": "stop",
            "instance_lifecycle": "",
            "instance_market_options": [],
            "instance_state": "running",
            "instance_type": "t2.micro",
            "ipv6_address_count": 0,
            "ipv6_addresses": [],
            "key_name": "MyAWSKey",
            "launch_template": [],
            "maintenance_options": [
              {
                "auto_recovery": "default"
              }
            ],
            "metadata_options": [
              {
                "http_endpoint": "enabled",
                "http_protocol_ipv6": "disabled",
                "http_put_response_hop_limit": 1,
                "http_tokens": "optional",
                "instance_metadata_tags": "disabled"
              }
            ],
            "monitoring": false,
            "network_interface": [],
            "outpost_arn": "",
            "password_data": "",
            "placement_group": "",
            "placement_group_id": "",
            "placement_partition_number": 0,
            "primary_network_interface": [
              {
                "delete_on_termination": true,
                "network_interface_id": "eni-0bc63d67e5033df76"
              }
            ],
            "primary_network_interface_id": "eni-0bc63d67e5033df76",
            "private_dns": "ip-10-0-101-79.ap-southeast-2.compute.internal",
            "private_dns_name_options": [
              {
                "enable_resource_name_dns_a_record": false,
                "enable_resource_name_dns_aaaa_record": false,
                "hostname_type": "ip-name"
              }
            ],
            "private_ip": "10.0.101.79",
            "public_dns": "",
            "public_ip": "13.236.188.246",
            "region": "ap-southeast-2",
            "root_block_device": [
              {
                "delete_on_termination": true,
                "device_name": "/dev/sda1",
                "encrypted": false,
                "iops": 100,
                "kms_key_id": "",
                "tags": {
                  "Environment": "default",
                  "Owner": "Acme",
                  "Provisoned": "Terrafor"
                },
                "tags_all": {
                  "Environment": "default",
                  "Owner": "Acme",
                  "Provisoned": "Terrafor"
                },
                "throughput": 0,
                "volume_id": "vol-07bf6d3db28cbc28b",
                "volume_size": 8,
                "volume_type": "gp2"
              }
            ],
            "secondary_private_ips": [],
            "security_groups": [
              "sg-0b6286d424027b88d",
              "sg-0bc64d2ab7bc0d46a",
              "sg-0f4517036b78868cb"
            ],
            "source_dest_check": true,
            "spot_instance_request_id": "",
            "subnet_id": "subnet-081f0a574a275a21f",
            "tags": {
              "App": "core_api",
              "Name": "ec2-Dev-api-ap-southeast-2a",
              "Owner": "api_mgmt_dev"
            },
            "tags_all": {
              "App": "core_api",
              "Environment": "default",
              "Name": "ec2-Dev-api-ap-southeast-2a",
              "Owner": "api_mgmt_dev",
              "Provisoned": "Terrafor"
            },
            "tenancy": "default",
            "timeouts": null,
            "user_data": null,
            "user_data_base64": null,
            "user_data_replace_on_change": false,
            "volume_tags": null,
            "vpc_security_group_ids": [
              "sg-0b6286d424027b88d",
              "sg-0bc64d2ab7bc0d46a",
              "sg-0f4517036b78868cb"
            ]
          },
          "sensitive_attributes": [],
          "private": "eyJlMmJmYjczMC1lY2FhLTExZTYtOGY4OC0zNDM2M2JjN2M0YzAiOnsiY3JlYXRlIjo2MDAwMDAwMDAwMDAsImRlbGV0ZSI6MTIwMDAwMDAwMDAwMCwicmVhZCI6OTAwMDAwMDAwMDAwLCJ1cGRhdGUiOjYwMDAwMDAwMDAwMH0sInNjaGVtYV92ZXJzaW9uIjoiMiJ9",
          "dependencies": [
            "aws_key_pair.generated",
            "aws_security_group.ingress-ssh",
            "aws_security_group.vpc-ping",
            "aws_security_group.vpc-web",
            "aws_subnet.public_subnets",
            "aws_vpc.vpc",
            "data.aws_ami.ubuntu",
            "data.aws_availability_zones.available",
            "data.aws_region.current",
            "local_file.private_key_pem",
            "tls_private_key.generated"
          ]
        }
      ]
    },
    {
      "mode": "managed",
      "type": "aws_instance",
      "name": "web_server",
      "provider": "provider[\"registry.terraform.io/hashicorp/aws\"]",
      "instances": [
        {
          "schema_version": 2,
          "attributes": {
            "ami": "ami-06cd25c905a7e9a0f",
            "arn": "arn:aws:ec2:ap-southeast-2:229342747134:instance/i-0e3734658aa831e5b",
            "associate_public_ip_address": true,
            "availability_zone": "ap-southeast-2b",
            "capacity_reservation_specification": [
              {
                "capacity_reservation_preference": "open",
                "capacity_reservation_target": []
              }
            ],
            "cpu_options": [
              {
                "amd_sev_snp": "",
                "core_count": 1,
                "threads_per_core": 1
              }
            ],
            "credit_specification": [
              {
                "cpu_credits": "standard"
              }
            ],
            "disable_api_stop": false,
            "disable_api_termination": false,
            "ebs_block_device": [],
            "ebs_optimized": false,
            "enable_primary_ipv6": null,
            "enclave_options": [
              {
                "enabled": false
              }
            ],
            "ephemeral_block_device": [],
            "force_destroy": false,
            "get_password_data": false,
            "hibernation": false,
            "host_id": "",
            "host_resource_group_arn": null,
            "iam_instance_profile": "",
            "id": "i-0e3734658aa831e5b",
            "instance_initiated_shutdown_behavior": "stop",
            "instance_lifecycle": "",
            "instance_market_options": [],
            "instance_state": "running",
            "instance_type": "t2.micro",
            "ipv6_address_count": 0,
            "ipv6_addresses": [],
            "key_name": "MyAWSKey",
            "launch_template": [],
            "maintenance_options": [
              {
                "auto_recovery": "default"
              }
            ],
            "metadata_options": [
              {
                "http_endpoint": "enabled",
                "http_protocol_ipv6": "disabled",
                "http_put_response_hop_limit": 1,
                "http_tokens": "optional",
                "instance_metadata_tags": "disabled"
              }
            ],
            "monitoring": false,
            "network_interface": [],
            "outpost_arn": "",
            "password_data": "",
            "placement_group": "",
            "placement_group_id": "",
            "placement_partition_number": 0,
            "primary_network_interface": [
              {
                "delete_on_termination": true,
                "network_interface_id": "eni-0143cde9eda365a00"
              }
            ],
            "primary_network_interface_id": "eni-0143cde9eda365a00",
            "private_dns": "ip-10-0-101-12.ap-southeast-2.compute.internal",
            "private_dns_name_options": [
              {
                "enable_resource_name_dns_a_record": false,
                "enable_resource_name_dns_aaaa_record": false,
                "hostname_type": "ip-name"
              }
            ],
            "private_ip": "10.0.101.12",
            "public_dns": "",
            "public_ip": "13.55.15.49",
            "region": "ap-southeast-2",
            "root_block_device": [
              {
                "delete_on_termination": true,
                "device_name": "/dev/sda1",
                "encrypted": false,
                "iops": 100,
                "kms_key_id": "",
                "tags": {
                  "Environment": "default",
                  "Owner": "Acme",
                  "Provisoned": "Terrafor"
                },
                "tags_all": {
                  "Environment": "default",
                  "Owner": "Acme",
                  "Provisoned": "Terrafor"
                },
                "throughput": 0,
                "volume_id": "vol-04a1f670bf79c4c52",
                "volume_size": 8,
                "volume_type": "gp2"
              }
            ],
            "secondary_private_ips": [],
            "security_groups": [
              "sg-0b6286d424027b88d",
              "sg-0bc64d2ab7bc0d46a",
              "sg-0f4517036b78868cb"
            ],
            "source_dest_check": true,
            "spot_instance_request_id": "",
            "subnet_id": "subnet-081f0a574a275a21f",
            "tags": {
              "Name": "Web EC2 Server"
            },
            "tags_all": {
              "Environment": "default",
              "Name": "Web EC2 Server",
              "Owner": "Acme",
              "Provisoned": "Terrafor"
            },
            "tenancy": "default",
            "timeouts": null,
            "user_data": null,
            "user_data_base64": null,
            "user_data_replace_on_change": false,
            "volume_tags": null,
            "vpc_security_group_ids": [
              "sg-0b6286d424027b88d",
              "sg-0bc64d2ab7bc0d46a",
              "sg-0f4517036b78868cb"
            ]
          },
          "sensitive_attributes": [],
          "private": "eyJlMmJmYjczMC1lY2FhLTExZTYtOGY4OC0zNDM2M2JjN2M0YzAiOnsiY3JlYXRlIjo2MDAwMDAwMDAwMDAsImRlbGV0ZSI6MTIwMDAwMDAwMDAwMCwicmVhZCI6OTAwMDAwMDAwMDAwLCJ1cGRhdGUiOjYwMDAwMDAwMDAwMH0sInNjaGVtYV92ZXJzaW9uIjoiMiJ9",
          "dependencies": [
            "aws_key_pair.generated",
            "aws_security_group.ingress-ssh",
            "aws_security_group.vpc-ping",
            "aws_security_group.vpc-web",
            "aws_subnet.public_subnets",
            "aws_vpc.vpc",
            "data.aws_ami.ubuntu",
            "data.aws_availability_zones.available",
            "data.aws_region.current",
            "local_file.private_key_pem",
            "tls_private_key.generated"
          ]
        }
      ]
    },
    {
      "mode": "managed",
      "type": "aws_internet_gateway",
      "name": "demo_igw",
      "provider": "provider[\"registry.terraform.io/hashicorp/aws\"]",
      "instances": [
        {
          "schema_version": 0,
          "attributes": {
            "arn": "arn:aws:ec2:ap-southeast-2:229342747134:internet-gateway/igw-05ea8999cf49ca726",
            "id": "igw-05ea8999cf49ca726",
            "owner_id": "229342747134",
            "region": "ap-southeast-2",
            "tags": {
              "Name": "Demo IGW"
            },
            "tags_all": {
              "Environment": "default",
              "Name": "Demo IGW",
              "Owner": "Acme",
              "Provisoned": "Terrafor"
            },
            "timeouts": null,
            "vpc_id": "vpc-09fcb47950d450650"
          },
          "sensitive_attributes": [],
          "private": "eyJlMmJmYjczMC1lY2FhLTExZTYtOGY4OC0zNDM2M2JjN2M0YzAiOnsiY3JlYXRlIjoxMjAwMDAwMDAwMDAwLCJkZWxldGUiOjEyMDAwMDAwMDAwMDAsInVwZGF0ZSI6MTIwMDAwMDAwMDAwMH19",
          "dependencies": [
            "aws_vpc.vpc",
            "data.aws_region.current"
          ]
        }
      ]
    },
    {
      "mode": "managed",
      "type": "aws_key_pair",
      "name": "generated",
      "provider": "provider[\"registry.terraform.io/hashicorp/aws\"]",
      "instances": [
        {
          "schema_version": 1,
          "attributes": {
            "arn": "arn:aws:ec2:ap-southeast-2:229342747134:key-pair/MyAWSKey",
            "fingerprint": "66:db:43:c3:0c:fb:36:14:e4:2e:61:aa:fc:7d:82:2e",
            "id": "MyAWSKey",
            "key_name": "MyAWSKey",
            "key_name_prefix": "",
            "key_pair_id": "key-081e29e3e17457649",
            "key_type": "rsa",
            "public_key": "ssh-rsa AAAAB3NzaC1yc2EAAAADAQABAAABAQDz5FdRMvKD85WNcyVacSttKF17EnLXzof6oYKO3SXfisTm1H74CDk2j7hPnSNTRS9Ff/W5UA1xt9fNO9hN+m+ZoBOq2fm3eSDpDxxXNrlaf8r884kBZnvc7coj5O5xBpWHNOp8LQzDmFFSCh6wWupnHQBi1RvClMiDkEQtj+W6Q6/9kLu5GjFQNkXNPMK2kXl5TKsuZW3fpmTgeu5u1pGvWkCd5W/mVmjFs4GI3N8eP5w/wX9zSYTcJn4GKDasoKbkMUc2Kf7O6Ai70rGe32jKfy2HpLpRoLRsriKGipdSEDWNoefjoNvFc2iAPpbNDb2SfkPeqqGKU0sk8hvgtsAf",
            "region": "ap-southeast-2",
            "tags": null,
            "tags_all": {
              "Environment": "default",
              "Owner": "Acme",
              "Provisoned": "Terrafor"
            }
          },
          "sensitive_attributes": [],
          "private": "eyJzY2hlbWFfdmVyc2lvbiI6IjEifQ==",
          "dependencies": [
            "tls_private_key.generated"
          ]
        }
      ]
    },
    {
      "mode": "managed",
      "type": "aws_route",
      "name": "demo_route_table",
      "provider": "provider[\"registry.terraform.io/hashicorp/aws\"]",
      "instances": [
        {
          "schema_version": 0,
          "attributes": {
            "carrier_gateway_id": "",
            "core_network_arn": "",
            "destination_cidr_block": "0.0.0.0/0",
            "destination_ipv6_cidr_block": "",
            "destination_prefix_list_id": "",
            "egress_only_gateway_id": "",
            "gateway_id": "igw-05ea8999cf49ca726",
            "id": "r-rtb-0ced53e0cb590e2be1080289494",
            "instance_id": "",
            "instance_owner_id": "",
            "local_gateway_id": "",
            "nat_gateway_id": "",
            "network_interface_id": "",
            "origin": "CreateRoute",
            "region": "ap-southeast-2",
            "route_table_id": "rtb-0ced53e0cb590e2be",
            "state": "active",
            "timeouts": null,
            "transit_gateway_id": "",
            "vpc_endpoint_id": "",
            "vpc_peering_connection_id": ""
          },
          "sensitive_attributes": [],
          "private": "eyJlMmJmYjczMC1lY2FhLTExZTYtOGY4OC0zNDM2M2JjN2M0YzAiOnsiY3JlYXRlIjozMDAwMDAwMDAwMDAsImRlbGV0ZSI6MzAwMDAwMDAwMDAwLCJ1cGRhdGUiOjEyMDAwMDAwMDAwMH19",
          "dependencies": [
            "aws_internet_gateway.demo_igw",
            "aws_vpc.vpc",
            "data.aws_region.current"
          ]
        }
      ]
    },
    {
      "mode": "managed",
      "type": "aws_s3_bucket",
      "name": "my-aws-s3-bucket",
      "provider": "provider[\"registry.terraform.io/hashicorp/aws\"]",
      "instances": [
        {
          "schema_version": 0,
          "attributes": {
            "acceleration_status": "",
            "acl": null,
            "arn": "arn:aws:s3:::fkaba-sirri-39a040849980825a860177e89293ec13",
            "bucket": "fkaba-sirri-39a040849980825a860177e89293ec13",
            "bucket_domain_name": "fkaba-sirri-39a040849980825a860177e89293ec13.s3.amazonaws.com",
            "bucket_prefix": "fkaba-sirri-39a040",
            "bucket_region": "ap-southeast-2",
            "bucket_regional_domain_name": "fkaba-sirri-39a040849980825a860177e89293ec13.s3.ap-southeast-2.amazonaws.com",
            "cors_rule": [],
            "force_destroy": false,
            "grant": [
              {
                "id": "f5280c0f4eaccbfcea1406ef4e975dad15b514928f69f45ee51d13cd6b665334",
                "permissions": [
                  "FULL_CONTROL"
                ],
                "type": "CanonicalUser",
                "uri": ""
              }
            ],
            "hosted_zone_id": "Z1WCIGYICN2BYD",
            "id": "fkaba-sirri-39a040849980825a860177e89293ec13",
            "lifecycle_rule": [],
            "logging": [],
            "object_lock_configuration": [],
            "object_lock_enabled": false,
            "policy": "",
            "region": "ap-southeast-2",
            "replication_configuration": [],
            "request_payer": "BucketOwner",
            "server_side_encryption_configuration": [
              {
                "rule": [
                  {
                    "apply_server_side_encryption_by_default": [
                      {
                        "kms_master_key_id": "",
                        "sse_algorithm": "AES256"
                      }
                    ],
                    "bucket_key_enabled": false
                  }
                ]
              }
            ],
            "tags": {
              "Name": "MY s3 bucket",
              "Purpose": "Building an automation"
            },
            "tags_all": {
              "Environment": "default",
              "Name": "MY s3 bucket",
              "Owner": "Acme",
              "Provisoned": "Terrafor",
              "Purpose": "Building an automation"
            },
            "timeouts": null,
            "versioning": [
              {
                "enabled": false,
                "mfa_delete": false
              }
            ],
            "website": [],
            "website_domain": null,
            "website_endpoint": null
          },
          "sensitive_attributes": [],
          "private": "eyJlMmJmYjczMC1lY2FhLTExZTYtOGY4OC0zNDM2M2JjN2M0YzAiOnsiY3JlYXRlIjoxMjAwMDAwMDAwMDAwLCJkZWxldGUiOjM2MDAwMDAwMDAwMDAsInJlYWQiOjEyMDAwMDAwMDAwMDAsInVwZGF0ZSI6MTIwMDAwMDAwMDAwMH19",
          "dependencies": [
            "random_id.randomness"
          ]
        }
      ]
    },
    {
      "mode": "managed",
      "type": "aws_security_group",
      "name": "ingress-ssh",
      "provider": "provider[\"registry.terraform.io/hashicorp/aws\"]",
      "instances": [
        {
          "schema_version": 1,
          "attributes": {
            "arn": "arn:aws:ec2:ap-southeast-2:229342747134:security-group/sg-0f4517036b78868cb",
            "description": "Managed by Terraform",
            "egress": [
              {
                "cidr_blocks": [
                  "0.0.0.0/0"
                ],
                "description": "",
                "from_port": 0,
                "ipv6_cidr_blocks": [],
                "prefix_list_ids": [],
                "protocol": "-1",
                "security_groups": [],
                "self": false,
                "to_port": 0
              }
            ],
            "id": "sg-0f4517036b78868cb",
            "ingress": [
              {
                "cidr_blocks": [
                  "0.0.0.0/0"
                ],
                "description": "",
                "from_port": 22,
                "ipv6_cidr_blocks": [],
                "prefix_list_ids": [],
                "protocol": "tcp",
                "security_groups": [],
                "self": false,
                "to_port": 22
              }
            ],
            "name": "allow-all-ssh",
            "name_prefix": "",
            "owner_id": "229342747134",
            "region": "ap-southeast-2",
            "revoke_rules_on_delete": false,
            "tags": null,
            "tags_all": {
              "Environment": "default",
              "Owner": "Acme",
              "Provisoned": "Terrafor"
            },
            "timeouts": null,
            "vpc_id": "vpc-09fcb47950d450650"
          },
          "sensitive_attributes": [],
          "private": "eyJlMmJmYjczMC1lY2FhLTExZTYtOGY4OC0zNDM2M2JjN2M0YzAiOnsiY3JlYXRlIjo2MDAwMDAwMDAwMDAsImRlbGV0ZSI6OTAwMDAwMDAwMDAwfSwic2NoZW1hX3ZlcnNpb24iOiIxIn0=",
          "dependencies": [
            "aws_vpc.vpc",
            "data.aws_region.current"
          ]
        }
      ]
    },
    {
      "mode": "managed",
      "type": "aws_security_group",
      "name": "vpc-ping",
      "provider": "provider[\"registry.terraform.io/hashicorp/aws\"]",
      "instances": [
        {
          "schema_version": 1,
          "attributes": {
            "arn": "arn:aws:ec2:ap-southeast-2:229342747134:security-group/sg-0bc64d2ab7bc0d46a",
            "description": "ICMP for Ping Access",
            "egress": [
              {
                "cidr_blocks": [
                  "0.0.0.0/0"
                ],
                "description": "Allow all ip and ports outbound",
                "from_port": 0,
                "ipv6_cidr_blocks": [],
                "prefix_list_ids": [],
                "protocol": "-1",
                "security_groups": [],
                "self": false,
                "to_port": 0
              }
            ],
            "id": "sg-0bc64d2ab7bc0d46a",
            "ingress": [
              {
                "cidr_blocks": [
                  "0.0.0.0/0"
                ],
                "description": "Allow ICMP Traffic",
                "from_port": -1,
                "ipv6_cidr_blocks": [],
                "prefix_list_ids": [],
                "protocol": "icmp",
                "security_groups": [],
                "self": false,
                "to_port": -1
              }
            ],
            "name": "vpc-ping",
            "name_prefix": "",
            "owner_id": "229342747134",
            "region": "ap-southeast-2",
            "revoke_rules_on_delete": false,
            "tags": null,
            "tags_all": {
              "Environment": "default",
              "Owner": "Acme",
              "Provisoned": "Terrafor"
            },
            "timeouts": null,
            "vpc_id": "vpc-09fcb47950d450650"
          },
          "sensitive_attributes": [],
          "private": "eyJlMmJmYjczMC1lY2FhLTExZTYtOGY4OC0zNDM2M2JjN2M0YzAiOnsiY3JlYXRlIjo2MDAwMDAwMDAwMDAsImRlbGV0ZSI6OTAwMDAwMDAwMDAwfSwic2NoZW1hX3ZlcnNpb24iOiIxIn0=",
          "dependencies": [
            "aws_vpc.vpc",
            "data.aws_region.current"
          ]
        }
      ]
    },
    {
      "mode": "managed",
      "type": "aws_security_group",
      "name": "vpc-web",
      "provider": "provider[\"registry.terraform.io/hashicorp/aws\"]",
      "instances": [
        {
          "schema_version": 1,
          "attributes": {
            "arn": "arn:aws:ec2:ap-southeast-2:229342747134:security-group/sg-0b6286d424027b88d",
            "description": "Web Traffic",
            "egress": [
              {
                "cidr_blocks": [
                  "0.0.0.0/0"
                ],
                "description": "Allow all ip and ports outbound",
                "from_port": 0,
                "ipv6_cidr_blocks": [],
                "prefix_list_ids": [],
                "protocol": "-1",
                "security_groups": [],
                "self": false,
                "to_port": 0
              }
            ],
            "id": "sg-0b6286d424027b88d",
            "ingress": [
              {
                "cidr_blocks": [
                  "0.0.0.0/0"
                ],
                "description": "Allow Port 443",
                "from_port": 443,
                "ipv6_cidr_blocks": [],
                "prefix_list_ids": [],
                "protocol": "tcp",
                "security_groups": [],
                "self": false,
                "to_port": 443
              },
              {
                "cidr_blocks": [
                  "0.0.0.0/0"
                ],
                "description": "Allow Port 80",
                "from_port": 80,
                "ipv6_cidr_blocks": [],
                "prefix_list_ids": [],
                "protocol": "tcp",
                "security_groups": [],
                "self": false,
                "to_port": 80
              }
            ],
            "name": "vpc-web-default",
            "name_prefix": "",
            "owner_id": "229342747134",
            "region": "ap-southeast-2",
            "revoke_rules_on_delete": false,
            "tags": null,
            "tags_all": {
              "Environment": "default",
              "Owner": "Acme",
              "Provisoned": "Terrafor"
            },
            "timeouts": null,
            "vpc_id": "vpc-09fcb47950d450650"
          },
          "sensitive_attributes": [],
          "private": "eyJlMmJmYjczMC1lY2FhLTExZTYtOGY4OC0zNDM2M2JjN2M0YzAiOnsiY3JlYXRlIjo2MDAwMDAwMDAwMDAsImRlbGV0ZSI6OTAwMDAwMDAwMDAwfSwic2NoZW1hX3ZlcnNpb24iOiIxIn0=",
          "dependencies": [
            "aws_vpc.vpc",
            "data.aws_region.current"
          ]
        }
      ]
    },
    {
      "mode": "managed",
      "type": "aws_subnet",
      "name": "private_subnets",
      "provider": "provider[\"registry.terraform.io/hashicorp/aws\"]",
      "instances": [
        {
          "index_key": "private_subnet_1",
          "schema_version": 1,
          "attributes": {
            "arn": "arn:aws:ec2:ap-southeast-2:229342747134:subnet/subnet-0a04fc834014a9dfa",
            "assign_ipv6_address_on_creation": false,
            "availability_zone": "ap-southeast-2b",
            "availability_zone_id": "apse2-az3",
            "cidr_block": "10.0.1.0/24",
            "customer_owned_ipv4_pool": "",
            "enable_dns64": false,
            "enable_lni_at_device_index": 0,
            "enable_resource_name_dns_a_record_on_launch": false,
            "enable_resource_name_dns_aaaa_record_on_launch": false,
            "id": "subnet-0a04fc834014a9dfa",
            "ipv6_cidr_block": "",
            "ipv6_cidr_block_association_id": "",
            "ipv6_native": false,
            "map_customer_owned_ip_on_launch": false,
            "map_public_ip_on_launch": false,
            "outpost_arn": "",
            "owner_id": "229342747134",
            "private_dns_hostname_type_on_launch": "ip-name",
            "region": "ap-southeast-2",
            "tags": {
              "Name": "private_subnet_1",
              "Terraform": "true"
            },
            "tags_all": {
              "Environment": "default",
              "Name": "private_subnet_1",
              "Owner": "Acme",
              "Provisoned": "Terrafor",
              "Terraform": "true"
            },
            "timeouts": null,
            "vpc_id": "vpc-09fcb47950d450650"
          },
          "sensitive_attributes": [],
          "private": "eyJlMmJmYjczMC1lY2FhLTExZTYtOGY4OC0zNDM2M2JjN2M0YzAiOnsiY3JlYXRlIjo2MDAwMDAwMDAwMDAsImRlbGV0ZSI6MTIwMDAwMDAwMDAwMH0sInNjaGVtYV92ZXJzaW9uIjoiMSJ9",
          "dependencies": [
            "aws_vpc.vpc",
            "data.aws_availability_zones.available",
            "data.aws_region.current"
          ],
          "create_before_destroy": true
        },
        {
          "index_key": "private_subnet_2",
          "schema_version": 1,
          "attributes": {
            "arn": "arn:aws:ec2:ap-southeast-2:229342747134:subnet/subnet-0ee7c2093208dcc07",
            "assign_ipv6_address_on_creation": false,
            "availability_zone": "ap-southeast-2c",
            "availability_zone_id": "apse2-az2",
            "cidr_block": "10.0.2.0/24",
            "customer_owned_ipv4_pool": "",
            "enable_dns64": false,
            "enable_lni_at_device_index": 0,
            "enable_resource_name_dns_a_record_on_launch": false,
            "enable_resource_name_dns_aaaa_record_on_launch": false,
            "id": "subnet-0ee7c2093208dcc07",
            "ipv6_cidr_block": "",
            "ipv6_cidr_block_association_id": "",
            "ipv6_native": false,
            "map_customer_owned_ip_on_launch": false,
            "map_public_ip_on_launch": false,
            "outpost_arn": "",
            "owner_id": "229342747134",
            "private_dns_hostname_type_on_launch": "ip-name",
            "region": "ap-southeast-2",
            "tags": {
              "Name": "private_subnet_2",
              "Terraform": "true"
            },
            "tags_all": {
              "Environment": "default",
              "Name": "private_subnet_2",
              "Owner": "Acme",
              "Provisoned": "Terrafor",
              "Terraform": "true"
            },
            "timeouts": null,
            "vpc_id": "vpc-09fcb47950d450650"
          },
          "sensitive_attributes": [],
          "private": "eyJlMmJmYjczMC1lY2FhLTExZTYtOGY4OC0zNDM2M2JjN2M0YzAiOnsiY3JlYXRlIjo2MDAwMDAwMDAwMDAsImRlbGV0ZSI6MTIwMDAwMDAwMDAwMH0sInNjaGVtYV92ZXJzaW9uIjoiMSJ9",
          "dependencies": [
            "aws_vpc.vpc",
            "data.aws_availability_zones.available",
            "data.aws_region.current"
          ],
          "create_before_destroy": true
        },
        {
          "index_key": "private_subnet_3",
          "schema_version": 1,
          "attributes": {
            "arn": "arn:aws:ec2:ap-southeast-2:229342747134:subnet/subnet-0dd98ddb09ad2d176",
            "assign_ipv6_address_on_creation": false,
            "availability_zone": "ap-southeast-2a",
            "availability_zone_id": "apse2-az1",
            "cidr_block": "10.0.3.0/24",
            "customer_owned_ipv4_pool": "",
            "enable_dns64": false,
            "enable_lni_at_device_index": 0,
            "enable_resource_name_dns_a_record_on_launch": false,
            "enable_resource_name_dns_aaaa_record_on_launch": false,
            "id": "subnet-0dd98ddb09ad2d176",
            "ipv6_cidr_block": "",
            "ipv6_cidr_block_association_id": "",
            "ipv6_native": false,
            "map_customer_owned_ip_on_launch": false,
            "map_public_ip_on_launch": false,
            "outpost_arn": "",
            "owner_id": "229342747134",
            "private_dns_hostname_type_on_launch": "ip-name",
            "region": "ap-southeast-2",
            "tags": {
              "Name": "private_subnet_3",
              "Terraform": "true"
            },
            "tags_all": {
              "Environment": "default",
              "Name": "private_subnet_3",
              "Owner": "Acme",
              "Provisoned": "Terrafor",
              "Terraform": "true"
            },
            "timeouts": null,
            "vpc_id": "vpc-09fcb47950d450650"
          },
          "sensitive_attributes": [],
          "private": "eyJlMmJmYjczMC1lY2FhLTExZTYtOGY4OC0zNDM2M2JjN2M0YzAiOnsiY3JlYXRlIjo2MDAwMDAwMDAwMDAsImRlbGV0ZSI6MTIwMDAwMDAwMDAwMH0sInNjaGVtYV92ZXJzaW9uIjoiMSJ9",
          "dependencies": [
            "aws_vpc.vpc",
            "data.aws_availability_zones.available",
            "data.aws_region.current"
          ],
          "create_before_destroy": true
        }
      ]
    },
    {
      "mode": "managed",
      "type": "aws_subnet",
      "name": "public_subnets",
      "provider": "provider[\"registry.terraform.io/hashicorp/aws\"]",
      "instances": [
        {
          "index_key": "public_subnet_1",
          "schema_version": 1,
          "attributes": {
            "arn": "arn:aws:ec2:ap-southeast-2:229342747134:subnet/subnet-081f0a574a275a21f",
            "assign_ipv6_address_on_creation": false,
            "availability_zone": "ap-southeast-2b",
            "availability_zone_id": "apse2-az3",
            "cidr_block": "10.0.101.0/24",
            "customer_owned_ipv4_pool": "",
            "enable_dns64": false,
            "enable_lni_at_device_index": 0,
            "enable_resource_name_dns_a_record_on_launch": false,
            "enable_resource_name_dns_aaaa_record_on_launch": false,
            "id": "subnet-081f0a574a275a21f",
            "ipv6_cidr_block": "",
            "ipv6_cidr_block_association_id": "",
            "ipv6_native": false,
            "map_customer_owned_ip_on_launch": false,
            "map_public_ip_on_launch": true,
            "outpost_arn": "",
            "owner_id": "229342747134",
            "private_dns_hostname_type_on_launch": "ip-name",
            "region": "ap-southeast-2",
            "tags": {
              "Name": "public_subnet_1",
              "Terraform": "true"
            },
            "tags_all": {
              "Environment": "default",
              "Name": "public_subnet_1",
              "Owner": "Acme",
              "Provisoned": "Terrafor",
              "Terraform": "true"
            },
            "timeouts": null,
            "vpc_id": "vpc-09fcb47950d450650"
          },
          "sensitive_attributes": [],
          "private": "eyJlMmJmYjczMC1lY2FhLTExZTYtOGY4OC0zNDM2M2JjN2M0YzAiOnsiY3JlYXRlIjo2MDAwMDAwMDAwMDAsImRlbGV0ZSI6MTIwMDAwMDAwMDAwMH0sInNjaGVtYV92ZXJzaW9uIjoiMSJ9",
          "dependencies": [
            "aws_vpc.vpc",
            "data.aws_availability_zones.available",
            "data.aws_region.current"
          ]
        },
        {
          "index_key": "public_subnet_2",
          "schema_version": 1,
          "attributes": {
            "arn": "arn:aws:ec2:ap-southeast-2:229342747134:subnet/subnet-01c1e28e9e43cae3c",
            "assign_ipv6_address_on_creation": false,
            "availability_zone": "ap-southeast-2c",
            "availability_zone_id": "apse2-az2",
            "cidr_block": "10.0.102.0/24",
            "customer_owned_ipv4_pool": "",
            "enable_dns64": false,
            "enable_lni_at_device_index": 0,
            "enable_resource_name_dns_a_record_on_launch": false,
            "enable_resource_name_dns_aaaa_record_on_launch": false,
            "id": "subnet-01c1e28e9e43cae3c",
            "ipv6_cidr_block": "",
            "ipv6_cidr_block_association_id": "",
            "ipv6_native": false,
            "map_customer_owned_ip_on_launch": false,
            "map_public_ip_on_launch": true,
            "outpost_arn": "",
            "owner_id": "229342747134",
            "private_dns_hostname_type_on_launch": "ip-name",
            "region": "ap-southeast-2",
            "tags": {
              "Name": "public_subnet_2",
              "Terraform": "true"
            },
            "tags_all": {
              "Environment": "default",
              "Name": "public_subnet_2",
              "Owner": "Acme",
              "Provisoned": "Terrafor",
              "Terraform": "true"
            },
            "timeouts": null,
            "vpc_id": "vpc-09fcb47950d450650"
          },
          "sensitive_attributes": [],
          "private": "eyJlMmJmYjczMC1lY2FhLTExZTYtOGY4OC0zNDM2M2JjN2M0YzAiOnsiY3JlYXRlIjo2MDAwMDAwMDAwMDAsImRlbGV0ZSI6MTIwMDAwMDAwMDAwMH0sInNjaGVtYV92ZXJzaW9uIjoiMSJ9",
          "dependencies": [
            "aws_vpc.vpc",
            "data.aws_availability_zones.available",
            "data.aws_region.current"
          ]
        },
        {
          "index_key": "public_subnet_3",
          "schema_version": 1,
          "attributes": {
            "arn": "arn:aws:ec2:ap-southeast-2:229342747134:subnet/subnet-038bc78e931d9ee19",
            "assign_ipv6_address_on_creation": false,
            "availability_zone": "ap-southeast-2a",
            "availability_zone_id": "apse2-az1",
            "cidr_block": "10.0.103.0/24",
            "customer_owned_ipv4_pool": "",
            "enable_dns64": false,
            "enable_lni_at_device_index": 0,
            "enable_resource_name_dns_a_record_on_launch": false,
            "enable_resource_name_dns_aaaa_record_on_launch": false,
            "id": "subnet-038bc78e931d9ee19",
            "ipv6_cidr_block": "",
            "ipv6_cidr_block_association_id": "",
            "ipv6_native": false,
            "map_customer_owned_ip_on_launch": false,
            "map_public_ip_on_launch": true,
            "outpost_arn": "",
            "owner_id": "229342747134",
            "private_dns_hostname_type_on_launch": "ip-name",
            "region": "ap-southeast-2",
            "tags": {
              "Name": "public_subnet_3",
              "Terraform": "true"
            },
            "tags_all": {
              "Environment": "default",
              "Name": "public_subnet_3",
              "Owner": "Acme",
              "Provisoned": "Terrafor",
              "Terraform": "true"
            },
            "timeouts": null,
            "vpc_id": "vpc-09fcb47950d450650"
          },
          "sensitive_attributes": [],
          "private": "eyJlMmJmYjczMC1lY2FhLTExZTYtOGY4OC0zNDM2M2JjN2M0YzAiOnsiY3JlYXRlIjo2MDAwMDAwMDAwMDAsImRlbGV0ZSI6MTIwMDAwMDAwMDAwMH0sInNjaGVtYV92ZXJzaW9uIjoiMSJ9",
          "dependencies": [
            "aws_vpc.vpc",
            "data.aws_availability_zones.available",
            "data.aws_region.current"
          ]
        }
      ]
    },
    {
      "mode": "managed",
      "type": "aws_subnet",
      "name": "variables-subnet",
      "provider": "provider[\"registry.terraform.io/hashicorp/aws\"]",
      "instances": [
        {
          "schema_version": 1,
          "attributes": {
            "arn": "arn:aws:ec2:ap-southeast-2:229342747134:subnet/subnet-0cfca9c72459b0fd0",
            "assign_ipv6_address_on_creation": false,
            "availability_zone": "ap-southeast-2a",
            "availability_zone_id": "apse2-az1",
            "cidr_block": "10.0.250.0/24",
            "customer_owned_ipv4_pool": "",
            "enable_dns64": false,
            "enable_lni_at_device_index": 0,
            "enable_resource_name_dns_a_record_on_launch": false,
            "enable_resource_name_dns_aaaa_record_on_launch": false,
            "id": "subnet-0cfca9c72459b0fd0",
            "ipv6_cidr_block": "",
            "ipv6_cidr_block_association_id": "",
            "ipv6_native": false,
            "map_customer_owned_ip_on_launch": false,
            "map_public_ip_on_launch": true,
            "outpost_arn": "",
            "owner_id": "229342747134",
            "private_dns_hostname_type_on_launch": "ip-name",
            "region": "ap-southeast-2",
            "tags": {
              "Name": "sub-variableap-southeast-2a",
              "Terraform": "true"
            },
            "tags_all": {
              "Environment": "default",
              "Name": "sub-variableap-southeast-2a",
              "Owner": "Acme",
              "Provisoned": "Terrafor",
              "Terraform": "true"
            },
            "timeouts": null,
            "vpc_id": "vpc-09fcb47950d450650"
          },
          "sensitive_attributes": [],
          "private": "eyJlMmJmYjczMC1lY2FhLTExZTYtOGY4OC0zNDM2M2JjN2M0YzAiOnsiY3JlYXRlIjo2MDAwMDAwMDAwMDAsImRlbGV0ZSI6MTIwMDAwMDAwMDAwMH0sInNjaGVtYV92ZXJzaW9uIjoiMSJ9",
          "dependencies": [
            "aws_vpc.vpc",
            "data.aws_region.current"
          ]
        }
      ]
    },
    {
      "mode": "managed",
      "type": "aws_vpc",
      "name": "vpc",
      "provider": "provider[\"registry.terraform.io/hashicorp/aws\"]",
      "instances": [
        {
          "schema_version": 1,
          "attributes": {
            "arn": "arn:aws:ec2:ap-southeast-2:229342747134:vpc/vpc-09fcb47950d450650",
            "assign_generated_ipv6_cidr_block": false,
            "cidr_block": "10.0.0.0/16",
            "default_network_acl_id": "acl-0115fd71fed3232ce",
            "default_route_table_id": "rtb-0ced53e0cb590e2be",
            "default_security_group_id": "sg-02586eb07f6bd509f",
            "dhcp_options_id": "dopt-0da38bf39f17302bc",
            "enable_dns_hostnames": false,
            "enable_dns_support": true,
            "enable_network_address_usage_metrics": false,
            "id": "vpc-09fcb47950d450650",
            "instance_tenancy": "default",
            "ipv4_ipam_pool_id": null,
            "ipv4_netmask_length": null,
            "ipv6_association_id": "",
            "ipv6_cidr_block": "",
            "ipv6_cidr_block_network_border_group": "",
            "ipv6_ipam_pool_id": "",
            "ipv6_netmask_length": 0,
            "main_route_table_id": "rtb-0ced53e0cb590e2be",
            "owner_id": "229342747134",
            "region": "ap-southeast-2",
            "tags": {
              "Environment": "demo_environment",
              "Name": "demo_vpc",
              "Region": "Asia Pacific (Sydney)",
              "Terraform": "true"
            },
            "tags_all": {
              "Environment": "demo_environment",
              "Name": "demo_vpc",
              "Owner": "Acme",
              "Provisoned": "Terrafor",
              "Region": "Asia Pacific (Sydney)",
              "Terraform": "true"
            }
          },
          "sensitive_attributes": [],
          "private": "eyJzY2hlbWFfdmVyc2lvbiI6IjEifQ==",
          "dependencies": [
            "data.aws_region.current"
          ],
          "create_before_destroy": true
        }
      ]
    },
    {
      "mode": "managed",
      "type": "local_file",
      "name": "private_key_pem",
      "provider": "provider[\"registry.terraform.io/hashicorp/local\"]",
      "instances": [
        {
          "schema_version": 0,
          "attributes": {
            "content": "-----BEGIN RSA PRIVATE KEY-----\nMIIEowIBAAKCAQEA8+RXUTLyg/OVjXMlWnErbShdexJy186H+qGCjt0l34rE5tR+\n+Ag5No+4T50jU0UvRX/1uVANcbfXzTvYTfpvmaATqtn5t3kg6Q8cVza5Wn/K/POJ\nAWZ73O3KI+TucQaVhzTqfC0Mw5hRUgoesFrqZx0AYtUbwpTIg5BELY/lukOv/ZC7\nuRoxUDZFzTzCtpF5eUyrLmVt36Zk4HrubtaRr1pAneVv5lZoxbOBiNzfHj+cP8F/\nc0mE3CZ+Big2rKCm5DFHNin+zugIu9Kxnt9oyn8th6S6UaC0bK4ihoqXUhA1jaHn\n46DbxXNogD6WzQ29kn5D3qqhilNLJPIb4LbAHwIDAQABAoIBAE7zwt561y4nCulU\n9qkeDJhUIlrmgH3jEnrskOatqYaBljdBX+7sPpUullRTgq2AropZn5LDWu7OvFHo\nhx/LLBh3zRYYZTHjSOeZaCvFf+BPkUcskVP+OKeu5KqVAClfn8U6uJPFQ6YH539e\n3ktpywrhRRA5e7iUUIrih2eWdyBCCmwN0TN9sCN3Yu+lzWMppREeAclizQWlFqXG\n6vSav7N9Naf1uUfxICkkghxws+foSMbQnH+CDYhyZKjGMV8/DbmVIpT9NCkXtYGN\nDDN8UhYfG69fyBKnJQqBs1SLNeCUWnkCkdzzSYWUXwtdou5or8dO58Moj69DbEfr\nia3ApUUCgYEA94Rf8IR1W32N7HOlvzdME85FOOxZOn3ZIKTJuz4cnV+VhB6Bkpzx\ndS2VP62sLX1q1J7qlQnjiDkc16AnwKfBy9Iu07cxm3OIfaklyJiynR8Vt535lwRe\nHntQwEmrrakn7IcP54ZOg6oQJ2y1gHMbQz82vfwmE6qvdDOpWcr7/O0CgYEA/EAp\nJX8lDEDwwZG3DNlnDFqGihpdjJRRSMKBi8PrP7s3kRwkstimljs3C40GUtyKarbA\n/7U5fyM/Kg/JkWxRna+HgIhRh1eV+xKMTyTOUBb1q953C/vZjiVc84kPIEB5SJSy\nY8ytSnSGfMFOHS/CwIFIATq3DhV30FyvhDvYG7sCgYAjKGVsR5RX64ymQoMPly4y\nPgFtJX1DJq8ZyO5yr07nN7WIL8Ed7zcI+vGROv0S9RagnvYZN29fYSVsp24eGnYX\nmoJWRlZAi3eeydD5Hl94m/q8uy7BubgYwlFlDtHY+AcYvNKQg25Rm21x/CoH1dHQ\nioEfGVrbPkpvygrLG18RvQKBgQD8F8MHTkHgNSZmzRF7LenmVrIOYrsLO07gwEJn\nQ61fS+MEinPCqPITQaqJSK8BMJbEf0/yPVLw1HDTwGNZij8mr71jntibwdSJzsea\ncNYfBFMRKIsg1tldTcnPOTJ8sPKErtZ5Fpw4xKuDEkzWrlybtpgXYm5/DMVo3rgq\nFwSq8QKBgDh3x9TXebSKbcLYUmKlBYr96mSpD8JeE+VGe7YZdRAXT2zYeFVUVtqK\noUUSSx4TJTAAH92hklK/JiyBe6vPgcwDSsCPa6dtqDKugbSyIIAaIzOB4SUsILFb\n66WpT2V0zn190HKM3k4SGQsdK535MT34FVFXqtPb2ZzMMaqTQLEY\n-----END RSA PRIVATE KEY-----\n",
            "content_base64": null,
            "content_base64sha256": "bwo5n2a3PU/0asVRK9enlLnJhCqIRiKEkzt9YTLjay0=",
            "content_base64sha512": "9GVGX+fIfG1aIO6glnhf8PHKLPK1MhtnifLYEHUWWxeMQ+NbugwNsCKB5cvBpgU+zI6kW1yMByiO7c3hAtIreQ==",
            "content_md5": "0cbad2e195c5adf6586d9e81956fc434",
            "content_sha1": "44ba3af8928871074d761dfe5298dd6e5d83e9f6",
            "content_sha256": "6f0a399f66b73d4ff46ac5512bd7a794b9c9842a88462284933b7d6132e36b2d",
            "content_sha512": "f465465fe7c87c6d5a20eea096785ff0f1ca2cf2b5321b6789f2d81075165b178c43e35bba0c0db02281e5cbc1a6053ecc8ea45b5c8c07288eedcde102d22b79",
            "directory_permission": "0777",
            "file_permission": "0777",
            "filename": "MyAWSKey.pem",
            "id": "44ba3af8928871074d761dfe5298dd6e5d83e9f6",
            "sensitive_content": null,
            "source": null
          },
          "sensitive_attributes": [
            [
              {
                "type": "get_attr",
                "value": "content"
              }
            ],
            [
              {
                "type": "get_attr",
                "value": "sensitive_content"
              }
            ]
          ],
          "dependencies": [
            "tls_private_key.generated"
          ]
        }
      ]
    },
    {
      "mode": "managed",
      "type": "random_id",
      "name": "randomness",
      "provider": "provider[\"registry.terraform.io/hashicorp/random\"]",
      "instances": [
        {
          "schema_version": 0,
          "attributes": {
            "b64_std": "OaBAhJmAglqGAXfokpPsEw==",
            "b64_url": "OaBAhJmAglqGAXfokpPsEw",
            "byte_length": 16,
            "dec": "76598071836944427350963915474364263443",
            "hex": "39a040849980825a860177e89293ec13",
            "id": "OaBAhJmAglqGAXfokpPsEw",
            "keepers": null,
            "prefix": null
          },
          "sensitive_attributes": [],
          "private": "bnVsbA=="
        }
      ]
    },
    {
      "mode": "managed",
      "type": "tls_private_key",
      "name": "generated",
      "provider": "provider[\"registry.terraform.io/hashicorp/tls\"]",
      "instances": [
        {
          "schema_version": 1,
          "attributes": {
            "algorithm": "RSA",
            "ecdsa_curve": "P224",
            "id": "0cef0957a1f52d15c4bbb5a393d4653b097478da",
            "private_key_openssh": "-----BEGIN OPENSSH PRIVATE KEY-----\nb3BlbnNzaC1rZXktdjEAAAAABG5vbmUAAAAEbm9uZQAAAAAAAAABAAABFwAAAAdz\nc2gtcnNhAAAAAwEAAQAAAQEA8+RXUTLyg/OVjXMlWnErbShdexJy186H+qGCjt0l\n34rE5tR++Ag5No+4T50jU0UvRX/1uVANcbfXzTvYTfpvmaATqtn5t3kg6Q8cVza5\nWn/K/POJAWZ73O3KI+TucQaVhzTqfC0Mw5hRUgoesFrqZx0AYtUbwpTIg5BELY/l\nukOv/ZC7uRoxUDZFzTzCtpF5eUyrLmVt36Zk4HrubtaRr1pAneVv5lZoxbOBiNzf\nHj+cP8F/c0mE3CZ+Big2rKCm5DFHNin+zugIu9Kxnt9oyn8th6S6UaC0bK4ihoqX\nUhA1jaHn46DbxXNogD6WzQ29kn5D3qqhilNLJPIb4LbAHwAAA7h8ZEBxfGRAcQAA\nAAdzc2gtcnNhAAABAQDz5FdRMvKD85WNcyVacSttKF17EnLXzof6oYKO3SXfisTm\n1H74CDk2j7hPnSNTRS9Ff/W5UA1xt9fNO9hN+m+ZoBOq2fm3eSDpDxxXNrlaf8r8\n84kBZnvc7coj5O5xBpWHNOp8LQzDmFFSCh6wWupnHQBi1RvClMiDkEQtj+W6Q6/9\nkLu5GjFQNkXNPMK2kXl5TKsuZW3fpmTgeu5u1pGvWkCd5W/mVmjFs4GI3N8eP5w/\nwX9zSYTcJn4GKDasoKbkMUc2Kf7O6Ai70rGe32jKfy2HpLpRoLRsriKGipdSEDWN\noefjoNvFc2iAPpbNDb2SfkPeqqGKU0sk8hvgtsAfAAAAAwEAAQAAAQBO88Leetcu\nJwrpVPapHgyYVCJa5oB94xJ67JDmramGgZY3QV/u7D6VLpZUU4KtgK6KWZ+Sw1ru\nzrxR6IcfyywYd80WGGUx40jnmWgrxX/gT5FHLJFT/jinruSqlQApX5/FOriTxUOm\nB+d/Xt5LacsK4UUQOXu4lFCK4odnlncgQgpsDdEzfbAjd2Lvpc1jKaURHgHJYs0F\npRalxur0mr+zfTWn9blH8SApJIIccLPn6EjG0Jx/gg2IcmSoxjFfPw25lSKU/TQp\nF7WBjQwzfFIWHxuvX8gSpyUKgbNUizXglFp5ApHc80mFlF8LXaLuaK/HTufDKI+v\nQ2xH64mtwKVFAAAAgDh3x9TXebSKbcLYUmKlBYr96mSpD8JeE+VGe7YZdRAXT2zY\neFVUVtqKoUUSSx4TJTAAH92hklK/JiyBe6vPgcwDSsCPa6dtqDKugbSyIIAaIzOB\n4SUsILFb66WpT2V0zn190HKM3k4SGQsdK535MT34FVFXqtPb2ZzMMaqTQLEYAAAA\ngQD3hF/whHVbfY3sc6W/N0wTzkU47Fk6fdkgpMm7PhydX5WEHoGSnPF1LZU/rawt\nfWrUnuqVCeOIORzXoCfAp8HL0i7TtzGbc4h9qSXImLKdHxW3nfmXBF4ee1DASaut\nqSfshw/nhk6DqhAnbLWAcxtDPza9/CYTqq90M6lZyvv87QAAAIEA/EApJX8lDEDw\nwZG3DNlnDFqGihpdjJRRSMKBi8PrP7s3kRwkstimljs3C40GUtyKarbA/7U5fyM/\nKg/JkWxRna+HgIhRh1eV+xKMTyTOUBb1q953C/vZjiVc84kPIEB5SJSyY8ytSnSG\nfMFOHS/CwIFIATq3DhV30FyvhDvYG7sAAAAAAQID\n-----END OPENSSH PRIVATE KEY-----\n",
            "private_key_pem": "-----BEGIN RSA PRIVATE KEY-----\nMIIEowIBAAKCAQEA8+RXUTLyg/OVjXMlWnErbShdexJy186H+qGCjt0l34rE5tR+\n+Ag5No+4T50jU0UvRX/1uVANcbfXzTvYTfpvmaATqtn5t3kg6Q8cVza5Wn/K/POJ\nAWZ73O3KI+TucQaVhzTqfC0Mw5hRUgoesFrqZx0AYtUbwpTIg5BELY/lukOv/ZC7\nuRoxUDZFzTzCtpF5eUyrLmVt36Zk4HrubtaRr1pAneVv5lZoxbOBiNzfHj+cP8F/\nc0mE3CZ+Big2rKCm5DFHNin+zugIu9Kxnt9oyn8th6S6UaC0bK4ihoqXUhA1jaHn\n46DbxXNogD6WzQ29kn5D3qqhilNLJPIb4LbAHwIDAQABAoIBAE7zwt561y4nCulU\n9qkeDJhUIlrmgH3jEnrskOatqYaBljdBX+7sPpUullRTgq2AropZn5LDWu7OvFHo\nhx/LLBh3zRYYZTHjSOeZaCvFf+BPkUcskVP+OKeu5KqVAClfn8U6uJPFQ6YH539e\n3ktpywrhRRA5e7iUUIrih2eWdyBCCmwN0TN9sCN3Yu+lzWMppREeAclizQWlFqXG\n6vSav7N9Naf1uUfxICkkghxws+foSMbQnH+CDYhyZKjGMV8/DbmVIpT9NCkXtYGN\nDDN8UhYfG69fyBKnJQqBs1SLNeCUWnkCkdzzSYWUXwtdou5or8dO58Moj69DbEfr\nia3ApUUCgYEA94Rf8IR1W32N7HOlvzdME85FOOxZOn3ZIKTJuz4cnV+VhB6Bkpzx\ndS2VP62sLX1q1J7qlQnjiDkc16AnwKfBy9Iu07cxm3OIfaklyJiynR8Vt535lwRe\nHntQwEmrrakn7IcP54ZOg6oQJ2y1gHMbQz82vfwmE6qvdDOpWcr7/O0CgYEA/EAp\nJX8lDEDwwZG3DNlnDFqGihpdjJRRSMKBi8PrP7s3kRwkstimljs3C40GUtyKarbA\n/7U5fyM/Kg/JkWxRna+HgIhRh1eV+xKMTyTOUBb1q953C/vZjiVc84kPIEB5SJSy\nY8ytSnSGfMFOHS/CwIFIATq3DhV30FyvhDvYG7sCgYAjKGVsR5RX64ymQoMPly4y\nPgFtJX1DJq8ZyO5yr07nN7WIL8Ed7zcI+vGROv0S9RagnvYZN29fYSVsp24eGnYX\nmoJWRlZAi3eeydD5Hl94m/q8uy7BubgYwlFlDtHY+AcYvNKQg25Rm21x/CoH1dHQ\nioEfGVrbPkpvygrLG18RvQKBgQD8F8MHTkHgNSZmzRF7LenmVrIOYrsLO07gwEJn\nQ61fS+MEinPCqPITQaqJSK8BMJbEf0/yPVLw1HDTwGNZij8mr71jntibwdSJzsea\ncNYfBFMRKIsg1tldTcnPOTJ8sPKErtZ5Fpw4xKuDEkzWrlybtpgXYm5/DMVo3rgq\nFwSq8QKBgDh3x9TXebSKbcLYUmKlBYr96mSpD8JeE+VGe7YZdRAXT2zYeFVUVtqK\noUUSSx4TJTAAH92hklK/JiyBe6vPgcwDSsCPa6dtqDKugbSyIIAaIzOB4SUsILFb\n66WpT2V0zn190HKM3k4SGQsdK535MT34FVFXqtPb2ZzMMaqTQLEY\n-----END RSA PRIVATE KEY-----\n",
            "private_key_pem_pkcs8": "-----BEGIN PRIVATE KEY-----\nMIIEvQIBADANBgkqhkiG9w0BAQEFAASCBKcwggSjAgEAAoIBAQDz5FdRMvKD85WN\ncyVacSttKF17EnLXzof6oYKO3SXfisTm1H74CDk2j7hPnSNTRS9Ff/W5UA1xt9fN\nO9hN+m+ZoBOq2fm3eSDpDxxXNrlaf8r884kBZnvc7coj5O5xBpWHNOp8LQzDmFFS\nCh6wWupnHQBi1RvClMiDkEQtj+W6Q6/9kLu5GjFQNkXNPMK2kXl5TKsuZW3fpmTg\neu5u1pGvWkCd5W/mVmjFs4GI3N8eP5w/wX9zSYTcJn4GKDasoKbkMUc2Kf7O6Ai7\n0rGe32jKfy2HpLpRoLRsriKGipdSEDWNoefjoNvFc2iAPpbNDb2SfkPeqqGKU0sk\n8hvgtsAfAgMBAAECggEATvPC3nrXLicK6VT2qR4MmFQiWuaAfeMSeuyQ5q2phoGW\nN0Ff7uw+lS6WVFOCrYCuilmfksNa7s68UeiHH8ssGHfNFhhlMeNI55loK8V/4E+R\nRyyRU/44p67kqpUAKV+fxTq4k8VDpgfnf17eS2nLCuFFEDl7uJRQiuKHZ5Z3IEIK\nbA3RM32wI3di76XNYymlER4ByWLNBaUWpcbq9Jq/s301p/W5R/EgKSSCHHCz5+hI\nxtCcf4INiHJkqMYxXz8NuZUilP00KRe1gY0MM3xSFh8br1/IEqclCoGzVIs14JRa\neQKR3PNJhZRfC12i7mivx07nwyiPr0NsR+uJrcClRQKBgQD3hF/whHVbfY3sc6W/\nN0wTzkU47Fk6fdkgpMm7PhydX5WEHoGSnPF1LZU/rawtfWrUnuqVCeOIORzXoCfA\np8HL0i7TtzGbc4h9qSXImLKdHxW3nfmXBF4ee1DASautqSfshw/nhk6DqhAnbLWA\ncxtDPza9/CYTqq90M6lZyvv87QKBgQD8QCklfyUMQPDBkbcM2WcMWoaKGl2MlFFI\nwoGLw+s/uzeRHCSy2KaWOzcLjQZS3IpqtsD/tTl/Iz8qD8mRbFGdr4eAiFGHV5X7\nEoxPJM5QFvWr3ncL+9mOJVzziQ8gQHlIlLJjzK1KdIZ8wU4dL8LAgUgBOrcOFXfQ\nXK+EO9gbuwKBgCMoZWxHlFfrjKZCgw+XLjI+AW0lfUMmrxnI7nKvTuc3tYgvwR3v\nNwj68ZE6/RL1FqCe9hk3b19hJWynbh4adheaglZGVkCLd57J0PkeX3ib+ry7LsG5\nuBjCUWUO0dj4Bxi80pCDblGbbXH8KgfV0dCKgR8ZWts+Sm/KCssbXxG9AoGBAPwX\nwwdOQeA1JmbNEXst6eZWsg5iuws7TuDAQmdDrV9L4wSKc8Ko8hNBqolIrwEwlsR/\nT/I9UvDUcNPAY1mKPyavvWOe2JvB1InOx5pw1h8EUxEoiyDW2V1Nyc85Mnyw8oSu\n1nkWnDjEq4MSTNauXJu2mBdibn8MxWjeuCoXBKrxAoGAOHfH1Nd5tIptwthSYqUF\niv3qZKkPwl4T5UZ7thl1EBdPbNh4VVRW2oqhRRJLHhMlMAAf3aGSUr8mLIF7q8+B\nzANKwI9rp22oMq6BtLIggBojM4HhJSwgsVvrpalPZXTOfX3QcozeThIZCx0rnfkx\nPfgVUVeq09vZnMwxqpNAsRg=\n-----END PRIVATE KEY-----\n",
            "public_key_fingerprint_md5": "08:ea:fc:01:45:81:57:2e:3a:82:5e:1c:da:a5:e5:ff",
            "public_key_fingerprint_sha256": "SHA256:+GoCX8CBR0tgmLnJDqSrAVmLIbAQ0pCEcmt0a0pEa0Y",
            "public_key_openssh": "ssh-rsa AAAAB3NzaC1yc2EAAAADAQABAAABAQDz5FdRMvKD85WNcyVacSttKF17EnLXzof6oYKO3SXfisTm1H74CDk2j7hPnSNTRS9Ff/W5UA1xt9fNO9hN+m+ZoBOq2fm3eSDpDxxXNrlaf8r884kBZnvc7coj5O5xBpWHNOp8LQzDmFFSCh6wWupnHQBi1RvClMiDkEQtj+W6Q6/9kLu5GjFQNkXNPMK2kXl5TKsuZW3fpmTgeu5u1pGvWkCd5W/mVmjFs4GI3N8eP5w/wX9zSYTcJn4GKDasoKbkMUc2Kf7O6Ai70rGe32jKfy2HpLpRoLRsriKGipdSEDWNoefjoNvFc2iAPpbNDb2SfkPeqqGKU0sk8hvgtsAf\n",
            "public_key_pem": "-----BEGIN PUBLIC KEY-----\nMIIBIjANBgkqhkiG9w0BAQEFAAOCAQ8AMIIBCgKCAQEA8+RXUTLyg/OVjXMlWnEr\nbShdexJy186H+qGCjt0l34rE5tR++Ag5No+4T50jU0UvRX/1uVANcbfXzTvYTfpv\nmaATqtn5t3kg6Q8cVza5Wn/K/POJAWZ73O3KI+TucQaVhzTqfC0Mw5hRUgoesFrq\nZx0AYtUbwpTIg5BELY/lukOv/ZC7uRoxUDZFzTzCtpF5eUyrLmVt36Zk4HrubtaR\nr1pAneVv5lZoxbOBiNzfHj+cP8F/c0mE3CZ+Big2rKCm5DFHNin+zugIu9Kxnt9o\nyn8th6S6UaC0bK4ihoqXUhA1jaHn46DbxXNogD6WzQ29kn5D3qqhilNLJPIb4LbA\nHwIDAQAB\n-----END PUBLIC KEY-----\n",
            "rsa_bits": 2048
          },
          "sensitive_attributes": [
            [
              {
                "type": "get_attr",
                "value": "private_key_pem"
              }
            ],
            [
              {
                "type": "get_attr",
                "value": "private_key_openssh"
              }
            ],
            [
              {
                "type": "get_attr",
                "value": "private_key_pem_pkcs8"
              }
            ]
          ]
        }
      ]
    },
    {
      "module": "module.autoscaling",
      "mode": "data",
      "type": "aws_partition",
      "name": "current",
      "provider": "provider[\"registry.terraform.io/hashicorp/aws\"]",
      "instances": [
        {
          "schema_version": 0,
          "attributes": {
            "dns_suffix": "amazonaws.com",
            "id": "aws",
            "partition": "aws",
            "reverse_dns_prefix": "com.amazonaws"
          },
          "sensitive_attributes": []
        }
      ]
    },
    {
      "module": "module.autoscaling",
      "mode": "managed",
      "type": "aws_autoscaling_group",
      "name": "this",
      "provider": "provider[\"registry.terraform.io/hashicorp/aws\"]",
      "instances": [
        {
          "index_key": 0,
          "schema_version": 1,
          "attributes": {
            "arn": "arn:aws:autoscaling:ap-southeast-2:229342747134:autoScalingGroup:04457cde-bab1-4b11-b102-d5a55bdb7287:autoScalingGroupName/myasg-20251023104555613300000003",
            "availability_zone_distribution": [
              {
                "capacity_distribution_strategy": "balanced-best-effort"
              }
            ],
            "availability_zones": [
              "ap-southeast-2a",
              "ap-southeast-2b",
              "ap-southeast-2c"
            ],
            "capacity_rebalance": false,
            "capacity_reservation_specification": [
              {
                "capacity_reservation_preference": "default",
                "capacity_reservation_target": []
              }
            ],
            "context": "",
            "default_cooldown": 300,
            "default_instance_warmup": 0,
            "desired_capacity": 1,
            "desired_capacity_type": "",
            "enabled_metrics": null,
            "force_delete": false,
            "force_delete_warm_pool": false,
            "health_check_grace_period": 300,
            "health_check_type": "EC2",
            "id": "myasg-20251023104555613300000003",
            "ignore_failed_scaling_activities": false,
            "initial_lifecycle_hook": [],
            "instance_maintenance_policy": [],
            "instance_refresh": [],
            "launch_configuration": "",
            "launch_template": [
              {
                "id": "lt-042b11d7f733f6eb6",
                "name": "myasg-20251023104549867100000001",
                "version": "1"
              }
            ],
            "load_balancers": [],
            "max_instance_lifetime": 0,
            "max_size": 1,
            "metrics_granularity": "1Minute",
            "min_elb_capacity": null,
            "min_size": 0,
            "mixed_instances_policy": [],
            "name": "myasg-20251023104555613300000003",
            "name_prefix": "myasg-",
            "placement_group": "",
            "predicted_capacity": 0,
            "protect_from_scale_in": false,
            "region": "ap-southeast-2",
            "service_linked_role_arn": "arn:aws:iam::229342747134:role/aws-service-role/autoscaling.amazonaws.com/AWSServiceRoleForAutoScaling",
            "suspended_processes": null,
            "tag": [
              {
                "key": "Name",
                "propagate_at_launch": true,
                "value": "asg-instance"
              }
            ],
            "target_group_arns": [],
            "termination_policies": [],
            "timeouts": null,
            "traffic_source": [],
            "vpc_zone_identifier": [
              "subnet-0a04fc834014a9dfa",
              "subnet-0dd98ddb09ad2d176",
              "subnet-0ee7c2093208dcc07"
            ],
            "wait_for_capacity_timeout": "10m",
            "wait_for_elb_capacity": null,
            "warm_pool": [],
            "warm_pool_size": 0
          },
          "sensitive_attributes": [],
          "private": "eyJlMmJmYjczMC1lY2FhLTExZTYtOGY4OC0zNDM2M2JjN2M0YzAiOnsiZGVsZXRlIjo2MDAwMDAwMDAwMDAsInVwZGF0ZSI6NjAwMDAwMDAwMDAwfSwic2NoZW1hX3ZlcnNpb24iOiIxIn0=",
          "dependencies": [
            "aws_subnet.private_subnets",
            "aws_vpc.vpc",
            "data.aws_ami.ubuntu",
            "data.aws_availability_zones.available",
            "data.aws_region.current",
            "module.autoscaling.aws_iam_instance_profile.this",
            "module.autoscaling.aws_iam_role.this",
            "module.autoscaling.aws_launch_template.this",
            "module.autoscaling.data.aws_iam_policy_document.assume_role_policy",
            "module.autoscaling.data.aws_partition.current"
          ],
          "create_before_destroy": true
        }
      ]
    },
    {
      "module": "module.autoscaling",
      "mode": "managed",
      "type": "aws_launch_template",
      "name": "this",
      "provider": "provider[\"registry.terraform.io/hashicorp/aws\"]",
      "instances": [
        {
          "index_key": 0,
          "schema_version": 1,
          "attributes": {
            "arn": "arn:aws:ec2:ap-southeast-2:229342747134:launch-template/lt-042b11d7f733f6eb6",
            "block_device_mappings": [],
            "capacity_reservation_specification": [],
            "cpu_options": [],
            "credit_specification": [],
            "default_version": 1,
            "description": "",
            "disable_api_stop": false,
            "disable_api_termination": false,
            "ebs_optimized": "",
            "enclave_options": [],
            "hibernation_options": [],
            "iam_instance_profile": [],
            "id": "lt-042b11d7f733f6eb6",
            "image_id": "ami-06cd25c905a7e9a0f",
            "instance_initiated_shutdown_behavior": "",
            "instance_market_options": [],
            "instance_requirements": [],
            "instance_type": "t3.micro",
            "kernel_id": "",
            "key_name": "",
            "latest_version": 1,
            "license_specification": [],
            "maintenance_options": [],
            "metadata_options": [
              {
                "http_endpoint": "enabled",
                "http_protocol_ipv6": "",
                "http_put_response_hop_limit": 1,
                "http_tokens": "required",
                "instance_metadata_tags": ""
              }
            ],
            "monitoring": [
              {
                "enabled": true
              }
            ],
            "name": "myasg-20251023104549867100000001",
            "name_prefix": "myasg-",
            "network_interfaces": [],
            "placement": [],
            "private_dns_name_options": [],
            "ram_disk_id": "",
            "region": "ap-southeast-2",
            "security_group_names": null,
            "tag_specifications": [],
            "tags": {
              "Name": "Web EC2 Server 2"
            },
            "tags_all": {
              "Environment": "default",
              "Name": "Web EC2 Server 2",
              "Owner": "Acme",
              "Provisoned": "Terrafor"
            },
            "update_default_version": null,
            "user_data": "",
            "vpc_security_group_ids": null
          },
          "sensitive_attributes": [],
          "private": "eyJzY2hlbWFfdmVyc2lvbiI6IjEifQ==",
          "dependencies": [
            "data.aws_ami.ubuntu",
            "module.autoscaling.aws_iam_instance_profile.this",
            "module.autoscaling.aws_iam_role.this",
            "module.autoscaling.data.aws_iam_policy_document.assume_role_policy",
            "module.autoscaling.data.aws_partition.current"
          ],
          "create_before_destroy": true
        }
      ]
    },
    {
      "module": "module.server",
      "mode": "managed",
      "type": "aws_instance",
      "name": "web",
      "provider": "provider[\"registry.terraform.io/hashicorp/aws\"]",
      "instances": [
        {
          "schema_version": 2,
          "attributes": {
            "ami": "ami-06cd25c905a7e9a0f",
            "arn": "arn:aws:ec2:ap-southeast-2:229342747134:instance/i-0181cf6b40e567232",
            "associate_public_ip_address": true,
            "availability_zone": "ap-southeast-2a",
            "capacity_reservation_specification": [
              {
                "capacity_reservation_preference": "open",
                "capacity_reservation_target": []
              }
            ],
            "cpu_options": [
              {
                "amd_sev_snp": "",
                "core_count": 1,
                "threads_per_core": 1
              }
            ],
            "credit_specification": [
              {
                "cpu_credits": "standard"
              }
            ],
            "disable_api_stop": false,
            "disable_api_termination": false,
            "ebs_block_device": [],
            "ebs_optimized": false,
            "enable_primary_ipv6": null,
            "enclave_options": [
              {
                "enabled": false
              }
            ],
            "ephemeral_block_device": [],
            "force_destroy": false,
            "get_password_data": false,
            "hibernation": false,
            "host_id": "",
            "host_resource_group_arn": null,
            "iam_instance_profile": "",
            "id": "i-0181cf6b40e567232",
            "instance_initiated_shutdown_behavior": "stop",
            "instance_lifecycle": "",
            "instance_market_options": [],
            "instance_state": "running",
            "instance_type": "t2.micro",
            "ipv6_address_count": 0,
            "ipv6_addresses": [],
            "key_name": "",
            "launch_template": [],
            "maintenance_options": [
              {
                "auto_recovery": "default"
              }
            ],
            "metadata_options": [
              {
                "http_endpoint": "enabled",
                "http_protocol_ipv6": "disabled",
                "http_put_response_hop_limit": 1,
                "http_tokens": "optional",
                "instance_metadata_tags": "disabled"
              }
            ],
            "monitoring": false,
            "network_interface": [],
            "outpost_arn": "",
            "password_data": "",
            "placement_group": "",
            "placement_group_id": "",
            "placement_partition_number": 0,
            "primary_network_interface": [
              {
                "delete_on_termination": true,
                "network_interface_id": "eni-003d2dcbea94c187c"
              }
            ],
            "primary_network_interface_id": "eni-003d2dcbea94c187c",
            "private_dns": "ip-10-0-103-9.ap-southeast-2.compute.internal",
            "private_dns_name_options": [
              {
                "enable_resource_name_dns_a_record": false,
                "enable_resource_name_dns_aaaa_record": false,
                "hostname_type": "ip-name"
              }
            ],
            "private_ip": "10.0.103.9",
            "public_dns": "",
            "public_ip": "15.134.132.116",
            "region": "ap-southeast-2",
            "root_block_device": [
              {
                "delete_on_termination": true,
                "device_name": "/dev/sda1",
                "encrypted": false,
                "iops": 100,
                "kms_key_id": "",
                "tags": {
                  "Environment": "default",
                  "Owner": "Acme",
                  "Provisoned": "Terrafor"
                },
                "tags_all": {
                  "Environment": "default",
                  "Owner": "Acme",
                  "Provisoned": "Terrafor"
                },
                "throughput": 0,
                "volume_id": "vol-097a3b730cd29561b",
                "volume_size": 8,
                "volume_type": "gp2"
              }
            ],
            "secondary_private_ips": [],
            "security_groups": [],
            "source_dest_check": true,
            "spot_instance_request_id": "",
            "subnet_id": "subnet-038bc78e931d9ee19",
            "tags": {
              "Environment": "Training",
              "Name": "Server from Module"
            },
            "tags_all": {
              "Environment": "Training",
              "Name": "Server from Module",
              "Owner": "Acme",
              "Provisoned": "Terrafor"
            },
            "tenancy": "default",
            "timeouts": null,
            "user_data": null,
            "user_data_base64": null,
            "user_data_replace_on_change": false,
            "volume_tags": null,
            "vpc_security_group_ids": [
              "sg-0b6286d424027b88d",
              "sg-0bc64d2ab7bc0d46a",
              "sg-0f4517036b78868cb"
            ]
          },
          "sensitive_attributes": [],
          "private": "eyJlMmJmYjczMC1lY2FhLTExZTYtOGY4OC0zNDM2M2JjN2M0YzAiOnsiY3JlYXRlIjo2MDAwMDAwMDAwMDAsImRlbGV0ZSI6MTIwMDAwMDAwMDAwMCwicmVhZCI6OTAwMDAwMDAwMDAwLCJ1cGRhdGUiOjYwMDAwMDAwMDAwMH0sInNjaGVtYV92ZXJzaW9uIjoiMiJ9",
          "dependencies": [
            "aws_security_group.ingress-ssh",
            "aws_security_group.vpc-ping",
            "aws_security_group.vpc-web",
            "aws_subnet.public_subnets",
            "aws_vpc.vpc",
            "data.aws_ami.ubuntu",
            "data.aws_availability_zones.available",
            "data.aws_region.current"
          ]
        }
      ]
    },
    {
      "module": "module.server_subnet_1",
      "mode": "managed",
      "type": "aws_instance",
      "name": "web",
      "provider": "provider[\"registry.terraform.io/hashicorp/aws\"]",
      "instances": [
        {
          "schema_version": 2,
          "attributes": {
            "ami": "ami-06cd25c905a7e9a0f",
            "arn": "arn:aws:ec2:ap-southeast-2:229342747134:instance/i-0f703e18ef7e6d66e",
            "associate_public_ip_address": true,
            "availability_zone": "ap-southeast-2b",
            "capacity_reservation_specification": [
              {
                "capacity_reservation_preference": "open",
                "capacity_reservation_target": []
              }
            ],
            "cpu_options": [
              {
                "amd_sev_snp": "",
                "core_count": 1,
                "threads_per_core": 2
              }
            ],
            "credit_specification": [
              {
                "cpu_credits": "unlimited"
              }
            ],
            "disable_api_stop": false,
            "disable_api_termination": false,
            "ebs_block_device": [],
            "ebs_optimized": false,
            "enable_primary_ipv6": null,
            "enclave_options": [
              {
                "enabled": false
              }
            ],
            "ephemeral_block_device": [],
            "force_destroy": false,
            "get_password_data": false,
            "hibernation": false,
            "host_id": "",
            "host_resource_group_arn": null,
            "iam_instance_profile": "",
            "id": "i-0f703e18ef7e6d66e",
            "instance_initiated_shutdown_behavior": "stop",
            "instance_lifecycle": "",
            "instance_market_options": [],
            "instance_state": "running",
            "instance_type": "t3.micro",
            "ipv6_address_count": 0,
            "ipv6_addresses": [],
            "key_name": "MyAWSKey",
            "launch_template": [],
            "maintenance_options": [
              {
                "auto_recovery": "default"
              }
            ],
            "metadata_options": [
              {
                "http_endpoint": "enabled",
                "http_protocol_ipv6": "disabled",
                "http_put_response_hop_limit": 1,
                "http_tokens": "optional",
                "instance_metadata_tags": "disabled"
              }
            ],
            "monitoring": false,
            "network_interface": [],
            "outpost_arn": "",
            "password_data": "",
            "placement_group": "",
            "placement_group_id": "",
            "placement_partition_number": 0,
            "primary_network_interface": [
              {
                "delete_on_termination": true,
                "network_interface_id": "eni-0e464db2c49acaccb"
              }
            ],
            "primary_network_interface_id": "eni-0e464db2c49acaccb",
            "private_dns": "ip-10-0-101-202.ap-southeast-2.compute.internal",
            "private_dns_name_options": [
              {
                "enable_resource_name_dns_a_record": false,
                "enable_resource_name_dns_aaaa_record": false,
                "hostname_type": "ip-name"
              }
            ],
            "private_ip": "10.0.101.202",
            "public_dns": "",
            "public_ip": "54.252.48.117",
            "region": "ap-southeast-2",
            "root_block_device": [
              {
                "delete_on_termination": true,
                "device_name": "/dev/sda1",
                "encrypted": false,
                "iops": 100,
                "kms_key_id": "",
                "tags": {
                  "Environment": "default",
                  "Owner": "Acme",
                  "Provisoned": "Terrafor"
                },
                "tags_all": {
                  "Environment": "default",
                  "Owner": "Acme",
                  "Provisoned": "Terrafor"
                },
                "throughput": 0,
                "volume_id": "vol-00e76d5627d0840b8",
                "volume_size": 8,
                "volume_type": "gp2"
              }
            ],
            "secondary_private_ips": [],
            "security_groups": [],
            "source_dest_check": true,
            "spot_instance_request_id": "",
            "subnet_id": "subnet-081f0a574a275a21f",
            "tags": {
              "Environment": "Training",
              "Name": "Web Server from Module"
            },
            "tags_all": {
              "Environment": "Training",
              "Name": "Web Server from Module",
              "Owner": "Acme",
              "Provisoned": "Terrafor"
            },
            "tenancy": "default",
            "timeouts": null,
            "user_data": null,
            "user_data_base64": null,
            "user_data_replace_on_change": false,
            "volume_tags": null,
            "vpc_security_group_ids": [
              "sg-0b6286d424027b88d",
              "sg-0bc64d2ab7bc0d46a",
              "sg-0f4517036b78868cb"
            ]
          },
          "sensitive_attributes": [],
          "private": "eyJlMmJmYjczMC1lY2FhLTExZTYtOGY4OC0zNDM2M2JjN2M0YzAiOnsiY3JlYXRlIjo2MDAwMDAwMDAwMDAsImRlbGV0ZSI6MTIwMDAwMDAwMDAwMCwicmVhZCI6OTAwMDAwMDAwMDAwLCJ1cGRhdGUiOjYwMDAwMDAwMDAwMH0sInNjaGVtYV92ZXJzaW9uIjoiMiJ9",
          "dependencies": [
            "aws_key_pair.generated",
            "aws_security_group.ingress-ssh",
            "aws_security_group.vpc-ping",
            "aws_security_group.vpc-web",
            "aws_subnet.public_subnets",
            "aws_vpc.vpc",
            "data.aws_ami.ubuntu",
            "data.aws_availability_zones.available",
            "data.aws_region.current",
            "tls_private_key.generated"
          ]
        }
      ]
    }
  ],
  "check_results": null
}
