{
  "version": 4,
  "terraform_version": "1.9.8",
  "serial": 443,
  "lineage": "e2954d0a-d2c3-9611-acba-714eeb95c479",
  "outputs": {
    "hello-world": {
      "value": "Hello World",
      "type": "string"
    },
    "public_udl": {
      "value": "https://13.239.21.219:8080/index.html",
      "type": "string"
    },
    "vpc_id": {
      "value": "vpc-0a38b8330e19e954b",
      "type": "string"
    },
    "vpc_information": {
      "value": "Your demo_environment VPC has no ID of vpc-0a38b8330e19e954b",
      "type": "string"
    }
  },
  "resources": [
    {
      "mode": "data",
      "type": "aws_ami",
      "name": "ubuntu",
      "provider": "provider[\"registry.terraform.io/hashicorp/aws\"]",
      "instances": [
        {
          "schema_version": 0,
          "attributes": {
            "allow_unsafe_filter": null,
            "architecture": "x86_64",
            "arn": "arn:aws:ec2:ap-southeast-2::image/ami-06cd25c905a7e9a0f",
            "block_device_mappings": [
              {
                "device_name": "/dev/sda1",
                "ebs": {
                  "delete_on_termination": "true",
                  "encrypted": "false",
                  "iops": "0",
                  "snapshot_id": "snap-00bcd746cb27dc779",
                  "throughput": "0",
                  "volume_initialization_rate": "0",
                  "volume_size": "8",
                  "volume_type": "gp2"
                },
                "no_device": "",
                "virtual_name": ""
              },
              {
                "device_name": "/dev/sdb",
                "ebs": {},
                "no_device": "",
                "virtual_name": "ephemeral0"
              },
              {
                "device_name": "/dev/sdc",
                "ebs": {},
                "no_device": "",
                "virtual_name": "ephemeral1"
              }
            ],
            "boot_mode": "legacy-bios",
            "creation_date": "2025-06-25T05:33:06.000Z",
            "deprecation_time": "2027-06-25T05:33:06.000Z",
            "description": "Canonical, Ubuntu, 20.04, amd64 focal image",
            "ena_support": true,
            "executable_users": null,
            "filter": [
              {
                "name": "name",
                "values": [
                  "ubuntu/images/hvm-ssd/ubuntu-focal-20.04-amd64-server-*"
                ]
              },
              {
                "name": "virtualization-type",
                "values": [
                  "hvm"
                ]
              }
            ],
            "hypervisor": "xen",
            "id": "ami-06cd25c905a7e9a0f",
            "image_id": "ami-06cd25c905a7e9a0f",
            "image_location": "amazon/ubuntu/images/hvm-ssd/ubuntu-focal-20.04-amd64-server-20250624",
            "image_owner_alias": "amazon",
            "image_type": "machine",
            "imds_support": "",
            "include_deprecated": false,
            "kernel_id": "",
            "last_launched_time": "",
            "most_recent": true,
            "name": "ubuntu/images/hvm-ssd/ubuntu-focal-20.04-amd64-server-20250624",
            "name_regex": null,
            "owner_id": "099720109477",
            "owners": [
              "099720109477"
            ],
            "platform": "",
            "platform_details": "Linux/UNIX",
            "product_codes": [],
            "public": true,
            "ramdisk_id": "",
            "region": "ap-southeast-2",
            "root_device_name": "/dev/sda1",
            "root_device_type": "ebs",
            "root_snapshot_id": "snap-00bcd746cb27dc779",
            "sriov_net_support": "simple",
            "state": "available",
            "state_reason": {
              "code": "UNSET",
              "message": "UNSET"
            },
            "tags": {},
            "timeouts": null,
            "tpm_support": "",
            "uefi_data": null,
            "usage_operation": "RunInstances",
            "virtualization_type": "hvm"
          },
          "sensitive_attributes": []
        }
      ]
    },
    {
      "mode": "data",
      "type": "aws_availability_zones",
      "name": "available",
      "provider": "provider[\"registry.terraform.io/hashicorp/aws\"]",
      "instances": [
        {
          "schema_version": 0,
          "attributes": {
            "all_availability_zones": null,
            "exclude_names": null,
            "exclude_zone_ids": null,
            "filter": null,
            "group_names": [
              "ap-southeast-2-zg-1"
            ],
            "id": "ap-southeast-2",
            "names": [
              "ap-southeast-2a",
              "ap-southeast-2b",
              "ap-southeast-2c"
            ],
            "region": "ap-southeast-2",
            "state": null,
            "timeouts": null,
            "zone_ids": [
              "apse2-az1",
              "apse2-az3",
              "apse2-az2"
            ]
          },
          "sensitive_attributes": []
        }
      ]
    },
    {
      "mode": "data",
      "type": "aws_region",
      "name": "current",
      "provider": "provider[\"registry.terraform.io/hashicorp/aws\"]",
      "instances": [
        {
          "schema_version": 0,
          "attributes": {
            "description": "Asia Pacific (Sydney)",
            "endpoint": "ec2.ap-southeast-2.amazonaws.com",
            "id": "ap-southeast-2",
            "name": "ap-southeast-2",
            "region": "ap-southeast-2"
          },
          "sensitive_attributes": []
        }
      ]
    },
    {
      "mode": "managed",
      "type": "aws_instance",
      "name": "ubuntu_server",
      "provider": "provider[\"registry.terraform.io/hashicorp/aws\"]",
      "instances": [
        {
          "schema_version": 2,
          "attributes": {
            "ami": "ami-06cd25c905a7e9a0f",
            "arn": "arn:aws:ec2:ap-southeast-2:229342747134:instance/i-035692692698bd7ff",
            "associate_public_ip_address": true,
            "availability_zone": "ap-southeast-2b",
            "capacity_reservation_specification": [
              {
                "capacity_reservation_preference": "open",
                "capacity_reservation_target": []
              }
            ],
            "cpu_options": [
              {
                "amd_sev_snp": "",
                "core_count": 1,
                "threads_per_core": 1
              }
            ],
            "credit_specification": [
              {
                "cpu_credits": "standard"
              }
            ],
            "disable_api_stop": false,
            "disable_api_termination": false,
            "ebs_block_device": [],
            "ebs_optimized": false,
            "enable_primary_ipv6": null,
            "enclave_options": [
              {
                "enabled": false
              }
            ],
            "ephemeral_block_device": [],
            "force_destroy": false,
            "get_password_data": false,
            "hibernation": false,
            "host_id": "",
            "host_resource_group_arn": null,
            "iam_instance_profile": "",
            "id": "i-035692692698bd7ff",
            "instance_initiated_shutdown_behavior": "stop",
            "instance_lifecycle": "",
            "instance_market_options": [],
            "instance_state": "running",
            "instance_type": "t2.micro",
            "ipv6_address_count": 0,
            "ipv6_addresses": [],
            "key_name": "MyAWSKey",
            "launch_template": [],
            "maintenance_options": [
              {
                "auto_recovery": "default"
              }
            ],
            "metadata_options": [
              {
                "http_endpoint": "enabled",
                "http_protocol_ipv6": "disabled",
                "http_put_response_hop_limit": 1,
                "http_tokens": "optional",
                "instance_metadata_tags": "disabled"
              }
            ],
            "monitoring": false,
            "network_interface": [],
            "outpost_arn": "",
            "password_data": "",
            "placement_group": "",
            "placement_group_id": "",
            "placement_partition_number": 0,
            "primary_network_interface": [
              {
                "delete_on_termination": true,
                "network_interface_id": "eni-0cc94357f82b8eed4"
              }
            ],
            "primary_network_interface_id": "eni-0cc94357f82b8eed4",
            "private_dns": "ip-10-0-101-210.ap-southeast-2.compute.internal",
            "private_dns_name_options": [
              {
                "enable_resource_name_dns_a_record": false,
                "enable_resource_name_dns_aaaa_record": false,
                "hostname_type": "ip-name"
              }
            ],
            "private_ip": "10.0.101.210",
            "public_dns": "",
            "public_ip": "13.239.21.219",
            "region": "ap-southeast-2",
            "root_block_device": [
              {
                "delete_on_termination": true,
                "device_name": "/dev/sda1",
                "encrypted": false,
                "iops": 100,
                "kms_key_id": "",
                "tags": {},
                "tags_all": {},
                "throughput": 0,
                "volume_id": "vol-01dcba38abdd86320",
                "volume_size": 8,
                "volume_type": "gp2"
              }
            ],
            "secondary_private_ips": [],
            "security_groups": [
              "sg-07723e2dfa9f16fff",
              "sg-0a12cafedcb2e4a66",
              "sg-0fe6c2936e1a73f97"
            ],
            "source_dest_check": true,
            "spot_instance_request_id": "",
            "subnet_id": "subnet-016b7cbf9e848ff64",
            "tags": {
              "App": "core_api",
              "Name": "ec2-Dev-api-ap-southeast-2a",
              "Owner": "api_mgmt_dev"
            },
            "tags_all": {
              "App": "core_api",
              "Name": "ec2-Dev-api-ap-southeast-2a",
              "Owner": "api_mgmt_dev"
            },
            "tenancy": "default",
            "timeouts": null,
            "user_data": null,
            "user_data_base64": null,
            "user_data_replace_on_change": false,
            "volume_tags": null,
            "vpc_security_group_ids": [
              "sg-07723e2dfa9f16fff",
              "sg-0a12cafedcb2e4a66",
              "sg-0fe6c2936e1a73f97"
            ]
          },
          "sensitive_attributes": [],
          "private": "eyJlMmJmYjczMC1lY2FhLTExZTYtOGY4OC0zNDM2M2JjN2M0YzAiOnsiY3JlYXRlIjo2MDAwMDAwMDAwMDAsImRlbGV0ZSI6MTIwMDAwMDAwMDAwMCwicmVhZCI6OTAwMDAwMDAwMDAwLCJ1cGRhdGUiOjYwMDAwMDAwMDAwMH0sInNjaGVtYV92ZXJzaW9uIjoiMiJ9",
          "dependencies": [
            "aws_key_pair.generated",
            "aws_security_group.ingress-ssh",
            "aws_security_group.vpc-ping",
            "aws_security_group.vpc-web",
            "aws_subnet.public_subnets",
            "aws_vpc.vpc",
            "data.aws_ami.ubuntu",
            "data.aws_availability_zones.available",
            "data.aws_region.current",
            "local_file.private_key_pem",
            "tls_private_key.generated"
          ]
        }
      ]
    },
    {
      "mode": "managed",
      "type": "aws_internet_gateway",
      "name": "demo_igw",
      "provider": "provider[\"registry.terraform.io/hashicorp/aws\"]",
      "instances": [
        {
          "schema_version": 0,
          "attributes": {
            "arn": "arn:aws:ec2:ap-southeast-2:229342747134:internet-gateway/igw-0cfd4a598e1387d45",
            "id": "igw-0cfd4a598e1387d45",
            "owner_id": "229342747134",
            "region": "ap-southeast-2",
            "tags": {
              "Name": "Demo IGW"
            },
            "tags_all": {
              "Name": "Demo IGW"
            },
            "timeouts": null,
            "vpc_id": "vpc-0a38b8330e19e954b"
          },
          "sensitive_attributes": [],
          "private": "eyJlMmJmYjczMC1lY2FhLTExZTYtOGY4OC0zNDM2M2JjN2M0YzAiOnsiY3JlYXRlIjoxMjAwMDAwMDAwMDAwLCJkZWxldGUiOjEyMDAwMDAwMDAwMDAsInVwZGF0ZSI6MTIwMDAwMDAwMDAwMH19",
          "dependencies": [
            "aws_vpc.vpc",
            "data.aws_region.current"
          ]
        }
      ]
    },
    {
      "mode": "managed",
      "type": "aws_key_pair",
      "name": "generated",
      "provider": "provider[\"registry.terraform.io/hashicorp/aws\"]",
      "instances": [
        {
          "schema_version": 1,
          "attributes": {
            "arn": "arn:aws:ec2:ap-southeast-2:229342747134:key-pair/MyAWSKey",
            "fingerprint": "d4:5f:db:ea:1d:2a:6f:de:70:fc:38:1a:6c:31:ce:d3",
            "id": "MyAWSKey",
            "key_name": "MyAWSKey",
            "key_name_prefix": "",
            "key_pair_id": "key-0959f28022b3e10c6",
            "key_type": "rsa",
            "public_key": "ssh-rsa AAAAB3NzaC1yc2EAAAADAQABAAABAQC/Ae0iWpoKsE5RYpr/0LrxYdnZ4NquYRUF2289+9x0b+dcDLDsA/Cijk5tXFW+R+bqN8bfKS3Nmp8z2AE/qH8u0xkDGsci/PFsdOdAXOg2rkxZ6xGJGlltdOtgrA/ZInWxhVu2JPW29vl2WRxjW/h6VJaiwLDLkEKHyp+zU/kfDykLzl8j0u31/yLhTlEc8sDeNXQYez9TEKNLcdXTg5Si6z5b2CoNEXtQyloiRK/WpDTUq5Xv956RWl9Ma969VsTriOGDeY32CCmaGFi6ml2Cm6t0XV+Nl8fl3ZY6JhyjRIxYXAWvH933Z5D89PJvWX79DK7EnXLnoEtW2a3BHaDT",
            "region": "ap-southeast-2",
            "tags": null,
            "tags_all": {}
          },
          "sensitive_attributes": [],
          "private": "eyJzY2hlbWFfdmVyc2lvbiI6IjEifQ==",
          "dependencies": [
            "tls_private_key.generated"
          ]
        }
      ]
    },
    {
      "mode": "managed",
      "type": "aws_route",
      "name": "demo_route_table",
      "provider": "provider[\"registry.terraform.io/hashicorp/aws\"]",
      "instances": [
        {
          "schema_version": 0,
          "attributes": {
            "carrier_gateway_id": "",
            "core_network_arn": "",
            "destination_cidr_block": "0.0.0.0/0",
            "destination_ipv6_cidr_block": "",
            "destination_prefix_list_id": "",
            "egress_only_gateway_id": "",
            "gateway_id": "igw-0cfd4a598e1387d45",
            "id": "r-rtb-017925a7974fba4b51080289494",
            "instance_id": "",
            "instance_owner_id": "",
            "local_gateway_id": "",
            "nat_gateway_id": "",
            "network_interface_id": "",
            "origin": "CreateRoute",
            "region": "ap-southeast-2",
            "route_table_id": "rtb-017925a7974fba4b5",
            "state": "active",
            "timeouts": null,
            "transit_gateway_id": "",
            "vpc_endpoint_id": "",
            "vpc_peering_connection_id": ""
          },
          "sensitive_attributes": [],
          "private": "eyJlMmJmYjczMC1lY2FhLTExZTYtOGY4OC0zNDM2M2JjN2M0YzAiOnsiY3JlYXRlIjozMDAwMDAwMDAwMDAsImRlbGV0ZSI6MzAwMDAwMDAwMDAwLCJ1cGRhdGUiOjEyMDAwMDAwMDAwMH19",
          "dependencies": [
            "aws_internet_gateway.demo_igw",
            "aws_vpc.vpc",
            "data.aws_region.current"
          ]
        }
      ]
    },
    {
      "mode": "managed",
      "type": "aws_s3_bucket",
      "name": "my-aws-s3-bucket",
      "provider": "provider[\"registry.terraform.io/hashicorp/aws\"]",
      "instances": [
        {
          "schema_version": 0,
          "attributes": {
            "acceleration_status": "",
            "acl": null,
            "arn": "arn:aws:s3:::fkaba-sirri-5b63ec9ebedd7a3fc6a109d738fa3c04",
            "bucket": "fkaba-sirri-5b63ec9ebedd7a3fc6a109d738fa3c04",
            "bucket_domain_name": "fkaba-sirri-5b63ec9ebedd7a3fc6a109d738fa3c04.s3.amazonaws.com",
            "bucket_prefix": "fkaba-sirri-5b63ec",
            "bucket_region": "ap-southeast-2",
            "bucket_regional_domain_name": "fkaba-sirri-5b63ec9ebedd7a3fc6a109d738fa3c04.s3.ap-southeast-2.amazonaws.com",
            "cors_rule": [],
            "force_destroy": false,
            "grant": [
              {
                "id": "f5280c0f4eaccbfcea1406ef4e975dad15b514928f69f45ee51d13cd6b665334",
                "permissions": [
                  "FULL_CONTROL"
                ],
                "type": "CanonicalUser",
                "uri": ""
              }
            ],
            "hosted_zone_id": "Z1WCIGYICN2BYD",
            "id": "fkaba-sirri-5b63ec9ebedd7a3fc6a109d738fa3c04",
            "lifecycle_rule": [],
            "logging": [],
            "object_lock_configuration": [],
            "object_lock_enabled": false,
            "policy": "",
            "region": "ap-southeast-2",
            "replication_configuration": [],
            "request_payer": "BucketOwner",
            "server_side_encryption_configuration": [
              {
                "rule": [
                  {
                    "apply_server_side_encryption_by_default": [
                      {
                        "kms_master_key_id": "",
                        "sse_algorithm": "AES256"
                      }
                    ],
                    "bucket_key_enabled": false
                  }
                ]
              }
            ],
            "tags": {
              "Name": "MY s3 bucket",
              "Purpose": "Building an automation"
            },
            "tags_all": {
              "Name": "MY s3 bucket",
              "Purpose": "Building an automation"
            },
            "timeouts": null,
            "versioning": [
              {
                "enabled": false,
                "mfa_delete": false
              }
            ],
            "website": [],
            "website_domain": null,
            "website_endpoint": null
          },
          "sensitive_attributes": [],
          "private": "eyJlMmJmYjczMC1lY2FhLTExZTYtOGY4OC0zNDM2M2JjN2M0YzAiOnsiY3JlYXRlIjoxMjAwMDAwMDAwMDAwLCJkZWxldGUiOjM2MDAwMDAwMDAwMDAsInJlYWQiOjEyMDAwMDAwMDAwMDAsInVwZGF0ZSI6MTIwMDAwMDAwMDAwMH19",
          "dependencies": [
            "random_id.randomness"
          ]
        }
      ]
    },
    {
      "mode": "managed",
      "type": "aws_security_group",
      "name": "ingress-ssh",
      "provider": "provider[\"registry.terraform.io/hashicorp/aws\"]",
      "instances": [
        {
          "schema_version": 1,
          "attributes": {
            "arn": "arn:aws:ec2:ap-southeast-2:229342747134:security-group/sg-0fe6c2936e1a73f97",
            "description": "Managed by Terraform",
            "egress": [
              {
                "cidr_blocks": [
                  "0.0.0.0/0"
                ],
                "description": "",
                "from_port": 0,
                "ipv6_cidr_blocks": [],
                "prefix_list_ids": [],
                "protocol": "-1",
                "security_groups": [],
                "self": false,
                "to_port": 0
              }
            ],
            "id": "sg-0fe6c2936e1a73f97",
            "ingress": [
              {
                "cidr_blocks": [
                  "0.0.0.0/0"
                ],
                "description": "",
                "from_port": 22,
                "ipv6_cidr_blocks": [],
                "prefix_list_ids": [],
                "protocol": "tcp",
                "security_groups": [],
                "self": false,
                "to_port": 22
              }
            ],
            "name": "allow-all-ssh",
            "name_prefix": "",
            "owner_id": "229342747134",
            "region": "ap-southeast-2",
            "revoke_rules_on_delete": false,
            "tags": null,
            "tags_all": {},
            "timeouts": null,
            "vpc_id": "vpc-0a38b8330e19e954b"
          },
          "sensitive_attributes": [],
          "private": "eyJlMmJmYjczMC1lY2FhLTExZTYtOGY4OC0zNDM2M2JjN2M0YzAiOnsiY3JlYXRlIjo2MDAwMDAwMDAwMDAsImRlbGV0ZSI6OTAwMDAwMDAwMDAwfSwic2NoZW1hX3ZlcnNpb24iOiIxIn0=",
          "dependencies": [
            "aws_vpc.vpc",
            "data.aws_region.current"
          ]
        }
      ]
    },
    {
      "mode": "managed",
      "type": "aws_security_group",
      "name": "vpc-ping",
      "provider": "provider[\"registry.terraform.io/hashicorp/aws\"]",
      "instances": [
        {
          "schema_version": 1,
          "attributes": {
            "arn": "arn:aws:ec2:ap-southeast-2:229342747134:security-group/sg-0a12cafedcb2e4a66",
            "description": "ICMP for Ping Access",
            "egress": [
              {
                "cidr_blocks": [
                  "0.0.0.0/0"
                ],
                "description": "Allow all ip and ports outbound",
                "from_port": 0,
                "ipv6_cidr_blocks": [],
                "prefix_list_ids": [],
                "protocol": "-1",
                "security_groups": [],
                "self": false,
                "to_port": 0
              }
            ],
            "id": "sg-0a12cafedcb2e4a66",
            "ingress": [
              {
                "cidr_blocks": [
                  "0.0.0.0/0"
                ],
                "description": "Allow ICMP Traffic",
                "from_port": -1,
                "ipv6_cidr_blocks": [],
                "prefix_list_ids": [],
                "protocol": "icmp",
                "security_groups": [],
                "self": false,
                "to_port": -1
              }
            ],
            "name": "vpc-ping",
            "name_prefix": "",
            "owner_id": "229342747134",
            "region": "ap-southeast-2",
            "revoke_rules_on_delete": false,
            "tags": null,
            "tags_all": {},
            "timeouts": null,
            "vpc_id": "vpc-0a38b8330e19e954b"
          },
          "sensitive_attributes": [],
          "private": "eyJlMmJmYjczMC1lY2FhLTExZTYtOGY4OC0zNDM2M2JjN2M0YzAiOnsiY3JlYXRlIjo2MDAwMDAwMDAwMDAsImRlbGV0ZSI6OTAwMDAwMDAwMDAwfSwic2NoZW1hX3ZlcnNpb24iOiIxIn0=",
          "dependencies": [
            "aws_vpc.vpc",
            "data.aws_region.current"
          ]
        }
      ]
    },
    {
      "mode": "managed",
      "type": "aws_security_group",
      "name": "vpc-web",
      "provider": "provider[\"registry.terraform.io/hashicorp/aws\"]",
      "instances": [
        {
          "schema_version": 1,
          "attributes": {
            "arn": "arn:aws:ec2:ap-southeast-2:229342747134:security-group/sg-07723e2dfa9f16fff",
            "description": "Web Traffic",
            "egress": [
              {
                "cidr_blocks": [
                  "0.0.0.0/0"
                ],
                "description": "Allow all ip and ports outbound",
                "from_port": 0,
                "ipv6_cidr_blocks": [],
                "prefix_list_ids": [],
                "protocol": "-1",
                "security_groups": [],
                "self": false,
                "to_port": 0
              }
            ],
            "id": "sg-07723e2dfa9f16fff",
            "ingress": [
              {
                "cidr_blocks": [
                  "0.0.0.0/0"
                ],
                "description": "Allow Port 443",
                "from_port": 443,
                "ipv6_cidr_blocks": [],
                "prefix_list_ids": [],
                "protocol": "tcp",
                "security_groups": [],
                "self": false,
                "to_port": 443
              },
              {
                "cidr_blocks": [
                  "0.0.0.0/0"
                ],
                "description": "Allow Port 80",
                "from_port": 80,
                "ipv6_cidr_blocks": [],
                "prefix_list_ids": [],
                "protocol": "tcp",
                "security_groups": [],
                "self": false,
                "to_port": 80
              }
            ],
            "name": "vpc-web-default",
            "name_prefix": "",
            "owner_id": "229342747134",
            "region": "ap-southeast-2",
            "revoke_rules_on_delete": false,
            "tags": null,
            "tags_all": {},
            "timeouts": null,
            "vpc_id": "vpc-0a38b8330e19e954b"
          },
          "sensitive_attributes": [],
          "private": "eyJlMmJmYjczMC1lY2FhLTExZTYtOGY4OC0zNDM2M2JjN2M0YzAiOnsiY3JlYXRlIjo2MDAwMDAwMDAwMDAsImRlbGV0ZSI6OTAwMDAwMDAwMDAwfSwic2NoZW1hX3ZlcnNpb24iOiIxIn0=",
          "dependencies": [
            "aws_vpc.vpc",
            "data.aws_region.current"
          ]
        }
      ]
    },
    {
      "mode": "managed",
      "type": "aws_subnet",
      "name": "private_subnets",
      "provider": "provider[\"registry.terraform.io/hashicorp/aws\"]",
      "instances": [
        {
          "index_key": "private_subnet_1",
          "schema_version": 1,
          "attributes": {
            "arn": "arn:aws:ec2:ap-southeast-2:229342747134:subnet/subnet-06d157afd65ac6cd3",
            "assign_ipv6_address_on_creation": false,
            "availability_zone": "ap-southeast-2b",
            "availability_zone_id": "apse2-az3",
            "cidr_block": "10.0.1.0/24",
            "customer_owned_ipv4_pool": "",
            "enable_dns64": false,
            "enable_lni_at_device_index": 0,
            "enable_resource_name_dns_a_record_on_launch": false,
            "enable_resource_name_dns_aaaa_record_on_launch": false,
            "id": "subnet-06d157afd65ac6cd3",
            "ipv6_cidr_block": "",
            "ipv6_cidr_block_association_id": "",
            "ipv6_native": false,
            "map_customer_owned_ip_on_launch": false,
            "map_public_ip_on_launch": false,
            "outpost_arn": "",
            "owner_id": "229342747134",
            "private_dns_hostname_type_on_launch": "ip-name",
            "region": "ap-southeast-2",
            "tags": {
              "Name": "private_subnet_1",
              "Terraform": "true"
            },
            "tags_all": {
              "Name": "private_subnet_1",
              "Terraform": "true"
            },
            "timeouts": null,
            "vpc_id": "vpc-0a38b8330e19e954b"
          },
          "sensitive_attributes": [],
          "private": "eyJlMmJmYjczMC1lY2FhLTExZTYtOGY4OC0zNDM2M2JjN2M0YzAiOnsiY3JlYXRlIjo2MDAwMDAwMDAwMDAsImRlbGV0ZSI6MTIwMDAwMDAwMDAwMH0sInNjaGVtYV92ZXJzaW9uIjoiMSJ9",
          "dependencies": [
            "aws_vpc.vpc",
            "data.aws_availability_zones.available",
            "data.aws_region.current"
          ]
        },
        {
          "index_key": "private_subnet_2",
          "schema_version": 1,
          "attributes": {
            "arn": "arn:aws:ec2:ap-southeast-2:229342747134:subnet/subnet-01c5a9b2b1d50de31",
            "assign_ipv6_address_on_creation": false,
            "availability_zone": "ap-southeast-2c",
            "availability_zone_id": "apse2-az2",
            "cidr_block": "10.0.2.0/24",
            "customer_owned_ipv4_pool": "",
            "enable_dns64": false,
            "enable_lni_at_device_index": 0,
            "enable_resource_name_dns_a_record_on_launch": false,
            "enable_resource_name_dns_aaaa_record_on_launch": false,
            "id": "subnet-01c5a9b2b1d50de31",
            "ipv6_cidr_block": "",
            "ipv6_cidr_block_association_id": "",
            "ipv6_native": false,
            "map_customer_owned_ip_on_launch": false,
            "map_public_ip_on_launch": false,
            "outpost_arn": "",
            "owner_id": "229342747134",
            "private_dns_hostname_type_on_launch": "ip-name",
            "region": "ap-southeast-2",
            "tags": {
              "Name": "private_subnet_2",
              "Terraform": "true"
            },
            "tags_all": {
              "Name": "private_subnet_2",
              "Terraform": "true"
            },
            "timeouts": null,
            "vpc_id": "vpc-0a38b8330e19e954b"
          },
          "sensitive_attributes": [],
          "private": "eyJlMmJmYjczMC1lY2FhLTExZTYtOGY4OC0zNDM2M2JjN2M0YzAiOnsiY3JlYXRlIjo2MDAwMDAwMDAwMDAsImRlbGV0ZSI6MTIwMDAwMDAwMDAwMH0sInNjaGVtYV92ZXJzaW9uIjoiMSJ9",
          "dependencies": [
            "aws_vpc.vpc",
            "data.aws_availability_zones.available",
            "data.aws_region.current"
          ]
        },
        {
          "index_key": "private_subnet_3",
          "schema_version": 1,
          "attributes": {
            "arn": "arn:aws:ec2:ap-southeast-2:229342747134:subnet/subnet-00767e781780a7c49",
            "assign_ipv6_address_on_creation": false,
            "availability_zone": "ap-southeast-2a",
            "availability_zone_id": "apse2-az1",
            "cidr_block": "10.0.3.0/24",
            "customer_owned_ipv4_pool": "",
            "enable_dns64": false,
            "enable_lni_at_device_index": 0,
            "enable_resource_name_dns_a_record_on_launch": false,
            "enable_resource_name_dns_aaaa_record_on_launch": false,
            "id": "subnet-00767e781780a7c49",
            "ipv6_cidr_block": "",
            "ipv6_cidr_block_association_id": "",
            "ipv6_native": false,
            "map_customer_owned_ip_on_launch": false,
            "map_public_ip_on_launch": false,
            "outpost_arn": "",
            "owner_id": "229342747134",
            "private_dns_hostname_type_on_launch": "ip-name",
            "region": "ap-southeast-2",
            "tags": {
              "Name": "private_subnet_3",
              "Terraform": "true"
            },
            "tags_all": {
              "Name": "private_subnet_3",
              "Terraform": "true"
            },
            "timeouts": null,
            "vpc_id": "vpc-0a38b8330e19e954b"
          },
          "sensitive_attributes": [],
          "private": "eyJlMmJmYjczMC1lY2FhLTExZTYtOGY4OC0zNDM2M2JjN2M0YzAiOnsiY3JlYXRlIjo2MDAwMDAwMDAwMDAsImRlbGV0ZSI6MTIwMDAwMDAwMDAwMH0sInNjaGVtYV92ZXJzaW9uIjoiMSJ9",
          "dependencies": [
            "aws_vpc.vpc",
            "data.aws_availability_zones.available",
            "data.aws_region.current"
          ]
        }
      ]
    },
    {
      "mode": "managed",
      "type": "aws_subnet",
      "name": "public_subnets",
      "provider": "provider[\"registry.terraform.io/hashicorp/aws\"]",
      "instances": [
        {
          "index_key": "public_subnet_1",
          "schema_version": 1,
          "attributes": {
            "arn": "arn:aws:ec2:ap-southeast-2:229342747134:subnet/subnet-016b7cbf9e848ff64",
            "assign_ipv6_address_on_creation": false,
            "availability_zone": "ap-southeast-2b",
            "availability_zone_id": "apse2-az3",
            "cidr_block": "10.0.101.0/24",
            "customer_owned_ipv4_pool": "",
            "enable_dns64": false,
            "enable_lni_at_device_index": 0,
            "enable_resource_name_dns_a_record_on_launch": false,
            "enable_resource_name_dns_aaaa_record_on_launch": false,
            "id": "subnet-016b7cbf9e848ff64",
            "ipv6_cidr_block": "",
            "ipv6_cidr_block_association_id": "",
            "ipv6_native": false,
            "map_customer_owned_ip_on_launch": false,
            "map_public_ip_on_launch": true,
            "outpost_arn": "",
            "owner_id": "229342747134",
            "private_dns_hostname_type_on_launch": "ip-name",
            "region": "ap-southeast-2",
            "tags": {
              "Name": "public_subnet_1",
              "Terraform": "true"
            },
            "tags_all": {
              "Name": "public_subnet_1",
              "Terraform": "true"
            },
            "timeouts": null,
            "vpc_id": "vpc-0a38b8330e19e954b"
          },
          "sensitive_attributes": [],
          "private": "eyJlMmJmYjczMC1lY2FhLTExZTYtOGY4OC0zNDM2M2JjN2M0YzAiOnsiY3JlYXRlIjo2MDAwMDAwMDAwMDAsImRlbGV0ZSI6MTIwMDAwMDAwMDAwMH0sInNjaGVtYV92ZXJzaW9uIjoiMSJ9",
          "dependencies": [
            "aws_vpc.vpc",
            "data.aws_availability_zones.available",
            "data.aws_region.current"
          ]
        },
        {
          "index_key": "public_subnet_2",
          "schema_version": 1,
          "attributes": {
            "arn": "arn:aws:ec2:ap-southeast-2:229342747134:subnet/subnet-062adeaa7847b10a6",
            "assign_ipv6_address_on_creation": false,
            "availability_zone": "ap-southeast-2c",
            "availability_zone_id": "apse2-az2",
            "cidr_block": "10.0.102.0/24",
            "customer_owned_ipv4_pool": "",
            "enable_dns64": false,
            "enable_lni_at_device_index": 0,
            "enable_resource_name_dns_a_record_on_launch": false,
            "enable_resource_name_dns_aaaa_record_on_launch": false,
            "id": "subnet-062adeaa7847b10a6",
            "ipv6_cidr_block": "",
            "ipv6_cidr_block_association_id": "",
            "ipv6_native": false,
            "map_customer_owned_ip_on_launch": false,
            "map_public_ip_on_launch": true,
            "outpost_arn": "",
            "owner_id": "229342747134",
            "private_dns_hostname_type_on_launch": "ip-name",
            "region": "ap-southeast-2",
            "tags": {
              "Name": "public_subnet_2",
              "Terraform": "true"
            },
            "tags_all": {
              "Name": "public_subnet_2",
              "Terraform": "true"
            },
            "timeouts": null,
            "vpc_id": "vpc-0a38b8330e19e954b"
          },
          "sensitive_attributes": [],
          "private": "eyJlMmJmYjczMC1lY2FhLTExZTYtOGY4OC0zNDM2M2JjN2M0YzAiOnsiY3JlYXRlIjo2MDAwMDAwMDAwMDAsImRlbGV0ZSI6MTIwMDAwMDAwMDAwMH0sInNjaGVtYV92ZXJzaW9uIjoiMSJ9",
          "dependencies": [
            "aws_vpc.vpc",
            "data.aws_availability_zones.available",
            "data.aws_region.current"
          ]
        },
        {
          "index_key": "public_subnet_3",
          "schema_version": 1,
          "attributes": {
            "arn": "arn:aws:ec2:ap-southeast-2:229342747134:subnet/subnet-02c69fd92945cb319",
            "assign_ipv6_address_on_creation": false,
            "availability_zone": "ap-southeast-2a",
            "availability_zone_id": "apse2-az1",
            "cidr_block": "10.0.103.0/24",
            "customer_owned_ipv4_pool": "",
            "enable_dns64": false,
            "enable_lni_at_device_index": 0,
            "enable_resource_name_dns_a_record_on_launch": false,
            "enable_resource_name_dns_aaaa_record_on_launch": false,
            "id": "subnet-02c69fd92945cb319",
            "ipv6_cidr_block": "",
            "ipv6_cidr_block_association_id": "",
            "ipv6_native": false,
            "map_customer_owned_ip_on_launch": false,
            "map_public_ip_on_launch": true,
            "outpost_arn": "",
            "owner_id": "229342747134",
            "private_dns_hostname_type_on_launch": "ip-name",
            "region": "ap-southeast-2",
            "tags": {
              "Name": "public_subnet_3",
              "Terraform": "true"
            },
            "tags_all": {
              "Name": "public_subnet_3",
              "Terraform": "true"
            },
            "timeouts": null,
            "vpc_id": "vpc-0a38b8330e19e954b"
          },
          "sensitive_attributes": [],
          "private": "eyJlMmJmYjczMC1lY2FhLTExZTYtOGY4OC0zNDM2M2JjN2M0YzAiOnsiY3JlYXRlIjo2MDAwMDAwMDAwMDAsImRlbGV0ZSI6MTIwMDAwMDAwMDAwMH0sInNjaGVtYV92ZXJzaW9uIjoiMSJ9",
          "dependencies": [
            "aws_vpc.vpc",
            "data.aws_availability_zones.available",
            "data.aws_region.current"
          ]
        }
      ]
    },
    {
      "mode": "managed",
      "type": "aws_subnet",
      "name": "variables-subnet",
      "provider": "provider[\"registry.terraform.io/hashicorp/aws\"]",
      "instances": [
        {
          "schema_version": 1,
          "attributes": {
            "arn": "arn:aws:ec2:ap-southeast-2:229342747134:subnet/subnet-0955d093adfa5be56",
            "assign_ipv6_address_on_creation": false,
            "availability_zone": "ap-southeast-2a",
            "availability_zone_id": "apse2-az1",
            "cidr_block": "10.0.250.0/24",
            "customer_owned_ipv4_pool": "",
            "enable_dns64": false,
            "enable_lni_at_device_index": 0,
            "enable_resource_name_dns_a_record_on_launch": false,
            "enable_resource_name_dns_aaaa_record_on_launch": false,
            "id": "subnet-0955d093adfa5be56",
            "ipv6_cidr_block": "",
            "ipv6_cidr_block_association_id": "",
            "ipv6_native": false,
            "map_customer_owned_ip_on_launch": false,
            "map_public_ip_on_launch": true,
            "outpost_arn": "",
            "owner_id": "229342747134",
            "private_dns_hostname_type_on_launch": "ip-name",
            "region": "ap-southeast-2",
            "tags": {
              "Name": "sub-variableap-southeast-2a",
              "Terraform": "true"
            },
            "tags_all": {
              "Name": "sub-variableap-southeast-2a",
              "Terraform": "true"
            },
            "timeouts": null,
            "vpc_id": "vpc-0a38b8330e19e954b"
          },
          "sensitive_attributes": [],
          "private": "eyJlMmJmYjczMC1lY2FhLTExZTYtOGY4OC0zNDM2M2JjN2M0YzAiOnsiY3JlYXRlIjo2MDAwMDAwMDAwMDAsImRlbGV0ZSI6MTIwMDAwMDAwMDAwMH0sInNjaGVtYV92ZXJzaW9uIjoiMSJ9",
          "dependencies": [
            "aws_vpc.vpc",
            "data.aws_region.current"
          ]
        }
      ]
    },
    {
      "mode": "managed",
      "type": "aws_vpc",
      "name": "vpc",
      "provider": "provider[\"registry.terraform.io/hashicorp/aws\"]",
      "instances": [
        {
          "schema_version": 1,
          "attributes": {
            "arn": "arn:aws:ec2:ap-southeast-2:229342747134:vpc/vpc-0a38b8330e19e954b",
            "assign_generated_ipv6_cidr_block": false,
            "cidr_block": "10.0.0.0/16",
            "default_network_acl_id": "acl-04062a8387bedadc5",
            "default_route_table_id": "rtb-017925a7974fba4b5",
            "default_security_group_id": "sg-00125ea3b59a78bc2",
            "dhcp_options_id": "dopt-0da38bf39f17302bc",
            "enable_dns_hostnames": false,
            "enable_dns_support": true,
            "enable_network_address_usage_metrics": false,
            "id": "vpc-0a38b8330e19e954b",
            "instance_tenancy": "default",
            "ipv4_ipam_pool_id": null,
            "ipv4_netmask_length": null,
            "ipv6_association_id": "",
            "ipv6_cidr_block": "",
            "ipv6_cidr_block_network_border_group": "",
            "ipv6_ipam_pool_id": "",
            "ipv6_netmask_length": 0,
            "main_route_table_id": "rtb-017925a7974fba4b5",
            "owner_id": "229342747134",
            "region": "ap-southeast-2",
            "tags": {
              "Environment": "demo_environment",
              "Name": "demo_vpc",
              "Region": "Asia Pacific (Sydney)",
              "Terraform": "true"
            },
            "tags_all": {
              "Environment": "demo_environment",
              "Name": "demo_vpc",
              "Region": "Asia Pacific (Sydney)",
              "Terraform": "true"
            }
          },
          "sensitive_attributes": [],
          "private": "eyJzY2hlbWFfdmVyc2lvbiI6IjEifQ==",
          "dependencies": [
            "data.aws_region.current"
          ]
        }
      ]
    },
    {
      "mode": "managed",
      "type": "local_file",
      "name": "private_key_pem",
      "provider": "provider[\"registry.terraform.io/hashicorp/local\"]",
      "instances": [
        {
          "schema_version": 0,
          "attributes": {
            "content": "-----BEGIN RSA PRIVATE KEY-----\nMIIEowIBAAKCAQEAvwHtIlqaCrBOUWKa/9C68WHZ2eDarmEVBdtvPfvcdG/nXAyw\n7APwoo5ObVxVvkfm6jfG3yktzZqfM9gBP6h/LtMZAxrHIvzxbHTnQFzoNq5MWesR\niRpZbXTrYKwP2SJ1sYVbtiT1tvb5dlkcY1v4elSWosCwy5BCh8qfs1P5Hw8pC85f\nI9Lt9f8i4U5RHPLA3jV0GHs/UxCjS3HV04OUous+W9gqDRF7UMpaIkSv1qQ01KuV\n7/eekVpfTGvevVbE64jhg3mN9ggpmhhYuppdgpurdF1fjZfH5d2WOiYco0SMWFwF\nrx/d92eQ/PTyb1l+/QyuxJ1y56BLVtmtwR2g0wIDAQABAoIBAC7+rdYIfaMImtRa\nUvGC7SPro9qAAL3rw+zjfvy8pZJ+X+mdc8A1/fQ42CH/GFePQEi7PXJ1or/V/bqX\nOENt1RDzvlEtuvYoTswU/TqwQTAG9WEgPXnComMUY78uxl1xpYxuV9C6SjxgiqMs\nLJhjrgCHJGLZzwXesgfP+jf4frA9sSYU9ivagSbObbsMF+rDCI0dzkFxAA+QGz4j\nmHhcRkwP9pMzk2lkGU9ccSHAUkCpCrhy4FuG9tHy/YTUelkAsrs/yFZTfPvlf1XV\nkovr0QHFYjf/ssNs5jz+UXdI9AzwPFqJpNtHnSc09MEodeQNc6uhL3GjgrVJHo4K\nuxUiL8kCgYEA0GjUD98iKBJUUBo9KSwxb5BGZlOLf9RVV6xXKB9P+m9apnYdhPNS\nezH6zbbAruGo4TP7PRL+2nHA/7NP5tH8avr6qJFVKBECN7C2gC1jD1bVFF4lh8pk\nKUuZ2tNA6VKuoX2YRFGdRNhWbPLaQVXjRgZxGbZmOGwhhYp8n1QyzJsCgYEA6p/R\nDPaVXsJDDeDMMHHQ0OSqzYuJ/umeA6xlN38VPnpOYuYt3dXr85QeL0sk73gl/RXS\n58LDNZP3+U0LkLLnSG/MF3XvehNPtA07k9y6P2N87G69GQVPAwPVjtfPW2eR96ui\nq6O5aaVI6le0enXdhOg1x/1xZvizILhg4W8IVCkCgYEAvq16gD79qD4E5/jpxlbJ\nsDIHRy3e7widQIbMg0gKy62/+ZcNsQtShqaWukofhqGt+sWtcxaDF+eF1iz/yMaM\ntHCGj13Q1MSjC8LhZuqfvHQMpgLxQYj6FRI3ZQ9tT0w3vEcF3lPxmQB6KloTOD3V\nn8bbCdRpN+wuy1iGZtwJUksCgYAk2Wbm5098a3xGkLjhHu8R7+gXkkPhImXr48ad\n2brHbkQjak1n2vJM9kVrXhz182PcBPJz7fXk01GN+RjI6CBFEzH1uVMcVC4fdDiY\nN4GU9RYouBfA90F6kr6WybRKgdC+GlnZJUS4n/n8vDufRCW/ewz/VQHbj1Hq4Kpu\nnZasSQKBgAIeDTDAzxwp4Oe/8guQIj1OHjPiL2gA9jBUo/+1y6EAhemtOYdf/ABe\nNXWT8Zy90YeEP/RSf7LRzCBdJ/OpyA7FVwt0jhZhzZFPFKErixXCaseip9AnsmUC\nQe3fkZ11s0Yurwj1wBjyWPOciJrmpAXWiUxpMPVcTyJqljvAv6C2\n-----END RSA PRIVATE KEY-----\n",
            "content_base64": null,
            "content_base64sha256": "psJHuK+2f4QVLr+o4frDqEmqwEiONuWpDg5VzQatHgw=",
            "content_base64sha512": "BlLV6pLkyxSw7yr8O37m16bOHrcQoW8QAyRVjBH32TEZmbimpZ6PQMKL00Gm+dzN6UHZ3aCYC0xy4/vk9sREvw==",
            "content_md5": "9daef97700a2d26db6c60800cbc44bb7",
            "content_sha1": "9644d55899aa49c9f36c124f391cbc69fc552b50",
            "content_sha256": "a6c247b8afb67f84152ebfa8e1fac3a849aac0488e36e5a90e0e55cd06ad1e0c",
            "content_sha512": "0652d5ea92e4cb14b0ef2afc3b7ee6d7a6ce1eb710a16f100324558c11f7d9311999b8a6a59e8f40c28bd341a6f9dccde941d9dda0980b4c72e3fbe4f6c444bf",
            "directory_permission": "0777",
            "file_permission": "0777",
            "filename": "MyAWSKey.pem",
            "id": "9644d55899aa49c9f36c124f391cbc69fc552b50",
            "sensitive_content": null,
            "source": null
          },
          "sensitive_attributes": [
            [
              {
                "type": "get_attr",
                "value": "content"
              }
            ],
            [
              {
                "type": "get_attr",
                "value": "sensitive_content"
              }
            ]
          ],
          "dependencies": [
            "tls_private_key.generated"
          ]
        }
      ]
    },
    {
      "mode": "managed",
      "type": "random_id",
      "name": "randomness",
      "provider": "provider[\"registry.terraform.io/hashicorp/random\"]",
      "instances": [
        {
          "schema_version": 0,
          "attributes": {
            "b64_std": "W2Psnr7dej/GoQnXOPo8BA==",
            "b64_url": "W2Psnr7dej_GoQnXOPo8BA",
            "byte_length": 16,
            "dec": "121478584231208333194815267709826776068",
            "hex": "5b63ec9ebedd7a3fc6a109d738fa3c04",
            "id": "W2Psnr7dej_GoQnXOPo8BA",
            "keepers": null,
            "prefix": null
          },
          "sensitive_attributes": [],
          "private": "bnVsbA=="
        }
      ]
    },
    {
      "mode": "managed",
      "type": "tls_private_key",
      "name": "generated",
      "provider": "provider[\"registry.terraform.io/hashicorp/tls\"]",
      "instances": [
        {
          "schema_version": 1,
          "attributes": {
            "algorithm": "RSA",
            "ecdsa_curve": "P224",
            "id": "bb1b33d2962272bf8ca07ac0d40aceae424ed995",
            "private_key_openssh": "-----BEGIN OPENSSH PRIVATE KEY-----\nb3BlbnNzaC1rZXktdjEAAAAABG5vbmUAAAAEbm9uZQAAAAAAAAABAAABFwAAAAdz\nc2gtcnNhAAAAAwEAAQAAAQEAvwHtIlqaCrBOUWKa/9C68WHZ2eDarmEVBdtvPfvc\ndG/nXAyw7APwoo5ObVxVvkfm6jfG3yktzZqfM9gBP6h/LtMZAxrHIvzxbHTnQFzo\nNq5MWesRiRpZbXTrYKwP2SJ1sYVbtiT1tvb5dlkcY1v4elSWosCwy5BCh8qfs1P5\nHw8pC85fI9Lt9f8i4U5RHPLA3jV0GHs/UxCjS3HV04OUous+W9gqDRF7UMpaIkSv\n1qQ01KuV7/eekVpfTGvevVbE64jhg3mN9ggpmhhYuppdgpurdF1fjZfH5d2WOiYc\no0SMWFwFrx/d92eQ/PTyb1l+/QyuxJ1y56BLVtmtwR2g0wAAA7iPFjV/jxY1fwAA\nAAdzc2gtcnNhAAABAQC/Ae0iWpoKsE5RYpr/0LrxYdnZ4NquYRUF2289+9x0b+dc\nDLDsA/Cijk5tXFW+R+bqN8bfKS3Nmp8z2AE/qH8u0xkDGsci/PFsdOdAXOg2rkxZ\n6xGJGlltdOtgrA/ZInWxhVu2JPW29vl2WRxjW/h6VJaiwLDLkEKHyp+zU/kfDykL\nzl8j0u31/yLhTlEc8sDeNXQYez9TEKNLcdXTg5Si6z5b2CoNEXtQyloiRK/WpDTU\nq5Xv956RWl9Ma969VsTriOGDeY32CCmaGFi6ml2Cm6t0XV+Nl8fl3ZY6JhyjRIxY\nXAWvH933Z5D89PJvWX79DK7EnXLnoEtW2a3BHaDTAAAAAwEAAQAAAQAu/q3WCH2j\nCJrUWlLxgu0j66PagAC968Ps4378vKWSfl/pnXPANf30ONgh/xhXj0BIuz1ydaK/\n1f26lzhDbdUQ875RLbr2KE7MFP06sEEwBvVhID15wqJjFGO/LsZdcaWMblfQuko8\nYIqjLCyYY64AhyRi2c8F3rIHz/o3+H6wPbEmFPYr2oEmzm27DBfqwwiNHc5BcQAP\nkBs+I5h4XEZMD/aTM5NpZBlPXHEhwFJAqQq4cuBbhvbR8v2E1HpZALK7P8hWU3z7\n5X9V1ZKL69EBxWI3/7LDbOY8/lF3SPQM8DxaiaTbR50nNPTBKHXkDXOroS9xo4K1\nSR6OCrsVIi/JAAAAgAIeDTDAzxwp4Oe/8guQIj1OHjPiL2gA9jBUo/+1y6EAhemt\nOYdf/ABeNXWT8Zy90YeEP/RSf7LRzCBdJ/OpyA7FVwt0jhZhzZFPFKErixXCasei\np9AnsmUCQe3fkZ11s0Yurwj1wBjyWPOciJrmpAXWiUxpMPVcTyJqljvAv6C2AAAA\ngQDQaNQP3yIoElRQGj0pLDFvkEZmU4t/1FVXrFcoH0/6b1qmdh2E81J7MfrNtsCu\n4ajhM/s9Ev7accD/s0/m0fxq+vqokVUoEQI3sLaALWMPVtUUXiWHymQpS5na00Dp\nUq6hfZhEUZ1E2FZs8tpBVeNGBnEZtmY4bCGFinyfVDLMmwAAAIEA6p/RDPaVXsJD\nDeDMMHHQ0OSqzYuJ/umeA6xlN38VPnpOYuYt3dXr85QeL0sk73gl/RXS58LDNZP3\n+U0LkLLnSG/MF3XvehNPtA07k9y6P2N87G69GQVPAwPVjtfPW2eR96uiq6O5aaVI\n6le0enXdhOg1x/1xZvizILhg4W8IVCkAAAAAAQID\n-----END OPENSSH PRIVATE KEY-----\n",
            "private_key_pem": "-----BEGIN RSA PRIVATE KEY-----\nMIIEowIBAAKCAQEAvwHtIlqaCrBOUWKa/9C68WHZ2eDarmEVBdtvPfvcdG/nXAyw\n7APwoo5ObVxVvkfm6jfG3yktzZqfM9gBP6h/LtMZAxrHIvzxbHTnQFzoNq5MWesR\niRpZbXTrYKwP2SJ1sYVbtiT1tvb5dlkcY1v4elSWosCwy5BCh8qfs1P5Hw8pC85f\nI9Lt9f8i4U5RHPLA3jV0GHs/UxCjS3HV04OUous+W9gqDRF7UMpaIkSv1qQ01KuV\n7/eekVpfTGvevVbE64jhg3mN9ggpmhhYuppdgpurdF1fjZfH5d2WOiYco0SMWFwF\nrx/d92eQ/PTyb1l+/QyuxJ1y56BLVtmtwR2g0wIDAQABAoIBAC7+rdYIfaMImtRa\nUvGC7SPro9qAAL3rw+zjfvy8pZJ+X+mdc8A1/fQ42CH/GFePQEi7PXJ1or/V/bqX\nOENt1RDzvlEtuvYoTswU/TqwQTAG9WEgPXnComMUY78uxl1xpYxuV9C6SjxgiqMs\nLJhjrgCHJGLZzwXesgfP+jf4frA9sSYU9ivagSbObbsMF+rDCI0dzkFxAA+QGz4j\nmHhcRkwP9pMzk2lkGU9ccSHAUkCpCrhy4FuG9tHy/YTUelkAsrs/yFZTfPvlf1XV\nkovr0QHFYjf/ssNs5jz+UXdI9AzwPFqJpNtHnSc09MEodeQNc6uhL3GjgrVJHo4K\nuxUiL8kCgYEA0GjUD98iKBJUUBo9KSwxb5BGZlOLf9RVV6xXKB9P+m9apnYdhPNS\nezH6zbbAruGo4TP7PRL+2nHA/7NP5tH8avr6qJFVKBECN7C2gC1jD1bVFF4lh8pk\nKUuZ2tNA6VKuoX2YRFGdRNhWbPLaQVXjRgZxGbZmOGwhhYp8n1QyzJsCgYEA6p/R\nDPaVXsJDDeDMMHHQ0OSqzYuJ/umeA6xlN38VPnpOYuYt3dXr85QeL0sk73gl/RXS\n58LDNZP3+U0LkLLnSG/MF3XvehNPtA07k9y6P2N87G69GQVPAwPVjtfPW2eR96ui\nq6O5aaVI6le0enXdhOg1x/1xZvizILhg4W8IVCkCgYEAvq16gD79qD4E5/jpxlbJ\nsDIHRy3e7widQIbMg0gKy62/+ZcNsQtShqaWukofhqGt+sWtcxaDF+eF1iz/yMaM\ntHCGj13Q1MSjC8LhZuqfvHQMpgLxQYj6FRI3ZQ9tT0w3vEcF3lPxmQB6KloTOD3V\nn8bbCdRpN+wuy1iGZtwJUksCgYAk2Wbm5098a3xGkLjhHu8R7+gXkkPhImXr48ad\n2brHbkQjak1n2vJM9kVrXhz182PcBPJz7fXk01GN+RjI6CBFEzH1uVMcVC4fdDiY\nN4GU9RYouBfA90F6kr6WybRKgdC+GlnZJUS4n/n8vDufRCW/ewz/VQHbj1Hq4Kpu\nnZasSQKBgAIeDTDAzxwp4Oe/8guQIj1OHjPiL2gA9jBUo/+1y6EAhemtOYdf/ABe\nNXWT8Zy90YeEP/RSf7LRzCBdJ/OpyA7FVwt0jhZhzZFPFKErixXCaseip9AnsmUC\nQe3fkZ11s0Yurwj1wBjyWPOciJrmpAXWiUxpMPVcTyJqljvAv6C2\n-----END RSA PRIVATE KEY-----\n",
            "private_key_pem_pkcs8": "-----BEGIN PRIVATE KEY-----\nMIIEvQIBADANBgkqhkiG9w0BAQEFAASCBKcwggSjAgEAAoIBAQC/Ae0iWpoKsE5R\nYpr/0LrxYdnZ4NquYRUF2289+9x0b+dcDLDsA/Cijk5tXFW+R+bqN8bfKS3Nmp8z\n2AE/qH8u0xkDGsci/PFsdOdAXOg2rkxZ6xGJGlltdOtgrA/ZInWxhVu2JPW29vl2\nWRxjW/h6VJaiwLDLkEKHyp+zU/kfDykLzl8j0u31/yLhTlEc8sDeNXQYez9TEKNL\ncdXTg5Si6z5b2CoNEXtQyloiRK/WpDTUq5Xv956RWl9Ma969VsTriOGDeY32CCma\nGFi6ml2Cm6t0XV+Nl8fl3ZY6JhyjRIxYXAWvH933Z5D89PJvWX79DK7EnXLnoEtW\n2a3BHaDTAgMBAAECggEALv6t1gh9owia1FpS8YLtI+uj2oAAvevD7ON+/Lylkn5f\n6Z1zwDX99DjYIf8YV49ASLs9cnWiv9X9upc4Q23VEPO+US269ihOzBT9OrBBMAb1\nYSA9ecKiYxRjvy7GXXGljG5X0LpKPGCKoywsmGOuAIckYtnPBd6yB8/6N/h+sD2x\nJhT2K9qBJs5tuwwX6sMIjR3OQXEAD5AbPiOYeFxGTA/2kzOTaWQZT1xxIcBSQKkK\nuHLgW4b20fL9hNR6WQCyuz/IVlN8++V/VdWSi+vRAcViN/+yw2zmPP5Rd0j0DPA8\nWomk20edJzT0wSh15A1zq6EvcaOCtUkejgq7FSIvyQKBgQDQaNQP3yIoElRQGj0p\nLDFvkEZmU4t/1FVXrFcoH0/6b1qmdh2E81J7MfrNtsCu4ajhM/s9Ev7accD/s0/m\n0fxq+vqokVUoEQI3sLaALWMPVtUUXiWHymQpS5na00DpUq6hfZhEUZ1E2FZs8tpB\nVeNGBnEZtmY4bCGFinyfVDLMmwKBgQDqn9EM9pVewkMN4MwwcdDQ5KrNi4n+6Z4D\nrGU3fxU+ek5i5i3d1evzlB4vSyTveCX9FdLnwsM1k/f5TQuQsudIb8wXde96E0+0\nDTuT3Lo/Y3zsbr0ZBU8DA9WO189bZ5H3q6Kro7lppUjqV7R6dd2E6DXH/XFm+LMg\nuGDhbwhUKQKBgQC+rXqAPv2oPgTn+OnGVsmwMgdHLd7vCJ1AhsyDSArLrb/5lw2x\nC1KGppa6Sh+Goa36xa1zFoMX54XWLP/Ixoy0cIaPXdDUxKMLwuFm6p+8dAymAvFB\niPoVEjdlD21PTDe8RwXeU/GZAHoqWhM4PdWfxtsJ1Gk37C7LWIZm3AlSSwKBgCTZ\nZubnT3xrfEaQuOEe7xHv6BeSQ+EiZevjxp3ZusduRCNqTWfa8kz2RWteHPXzY9wE\n8nPt9eTTUY35GMjoIEUTMfW5UxxULh90OJg3gZT1Fii4F8D3QXqSvpbJtEqB0L4a\nWdklRLif+fy8O59EJb97DP9VAduPUergqm6dlqxJAoGAAh4NMMDPHCng57/yC5Ai\nPU4eM+IvaAD2MFSj/7XLoQCF6a05h1/8AF41dZPxnL3Rh4Q/9FJ/stHMIF0n86nI\nDsVXC3SOFmHNkU8UoSuLFcJqx6Kn0CeyZQJB7d+RnXWzRi6vCPXAGPJY85yImuak\nBdaJTGkw9VxPImqWO8C/oLY=\n-----END PRIVATE KEY-----\n",
            "public_key_fingerprint_md5": "b5:6c:1a:47:e5:35:15:bb:e7:0e:37:bd:a3:9a:65:50",
            "public_key_fingerprint_sha256": "SHA256:qJ5LKGQIMPwxHAyOuf+1w+zMzb+V1Yi3xFGE2UNpbNs",
            "public_key_openssh": "ssh-rsa AAAAB3NzaC1yc2EAAAADAQABAAABAQC/Ae0iWpoKsE5RYpr/0LrxYdnZ4NquYRUF2289+9x0b+dcDLDsA/Cijk5tXFW+R+bqN8bfKS3Nmp8z2AE/qH8u0xkDGsci/PFsdOdAXOg2rkxZ6xGJGlltdOtgrA/ZInWxhVu2JPW29vl2WRxjW/h6VJaiwLDLkEKHyp+zU/kfDykLzl8j0u31/yLhTlEc8sDeNXQYez9TEKNLcdXTg5Si6z5b2CoNEXtQyloiRK/WpDTUq5Xv956RWl9Ma969VsTriOGDeY32CCmaGFi6ml2Cm6t0XV+Nl8fl3ZY6JhyjRIxYXAWvH933Z5D89PJvWX79DK7EnXLnoEtW2a3BHaDT\n",
            "public_key_pem": "-----BEGIN PUBLIC KEY-----\nMIIBIjANBgkqhkiG9w0BAQEFAAOCAQ8AMIIBCgKCAQEAvwHtIlqaCrBOUWKa/9C6\n8WHZ2eDarmEVBdtvPfvcdG/nXAyw7APwoo5ObVxVvkfm6jfG3yktzZqfM9gBP6h/\nLtMZAxrHIvzxbHTnQFzoNq5MWesRiRpZbXTrYKwP2SJ1sYVbtiT1tvb5dlkcY1v4\nelSWosCwy5BCh8qfs1P5Hw8pC85fI9Lt9f8i4U5RHPLA3jV0GHs/UxCjS3HV04OU\nous+W9gqDRF7UMpaIkSv1qQ01KuV7/eekVpfTGvevVbE64jhg3mN9ggpmhhYuppd\ngpurdF1fjZfH5d2WOiYco0SMWFwFrx/d92eQ/PTyb1l+/QyuxJ1y56BLVtmtwR2g\n0wIDAQAB\n-----END PUBLIC KEY-----\n",
            "rsa_bits": 2048
          },
          "sensitive_attributes": [
            [
              {
                "type": "get_attr",
                "value": "private_key_pem"
              }
            ],
            [
              {
                "type": "get_attr",
                "value": "private_key_pem_pkcs8"
              }
            ],
            [
              {
                "type": "get_attr",
                "value": "private_key_openssh"
              }
            ]
          ]
        }
      ]
    }
  ],
  "check_results": null
}
