{
  "version": 4,
  "terraform_version": "1.9.8",
  "serial": 42,
  "lineage": "5e119190-4a4f-ea6f-d3d6-c912f20dd9fa",
  "outputs": {
    "hello-world": {
      "value": "Hello World",
      "type": "string"
    },
    "public_dns": {
      "value": "",
      "type": "string"
    },
    "public_ip": {
      "value": "13.236.152.155",
      "type": "string"
    },
    "public_udl": {
      "value": "http://16.176.101.97",
      "type": "string"
    },
    "size": {
      "value": "t2.micro",
      "type": "string"
    },
    "vpc_id": {
      "value": "vpc-0c07c695ad6a86854",
      "type": "string"
    },
    "vpc_information": {
      "value": "Your demo_environment VPC has no ID of vpc-0c07c695ad6a86854",
      "type": "string"
    }
  },
  "resources": [
    {
      "mode": "data",
      "type": "aws_ami",
      "name": "ubuntu",
      "provider": "provider[\"registry.terraform.io/hashicorp/aws\"]",
      "instances": [
        {
          "schema_version": 0,
          "attributes": {
            "allow_unsafe_filter": null,
            "architecture": "x86_64",
            "arn": "arn:aws:ec2:ap-southeast-2::image/ami-06cd25c905a7e9a0f",
            "block_device_mappings": [
              {
                "device_name": "/dev/sda1",
                "ebs": {
                  "delete_on_termination": "true",
                  "encrypted": "false",
                  "iops": "0",
                  "snapshot_id": "snap-00bcd746cb27dc779",
                  "throughput": "0",
                  "volume_initialization_rate": "0",
                  "volume_size": "8",
                  "volume_type": "gp2"
                },
                "no_device": "",
                "virtual_name": ""
              },
              {
                "device_name": "/dev/sdb",
                "ebs": {},
                "no_device": "",
                "virtual_name": "ephemeral0"
              },
              {
                "device_name": "/dev/sdc",
                "ebs": {},
                "no_device": "",
                "virtual_name": "ephemeral1"
              }
            ],
            "boot_mode": "legacy-bios",
            "creation_date": "2025-06-25T05:33:06.000Z",
            "deprecation_time": "2027-06-25T05:33:06.000Z",
            "description": "Canonical, Ubuntu, 20.04, amd64 focal image",
            "ena_support": true,
            "executable_users": null,
            "filter": [
              {
                "name": "name",
                "values": [
                  "ubuntu/images/hvm-ssd/ubuntu-focal-20.04-amd64-server-*"
                ]
              },
              {
                "name": "virtualization-type",
                "values": [
                  "hvm"
                ]
              }
            ],
            "hypervisor": "xen",
            "id": "ami-06cd25c905a7e9a0f",
            "image_id": "ami-06cd25c905a7e9a0f",
            "image_location": "amazon/ubuntu/images/hvm-ssd/ubuntu-focal-20.04-amd64-server-20250624",
            "image_owner_alias": "amazon",
            "image_type": "machine",
            "imds_support": "",
            "include_deprecated": false,
            "kernel_id": "",
            "last_launched_time": "",
            "most_recent": true,
            "name": "ubuntu/images/hvm-ssd/ubuntu-focal-20.04-amd64-server-20250624",
            "name_regex": null,
            "owner_id": "099720109477",
            "owners": [
              "099720109477"
            ],
            "platform": "",
            "platform_details": "Linux/UNIX",
            "product_codes": [],
            "public": true,
            "ramdisk_id": "",
            "region": "ap-southeast-2",
            "root_device_name": "/dev/sda1",
            "root_device_type": "ebs",
            "root_snapshot_id": "snap-00bcd746cb27dc779",
            "sriov_net_support": "simple",
            "state": "available",
            "state_reason": {
              "code": "UNSET",
              "message": "UNSET"
            },
            "tags": {},
            "timeouts": null,
            "tpm_support": "",
            "uefi_data": null,
            "usage_operation": "RunInstances",
            "virtualization_type": "hvm"
          },
          "sensitive_attributes": []
        }
      ]
    },
    {
      "mode": "data",
      "type": "aws_availability_zones",
      "name": "available",
      "provider": "provider[\"registry.terraform.io/hashicorp/aws\"]",
      "instances": [
        {
          "schema_version": 0,
          "attributes": {
            "all_availability_zones": null,
            "exclude_names": null,
            "exclude_zone_ids": null,
            "filter": null,
            "group_names": [
              "ap-southeast-2-zg-1"
            ],
            "id": "ap-southeast-2",
            "names": [
              "ap-southeast-2a",
              "ap-southeast-2b",
              "ap-southeast-2c"
            ],
            "region": "ap-southeast-2",
            "state": null,
            "timeouts": null,
            "zone_ids": [
              "apse2-az1",
              "apse2-az3",
              "apse2-az2"
            ]
          },
          "sensitive_attributes": []
        }
      ]
    },
    {
      "mode": "data",
      "type": "aws_region",
      "name": "current",
      "provider": "provider[\"registry.terraform.io/hashicorp/aws\"]",
      "instances": [
        {
          "schema_version": 0,
          "attributes": {
            "description": "Asia Pacific (Sydney)",
            "endpoint": "ec2.ap-southeast-2.amazonaws.com",
            "id": "ap-southeast-2",
            "name": "ap-southeast-2",
            "region": "ap-southeast-2"
          },
          "sensitive_attributes": []
        }
      ]
    },
    {
      "mode": "managed",
      "type": "aws_instance",
      "name": "ubuntu_server",
      "provider": "provider[\"registry.terraform.io/hashicorp/aws\"]",
      "instances": [
        {
          "schema_version": 2,
          "attributes": {
            "ami": "ami-06cd25c905a7e9a0f",
            "arn": "arn:aws:ec2:ap-southeast-2:229342747134:instance/i-059cb8d23554df8fe",
            "associate_public_ip_address": true,
            "availability_zone": "ap-southeast-2b",
            "capacity_reservation_specification": [
              {
                "capacity_reservation_preference": "open",
                "capacity_reservation_target": []
              }
            ],
            "cpu_options": [
              {
                "amd_sev_snp": "",
                "core_count": 1,
                "threads_per_core": 1
              }
            ],
            "credit_specification": [
              {
                "cpu_credits": "standard"
              }
            ],
            "disable_api_stop": false,
            "disable_api_termination": false,
            "ebs_block_device": [],
            "ebs_optimized": false,
            "enable_primary_ipv6": null,
            "enclave_options": [
              {
                "enabled": false
              }
            ],
            "ephemeral_block_device": [],
            "force_destroy": false,
            "get_password_data": false,
            "hibernation": false,
            "host_id": "",
            "host_resource_group_arn": null,
            "iam_instance_profile": "",
            "id": "i-059cb8d23554df8fe",
            "instance_initiated_shutdown_behavior": "stop",
            "instance_lifecycle": "",
            "instance_market_options": [],
            "instance_state": "running",
            "instance_type": "t2.micro",
            "ipv6_address_count": 0,
            "ipv6_addresses": [],
            "key_name": "MyAWSKey",
            "launch_template": [],
            "maintenance_options": [
              {
                "auto_recovery": "default"
              }
            ],
            "metadata_options": [
              {
                "http_endpoint": "enabled",
                "http_protocol_ipv6": "disabled",
                "http_put_response_hop_limit": 1,
                "http_tokens": "optional",
                "instance_metadata_tags": "disabled"
              }
            ],
            "monitoring": false,
            "network_interface": [],
            "outpost_arn": "",
            "password_data": "",
            "placement_group": "",
            "placement_group_id": "",
            "placement_partition_number": 0,
            "primary_network_interface": [
              {
                "delete_on_termination": true,
                "network_interface_id": "eni-0f6d30ad53dc9221f"
              }
            ],
            "primary_network_interface_id": "eni-0f6d30ad53dc9221f",
            "private_dns": "ip-10-0-101-223.ap-southeast-2.compute.internal",
            "private_dns_name_options": [
              {
                "enable_resource_name_dns_a_record": false,
                "enable_resource_name_dns_aaaa_record": false,
                "hostname_type": "ip-name"
              }
            ],
            "private_ip": "10.0.101.223",
            "public_dns": "",
            "public_ip": "16.176.101.97",
            "region": "ap-southeast-2",
            "root_block_device": [
              {
                "delete_on_termination": true,
                "device_name": "/dev/sda1",
                "encrypted": false,
                "iops": 100,
                "kms_key_id": "",
                "tags": {
                  "Environment": "default",
                  "Owner": "Acme",
                  "Provisoned": "Terrafor"
                },
                "tags_all": {
                  "Environment": "default",
                  "Owner": "Acme",
                  "Provisoned": "Terrafor"
                },
                "throughput": 0,
                "volume_id": "vol-0bc57a25700efb962",
                "volume_size": 8,
                "volume_type": "gp2"
              }
            ],
            "secondary_private_ips": [],
            "security_groups": [
              "sg-046a6a0620b4c73ea",
              "sg-0ee2097391baef29f",
              "sg-0f4b688c4c41cd0e4"
            ],
            "source_dest_check": true,
            "spot_instance_request_id": "",
            "subnet_id": "subnet-0919be1bfb4f5e868",
            "tags": {
              "App": "core_api",
              "Name": "ec2-Dev-api-ap-southeast-2a",
              "Owner": "api_mgmt_dev"
            },
            "tags_all": {
              "App": "core_api",
              "Environment": "default",
              "Name": "ec2-Dev-api-ap-southeast-2a",
              "Owner": "api_mgmt_dev",
              "Provisoned": "Terrafor"
            },
            "tenancy": "default",
            "timeouts": null,
            "user_data": null,
            "user_data_base64": null,
            "user_data_replace_on_change": false,
            "volume_tags": null,
            "vpc_security_group_ids": [
              "sg-046a6a0620b4c73ea",
              "sg-0ee2097391baef29f",
              "sg-0f4b688c4c41cd0e4"
            ]
          },
          "sensitive_attributes": [],
          "private": "eyJlMmJmYjczMC1lY2FhLTExZTYtOGY4OC0zNDM2M2JjN2M0YzAiOnsiY3JlYXRlIjo2MDAwMDAwMDAwMDAsImRlbGV0ZSI6MTIwMDAwMDAwMDAwMCwicmVhZCI6OTAwMDAwMDAwMDAwLCJ1cGRhdGUiOjYwMDAwMDAwMDAwMH0sInNjaGVtYV92ZXJzaW9uIjoiMiJ9",
          "dependencies": [
            "aws_key_pair.generated",
            "aws_security_group.ingress-ssh",
            "aws_security_group.vpc-ping",
            "aws_security_group.vpc-web",
            "aws_subnet.public_subnets",
            "aws_vpc.vpc",
            "data.aws_ami.ubuntu",
            "data.aws_availability_zones.available",
            "data.aws_region.current",
            "local_file.private_key_pem",
            "tls_private_key.generated"
          ]
        }
      ]
    },
    {
      "mode": "managed",
      "type": "aws_instance",
      "name": "web_server",
      "provider": "provider[\"registry.terraform.io/hashicorp/aws\"]",
      "instances": [
        {
          "schema_version": 2,
          "attributes": {
            "ami": "ami-06cd25c905a7e9a0f",
            "arn": "arn:aws:ec2:ap-southeast-2:229342747134:instance/i-0a6841e6e16622716",
            "associate_public_ip_address": true,
            "availability_zone": "ap-southeast-2b",
            "capacity_reservation_specification": [
              {
                "capacity_reservation_preference": "open",
                "capacity_reservation_target": []
              }
            ],
            "cpu_options": [
              {
                "amd_sev_snp": "",
                "core_count": 1,
                "threads_per_core": 1
              }
            ],
            "credit_specification": [
              {
                "cpu_credits": "standard"
              }
            ],
            "disable_api_stop": false,
            "disable_api_termination": false,
            "ebs_block_device": [],
            "ebs_optimized": false,
            "enable_primary_ipv6": null,
            "enclave_options": [
              {
                "enabled": false
              }
            ],
            "ephemeral_block_device": [],
            "force_destroy": false,
            "get_password_data": false,
            "hibernation": false,
            "host_id": "",
            "host_resource_group_arn": null,
            "iam_instance_profile": "",
            "id": "i-0a6841e6e16622716",
            "instance_initiated_shutdown_behavior": "stop",
            "instance_lifecycle": "",
            "instance_market_options": [],
            "instance_state": "running",
            "instance_type": "t2.micro",
            "ipv6_address_count": 0,
            "ipv6_addresses": [],
            "key_name": "MyAWSKey",
            "launch_template": [],
            "maintenance_options": [
              {
                "auto_recovery": "default"
              }
            ],
            "metadata_options": [
              {
                "http_endpoint": "enabled",
                "http_protocol_ipv6": "disabled",
                "http_put_response_hop_limit": 1,
                "http_tokens": "optional",
                "instance_metadata_tags": "disabled"
              }
            ],
            "monitoring": false,
            "network_interface": [],
            "outpost_arn": "",
            "password_data": "",
            "placement_group": "",
            "placement_group_id": "",
            "placement_partition_number": 0,
            "primary_network_interface": [
              {
                "delete_on_termination": true,
                "network_interface_id": "eni-045c18ead65ba9fd9"
              }
            ],
            "primary_network_interface_id": "eni-045c18ead65ba9fd9",
            "private_dns": "ip-10-0-101-251.ap-southeast-2.compute.internal",
            "private_dns_name_options": [
              {
                "enable_resource_name_dns_a_record": false,
                "enable_resource_name_dns_aaaa_record": false,
                "hostname_type": "ip-name"
              }
            ],
            "private_ip": "10.0.101.251",
            "public_dns": "",
            "public_ip": "3.26.238.82",
            "region": "ap-southeast-2",
            "root_block_device": [
              {
                "delete_on_termination": true,
                "device_name": "/dev/sda1",
                "encrypted": false,
                "iops": 100,
                "kms_key_id": "",
                "tags": {
                  "Environment": "default",
                  "Owner": "Acme",
                  "Provisoned": "Terrafor"
                },
                "tags_all": {
                  "Environment": "default",
                  "Owner": "Acme",
                  "Provisoned": "Terrafor"
                },
                "throughput": 0,
                "volume_id": "vol-0d3d8a46c9a572bd7",
                "volume_size": 8,
                "volume_type": "gp2"
              }
            ],
            "secondary_private_ips": [],
            "security_groups": [
              "sg-046a6a0620b4c73ea",
              "sg-0ee2097391baef29f",
              "sg-0f4b688c4c41cd0e4"
            ],
            "source_dest_check": true,
            "spot_instance_request_id": "",
            "subnet_id": "subnet-0919be1bfb4f5e868",
            "tags": {
              "Name": "Web EC2 Server"
            },
            "tags_all": {
              "Environment": "default",
              "Name": "Web EC2 Server",
              "Owner": "Acme",
              "Provisoned": "Terrafor"
            },
            "tenancy": "default",
            "timeouts": null,
            "user_data": null,
            "user_data_base64": null,
            "user_data_replace_on_change": false,
            "volume_tags": null,
            "vpc_security_group_ids": [
              "sg-046a6a0620b4c73ea",
              "sg-0ee2097391baef29f",
              "sg-0f4b688c4c41cd0e4"
            ]
          },
          "sensitive_attributes": [],
          "private": "eyJlMmJmYjczMC1lY2FhLTExZTYtOGY4OC0zNDM2M2JjN2M0YzAiOnsiY3JlYXRlIjo2MDAwMDAwMDAwMDAsImRlbGV0ZSI6MTIwMDAwMDAwMDAwMCwicmVhZCI6OTAwMDAwMDAwMDAwLCJ1cGRhdGUiOjYwMDAwMDAwMDAwMH0sInNjaGVtYV92ZXJzaW9uIjoiMiJ9",
          "dependencies": [
            "aws_key_pair.generated",
            "aws_security_group.ingress-ssh",
            "aws_security_group.vpc-ping",
            "aws_security_group.vpc-web",
            "aws_subnet.public_subnets",
            "aws_vpc.vpc",
            "data.aws_ami.ubuntu",
            "data.aws_availability_zones.available",
            "data.aws_region.current",
            "local_file.private_key_pem",
            "tls_private_key.generated"
          ]
        }
      ]
    },
    {
      "mode": "managed",
      "type": "aws_instance",
      "name": "web_server_2",
      "provider": "provider[\"registry.terraform.io/hashicorp/aws\"]",
      "instances": [
        {
          "schema_version": 2,
          "attributes": {
            "ami": "ami-06cd25c905a7e9a0f",
            "arn": "arn:aws:ec2:ap-southeast-2:229342747134:instance/i-01d059f6719f3c986",
            "associate_public_ip_address": true,
            "availability_zone": "ap-southeast-2c",
            "capacity_reservation_specification": [
              {
                "capacity_reservation_preference": "open",
                "capacity_reservation_target": []
              }
            ],
            "cpu_options": [
              {
                "amd_sev_snp": "",
                "core_count": 1,
                "threads_per_core": 1
              }
            ],
            "credit_specification": [
              {
                "cpu_credits": "standard"
              }
            ],
            "disable_api_stop": false,
            "disable_api_termination": false,
            "ebs_block_device": [],
            "ebs_optimized": false,
            "enable_primary_ipv6": null,
            "enclave_options": [
              {
                "enabled": false
              }
            ],
            "ephemeral_block_device": [],
            "force_destroy": false,
            "get_password_data": false,
            "hibernation": false,
            "host_id": "",
            "host_resource_group_arn": null,
            "iam_instance_profile": "",
            "id": "i-01d059f6719f3c986",
            "instance_initiated_shutdown_behavior": "stop",
            "instance_lifecycle": "",
            "instance_market_options": [],
            "instance_state": "running",
            "instance_type": "t2.micro",
            "ipv6_address_count": 0,
            "ipv6_addresses": [],
            "key_name": "",
            "launch_template": [],
            "maintenance_options": [
              {
                "auto_recovery": "default"
              }
            ],
            "metadata_options": [
              {
                "http_endpoint": "enabled",
                "http_protocol_ipv6": "disabled",
                "http_put_response_hop_limit": 1,
                "http_tokens": "optional",
                "instance_metadata_tags": "disabled"
              }
            ],
            "monitoring": false,
            "network_interface": [],
            "outpost_arn": "",
            "password_data": "",
            "placement_group": "",
            "placement_group_id": "",
            "placement_partition_number": 0,
            "primary_network_interface": [
              {
                "delete_on_termination": true,
                "network_interface_id": "eni-0b3b358d1a41d0c61"
              }
            ],
            "primary_network_interface_id": "eni-0b3b358d1a41d0c61",
            "private_dns": "ip-10-0-102-101.ap-southeast-2.compute.internal",
            "private_dns_name_options": [
              {
                "enable_resource_name_dns_a_record": false,
                "enable_resource_name_dns_aaaa_record": false,
                "hostname_type": "ip-name"
              }
            ],
            "private_ip": "10.0.102.101",
            "public_dns": "",
            "public_ip": "13.236.4.4",
            "region": "ap-southeast-2",
            "root_block_device": [
              {
                "delete_on_termination": true,
                "device_name": "/dev/sda1",
                "encrypted": false,
                "iops": 100,
                "kms_key_id": "",
                "tags": {
                  "Environment": "default",
                  "Owner": "Acme",
                  "Provisoned": "Terrafor"
                },
                "tags_all": {
                  "Environment": "default",
                  "Owner": "Acme",
                  "Provisoned": "Terrafor"
                },
                "throughput": 0,
                "volume_id": "vol-0722c8c3692cf9574",
                "volume_size": 8,
                "volume_type": "gp2"
              }
            ],
            "secondary_private_ips": [],
            "security_groups": [],
            "source_dest_check": true,
            "spot_instance_request_id": "",
            "subnet_id": "subnet-0ddc6362996704c66",
            "tags": {
              "Name": "Web EC2 Server 2"
            },
            "tags_all": {
              "Environment": "default",
              "Name": "Web EC2 Server 2",
              "Owner": "Acme",
              "Provisoned": "Terrafor"
            },
            "tenancy": "default",
            "timeouts": null,
            "user_data": null,
            "user_data_base64": null,
            "user_data_replace_on_change": false,
            "volume_tags": null,
            "vpc_security_group_ids": [
              "sg-085cfcd5dedecfd44"
            ]
          },
          "sensitive_attributes": [],
          "private": "eyJlMmJmYjczMC1lY2FhLTExZTYtOGY4OC0zNDM2M2JjN2M0YzAiOnsiY3JlYXRlIjo2MDAwMDAwMDAwMDAsImRlbGV0ZSI6MTIwMDAwMDAwMDAwMCwicmVhZCI6OTAwMDAwMDAwMDAwLCJ1cGRhdGUiOjYwMDAwMDAwMDAwMH0sInNjaGVtYV92ZXJzaW9uIjoiMiJ9",
          "dependencies": [
            "aws_subnet.public_subnets",
            "aws_vpc.vpc",
            "data.aws_ami.ubuntu",
            "data.aws_availability_zones.available",
            "data.aws_region.current"
          ]
        }
      ]
    },
    {
      "mode": "managed",
      "type": "aws_internet_gateway",
      "name": "demo_igw",
      "provider": "provider[\"registry.terraform.io/hashicorp/aws\"]",
      "instances": [
        {
          "schema_version": 0,
          "attributes": {
            "arn": "arn:aws:ec2:ap-southeast-2:229342747134:internet-gateway/igw-04c5a31dcfef687a4",
            "id": "igw-04c5a31dcfef687a4",
            "owner_id": "229342747134",
            "region": "ap-southeast-2",
            "tags": {
              "Name": "Demo IGW"
            },
            "tags_all": {
              "Environment": "default",
              "Name": "Demo IGW",
              "Owner": "Acme",
              "Provisoned": "Terrafor"
            },
            "timeouts": null,
            "vpc_id": "vpc-0c07c695ad6a86854"
          },
          "sensitive_attributes": [],
          "private": "eyJlMmJmYjczMC1lY2FhLTExZTYtOGY4OC0zNDM2M2JjN2M0YzAiOnsiY3JlYXRlIjoxMjAwMDAwMDAwMDAwLCJkZWxldGUiOjEyMDAwMDAwMDAwMDAsInVwZGF0ZSI6MTIwMDAwMDAwMDAwMH19",
          "dependencies": [
            "aws_vpc.vpc",
            "data.aws_region.current"
          ]
        }
      ]
    },
    {
      "mode": "managed",
      "type": "aws_key_pair",
      "name": "generated",
      "provider": "provider[\"registry.terraform.io/hashicorp/aws\"]",
      "instances": [
        {
          "schema_version": 1,
          "attributes": {
            "arn": "arn:aws:ec2:ap-southeast-2:229342747134:key-pair/MyAWSKey",
            "fingerprint": "16:88:3b:fa:4b:4e:17:64:ac:a6:4f:4a:97:58:f1:af",
            "id": "MyAWSKey",
            "key_name": "MyAWSKey",
            "key_name_prefix": "",
            "key_pair_id": "key-087d681fd242a97a9",
            "key_type": "rsa",
            "public_key": "ssh-rsa AAAAB3NzaC1yc2EAAAADAQABAAABAQCoDiWmnNGMPeUqMXxiiKyF09j5nP5aMGdKSbjLkvBGxYOPOBvm1N6xRmGucgRCUsJZ4SqDKQEhbs+e4VFhXmvUgCfJjktREcR33iEe/KL+RwvazgVjezPeB50MxYZcTDR7f9IKXSzGK96KIpYMHO7EWYeGGj2RcEIdVYFAJUx/eZW5bryYzVVpJtlmNMGQcFWV5l34nYc05RybtqKNRzKBmOi5ERzF6utKOMgoQgNXEkvhGE3fdMvEcp4Fj3Ue6mgzE1O/iY0rQ5hsfEfrjvkyBkkX7UXGHlpc9PgMfYFPej0dj4sZEiV2BaKGJ3fsoHhRWWJ7SBSJMpcR4z9W5vQd",
            "region": "ap-southeast-2",
            "tags": null,
            "tags_all": {
              "Environment": "default",
              "Owner": "Acme",
              "Provisoned": "Terrafor"
            }
          },
          "sensitive_attributes": [],
          "private": "eyJzY2hlbWFfdmVyc2lvbiI6IjEifQ==",
          "dependencies": [
            "tls_private_key.generated"
          ]
        }
      ]
    },
    {
      "mode": "managed",
      "type": "aws_route",
      "name": "demo_route_table",
      "provider": "provider[\"registry.terraform.io/hashicorp/aws\"]",
      "instances": [
        {
          "schema_version": 0,
          "attributes": {
            "carrier_gateway_id": "",
            "core_network_arn": "",
            "destination_cidr_block": "0.0.0.0/0",
            "destination_ipv6_cidr_block": "",
            "destination_prefix_list_id": "",
            "egress_only_gateway_id": "",
            "gateway_id": "igw-04c5a31dcfef687a4",
            "id": "r-rtb-0bc8ec3d7b3e682e91080289494",
            "instance_id": "",
            "instance_owner_id": "",
            "local_gateway_id": "",
            "nat_gateway_id": "",
            "network_interface_id": "",
            "origin": "CreateRoute",
            "region": "ap-southeast-2",
            "route_table_id": "rtb-0bc8ec3d7b3e682e9",
            "state": "active",
            "timeouts": null,
            "transit_gateway_id": "",
            "vpc_endpoint_id": "",
            "vpc_peering_connection_id": ""
          },
          "sensitive_attributes": [],
          "private": "eyJlMmJmYjczMC1lY2FhLTExZTYtOGY4OC0zNDM2M2JjN2M0YzAiOnsiY3JlYXRlIjozMDAwMDAwMDAwMDAsImRlbGV0ZSI6MzAwMDAwMDAwMDAwLCJ1cGRhdGUiOjEyMDAwMDAwMDAwMH19",
          "dependencies": [
            "aws_internet_gateway.demo_igw",
            "aws_vpc.vpc",
            "data.aws_region.current"
          ]
        }
      ]
    },
    {
      "mode": "managed",
      "type": "aws_s3_bucket",
      "name": "my-aws-s3-bucket",
      "provider": "provider[\"registry.terraform.io/hashicorp/aws\"]",
      "instances": [
        {
          "schema_version": 0,
          "attributes": {
            "acceleration_status": "",
            "acl": null,
            "arn": "arn:aws:s3:::fkaba-sirri-3abdbe870923a83070f53ad9a5d02106",
            "bucket": "fkaba-sirri-3abdbe870923a83070f53ad9a5d02106",
            "bucket_domain_name": "fkaba-sirri-3abdbe870923a83070f53ad9a5d02106.s3.amazonaws.com",
            "bucket_prefix": "fkaba-sirri-3abdbe",
            "bucket_region": "ap-southeast-2",
            "bucket_regional_domain_name": "fkaba-sirri-3abdbe870923a83070f53ad9a5d02106.s3.ap-southeast-2.amazonaws.com",
            "cors_rule": [],
            "force_destroy": false,
            "grant": [
              {
                "id": "f5280c0f4eaccbfcea1406ef4e975dad15b514928f69f45ee51d13cd6b665334",
                "permissions": [
                  "FULL_CONTROL"
                ],
                "type": "CanonicalUser",
                "uri": ""
              }
            ],
            "hosted_zone_id": "Z1WCIGYICN2BYD",
            "id": "fkaba-sirri-3abdbe870923a83070f53ad9a5d02106",
            "lifecycle_rule": [],
            "logging": [],
            "object_lock_configuration": [],
            "object_lock_enabled": false,
            "policy": "",
            "region": "ap-southeast-2",
            "replication_configuration": [],
            "request_payer": "BucketOwner",
            "server_side_encryption_configuration": [
              {
                "rule": [
                  {
                    "apply_server_side_encryption_by_default": [
                      {
                        "kms_master_key_id": "",
                        "sse_algorithm": "AES256"
                      }
                    ],
                    "bucket_key_enabled": false
                  }
                ]
              }
            ],
            "tags": {
              "Name": "MY s3 bucket",
              "Purpose": "Building an automation"
            },
            "tags_all": {
              "Environment": "default",
              "Name": "MY s3 bucket",
              "Owner": "Acme",
              "Provisoned": "Terrafor",
              "Purpose": "Building an automation"
            },
            "timeouts": null,
            "versioning": [
              {
                "enabled": false,
                "mfa_delete": false
              }
            ],
            "website": [],
            "website_domain": null,
            "website_endpoint": null
          },
          "sensitive_attributes": [],
          "private": "eyJlMmJmYjczMC1lY2FhLTExZTYtOGY4OC0zNDM2M2JjN2M0YzAiOnsiY3JlYXRlIjoxMjAwMDAwMDAwMDAwLCJkZWxldGUiOjM2MDAwMDAwMDAwMDAsInJlYWQiOjEyMDAwMDAwMDAwMDAsInVwZGF0ZSI6MTIwMDAwMDAwMDAwMH19",
          "dependencies": [
            "random_id.randomness"
          ]
        }
      ]
    },
    {
      "mode": "managed",
      "type": "aws_security_group",
      "name": "ingress-ssh",
      "provider": "provider[\"registry.terraform.io/hashicorp/aws\"]",
      "instances": [
        {
          "schema_version": 1,
          "attributes": {
            "arn": "arn:aws:ec2:ap-southeast-2:229342747134:security-group/sg-046a6a0620b4c73ea",
            "description": "Managed by Terraform",
            "egress": [
              {
                "cidr_blocks": [
                  "0.0.0.0/0"
                ],
                "description": "",
                "from_port": 0,
                "ipv6_cidr_blocks": [],
                "prefix_list_ids": [],
                "protocol": "-1",
                "security_groups": [],
                "self": false,
                "to_port": 0
              }
            ],
            "id": "sg-046a6a0620b4c73ea",
            "ingress": [
              {
                "cidr_blocks": [
                  "0.0.0.0/0"
                ],
                "description": "",
                "from_port": 22,
                "ipv6_cidr_blocks": [],
                "prefix_list_ids": [],
                "protocol": "tcp",
                "security_groups": [],
                "self": false,
                "to_port": 22
              }
            ],
            "name": "allow-all-ssh",
            "name_prefix": "",
            "owner_id": "229342747134",
            "region": "ap-southeast-2",
            "revoke_rules_on_delete": false,
            "tags": null,
            "tags_all": {
              "Environment": "default",
              "Owner": "Acme",
              "Provisoned": "Terrafor"
            },
            "timeouts": null,
            "vpc_id": "vpc-0c07c695ad6a86854"
          },
          "sensitive_attributes": [],
          "private": "eyJlMmJmYjczMC1lY2FhLTExZTYtOGY4OC0zNDM2M2JjN2M0YzAiOnsiY3JlYXRlIjo2MDAwMDAwMDAwMDAsImRlbGV0ZSI6OTAwMDAwMDAwMDAwfSwic2NoZW1hX3ZlcnNpb24iOiIxIn0=",
          "dependencies": [
            "aws_vpc.vpc",
            "data.aws_region.current"
          ]
        }
      ]
    },
    {
      "mode": "managed",
      "type": "aws_security_group",
      "name": "vpc-ping",
      "provider": "provider[\"registry.terraform.io/hashicorp/aws\"]",
      "instances": [
        {
          "schema_version": 1,
          "attributes": {
            "arn": "arn:aws:ec2:ap-southeast-2:229342747134:security-group/sg-0f4b688c4c41cd0e4",
            "description": "ICMP for Ping Access",
            "egress": [
              {
                "cidr_blocks": [
                  "0.0.0.0/0"
                ],
                "description": "Allow all ip and ports outbound",
                "from_port": 0,
                "ipv6_cidr_blocks": [],
                "prefix_list_ids": [],
                "protocol": "-1",
                "security_groups": [],
                "self": false,
                "to_port": 0
              }
            ],
            "id": "sg-0f4b688c4c41cd0e4",
            "ingress": [
              {
                "cidr_blocks": [
                  "0.0.0.0/0"
                ],
                "description": "Allow ICMP Traffic",
                "from_port": -1,
                "ipv6_cidr_blocks": [],
                "prefix_list_ids": [],
                "protocol": "icmp",
                "security_groups": [],
                "self": false,
                "to_port": -1
              }
            ],
            "name": "vpc-ping",
            "name_prefix": "",
            "owner_id": "229342747134",
            "region": "ap-southeast-2",
            "revoke_rules_on_delete": false,
            "tags": null,
            "tags_all": {
              "Environment": "default",
              "Owner": "Acme",
              "Provisoned": "Terrafor"
            },
            "timeouts": null,
            "vpc_id": "vpc-0c07c695ad6a86854"
          },
          "sensitive_attributes": [],
          "private": "eyJlMmJmYjczMC1lY2FhLTExZTYtOGY4OC0zNDM2M2JjN2M0YzAiOnsiY3JlYXRlIjo2MDAwMDAwMDAwMDAsImRlbGV0ZSI6OTAwMDAwMDAwMDAwfSwic2NoZW1hX3ZlcnNpb24iOiIxIn0=",
          "dependencies": [
            "aws_vpc.vpc",
            "data.aws_region.current"
          ]
        }
      ]
    },
    {
      "mode": "managed",
      "type": "aws_security_group",
      "name": "vpc-web",
      "provider": "provider[\"registry.terraform.io/hashicorp/aws\"]",
      "instances": [
        {
          "schema_version": 1,
          "attributes": {
            "arn": "arn:aws:ec2:ap-southeast-2:229342747134:security-group/sg-0ee2097391baef29f",
            "description": "Web Traffic",
            "egress": [
              {
                "cidr_blocks": [
                  "0.0.0.0/0"
                ],
                "description": "Allow all ip and ports outbound",
                "from_port": 0,
                "ipv6_cidr_blocks": [],
                "prefix_list_ids": [],
                "protocol": "-1",
                "security_groups": [],
                "self": false,
                "to_port": 0
              }
            ],
            "id": "sg-0ee2097391baef29f",
            "ingress": [
              {
                "cidr_blocks": [
                  "0.0.0.0/0"
                ],
                "description": "Allow Port 443",
                "from_port": 443,
                "ipv6_cidr_blocks": [],
                "prefix_list_ids": [],
                "protocol": "tcp",
                "security_groups": [],
                "self": false,
                "to_port": 443
              },
              {
                "cidr_blocks": [
                  "0.0.0.0/0"
                ],
                "description": "Allow Port 80",
                "from_port": 80,
                "ipv6_cidr_blocks": [],
                "prefix_list_ids": [],
                "protocol": "tcp",
                "security_groups": [],
                "self": false,
                "to_port": 80
              }
            ],
            "name": "vpc-web-default",
            "name_prefix": "",
            "owner_id": "229342747134",
            "region": "ap-southeast-2",
            "revoke_rules_on_delete": false,
            "tags": null,
            "tags_all": {
              "Environment": "default",
              "Owner": "Acme",
              "Provisoned": "Terrafor"
            },
            "timeouts": null,
            "vpc_id": "vpc-0c07c695ad6a86854"
          },
          "sensitive_attributes": [],
          "private": "eyJlMmJmYjczMC1lY2FhLTExZTYtOGY4OC0zNDM2M2JjN2M0YzAiOnsiY3JlYXRlIjo2MDAwMDAwMDAwMDAsImRlbGV0ZSI6OTAwMDAwMDAwMDAwfSwic2NoZW1hX3ZlcnNpb24iOiIxIn0=",
          "dependencies": [
            "aws_vpc.vpc",
            "data.aws_region.current"
          ]
        }
      ]
    },
    {
      "mode": "managed",
      "type": "aws_subnet",
      "name": "private_subnets",
      "provider": "provider[\"registry.terraform.io/hashicorp/aws\"]",
      "instances": [
        {
          "index_key": "private_subnet_1",
          "schema_version": 1,
          "attributes": {
            "arn": "arn:aws:ec2:ap-southeast-2:229342747134:subnet/subnet-022df90e1debfbd08",
            "assign_ipv6_address_on_creation": false,
            "availability_zone": "ap-southeast-2b",
            "availability_zone_id": "apse2-az3",
            "cidr_block": "10.0.1.0/24",
            "customer_owned_ipv4_pool": "",
            "enable_dns64": false,
            "enable_lni_at_device_index": 0,
            "enable_resource_name_dns_a_record_on_launch": false,
            "enable_resource_name_dns_aaaa_record_on_launch": false,
            "id": "subnet-022df90e1debfbd08",
            "ipv6_cidr_block": "",
            "ipv6_cidr_block_association_id": "",
            "ipv6_native": false,
            "map_customer_owned_ip_on_launch": false,
            "map_public_ip_on_launch": false,
            "outpost_arn": "",
            "owner_id": "229342747134",
            "private_dns_hostname_type_on_launch": "ip-name",
            "region": "ap-southeast-2",
            "tags": {
              "Name": "private_subnet_1",
              "Terraform": "true"
            },
            "tags_all": {
              "Environment": "default",
              "Name": "private_subnet_1",
              "Owner": "Acme",
              "Provisoned": "Terrafor",
              "Terraform": "true"
            },
            "timeouts": null,
            "vpc_id": "vpc-0c07c695ad6a86854"
          },
          "sensitive_attributes": [],
          "private": "eyJlMmJmYjczMC1lY2FhLTExZTYtOGY4OC0zNDM2M2JjN2M0YzAiOnsiY3JlYXRlIjo2MDAwMDAwMDAwMDAsImRlbGV0ZSI6MTIwMDAwMDAwMDAwMH0sInNjaGVtYV92ZXJzaW9uIjoiMSJ9",
          "dependencies": [
            "aws_vpc.vpc",
            "data.aws_availability_zones.available",
            "data.aws_region.current"
          ],
          "create_before_destroy": true
        },
        {
          "index_key": "private_subnet_2",
          "schema_version": 1,
          "attributes": {
            "arn": "arn:aws:ec2:ap-southeast-2:229342747134:subnet/subnet-0550ec110c2d65ce8",
            "assign_ipv6_address_on_creation": false,
            "availability_zone": "ap-southeast-2c",
            "availability_zone_id": "apse2-az2",
            "cidr_block": "10.0.2.0/24",
            "customer_owned_ipv4_pool": "",
            "enable_dns64": false,
            "enable_lni_at_device_index": 0,
            "enable_resource_name_dns_a_record_on_launch": false,
            "enable_resource_name_dns_aaaa_record_on_launch": false,
            "id": "subnet-0550ec110c2d65ce8",
            "ipv6_cidr_block": "",
            "ipv6_cidr_block_association_id": "",
            "ipv6_native": false,
            "map_customer_owned_ip_on_launch": false,
            "map_public_ip_on_launch": false,
            "outpost_arn": "",
            "owner_id": "229342747134",
            "private_dns_hostname_type_on_launch": "ip-name",
            "region": "ap-southeast-2",
            "tags": {
              "Name": "private_subnet_2",
              "Terraform": "true"
            },
            "tags_all": {
              "Environment": "default",
              "Name": "private_subnet_2",
              "Owner": "Acme",
              "Provisoned": "Terrafor",
              "Terraform": "true"
            },
            "timeouts": null,
            "vpc_id": "vpc-0c07c695ad6a86854"
          },
          "sensitive_attributes": [],
          "private": "eyJlMmJmYjczMC1lY2FhLTExZTYtOGY4OC0zNDM2M2JjN2M0YzAiOnsiY3JlYXRlIjo2MDAwMDAwMDAwMDAsImRlbGV0ZSI6MTIwMDAwMDAwMDAwMH0sInNjaGVtYV92ZXJzaW9uIjoiMSJ9",
          "dependencies": [
            "aws_vpc.vpc",
            "data.aws_availability_zones.available",
            "data.aws_region.current"
          ],
          "create_before_destroy": true
        },
        {
          "index_key": "private_subnet_3",
          "schema_version": 1,
          "attributes": {
            "arn": "arn:aws:ec2:ap-southeast-2:229342747134:subnet/subnet-0906bd0d8c0378ded",
            "assign_ipv6_address_on_creation": false,
            "availability_zone": "ap-southeast-2a",
            "availability_zone_id": "apse2-az1",
            "cidr_block": "10.0.3.0/24",
            "customer_owned_ipv4_pool": "",
            "enable_dns64": false,
            "enable_lni_at_device_index": 0,
            "enable_resource_name_dns_a_record_on_launch": false,
            "enable_resource_name_dns_aaaa_record_on_launch": false,
            "id": "subnet-0906bd0d8c0378ded",
            "ipv6_cidr_block": "",
            "ipv6_cidr_block_association_id": "",
            "ipv6_native": false,
            "map_customer_owned_ip_on_launch": false,
            "map_public_ip_on_launch": false,
            "outpost_arn": "",
            "owner_id": "229342747134",
            "private_dns_hostname_type_on_launch": "ip-name",
            "region": "ap-southeast-2",
            "tags": {
              "Name": "private_subnet_3",
              "Terraform": "true"
            },
            "tags_all": {
              "Environment": "default",
              "Name": "private_subnet_3",
              "Owner": "Acme",
              "Provisoned": "Terrafor",
              "Terraform": "true"
            },
            "timeouts": null,
            "vpc_id": "vpc-0c07c695ad6a86854"
          },
          "sensitive_attributes": [],
          "private": "eyJlMmJmYjczMC1lY2FhLTExZTYtOGY4OC0zNDM2M2JjN2M0YzAiOnsiY3JlYXRlIjo2MDAwMDAwMDAwMDAsImRlbGV0ZSI6MTIwMDAwMDAwMDAwMH0sInNjaGVtYV92ZXJzaW9uIjoiMSJ9",
          "dependencies": [
            "aws_vpc.vpc",
            "data.aws_availability_zones.available",
            "data.aws_region.current"
          ],
          "create_before_destroy": true
        }
      ]
    },
    {
      "mode": "managed",
      "type": "aws_subnet",
      "name": "public_subnets",
      "provider": "provider[\"registry.terraform.io/hashicorp/aws\"]",
      "instances": [
        {
          "index_key": "public_subnet_1",
          "schema_version": 1,
          "attributes": {
            "arn": "arn:aws:ec2:ap-southeast-2:229342747134:subnet/subnet-0919be1bfb4f5e868",
            "assign_ipv6_address_on_creation": false,
            "availability_zone": "ap-southeast-2b",
            "availability_zone_id": "apse2-az3",
            "cidr_block": "10.0.101.0/24",
            "customer_owned_ipv4_pool": "",
            "enable_dns64": false,
            "enable_lni_at_device_index": 0,
            "enable_resource_name_dns_a_record_on_launch": false,
            "enable_resource_name_dns_aaaa_record_on_launch": false,
            "id": "subnet-0919be1bfb4f5e868",
            "ipv6_cidr_block": "",
            "ipv6_cidr_block_association_id": "",
            "ipv6_native": false,
            "map_customer_owned_ip_on_launch": false,
            "map_public_ip_on_launch": true,
            "outpost_arn": "",
            "owner_id": "229342747134",
            "private_dns_hostname_type_on_launch": "ip-name",
            "region": "ap-southeast-2",
            "tags": {
              "Name": "public_subnet_1",
              "Terraform": "true"
            },
            "tags_all": {
              "Environment": "default",
              "Name": "public_subnet_1",
              "Owner": "Acme",
              "Provisoned": "Terrafor",
              "Terraform": "true"
            },
            "timeouts": null,
            "vpc_id": "vpc-0c07c695ad6a86854"
          },
          "sensitive_attributes": [],
          "private": "eyJlMmJmYjczMC1lY2FhLTExZTYtOGY4OC0zNDM2M2JjN2M0YzAiOnsiY3JlYXRlIjo2MDAwMDAwMDAwMDAsImRlbGV0ZSI6MTIwMDAwMDAwMDAwMH0sInNjaGVtYV92ZXJzaW9uIjoiMSJ9",
          "dependencies": [
            "aws_vpc.vpc",
            "data.aws_availability_zones.available",
            "data.aws_region.current"
          ]
        },
        {
          "index_key": "public_subnet_2",
          "schema_version": 1,
          "attributes": {
            "arn": "arn:aws:ec2:ap-southeast-2:229342747134:subnet/subnet-0ddc6362996704c66",
            "assign_ipv6_address_on_creation": false,
            "availability_zone": "ap-southeast-2c",
            "availability_zone_id": "apse2-az2",
            "cidr_block": "10.0.102.0/24",
            "customer_owned_ipv4_pool": "",
            "enable_dns64": false,
            "enable_lni_at_device_index": 0,
            "enable_resource_name_dns_a_record_on_launch": false,
            "enable_resource_name_dns_aaaa_record_on_launch": false,
            "id": "subnet-0ddc6362996704c66",
            "ipv6_cidr_block": "",
            "ipv6_cidr_block_association_id": "",
            "ipv6_native": false,
            "map_customer_owned_ip_on_launch": false,
            "map_public_ip_on_launch": true,
            "outpost_arn": "",
            "owner_id": "229342747134",
            "private_dns_hostname_type_on_launch": "ip-name",
            "region": "ap-southeast-2",
            "tags": {
              "Name": "public_subnet_2",
              "Terraform": "true"
            },
            "tags_all": {
              "Environment": "default",
              "Name": "public_subnet_2",
              "Owner": "Acme",
              "Provisoned": "Terrafor",
              "Terraform": "true"
            },
            "timeouts": null,
            "vpc_id": "vpc-0c07c695ad6a86854"
          },
          "sensitive_attributes": [],
          "private": "eyJlMmJmYjczMC1lY2FhLTExZTYtOGY4OC0zNDM2M2JjN2M0YzAiOnsiY3JlYXRlIjo2MDAwMDAwMDAwMDAsImRlbGV0ZSI6MTIwMDAwMDAwMDAwMH0sInNjaGVtYV92ZXJzaW9uIjoiMSJ9",
          "dependencies": [
            "aws_vpc.vpc",
            "data.aws_availability_zones.available",
            "data.aws_region.current"
          ]
        },
        {
          "index_key": "public_subnet_3",
          "schema_version": 1,
          "attributes": {
            "arn": "arn:aws:ec2:ap-southeast-2:229342747134:subnet/subnet-0c4cdb45a782edf63",
            "assign_ipv6_address_on_creation": false,
            "availability_zone": "ap-southeast-2a",
            "availability_zone_id": "apse2-az1",
            "cidr_block": "10.0.103.0/24",
            "customer_owned_ipv4_pool": "",
            "enable_dns64": false,
            "enable_lni_at_device_index": 0,
            "enable_resource_name_dns_a_record_on_launch": false,
            "enable_resource_name_dns_aaaa_record_on_launch": false,
            "id": "subnet-0c4cdb45a782edf63",
            "ipv6_cidr_block": "",
            "ipv6_cidr_block_association_id": "",
            "ipv6_native": false,
            "map_customer_owned_ip_on_launch": false,
            "map_public_ip_on_launch": true,
            "outpost_arn": "",
            "owner_id": "229342747134",
            "private_dns_hostname_type_on_launch": "ip-name",
            "region": "ap-southeast-2",
            "tags": {
              "Name": "public_subnet_3",
              "Terraform": "true"
            },
            "tags_all": {
              "Environment": "default",
              "Name": "public_subnet_3",
              "Owner": "Acme",
              "Provisoned": "Terrafor",
              "Terraform": "true"
            },
            "timeouts": null,
            "vpc_id": "vpc-0c07c695ad6a86854"
          },
          "sensitive_attributes": [],
          "private": "eyJlMmJmYjczMC1lY2FhLTExZTYtOGY4OC0zNDM2M2JjN2M0YzAiOnsiY3JlYXRlIjo2MDAwMDAwMDAwMDAsImRlbGV0ZSI6MTIwMDAwMDAwMDAwMH0sInNjaGVtYV92ZXJzaW9uIjoiMSJ9",
          "dependencies": [
            "aws_vpc.vpc",
            "data.aws_availability_zones.available",
            "data.aws_region.current"
          ]
        }
      ]
    },
    {
      "mode": "managed",
      "type": "aws_subnet",
      "name": "variables-subnet",
      "provider": "provider[\"registry.terraform.io/hashicorp/aws\"]",
      "instances": [
        {
          "schema_version": 1,
          "attributes": {
            "arn": "arn:aws:ec2:ap-southeast-2:229342747134:subnet/subnet-06293b5b2ae166b7d",
            "assign_ipv6_address_on_creation": false,
            "availability_zone": "ap-southeast-2a",
            "availability_zone_id": "apse2-az1",
            "cidr_block": "10.0.250.0/24",
            "customer_owned_ipv4_pool": "",
            "enable_dns64": false,
            "enable_lni_at_device_index": 0,
            "enable_resource_name_dns_a_record_on_launch": false,
            "enable_resource_name_dns_aaaa_record_on_launch": false,
            "id": "subnet-06293b5b2ae166b7d",
            "ipv6_cidr_block": "",
            "ipv6_cidr_block_association_id": "",
            "ipv6_native": false,
            "map_customer_owned_ip_on_launch": false,
            "map_public_ip_on_launch": true,
            "outpost_arn": "",
            "owner_id": "229342747134",
            "private_dns_hostname_type_on_launch": "ip-name",
            "region": "ap-southeast-2",
            "tags": {
              "Name": "sub-variableap-southeast-2a",
              "Terraform": "true"
            },
            "tags_all": {
              "Environment": "default",
              "Name": "sub-variableap-southeast-2a",
              "Owner": "Acme",
              "Provisoned": "Terrafor",
              "Terraform": "true"
            },
            "timeouts": null,
            "vpc_id": "vpc-0c07c695ad6a86854"
          },
          "sensitive_attributes": [],
          "private": "eyJlMmJmYjczMC1lY2FhLTExZTYtOGY4OC0zNDM2M2JjN2M0YzAiOnsiY3JlYXRlIjo2MDAwMDAwMDAwMDAsImRlbGV0ZSI6MTIwMDAwMDAwMDAwMH0sInNjaGVtYV92ZXJzaW9uIjoiMSJ9",
          "dependencies": [
            "aws_vpc.vpc",
            "data.aws_region.current"
          ]
        }
      ]
    },
    {
      "mode": "managed",
      "type": "aws_vpc",
      "name": "vpc",
      "provider": "provider[\"registry.terraform.io/hashicorp/aws\"]",
      "instances": [
        {
          "schema_version": 1,
          "attributes": {
            "arn": "arn:aws:ec2:ap-southeast-2:229342747134:vpc/vpc-0c07c695ad6a86854",
            "assign_generated_ipv6_cidr_block": false,
            "cidr_block": "10.0.0.0/16",
            "default_network_acl_id": "acl-02bbd054d2dae912c",
            "default_route_table_id": "rtb-0bc8ec3d7b3e682e9",
            "default_security_group_id": "sg-085cfcd5dedecfd44",
            "dhcp_options_id": "dopt-0da38bf39f17302bc",
            "enable_dns_hostnames": false,
            "enable_dns_support": true,
            "enable_network_address_usage_metrics": false,
            "id": "vpc-0c07c695ad6a86854",
            "instance_tenancy": "default",
            "ipv4_ipam_pool_id": null,
            "ipv4_netmask_length": null,
            "ipv6_association_id": "",
            "ipv6_cidr_block": "",
            "ipv6_cidr_block_network_border_group": "",
            "ipv6_ipam_pool_id": "",
            "ipv6_netmask_length": 0,
            "main_route_table_id": "rtb-0bc8ec3d7b3e682e9",
            "owner_id": "229342747134",
            "region": "ap-southeast-2",
            "tags": {
              "Environment": "demo_environment",
              "Name": "demo_vpc",
              "Region": "Asia Pacific (Sydney)",
              "Terraform": "true"
            },
            "tags_all": {
              "Environment": "demo_environment",
              "Name": "demo_vpc",
              "Owner": "Acme",
              "Provisoned": "Terrafor",
              "Region": "Asia Pacific (Sydney)",
              "Terraform": "true"
            }
          },
          "sensitive_attributes": [],
          "private": "eyJzY2hlbWFfdmVyc2lvbiI6IjEifQ==",
          "dependencies": [
            "data.aws_region.current"
          ],
          "create_before_destroy": true
        }
      ]
    },
    {
      "mode": "managed",
      "type": "local_file",
      "name": "private_key_pem",
      "provider": "provider[\"registry.terraform.io/hashicorp/local\"]",
      "instances": [
        {
          "schema_version": 0,
          "attributes": {
            "content": "-----BEGIN RSA PRIVATE KEY-----\nMIIEogIBAAKCAQEAqA4lppzRjD3lKjF8YoishdPY+Zz+WjBnSkm4y5LwRsWDjzgb\n5tTesUZhrnIEQlLCWeEqgykBIW7PnuFRYV5r1IAnyY5LURHEd94hHvyi/kcL2s4F\nY3sz3gedDMWGXEw0e3/SCl0sxiveiiKWDBzuxFmHhho9kXBCHVWBQCVMf3mVuW68\nmM1VaSbZZjTBkHBVleZd+J2HNOUcm7aijUcygZjouREcxerrSjjIKEIDVxJL4RhN\n33TLxHKeBY91HupoMxNTv4mNK0OYbHxH6475MgZJF+1Fxh5aXPT4DH2BT3o9HY+L\nGRIldgWihid37KB4UVlie0gUiTKXEeM/Vub0HQIDAQABAoIBAAv3rfC2fCmrgrVF\nfuEZcIe7NVlZN7e+eKyOoW1F0nyHtj2ttjby88TWCUC999WtRQ/XfAqJEf6KgJiE\n3SG88prYYXz1+CEWzdHnbJ5jSUwoTQzQ3Qtfi6sFCccODepmttoQmSmJxxV5rEhT\n/DFyogIzifYfykCgKOUj4KdrwI3XQin/iwfKUXEvL2FGDcK3zqP/6gzW1dBMHZQZ\nAjFHWjLM0ylKqpmd+r9fhgmtFSW0OJsAWrsSDknjyGba0gO/y4eWJsKt0Osaynqw\nJyAKpZppXqEQLvyADpbN1ZHcSV6E6I9V+R9xHU3XycibN8BDndsYwwfjuwx0EGGk\n+20nWoECgYEA0iKaIF2bYesphXqXlH3TLu9eLh4qQetNHo4FV6P7+hHzA28UoKqQ\nV81kM6NFKfP1VyHY69a2aRZYqTfwdg52o8sQ6dLYiNP7Kk05pj8lfYAaf2bpimry\nhreaoIxuPql4b++ZxIDwY02D3J4BkQDQnYh9OUt3PHi5Vofl5ubfcn0CgYEAzLxP\nswgpmceRdJZ1PbSsi4lDyD/FPYvAJtpDS8XwP2TlQNUoibHk5V04VevGqfNpZ4rr\neOJ3xQjvNajbc6ammdG6pY8woK1PCQ5iux1eCdEGOZF796g804s4M9zE+fqFR8NZ\n25SNqy1UNeU9okX4cH6qILQihhqBby4lOElCmiECgYAammja2h722ZfLH0cbdIaM\n9Z79xbHh4JFF4gMJImifMzCJ6cE5yf42L3mVFAGImysfWdilmuxDB6I34i4eNByP\nBgFhKOFjCTtOErLOukXbyqEQKg49COclaQ85bi3y3u+xdCsKdqx4VfLwtkxKeEjw\n+LupykURMdN9Af14Kxh03QKBgGyyBXY9fSihpX3Ka5BJHdovFAd6o9MbIPb/pf7S\npcxiWrxi7tS715RWO5SSSrTsACfyvzU8tu2q4qUQcwIhlg3QJVHEhcKogG+EbbJ9\n0vFPQgjKTpCbhz+giEQwj3tQH/aLpmdHpTceJ7k9bc17bHz9IoGeYT3lUJagXy5U\n5sFBAoGAKniKxfikxSiCHc/rLJfDStbFqDkedw+zRgHRbjfRMhkVcbmAbizedXp3\nrmbUAZ7d3V5jzhWDoqEDmi+yle5emmii9PjEcLSc1lPuSidwggUnTl+VtxB8WMvz\ng6hpfpKqfT+fvPsGK1XMJUAyD94Ovo+LLD/WaZ1c+Tu52cPViTM=\n-----END RSA PRIVATE KEY-----\n",
            "content_base64": null,
            "content_base64sha256": "YiEWb/K5IxUV3Q2S2H2biQPGk8htIdogslUNru++0eo=",
            "content_base64sha512": "tK6wemvrIIqLXmfn+cj/X1XXpKuBEGVwCpOv2t4mljD1q/O0s2Il3iL1SRo9Lj1uOMrR7LC8aEP/7a+K4C4LgA==",
            "content_md5": "e2031d04dd945692d5792122e7f600ee",
            "content_sha1": "32da6b82280ad7eafb8353bf5fb7cdfed83c8354",
            "content_sha256": "6221166ff2b9231515dd0d92d87d9b8903c693c86d21da20b2550daeefbed1ea",
            "content_sha512": "b4aeb07a6beb208a8b5e67e7f9c8ff5f55d7a4ab811065700a93afdade269630f5abf3b4b36225de22f5491a3d2e3d6e38cad1ecb0bc6843ffedaf8ae02e0b80",
            "directory_permission": "0777",
            "file_permission": "0777",
            "filename": "MyAWSKey.pem",
            "id": "32da6b82280ad7eafb8353bf5fb7cdfed83c8354",
            "sensitive_content": null,
            "source": null
          },
          "sensitive_attributes": [
            [
              {
                "type": "get_attr",
                "value": "content"
              }
            ],
            [
              {
                "type": "get_attr",
                "value": "sensitive_content"
              }
            ]
          ],
          "dependencies": [
            "tls_private_key.generated"
          ]
        }
      ]
    },
    {
      "mode": "managed",
      "type": "random_id",
      "name": "randomness",
      "provider": "provider[\"registry.terraform.io/hashicorp/random\"]",
      "instances": [
        {
          "schema_version": 0,
          "attributes": {
            "b64_std": "Or2+hwkjqDBw9TrZpdAhBg==",
            "b64_url": "Or2-hwkjqDBw9TrZpdAhBg",
            "byte_length": 16,
            "dec": "78080432218243308036510130294758580486",
            "hex": "3abdbe870923a83070f53ad9a5d02106",
            "id": "Or2-hwkjqDBw9TrZpdAhBg",
            "keepers": null,
            "prefix": null
          },
          "sensitive_attributes": [],
          "private": "bnVsbA=="
        }
      ]
    },
    {
      "mode": "managed",
      "type": "tls_private_key",
      "name": "generated",
      "provider": "provider[\"registry.terraform.io/hashicorp/tls\"]",
      "instances": [
        {
          "schema_version": 1,
          "attributes": {
            "algorithm": "RSA",
            "ecdsa_curve": "P224",
            "id": "4a8af27e9086f31616e48e0deeec7bb1fe7c2434",
            "private_key_openssh": "-----BEGIN OPENSSH PRIVATE KEY-----\nb3BlbnNzaC1rZXktdjEAAAAABG5vbmUAAAAEbm9uZQAAAAAAAAABAAABFwAAAAdz\nc2gtcnNhAAAAAwEAAQAAAQEAqA4lppzRjD3lKjF8YoishdPY+Zz+WjBnSkm4y5Lw\nRsWDjzgb5tTesUZhrnIEQlLCWeEqgykBIW7PnuFRYV5r1IAnyY5LURHEd94hHvyi\n/kcL2s4FY3sz3gedDMWGXEw0e3/SCl0sxiveiiKWDBzuxFmHhho9kXBCHVWBQCVM\nf3mVuW68mM1VaSbZZjTBkHBVleZd+J2HNOUcm7aijUcygZjouREcxerrSjjIKEID\nVxJL4RhN33TLxHKeBY91HupoMxNTv4mNK0OYbHxH6475MgZJF+1Fxh5aXPT4DH2B\nT3o9HY+LGRIldgWihid37KB4UVlie0gUiTKXEeM/Vub0HQAAA7hY0ynkWNMp5AAA\nAAdzc2gtcnNhAAABAQCoDiWmnNGMPeUqMXxiiKyF09j5nP5aMGdKSbjLkvBGxYOP\nOBvm1N6xRmGucgRCUsJZ4SqDKQEhbs+e4VFhXmvUgCfJjktREcR33iEe/KL+Rwva\nzgVjezPeB50MxYZcTDR7f9IKXSzGK96KIpYMHO7EWYeGGj2RcEIdVYFAJUx/eZW5\nbryYzVVpJtlmNMGQcFWV5l34nYc05RybtqKNRzKBmOi5ERzF6utKOMgoQgNXEkvh\nGE3fdMvEcp4Fj3Ue6mgzE1O/iY0rQ5hsfEfrjvkyBkkX7UXGHlpc9PgMfYFPej0d\nj4sZEiV2BaKGJ3fsoHhRWWJ7SBSJMpcR4z9W5vQdAAAAAwEAAQAAAQAL963wtnwp\nq4K1RX7hGXCHuzVZWTe3vnisjqFtRdJ8h7Y9rbY28vPE1glAvffVrUUP13wKiRH+\nioCYhN0hvPKa2GF89fghFs3R52yeY0lMKE0M0N0LX4urBQnHDg3qZrbaEJkpiccV\neaxIU/wxcqICM4n2H8pAoCjlI+Cna8CN10Ip/4sHylFxLy9hRg3Ct86j/+oM1tXQ\nTB2UGQIxR1oyzNMpSqqZnfq/X4YJrRUltDibAFq7Eg5J48hm2tIDv8uHlibCrdDr\nGsp6sCcgCqWaaV6hEC78gA6WzdWR3ElehOiPVfkfcR1N18nImzfAQ53bGMMH47sM\ndBBhpPttJ1qBAAAAgCp4isX4pMUogh3P6yyXw0rWxag5HncPs0YB0W430TIZFXG5\ngG4s3nV6d65m1AGe3d1eY84Vg6KhA5ovspXuXppoovT4xHC0nNZT7koncIIFJ05f\nlbcQfFjL84OoaX6Sqn0/n7z7BitVzCVAMg/eDr6Piyw/1mmdXPk7udnD1YkzAAAA\ngQDSIpogXZth6ymFepeUfdMu714uHipB600ejgVXo/v6EfMDbxSgqpBXzWQzo0Up\n8/VXIdjr1rZpFlipN/B2DnajyxDp0tiI0/sqTTmmPyV9gBp/ZumKavKGt5qgjG4+\nqXhv75nEgPBjTYPcngGRANCdiH05S3c8eLlWh+Xm5t9yfQAAAIEAzLxPswgpmceR\ndJZ1PbSsi4lDyD/FPYvAJtpDS8XwP2TlQNUoibHk5V04VevGqfNpZ4rreOJ3xQjv\nNajbc6ammdG6pY8woK1PCQ5iux1eCdEGOZF796g804s4M9zE+fqFR8NZ25SNqy1U\nNeU9okX4cH6qILQihhqBby4lOElCmiEAAAAAAQID\n-----END OPENSSH PRIVATE KEY-----\n",
            "private_key_pem": "-----BEGIN RSA PRIVATE KEY-----\nMIIEogIBAAKCAQEAqA4lppzRjD3lKjF8YoishdPY+Zz+WjBnSkm4y5LwRsWDjzgb\n5tTesUZhrnIEQlLCWeEqgykBIW7PnuFRYV5r1IAnyY5LURHEd94hHvyi/kcL2s4F\nY3sz3gedDMWGXEw0e3/SCl0sxiveiiKWDBzuxFmHhho9kXBCHVWBQCVMf3mVuW68\nmM1VaSbZZjTBkHBVleZd+J2HNOUcm7aijUcygZjouREcxerrSjjIKEIDVxJL4RhN\n33TLxHKeBY91HupoMxNTv4mNK0OYbHxH6475MgZJF+1Fxh5aXPT4DH2BT3o9HY+L\nGRIldgWihid37KB4UVlie0gUiTKXEeM/Vub0HQIDAQABAoIBAAv3rfC2fCmrgrVF\nfuEZcIe7NVlZN7e+eKyOoW1F0nyHtj2ttjby88TWCUC999WtRQ/XfAqJEf6KgJiE\n3SG88prYYXz1+CEWzdHnbJ5jSUwoTQzQ3Qtfi6sFCccODepmttoQmSmJxxV5rEhT\n/DFyogIzifYfykCgKOUj4KdrwI3XQin/iwfKUXEvL2FGDcK3zqP/6gzW1dBMHZQZ\nAjFHWjLM0ylKqpmd+r9fhgmtFSW0OJsAWrsSDknjyGba0gO/y4eWJsKt0Osaynqw\nJyAKpZppXqEQLvyADpbN1ZHcSV6E6I9V+R9xHU3XycibN8BDndsYwwfjuwx0EGGk\n+20nWoECgYEA0iKaIF2bYesphXqXlH3TLu9eLh4qQetNHo4FV6P7+hHzA28UoKqQ\nV81kM6NFKfP1VyHY69a2aRZYqTfwdg52o8sQ6dLYiNP7Kk05pj8lfYAaf2bpimry\nhreaoIxuPql4b++ZxIDwY02D3J4BkQDQnYh9OUt3PHi5Vofl5ubfcn0CgYEAzLxP\nswgpmceRdJZ1PbSsi4lDyD/FPYvAJtpDS8XwP2TlQNUoibHk5V04VevGqfNpZ4rr\neOJ3xQjvNajbc6ammdG6pY8woK1PCQ5iux1eCdEGOZF796g804s4M9zE+fqFR8NZ\n25SNqy1UNeU9okX4cH6qILQihhqBby4lOElCmiECgYAammja2h722ZfLH0cbdIaM\n9Z79xbHh4JFF4gMJImifMzCJ6cE5yf42L3mVFAGImysfWdilmuxDB6I34i4eNByP\nBgFhKOFjCTtOErLOukXbyqEQKg49COclaQ85bi3y3u+xdCsKdqx4VfLwtkxKeEjw\n+LupykURMdN9Af14Kxh03QKBgGyyBXY9fSihpX3Ka5BJHdovFAd6o9MbIPb/pf7S\npcxiWrxi7tS715RWO5SSSrTsACfyvzU8tu2q4qUQcwIhlg3QJVHEhcKogG+EbbJ9\n0vFPQgjKTpCbhz+giEQwj3tQH/aLpmdHpTceJ7k9bc17bHz9IoGeYT3lUJagXy5U\n5sFBAoGAKniKxfikxSiCHc/rLJfDStbFqDkedw+zRgHRbjfRMhkVcbmAbizedXp3\nrmbUAZ7d3V5jzhWDoqEDmi+yle5emmii9PjEcLSc1lPuSidwggUnTl+VtxB8WMvz\ng6hpfpKqfT+fvPsGK1XMJUAyD94Ovo+LLD/WaZ1c+Tu52cPViTM=\n-----END RSA PRIVATE KEY-----\n",
            "private_key_pem_pkcs8": "-----BEGIN PRIVATE KEY-----\nMIIEvAIBADANBgkqhkiG9w0BAQEFAASCBKYwggSiAgEAAoIBAQCoDiWmnNGMPeUq\nMXxiiKyF09j5nP5aMGdKSbjLkvBGxYOPOBvm1N6xRmGucgRCUsJZ4SqDKQEhbs+e\n4VFhXmvUgCfJjktREcR33iEe/KL+RwvazgVjezPeB50MxYZcTDR7f9IKXSzGK96K\nIpYMHO7EWYeGGj2RcEIdVYFAJUx/eZW5bryYzVVpJtlmNMGQcFWV5l34nYc05Ryb\ntqKNRzKBmOi5ERzF6utKOMgoQgNXEkvhGE3fdMvEcp4Fj3Ue6mgzE1O/iY0rQ5hs\nfEfrjvkyBkkX7UXGHlpc9PgMfYFPej0dj4sZEiV2BaKGJ3fsoHhRWWJ7SBSJMpcR\n4z9W5vQdAgMBAAECggEAC/et8LZ8KauCtUV+4Rlwh7s1WVk3t754rI6hbUXSfIe2\nPa22NvLzxNYJQL331a1FD9d8CokR/oqAmITdIbzymthhfPX4IRbN0edsnmNJTChN\nDNDdC1+LqwUJxw4N6ma22hCZKYnHFXmsSFP8MXKiAjOJ9h/KQKAo5SPgp2vAjddC\nKf+LB8pRcS8vYUYNwrfOo//qDNbV0EwdlBkCMUdaMszTKUqqmZ36v1+GCa0VJbQ4\nmwBauxIOSePIZtrSA7/Lh5Ymwq3Q6xrKerAnIAqlmmleoRAu/IAOls3VkdxJXoTo\nj1X5H3EdTdfJyJs3wEOd2xjDB+O7DHQQYaT7bSdagQKBgQDSIpogXZth6ymFepeU\nfdMu714uHipB600ejgVXo/v6EfMDbxSgqpBXzWQzo0Up8/VXIdjr1rZpFlipN/B2\nDnajyxDp0tiI0/sqTTmmPyV9gBp/ZumKavKGt5qgjG4+qXhv75nEgPBjTYPcngGR\nANCdiH05S3c8eLlWh+Xm5t9yfQKBgQDMvE+zCCmZx5F0lnU9tKyLiUPIP8U9i8Am\n2kNLxfA/ZOVA1SiJseTlXThV68ap82lniut44nfFCO81qNtzpqaZ0bqljzCgrU8J\nDmK7HV4J0QY5kXv3qDzTizgz3MT5+oVHw1nblI2rLVQ15T2iRfhwfqogtCKGGoFv\nLiU4SUKaIQKBgBqaaNraHvbZl8sfRxt0hoz1nv3FseHgkUXiAwkiaJ8zMInpwTnJ\n/jYveZUUAYibKx9Z2KWa7EMHojfiLh40HI8GAWEo4WMJO04Sss66RdvKoRAqDj0I\n5yVpDzluLfLe77F0Kwp2rHhV8vC2TEp4SPD4u6nKRREx030B/XgrGHTdAoGAbLIF\ndj19KKGlfcprkEkd2i8UB3qj0xsg9v+l/tKlzGJavGLu1LvXlFY7lJJKtOwAJ/K/\nNTy27aripRBzAiGWDdAlUcSFwqiAb4Rtsn3S8U9CCMpOkJuHP6CIRDCPe1Af9oum\nZ0elNx4nuT1tzXtsfP0igZ5hPeVQlqBfLlTmwUECgYAqeIrF+KTFKIIdz+ssl8NK\n1sWoOR53D7NGAdFuN9EyGRVxuYBuLN51eneuZtQBnt3dXmPOFYOioQOaL7KV7l6a\naKL0+MRwtJzWU+5KJ3CCBSdOX5W3EHxYy/ODqGl+kqp9P5+8+wYrVcwlQDIP3g6+\nj4ssP9ZpnVz5O7nZw9WJMw==\n-----END PRIVATE KEY-----\n",
            "public_key_fingerprint_md5": "13:04:24:d1:e1:ee:01:2b:66:40:26:0e:6a:f1:c4:9f",
            "public_key_fingerprint_sha256": "SHA256:7rcDZ8p6bFWPUAzFB2ojY757FpT1Ff/D35OVJfBr61s",
            "public_key_openssh": "ssh-rsa AAAAB3NzaC1yc2EAAAADAQABAAABAQCoDiWmnNGMPeUqMXxiiKyF09j5nP5aMGdKSbjLkvBGxYOPOBvm1N6xRmGucgRCUsJZ4SqDKQEhbs+e4VFhXmvUgCfJjktREcR33iEe/KL+RwvazgVjezPeB50MxYZcTDR7f9IKXSzGK96KIpYMHO7EWYeGGj2RcEIdVYFAJUx/eZW5bryYzVVpJtlmNMGQcFWV5l34nYc05RybtqKNRzKBmOi5ERzF6utKOMgoQgNXEkvhGE3fdMvEcp4Fj3Ue6mgzE1O/iY0rQ5hsfEfrjvkyBkkX7UXGHlpc9PgMfYFPej0dj4sZEiV2BaKGJ3fsoHhRWWJ7SBSJMpcR4z9W5vQd\n",
            "public_key_pem": "-----BEGIN PUBLIC KEY-----\nMIIBIjANBgkqhkiG9w0BAQEFAAOCAQ8AMIIBCgKCAQEAqA4lppzRjD3lKjF8Yois\nhdPY+Zz+WjBnSkm4y5LwRsWDjzgb5tTesUZhrnIEQlLCWeEqgykBIW7PnuFRYV5r\n1IAnyY5LURHEd94hHvyi/kcL2s4FY3sz3gedDMWGXEw0e3/SCl0sxiveiiKWDBzu\nxFmHhho9kXBCHVWBQCVMf3mVuW68mM1VaSbZZjTBkHBVleZd+J2HNOUcm7aijUcy\ngZjouREcxerrSjjIKEIDVxJL4RhN33TLxHKeBY91HupoMxNTv4mNK0OYbHxH6475\nMgZJF+1Fxh5aXPT4DH2BT3o9HY+LGRIldgWihid37KB4UVlie0gUiTKXEeM/Vub0\nHQIDAQAB\n-----END PUBLIC KEY-----\n",
            "rsa_bits": 2048
          },
          "sensitive_attributes": [
            [
              {
                "type": "get_attr",
                "value": "private_key_pem"
              }
            ],
            [
              {
                "type": "get_attr",
                "value": "private_key_pem_pkcs8"
              }
            ],
            [
              {
                "type": "get_attr",
                "value": "private_key_openssh"
              }
            ]
          ]
        }
      ]
    },
    {
      "module": "module.autoscaling",
      "mode": "data",
      "type": "aws_partition",
      "name": "current",
      "provider": "provider[\"registry.terraform.io/hashicorp/aws\"]",
      "instances": [
        {
          "schema_version": 0,
          "attributes": {
            "dns_suffix": "amazonaws.com",
            "id": "aws",
            "partition": "aws",
            "reverse_dns_prefix": "com.amazonaws"
          },
          "sensitive_attributes": []
        }
      ]
    },
    {
      "module": "module.autoscaling",
      "mode": "managed",
      "type": "aws_autoscaling_group",
      "name": "this",
      "provider": "provider[\"registry.terraform.io/hashicorp/aws\"]",
      "instances": [
        {
          "index_key": 0,
          "schema_version": 1,
          "attributes": {
            "arn": "arn:aws:autoscaling:ap-southeast-2:229342747134:autoScalingGroup:07cd1913-4991-49a8-9247-030cb541952d:autoScalingGroupName/myasg-20251027101850815000000003",
            "availability_zone_distribution": [
              {
                "capacity_distribution_strategy": "balanced-best-effort"
              }
            ],
            "availability_zones": [
              "ap-southeast-2a",
              "ap-southeast-2b",
              "ap-southeast-2c"
            ],
            "capacity_rebalance": false,
            "capacity_reservation_specification": [
              {
                "capacity_reservation_preference": "default",
                "capacity_reservation_target": []
              }
            ],
            "context": "",
            "default_cooldown": 300,
            "default_instance_warmup": 0,
            "desired_capacity": 1,
            "desired_capacity_type": "",
            "enabled_metrics": null,
            "force_delete": false,
            "force_delete_warm_pool": false,
            "health_check_grace_period": 300,
            "health_check_type": "EC2",
            "id": "myasg-20251027101850815000000003",
            "ignore_failed_scaling_activities": false,
            "initial_lifecycle_hook": [],
            "instance_maintenance_policy": [],
            "instance_refresh": [],
            "launch_configuration": "",
            "launch_template": [
              {
                "id": "lt-05dbd5cad27aaac44",
                "name": "myasg-20251027101845071800000001",
                "version": "1"
              }
            ],
            "load_balancers": [],
            "max_instance_lifetime": 0,
            "max_size": 1,
            "metrics_granularity": "1Minute",
            "min_elb_capacity": null,
            "min_size": 0,
            "mixed_instances_policy": [],
            "name": "myasg-20251027101850815000000003",
            "name_prefix": "myasg-",
            "placement_group": "",
            "predicted_capacity": 0,
            "protect_from_scale_in": false,
            "region": "ap-southeast-2",
            "service_linked_role_arn": "arn:aws:iam::229342747134:role/aws-service-role/autoscaling.amazonaws.com/AWSServiceRoleForAutoScaling",
            "suspended_processes": null,
            "tag": [
              {
                "key": "Name",
                "propagate_at_launch": true,
                "value": "asg-instance"
              }
            ],
            "target_group_arns": [],
            "termination_policies": [],
            "timeouts": null,
            "traffic_source": [],
            "vpc_zone_identifier": [
              "subnet-022df90e1debfbd08",
              "subnet-0550ec110c2d65ce8",
              "subnet-0906bd0d8c0378ded"
            ],
            "wait_for_capacity_timeout": "10m",
            "wait_for_elb_capacity": null,
            "warm_pool": [],
            "warm_pool_size": 0
          },
          "sensitive_attributes": [],
          "private": "eyJlMmJmYjczMC1lY2FhLTExZTYtOGY4OC0zNDM2M2JjN2M0YzAiOnsiZGVsZXRlIjo2MDAwMDAwMDAwMDAsInVwZGF0ZSI6NjAwMDAwMDAwMDAwfSwic2NoZW1hX3ZlcnNpb24iOiIxIn0=",
          "dependencies": [
            "aws_subnet.private_subnets",
            "aws_vpc.vpc",
            "data.aws_ami.ubuntu",
            "data.aws_availability_zones.available",
            "data.aws_region.current",
            "module.autoscaling.aws_iam_instance_profile.this",
            "module.autoscaling.aws_iam_role.this",
            "module.autoscaling.aws_launch_template.this",
            "module.autoscaling.data.aws_iam_policy_document.assume_role_policy",
            "module.autoscaling.data.aws_partition.current"
          ],
          "create_before_destroy": true
        }
      ]
    },
    {
      "module": "module.autoscaling",
      "mode": "managed",
      "type": "aws_launch_template",
      "name": "this",
      "provider": "provider[\"registry.terraform.io/hashicorp/aws\"]",
      "instances": [
        {
          "index_key": 0,
          "schema_version": 1,
          "attributes": {
            "arn": "arn:aws:ec2:ap-southeast-2:229342747134:launch-template/lt-05dbd5cad27aaac44",
            "block_device_mappings": [],
            "capacity_reservation_specification": [],
            "cpu_options": [],
            "credit_specification": [],
            "default_version": 1,
            "description": "",
            "disable_api_stop": false,
            "disable_api_termination": false,
            "ebs_optimized": "",
            "enclave_options": [],
            "hibernation_options": [],
            "iam_instance_profile": [],
            "id": "lt-05dbd5cad27aaac44",
            "image_id": "ami-06cd25c905a7e9a0f",
            "instance_initiated_shutdown_behavior": "",
            "instance_market_options": [],
            "instance_requirements": [],
            "instance_type": "t3.micro",
            "kernel_id": "",
            "key_name": "",
            "latest_version": 1,
            "license_specification": [],
            "maintenance_options": [],
            "metadata_options": [
              {
                "http_endpoint": "enabled",
                "http_protocol_ipv6": "",
                "http_put_response_hop_limit": 1,
                "http_tokens": "required",
                "instance_metadata_tags": ""
              }
            ],
            "monitoring": [
              {
                "enabled": true
              }
            ],
            "name": "myasg-20251027101845071800000001",
            "name_prefix": "myasg-",
            "network_interfaces": [],
            "placement": [],
            "private_dns_name_options": [],
            "ram_disk_id": "",
            "region": "ap-southeast-2",
            "security_group_names": null,
            "tag_specifications": [],
            "tags": {
              "Name": "Web EC2 Server 2"
            },
            "tags_all": {
              "Environment": "default",
              "Name": "Web EC2 Server 2",
              "Owner": "Acme",
              "Provisoned": "Terrafor"
            },
            "update_default_version": null,
            "user_data": "",
            "vpc_security_group_ids": null
          },
          "sensitive_attributes": [],
          "private": "eyJzY2hlbWFfdmVyc2lvbiI6IjEifQ==",
          "dependencies": [
            "data.aws_ami.ubuntu",
            "module.autoscaling.aws_iam_instance_profile.this",
            "module.autoscaling.aws_iam_role.this",
            "module.autoscaling.data.aws_iam_policy_document.assume_role_policy",
            "module.autoscaling.data.aws_partition.current"
          ],
          "create_before_destroy": true
        }
      ]
    },
    {
      "module": "module.server",
      "mode": "managed",
      "type": "aws_instance",
      "name": "web",
      "provider": "provider[\"registry.terraform.io/hashicorp/aws\"]",
      "instances": [
        {
          "schema_version": 2,
          "attributes": {
            "ami": "ami-06cd25c905a7e9a0f",
            "arn": "arn:aws:ec2:ap-southeast-2:229342747134:instance/i-0b5ddf1daa9d2a06e",
            "associate_public_ip_address": true,
            "availability_zone": "ap-southeast-2a",
            "capacity_reservation_specification": [
              {
                "capacity_reservation_preference": "open",
                "capacity_reservation_target": []
              }
            ],
            "cpu_options": [
              {
                "amd_sev_snp": "",
                "core_count": 1,
                "threads_per_core": 1
              }
            ],
            "credit_specification": [
              {
                "cpu_credits": "standard"
              }
            ],
            "disable_api_stop": false,
            "disable_api_termination": false,
            "ebs_block_device": [],
            "ebs_optimized": false,
            "enable_primary_ipv6": null,
            "enclave_options": [
              {
                "enabled": false
              }
            ],
            "ephemeral_block_device": [],
            "force_destroy": false,
            "get_password_data": false,
            "hibernation": false,
            "host_id": "",
            "host_resource_group_arn": null,
            "iam_instance_profile": "",
            "id": "i-0b5ddf1daa9d2a06e",
            "instance_initiated_shutdown_behavior": "stop",
            "instance_lifecycle": "",
            "instance_market_options": [],
            "instance_state": "running",
            "instance_type": "t2.micro",
            "ipv6_address_count": 0,
            "ipv6_addresses": [],
            "key_name": "",
            "launch_template": [],
            "maintenance_options": [
              {
                "auto_recovery": "default"
              }
            ],
            "metadata_options": [
              {
                "http_endpoint": "enabled",
                "http_protocol_ipv6": "disabled",
                "http_put_response_hop_limit": 1,
                "http_tokens": "optional",
                "instance_metadata_tags": "disabled"
              }
            ],
            "monitoring": false,
            "network_interface": [],
            "outpost_arn": "",
            "password_data": "",
            "placement_group": "",
            "placement_group_id": "",
            "placement_partition_number": 0,
            "primary_network_interface": [
              {
                "delete_on_termination": true,
                "network_interface_id": "eni-01816bb0c2b73a0af"
              }
            ],
            "primary_network_interface_id": "eni-01816bb0c2b73a0af",
            "private_dns": "ip-10-0-103-71.ap-southeast-2.compute.internal",
            "private_dns_name_options": [
              {
                "enable_resource_name_dns_a_record": false,
                "enable_resource_name_dns_aaaa_record": false,
                "hostname_type": "ip-name"
              }
            ],
            "private_ip": "10.0.103.71",
            "public_dns": "",
            "public_ip": "13.236.152.155",
            "region": "ap-southeast-2",
            "root_block_device": [
              {
                "delete_on_termination": true,
                "device_name": "/dev/sda1",
                "encrypted": false,
                "iops": 100,
                "kms_key_id": "",
                "tags": {
                  "Environment": "default",
                  "Owner": "Acme",
                  "Provisoned": "Terrafor"
                },
                "tags_all": {
                  "Environment": "default",
                  "Owner": "Acme",
                  "Provisoned": "Terrafor"
                },
                "throughput": 0,
                "volume_id": "vol-0383efe73ae043619",
                "volume_size": 8,
                "volume_type": "gp2"
              }
            ],
            "secondary_private_ips": [],
            "security_groups": [],
            "source_dest_check": true,
            "spot_instance_request_id": "",
            "subnet_id": "subnet-0c4cdb45a782edf63",
            "tags": {
              "Environment": "Training",
              "Name": "Server from Module"
            },
            "tags_all": {
              "Environment": "Training",
              "Name": "Server from Module",
              "Owner": "Acme",
              "Provisoned": "Terrafor"
            },
            "tenancy": "default",
            "timeouts": null,
            "user_data": null,
            "user_data_base64": null,
            "user_data_replace_on_change": false,
            "volume_tags": null,
            "vpc_security_group_ids": [
              "sg-046a6a0620b4c73ea",
              "sg-0ee2097391baef29f",
              "sg-0f4b688c4c41cd0e4"
            ]
          },
          "sensitive_attributes": [],
          "private": "eyJlMmJmYjczMC1lY2FhLTExZTYtOGY4OC0zNDM2M2JjN2M0YzAiOnsiY3JlYXRlIjo2MDAwMDAwMDAwMDAsImRlbGV0ZSI6MTIwMDAwMDAwMDAwMCwicmVhZCI6OTAwMDAwMDAwMDAwLCJ1cGRhdGUiOjYwMDAwMDAwMDAwMH0sInNjaGVtYV92ZXJzaW9uIjoiMiJ9",
          "dependencies": [
            "aws_security_group.ingress-ssh",
            "aws_security_group.vpc-ping",
            "aws_security_group.vpc-web",
            "aws_subnet.public_subnets",
            "aws_vpc.vpc",
            "data.aws_ami.ubuntu",
            "data.aws_availability_zones.available",
            "data.aws_region.current"
          ]
        }
      ]
    },
    {
      "module": "module.server_subnet_1",
      "mode": "managed",
      "type": "aws_instance",
      "name": "web",
      "provider": "provider[\"registry.terraform.io/hashicorp/aws\"]",
      "instances": [
        {
          "schema_version": 2,
          "attributes": {
            "ami": "ami-06cd25c905a7e9a0f",
            "arn": "arn:aws:ec2:ap-southeast-2:229342747134:instance/i-0ae8201eadf51036b",
            "associate_public_ip_address": true,
            "availability_zone": "ap-southeast-2b",
            "capacity_reservation_specification": [
              {
                "capacity_reservation_preference": "open",
                "capacity_reservation_target": []
              }
            ],
            "cpu_options": [
              {
                "amd_sev_snp": "",
                "core_count": 1,
                "threads_per_core": 2
              }
            ],
            "credit_specification": [
              {
                "cpu_credits": "unlimited"
              }
            ],
            "disable_api_stop": false,
            "disable_api_termination": false,
            "ebs_block_device": [],
            "ebs_optimized": false,
            "enable_primary_ipv6": null,
            "enclave_options": [
              {
                "enabled": false
              }
            ],
            "ephemeral_block_device": [],
            "force_destroy": false,
            "get_password_data": false,
            "hibernation": false,
            "host_id": "",
            "host_resource_group_arn": null,
            "iam_instance_profile": "",
            "id": "i-0ae8201eadf51036b",
            "instance_initiated_shutdown_behavior": "stop",
            "instance_lifecycle": "",
            "instance_market_options": [],
            "instance_state": "running",
            "instance_type": "t3.micro",
            "ipv6_address_count": 0,
            "ipv6_addresses": [],
            "key_name": "MyAWSKey",
            "launch_template": [],
            "maintenance_options": [
              {
                "auto_recovery": "default"
              }
            ],
            "metadata_options": [
              {
                "http_endpoint": "enabled",
                "http_protocol_ipv6": "disabled",
                "http_put_response_hop_limit": 1,
                "http_tokens": "optional",
                "instance_metadata_tags": "disabled"
              }
            ],
            "monitoring": false,
            "network_interface": [],
            "outpost_arn": "",
            "password_data": "",
            "placement_group": "",
            "placement_group_id": "",
            "placement_partition_number": 0,
            "primary_network_interface": [
              {
                "delete_on_termination": true,
                "network_interface_id": "eni-0b8e1eca6c3a46090"
              }
            ],
            "primary_network_interface_id": "eni-0b8e1eca6c3a46090",
            "private_dns": "ip-10-0-101-91.ap-southeast-2.compute.internal",
            "private_dns_name_options": [
              {
                "enable_resource_name_dns_a_record": false,
                "enable_resource_name_dns_aaaa_record": false,
                "hostname_type": "ip-name"
              }
            ],
            "private_ip": "10.0.101.91",
            "public_dns": "",
            "public_ip": "16.176.203.88",
            "region": "ap-southeast-2",
            "root_block_device": [
              {
                "delete_on_termination": true,
                "device_name": "/dev/sda1",
                "encrypted": false,
                "iops": 100,
                "kms_key_id": "",
                "tags": {
                  "Environment": "default",
                  "Owner": "Acme",
                  "Provisoned": "Terrafor"
                },
                "tags_all": {
                  "Environment": "default",
                  "Owner": "Acme",
                  "Provisoned": "Terrafor"
                },
                "throughput": 0,
                "volume_id": "vol-0132197419cbd431c",
                "volume_size": 8,
                "volume_type": "gp2"
              }
            ],
            "secondary_private_ips": [],
            "security_groups": [],
            "source_dest_check": true,
            "spot_instance_request_id": "",
            "subnet_id": "subnet-0919be1bfb4f5e868",
            "tags": {
              "Environment": "Training",
              "Name": "Web Server from Module"
            },
            "tags_all": {
              "Environment": "Training",
              "Name": "Web Server from Module",
              "Owner": "Acme",
              "Provisoned": "Terrafor"
            },
            "tenancy": "default",
            "timeouts": null,
            "user_data": null,
            "user_data_base64": null,
            "user_data_replace_on_change": false,
            "volume_tags": null,
            "vpc_security_group_ids": [
              "sg-046a6a0620b4c73ea",
              "sg-0ee2097391baef29f",
              "sg-0f4b688c4c41cd0e4"
            ]
          },
          "sensitive_attributes": [],
          "private": "eyJlMmJmYjczMC1lY2FhLTExZTYtOGY4OC0zNDM2M2JjN2M0YzAiOnsiY3JlYXRlIjo2MDAwMDAwMDAwMDAsImRlbGV0ZSI6MTIwMDAwMDAwMDAwMCwicmVhZCI6OTAwMDAwMDAwMDAwLCJ1cGRhdGUiOjYwMDAwMDAwMDAwMH0sInNjaGVtYV92ZXJzaW9uIjoiMiJ9",
          "dependencies": [
            "aws_key_pair.generated",
            "aws_security_group.ingress-ssh",
            "aws_security_group.vpc-ping",
            "aws_security_group.vpc-web",
            "aws_subnet.public_subnets",
            "aws_vpc.vpc",
            "data.aws_ami.ubuntu",
            "data.aws_availability_zones.available",
            "data.aws_region.current",
            "tls_private_key.generated"
          ]
        }
      ]
    }
  ],
  "check_results": null
}
