{
  "version": 4,
  "terraform_version": "1.9.8",
  "serial": 492,
  "lineage": "5e119190-4a4f-ea6f-d3d6-c912f20dd9fa",
  "outputs": {
    "data-bucket-domain-arn": {
      "value": "arn:aws:s3:::my-data-lookup-fk",
      "type": "string"
    },
    "data-bucket-domain-name": {
      "value": "my-data-lookup-fk.s3.amazonaws.com",
      "type": "string"
    },
    "data-bucket-domain-region": {
      "value": "The following my-data-lookup-fk bucket is located in ap-southeast-2",
      "type": "string"
    },
    "first_name": {
      "value": "Terraform",
      "type": "string",
      "sensitive": true
    },
    "hello-world": {
      "value": "Hello World",
      "type": "string"
    },
    "last_name": {
      "value": "Tom",
      "type": "string",
      "sensitive": true
    },
    "max_value": {
      "value": 88,
      "type": "number"
    },
    "min_value": {
      "value": 20,
      "type": "number"
    },
    "my_number": {
      "value": "867-5309",
      "type": "string",
      "sensitive": true
    },
    "phone_number": {
      "value": "867-5309",
      "type": "string",
      "sensitive": true
    },
    "public_dns": {
      "value": "",
      "type": "string"
    },
    "public_ip": {
      "value": "3.25.128.159",
      "type": "string",
      "sensitive": true
    },
    "public_ip_model": {
      "value": "13.236.68.67",
      "type": "string"
    },
    "public_udl": {
      "value": "http://3.25.76.236",
      "type": "string"
    },
    "size": {
      "value": "t2.micro",
      "type": "string"
    },
    "vpc_id": {
      "value": "vpc-0fadc3db3146cd116",
      "type": "string"
    },
    "vpc_information": {
      "value": "Your DEV VPC has no ID of vpc-0fadc3db3146cd116",
      "type": "string"
    }
  },
  "resources": [
    {
      "mode": "data",
      "type": "aws_ami",
      "name": "ubuntu",
      "provider": "provider[\"registry.terraform.io/hashicorp/aws\"]",
      "instances": [
        {
          "schema_version": 0,
          "attributes": {
            "allow_unsafe_filter": null,
            "architecture": "x86_64",
            "arn": "arn:aws:ec2:ap-southeast-2::image/ami-06cd25c905a7e9a0f",
            "block_device_mappings": [
              {
                "device_name": "/dev/sda1",
                "ebs": {
                  "delete_on_termination": "true",
                  "encrypted": "false",
                  "iops": "0",
                  "snapshot_id": "snap-00bcd746cb27dc779",
                  "throughput": "0",
                  "volume_initialization_rate": "0",
                  "volume_size": "8",
                  "volume_type": "gp2"
                },
                "no_device": "",
                "virtual_name": ""
              },
              {
                "device_name": "/dev/sdb",
                "ebs": {},
                "no_device": "",
                "virtual_name": "ephemeral0"
              },
              {
                "device_name": "/dev/sdc",
                "ebs": {},
                "no_device": "",
                "virtual_name": "ephemeral1"
              }
            ],
            "boot_mode": "legacy-bios",
            "creation_date": "2025-06-25T05:33:06.000Z",
            "deprecation_time": "2027-06-25T05:33:06.000Z",
            "description": "Canonical, Ubuntu, 20.04, amd64 focal image",
            "ena_support": true,
            "executable_users": null,
            "filter": [
              {
                "name": "name",
                "values": [
                  "ubuntu/images/hvm-ssd/ubuntu-focal-20.04-amd64-server-*"
                ]
              },
              {
                "name": "virtualization-type",
                "values": [
                  "hvm"
                ]
              }
            ],
            "hypervisor": "xen",
            "id": "ami-06cd25c905a7e9a0f",
            "image_id": "ami-06cd25c905a7e9a0f",
            "image_location": "amazon/ubuntu/images/hvm-ssd/ubuntu-focal-20.04-amd64-server-20250624",
            "image_owner_alias": "amazon",
            "image_type": "machine",
            "imds_support": "",
            "include_deprecated": false,
            "kernel_id": "",
            "last_launched_time": "",
            "most_recent": true,
            "name": "ubuntu/images/hvm-ssd/ubuntu-focal-20.04-amd64-server-20250624",
            "name_regex": null,
            "owner_id": "099720109477",
            "owners": [
              "099720109477"
            ],
            "platform": "",
            "platform_details": "Linux/UNIX",
            "product_codes": [],
            "public": true,
            "ramdisk_id": "",
            "region": "ap-southeast-2",
            "root_device_name": "/dev/sda1",
            "root_device_type": "ebs",
            "root_snapshot_id": "snap-00bcd746cb27dc779",
            "sriov_net_support": "simple",
            "state": "available",
            "state_reason": {
              "code": "UNSET",
              "message": "UNSET"
            },
            "tags": {},
            "timeouts": null,
            "tpm_support": "",
            "uefi_data": null,
            "usage_operation": "RunInstances",
            "virtualization_type": "hvm"
          },
          "sensitive_attributes": []
        }
      ]
    },
    {
      "mode": "data",
      "type": "aws_availability_zones",
      "name": "available",
      "provider": "provider[\"registry.terraform.io/hashicorp/aws\"]",
      "instances": [
        {
          "schema_version": 0,
          "attributes": {
            "all_availability_zones": null,
            "exclude_names": null,
            "exclude_zone_ids": null,
            "filter": null,
            "group_names": [
              "ap-southeast-2-zg-1"
            ],
            "id": "ap-southeast-2",
            "names": [
              "ap-southeast-2a",
              "ap-southeast-2b",
              "ap-southeast-2c"
            ],
            "region": "ap-southeast-2",
            "state": null,
            "timeouts": null,
            "zone_ids": [
              "apse2-az1",
              "apse2-az3",
              "apse2-az2"
            ]
          },
          "sensitive_attributes": []
        }
      ]
    },
    {
      "mode": "data",
      "type": "aws_region",
      "name": "current",
      "provider": "provider[\"registry.terraform.io/hashicorp/aws\"]",
      "instances": [
        {
          "schema_version": 0,
          "attributes": {
            "description": "Asia Pacific (Sydney)",
            "endpoint": "ec2.ap-southeast-2.amazonaws.com",
            "id": "ap-southeast-2",
            "name": "ap-southeast-2",
            "region": "ap-southeast-2"
          },
          "sensitive_attributes": []
        }
      ]
    },
    {
      "mode": "data",
      "type": "aws_s3_bucket",
      "name": "data_bucket",
      "provider": "provider[\"registry.terraform.io/hashicorp/aws\"]",
      "instances": [
        {
          "schema_version": 0,
          "attributes": {
            "arn": "arn:aws:s3:::my-data-lookup-fk",
            "bucket": "my-data-lookup-fk",
            "bucket_domain_name": "my-data-lookup-fk.s3.amazonaws.com",
            "bucket_region": "ap-southeast-2",
            "bucket_regional_domain_name": "my-data-lookup-fk.s3.ap-southeast-2.amazonaws.com",
            "hosted_zone_id": "Z1WCIGYICN2BYD",
            "id": "my-data-lookup-fk",
            "region": "ap-southeast-2",
            "website_domain": null,
            "website_endpoint": null
          },
          "sensitive_attributes": []
        }
      ]
    },
    {
      "mode": "managed",
      "type": "aws_iam_policy",
      "name": "policy",
      "provider": "provider[\"registry.terraform.io/hashicorp/aws\"]",
      "instances": [
        {
          "schema_version": 0,
          "attributes": {
            "arn": "arn:aws:iam::229342747134:policy/data_bucket_policy",
            "attachment_count": 0,
            "description": "Allow access to my bucket",
            "id": "arn:aws:iam::229342747134:policy/data_bucket_policy",
            "name": "data_bucket_policy",
            "name_prefix": "",
            "path": "/",
            "policy": "{\"Statement\":[{\"Action\":[\"s3:Get*\",\"s3:List*\"],\"Effect\":\"Allow\",\"Resource\":\"arn:aws:s3:::my-data-lookup-fk\"}],\"Version\":\"2012-10-17\"}",
            "policy_id": "ANPATKZPETH7JLEPRH4VH",
            "tags": null,
            "tags_all": {
              "Environment": "default",
              "Owner": "Acme",
              "Provisoned": "Terrafor"
            }
          },
          "sensitive_attributes": [],
          "private": "bnVsbA==",
          "dependencies": [
            "data.aws_s3_bucket.data_bucket"
          ]
        }
      ]
    },
    {
      "mode": "managed",
      "type": "aws_instance",
      "name": "ubuntu_server",
      "provider": "provider[\"registry.terraform.io/hashicorp/aws\"]",
      "instances": [
        {
          "schema_version": 2,
          "attributes": {
            "ami": "ami-06cd25c905a7e9a0f",
            "arn": "arn:aws:ec2:ap-southeast-2:229342747134:instance/i-0fb38772c699a7645",
            "associate_public_ip_address": true,
            "availability_zone": "ap-southeast-2b",
            "capacity_reservation_specification": [
              {
                "capacity_reservation_preference": "open",
                "capacity_reservation_target": []
              }
            ],
            "cpu_options": [
              {
                "amd_sev_snp": "",
                "core_count": 1,
                "threads_per_core": 1
              }
            ],
            "credit_specification": [
              {
                "cpu_credits": "standard"
              }
            ],
            "disable_api_stop": false,
            "disable_api_termination": false,
            "ebs_block_device": [],
            "ebs_optimized": false,
            "enable_primary_ipv6": null,
            "enclave_options": [
              {
                "enabled": false
              }
            ],
            "ephemeral_block_device": [],
            "force_destroy": false,
            "get_password_data": false,
            "hibernation": false,
            "host_id": "",
            "host_resource_group_arn": null,
            "iam_instance_profile": "",
            "id": "i-0fb38772c699a7645",
            "instance_initiated_shutdown_behavior": "stop",
            "instance_lifecycle": "",
            "instance_market_options": [],
            "instance_state": "running",
            "instance_type": "t2.micro",
            "ipv6_address_count": 0,
            "ipv6_addresses": [],
            "key_name": "MyAWSKey",
            "launch_template": [],
            "maintenance_options": [
              {
                "auto_recovery": "default"
              }
            ],
            "metadata_options": [
              {
                "http_endpoint": "enabled",
                "http_protocol_ipv6": "disabled",
                "http_put_response_hop_limit": 1,
                "http_tokens": "optional",
                "instance_metadata_tags": "disabled"
              }
            ],
            "monitoring": false,
            "network_interface": [],
            "outpost_arn": "",
            "password_data": "",
            "placement_group": "",
            "placement_group_id": "",
            "placement_partition_number": 0,
            "primary_network_interface": [
              {
                "delete_on_termination": true,
                "network_interface_id": "eni-0e3e37b84441ef74f"
              }
            ],
            "primary_network_interface_id": "eni-0e3e37b84441ef74f",
            "private_dns": "ip-10-0-101-114.ap-southeast-2.compute.internal",
            "private_dns_name_options": [
              {
                "enable_resource_name_dns_a_record": false,
                "enable_resource_name_dns_aaaa_record": false,
                "hostname_type": "ip-name"
              }
            ],
            "private_ip": "10.0.101.114",
            "public_dns": "",
            "public_ip": "3.25.76.236",
            "region": "ap-southeast-2",
            "root_block_device": [
              {
                "delete_on_termination": true,
                "device_name": "/dev/sda1",
                "encrypted": false,
                "iops": 100,
                "kms_key_id": "",
                "tags": {
                  "Environment": "default",
                  "Owner": "Acme",
                  "Provisoned": "Terrafor"
                },
                "tags_all": {
                  "Environment": "default",
                  "Owner": "Acme",
                  "Provisoned": "Terrafor"
                },
                "throughput": 0,
                "volume_id": "vol-04a4ea9ac4ee292aa",
                "volume_size": 8,
                "volume_type": "gp2"
              }
            ],
            "secondary_private_ips": [],
            "security_groups": [
              "sg-07ca5c438cabc58a9",
              "sg-0be3c89e7cc7f35da",
              "sg-0c5710341538a4132"
            ],
            "source_dest_check": true,
            "spot_instance_request_id": "",
            "subnet_id": "subnet-0b873f4acd80a197f",
            "tags": {
              "App": "core_api",
              "AppTeam": "cloud team",
              "CreatedBy": "terraform",
              "Name": "ec2-dev-api-ap-southeast-2a",
              "Owner": "api_mgmt_dev",
              "Service": "automation"
            },
            "tags_all": {
              "App": "core_api",
              "AppTeam": "cloud team",
              "CreatedBy": "terraform",
              "Environment": "default",
              "Name": "ec2-dev-api-ap-southeast-2a",
              "Owner": "api_mgmt_dev",
              "Provisoned": "Terrafor",
              "Service": "automation"
            },
            "tenancy": "default",
            "timeouts": null,
            "user_data": null,
            "user_data_base64": null,
            "user_data_replace_on_change": false,
            "volume_tags": null,
            "vpc_security_group_ids": [
              "sg-07ca5c438cabc58a9",
              "sg-0be3c89e7cc7f35da",
              "sg-0c5710341538a4132"
            ]
          },
          "sensitive_attributes": [],
          "private": "eyJlMmJmYjczMC1lY2FhLTExZTYtOGY4OC0zNDM2M2JjN2M0YzAiOnsiY3JlYXRlIjo2MDAwMDAwMDAwMDAsImRlbGV0ZSI6MTIwMDAwMDAwMDAwMCwicmVhZCI6OTAwMDAwMDAwMDAwLCJ1cGRhdGUiOjYwMDAwMDAwMDAwMH0sInNjaGVtYV92ZXJzaW9uIjoiMiJ9",
          "dependencies": [
            "aws_key_pair.generated",
            "aws_security_group.ingress-ssh",
            "aws_security_group.vpc-ping",
            "aws_security_group.vpc-web",
            "aws_subnet.public_subnets",
            "aws_vpc.vpc",
            "data.aws_ami.ubuntu",
            "data.aws_availability_zones.available",
            "data.aws_region.current",
            "tls_private_key.generated"
          ]
        }
      ]
    },
    {
      "mode": "managed",
      "type": "aws_instance",
      "name": "web_server",
      "provider": "provider[\"registry.terraform.io/hashicorp/aws\"]",
      "instances": [
        {
          "schema_version": 2,
          "attributes": {
            "ami": "ami-06cd25c905a7e9a0f",
            "arn": "arn:aws:ec2:ap-southeast-2:229342747134:instance/i-08df8a1e6df1b0a09",
            "associate_public_ip_address": true,
            "availability_zone": "ap-southeast-2b",
            "capacity_reservation_specification": [
              {
                "capacity_reservation_preference": "open",
                "capacity_reservation_target": []
              }
            ],
            "cpu_options": [
              {
                "amd_sev_snp": "",
                "core_count": 1,
                "threads_per_core": 1
              }
            ],
            "credit_specification": [
              {
                "cpu_credits": "standard"
              }
            ],
            "disable_api_stop": false,
            "disable_api_termination": false,
            "ebs_block_device": [],
            "ebs_optimized": false,
            "enable_primary_ipv6": null,
            "enclave_options": [
              {
                "enabled": false
              }
            ],
            "ephemeral_block_device": [],
            "force_destroy": false,
            "get_password_data": false,
            "hibernation": false,
            "host_id": "",
            "host_resource_group_arn": null,
            "iam_instance_profile": "",
            "id": "i-08df8a1e6df1b0a09",
            "instance_initiated_shutdown_behavior": "stop",
            "instance_lifecycle": "",
            "instance_market_options": [],
            "instance_state": "running",
            "instance_type": "t2.micro",
            "ipv6_address_count": 0,
            "ipv6_addresses": [],
            "key_name": "MyAWSKey",
            "launch_template": [],
            "maintenance_options": [
              {
                "auto_recovery": "default"
              }
            ],
            "metadata_options": [
              {
                "http_endpoint": "enabled",
                "http_protocol_ipv6": "disabled",
                "http_put_response_hop_limit": 1,
                "http_tokens": "optional",
                "instance_metadata_tags": "disabled"
              }
            ],
            "monitoring": false,
            "network_interface": [],
            "outpost_arn": "",
            "password_data": "",
            "placement_group": "",
            "placement_group_id": "",
            "placement_partition_number": 0,
            "primary_network_interface": [
              {
                "delete_on_termination": true,
                "network_interface_id": "eni-029d8ba341d9c1669"
              }
            ],
            "primary_network_interface_id": "eni-029d8ba341d9c1669",
            "private_dns": "ip-10-0-101-145.ap-southeast-2.compute.internal",
            "private_dns_name_options": [
              {
                "enable_resource_name_dns_a_record": false,
                "enable_resource_name_dns_aaaa_record": false,
                "hostname_type": "ip-name"
              }
            ],
            "private_ip": "10.0.101.145",
            "public_dns": "",
            "public_ip": "3.25.128.159",
            "region": "ap-southeast-2",
            "root_block_device": [
              {
                "delete_on_termination": true,
                "device_name": "/dev/sda1",
                "encrypted": false,
                "iops": 100,
                "kms_key_id": "",
                "tags": {
                  "Environment": "default",
                  "Owner": "Acme",
                  "Provisoned": "Terrafor"
                },
                "tags_all": {
                  "Environment": "default",
                  "Owner": "Acme",
                  "Provisoned": "Terrafor"
                },
                "throughput": 0,
                "volume_id": "vol-08827a934cbdeddd0",
                "volume_size": 8,
                "volume_type": "gp2"
              }
            ],
            "secondary_private_ips": [],
            "security_groups": [
              "sg-07ca5c438cabc58a9",
              "sg-0be3c89e7cc7f35da",
              "sg-0c5710341538a4132"
            ],
            "source_dest_check": true,
            "spot_instance_request_id": "",
            "subnet_id": "subnet-0b873f4acd80a197f",
            "tags": {
              "Name": "Web EC2 Server"
            },
            "tags_all": {
              "Environment": "default",
              "Name": "Web EC2 Server",
              "Owner": "Acme",
              "Provisoned": "Terrafor"
            },
            "tenancy": "default",
            "timeouts": null,
            "user_data": null,
            "user_data_base64": null,
            "user_data_replace_on_change": false,
            "volume_tags": null,
            "vpc_security_group_ids": [
              "sg-07ca5c438cabc58a9",
              "sg-0be3c89e7cc7f35da",
              "sg-0c5710341538a4132"
            ]
          },
          "sensitive_attributes": [],
          "private": "eyJlMmJmYjczMC1lY2FhLTExZTYtOGY4OC0zNDM2M2JjN2M0YzAiOnsiY3JlYXRlIjo2MDAwMDAwMDAwMDAsImRlbGV0ZSI6MTIwMDAwMDAwMDAwMCwicmVhZCI6OTAwMDAwMDAwMDAwLCJ1cGRhdGUiOjYwMDAwMDAwMDAwMH0sInNjaGVtYV92ZXJzaW9uIjoiMiJ9",
          "dependencies": [
            "aws_key_pair.generated",
            "aws_security_group.ingress-ssh",
            "aws_security_group.vpc-ping",
            "aws_security_group.vpc-web",
            "aws_subnet.public_subnets",
            "aws_vpc.vpc",
            "data.aws_ami.ubuntu",
            "data.aws_availability_zones.available",
            "data.aws_region.current",
            "tls_private_key.generated"
          ]
        }
      ]
    },
    {
      "mode": "managed",
      "type": "aws_instance",
      "name": "web_server_2",
      "provider": "provider[\"registry.terraform.io/hashicorp/aws\"]",
      "instances": [
        {
          "schema_version": 2,
          "attributes": {
            "ami": "ami-06cd25c905a7e9a0f",
            "arn": "arn:aws:ec2:ap-southeast-2:229342747134:instance/i-0bbccd5d3cb4e56b3",
            "associate_public_ip_address": true,
            "availability_zone": "ap-southeast-2c",
            "capacity_reservation_specification": [
              {
                "capacity_reservation_preference": "open",
                "capacity_reservation_target": []
              }
            ],
            "cpu_options": [
              {
                "amd_sev_snp": "",
                "core_count": 1,
                "threads_per_core": 1
              }
            ],
            "credit_specification": [
              {
                "cpu_credits": "standard"
              }
            ],
            "disable_api_stop": false,
            "disable_api_termination": false,
            "ebs_block_device": [],
            "ebs_optimized": false,
            "enable_primary_ipv6": null,
            "enclave_options": [
              {
                "enabled": false
              }
            ],
            "ephemeral_block_device": [],
            "force_destroy": false,
            "get_password_data": false,
            "hibernation": false,
            "host_id": "",
            "host_resource_group_arn": null,
            "iam_instance_profile": "",
            "id": "i-0bbccd5d3cb4e56b3",
            "instance_initiated_shutdown_behavior": "stop",
            "instance_lifecycle": "",
            "instance_market_options": [],
            "instance_state": "running",
            "instance_type": "t2.micro",
            "ipv6_address_count": 0,
            "ipv6_addresses": [],
            "key_name": "",
            "launch_template": [],
            "maintenance_options": [
              {
                "auto_recovery": "default"
              }
            ],
            "metadata_options": [
              {
                "http_endpoint": "enabled",
                "http_protocol_ipv6": "disabled",
                "http_put_response_hop_limit": 1,
                "http_tokens": "optional",
                "instance_metadata_tags": "disabled"
              }
            ],
            "monitoring": false,
            "network_interface": [],
            "outpost_arn": "",
            "password_data": "",
            "placement_group": "",
            "placement_group_id": "",
            "placement_partition_number": 0,
            "primary_network_interface": [
              {
                "delete_on_termination": true,
                "network_interface_id": "eni-085d5a6bc97011c37"
              }
            ],
            "primary_network_interface_id": "eni-085d5a6bc97011c37",
            "private_dns": "ip-10-0-102-114.ap-southeast-2.compute.internal",
            "private_dns_name_options": [
              {
                "enable_resource_name_dns_a_record": false,
                "enable_resource_name_dns_aaaa_record": false,
                "hostname_type": "ip-name"
              }
            ],
            "private_ip": "10.0.102.114",
            "public_dns": "",
            "public_ip": "3.26.255.5",
            "region": "ap-southeast-2",
            "root_block_device": [
              {
                "delete_on_termination": true,
                "device_name": "/dev/sda1",
                "encrypted": false,
                "iops": 100,
                "kms_key_id": "",
                "tags": {
                  "Environment": "default",
                  "Owner": "Acme",
                  "Provisoned": "Terrafor"
                },
                "tags_all": {
                  "Environment": "default",
                  "Owner": "Acme",
                  "Provisoned": "Terrafor"
                },
                "throughput": 0,
                "volume_id": "vol-0c4c70ff8b40c0904",
                "volume_size": 8,
                "volume_type": "gp2"
              }
            ],
            "secondary_private_ips": [],
            "security_groups": [],
            "source_dest_check": true,
            "spot_instance_request_id": "",
            "subnet_id": "subnet-060e28052ad7058b9",
            "tags": {
              "Name": "Web EC2 Server 2"
            },
            "tags_all": {
              "Environment": "default",
              "Name": "Web EC2 Server 2",
              "Owner": "Acme",
              "Provisoned": "Terrafor"
            },
            "tenancy": "default",
            "timeouts": null,
            "user_data": null,
            "user_data_base64": null,
            "user_data_replace_on_change": false,
            "volume_tags": null,
            "vpc_security_group_ids": [
              "sg-054c9626f998ff863"
            ]
          },
          "sensitive_attributes": [],
          "private": "eyJlMmJmYjczMC1lY2FhLTExZTYtOGY4OC0zNDM2M2JjN2M0YzAiOnsiY3JlYXRlIjo2MDAwMDAwMDAwMDAsImRlbGV0ZSI6MTIwMDAwMDAwMDAwMCwicmVhZCI6OTAwMDAwMDAwMDAwLCJ1cGRhdGUiOjYwMDAwMDAwMDAwMH0sInNjaGVtYV92ZXJzaW9uIjoiMiJ9",
          "dependencies": [
            "aws_subnet.public_subnets",
            "aws_vpc.vpc",
            "data.aws_ami.ubuntu",
            "data.aws_availability_zones.available",
            "data.aws_region.current"
          ]
        }
      ]
    },
    {
      "mode": "managed",
      "type": "aws_internet_gateway",
      "name": "demo_igw",
      "provider": "provider[\"registry.terraform.io/hashicorp/aws\"]",
      "instances": [
        {
          "schema_version": 0,
          "attributes": {
            "arn": "arn:aws:ec2:ap-southeast-2:229342747134:internet-gateway/igw-0716a34168d55f268",
            "id": "igw-0716a34168d55f268",
            "owner_id": "229342747134",
            "region": "ap-southeast-2",
            "tags": {
              "Name": "Demo IGW"
            },
            "tags_all": {
              "Environment": "default",
              "Name": "Demo IGW",
              "Owner": "Acme",
              "Provisoned": "Terrafor"
            },
            "timeouts": null,
            "vpc_id": "vpc-0fadc3db3146cd116"
          },
          "sensitive_attributes": [],
          "private": "eyJlMmJmYjczMC1lY2FhLTExZTYtOGY4OC0zNDM2M2JjN2M0YzAiOnsiY3JlYXRlIjoxMjAwMDAwMDAwMDAwLCJkZWxldGUiOjEyMDAwMDAwMDAwMDAsInVwZGF0ZSI6MTIwMDAwMDAwMDAwMH19",
          "dependencies": [
            "aws_vpc.vpc",
            "data.aws_region.current"
          ]
        }
      ]
    },
    {
      "mode": "managed",
      "type": "aws_key_pair",
      "name": "generated",
      "provider": "provider[\"registry.terraform.io/hashicorp/aws\"]",
      "instances": [
        {
          "schema_version": 1,
          "attributes": {
            "arn": "arn:aws:ec2:ap-southeast-2:229342747134:key-pair/MyAWSKey",
            "fingerprint": "fa:ae:e5:1c:bd:58:e6:12:9f:64:dd:90:58:9b:b2:6c",
            "id": "MyAWSKey",
            "key_name": "MyAWSKey",
            "key_name_prefix": "",
            "key_pair_id": "key-054c17d43370fa5d0",
            "key_type": "rsa",
            "public_key": "ssh-rsa AAAAB3NzaC1yc2EAAAADAQABAAABAQC7DFEIfNzsiv936qijCTAHL+cwBNBDNYQXoJ2clp/1P4LpsrAjrYmkJOKG6Bt/Mklxb1AuGU2gwb5KI6p9eK3qDi9OTufZmdXAMw2X8f9hEj8rRiFLwoOMXjWfxbMZfCYfBzn5sNi++k+spzrbGZSlU5fuaKMd/KBmHrhKWic6ccpdWb02RZ0iaODeFB/LytNAZJXR006fFeeed59XwADFbooXZ8isxhObdRhd8hPV94eye1zr/qmT/sU5ROwX3V5/b5u3oczYIjZ0qbdykrw4/de13jnX1EGr0uvryqszBkJipkfpnKBNoV3qhO7ehSR7uZ0FkYfi7sAn8TIv6Wvz",
            "region": "ap-southeast-2",
            "tags": null,
            "tags_all": {
              "Environment": "default",
              "Owner": "Acme",
              "Provisoned": "Terrafor"
            }
          },
          "sensitive_attributes": [],
          "private": "eyJzY2hlbWFfdmVyc2lvbiI6IjEifQ==",
          "dependencies": [
            "tls_private_key.generated"
          ]
        }
      ]
    },
    {
      "mode": "managed",
      "type": "aws_route",
      "name": "demo_route_table",
      "provider": "provider[\"registry.terraform.io/hashicorp/aws\"]",
      "instances": [
        {
          "schema_version": 0,
          "attributes": {
            "carrier_gateway_id": "",
            "core_network_arn": "",
            "destination_cidr_block": "0.0.0.0/0",
            "destination_ipv6_cidr_block": "",
            "destination_prefix_list_id": "",
            "egress_only_gateway_id": "",
            "gateway_id": "igw-0716a34168d55f268",
            "id": "r-rtb-0a4cac3a2ea4d5cd31080289494",
            "instance_id": "",
            "instance_owner_id": "",
            "local_gateway_id": "",
            "nat_gateway_id": "",
            "network_interface_id": "",
            "origin": "CreateRoute",
            "region": "ap-southeast-2",
            "route_table_id": "rtb-0a4cac3a2ea4d5cd3",
            "state": "active",
            "timeouts": null,
            "transit_gateway_id": "",
            "vpc_endpoint_id": "",
            "vpc_peering_connection_id": ""
          },
          "sensitive_attributes": [],
          "private": "eyJlMmJmYjczMC1lY2FhLTExZTYtOGY4OC0zNDM2M2JjN2M0YzAiOnsiY3JlYXRlIjozMDAwMDAwMDAwMDAsImRlbGV0ZSI6MzAwMDAwMDAwMDAwLCJ1cGRhdGUiOjEyMDAwMDAwMDAwMH19",
          "dependencies": [
            "aws_internet_gateway.demo_igw",
            "aws_vpc.vpc",
            "data.aws_region.current"
          ]
        }
      ]
    },
    {
      "mode": "managed",
      "type": "aws_s3_bucket",
      "name": "my-aws-s3-bucket",
      "provider": "provider[\"registry.terraform.io/hashicorp/aws\"]",
      "instances": [
        {
          "schema_version": 0,
          "attributes": {
            "acceleration_status": "",
            "acl": null,
            "arn": "arn:aws:s3:::fkaba-sirri-5f2dec078659ac9d002637b18fe58d22",
            "bucket": "fkaba-sirri-5f2dec078659ac9d002637b18fe58d22",
            "bucket_domain_name": "fkaba-sirri-5f2dec078659ac9d002637b18fe58d22.s3.amazonaws.com",
            "bucket_prefix": "fkaba-sirri-5f2dec",
            "bucket_region": "ap-southeast-2",
            "bucket_regional_domain_name": "fkaba-sirri-5f2dec078659ac9d002637b18fe58d22.s3.ap-southeast-2.amazonaws.com",
            "cors_rule": [],
            "force_destroy": false,
            "grant": [
              {
                "id": "f5280c0f4eaccbfcea1406ef4e975dad15b514928f69f45ee51d13cd6b665334",
                "permissions": [
                  "FULL_CONTROL"
                ],
                "type": "CanonicalUser",
                "uri": ""
              }
            ],
            "hosted_zone_id": "Z1WCIGYICN2BYD",
            "id": "fkaba-sirri-5f2dec078659ac9d002637b18fe58d22",
            "lifecycle_rule": [],
            "logging": [],
            "object_lock_configuration": [],
            "object_lock_enabled": false,
            "policy": "",
            "region": "ap-southeast-2",
            "replication_configuration": [],
            "request_payer": "BucketOwner",
            "server_side_encryption_configuration": [
              {
                "rule": [
                  {
                    "apply_server_side_encryption_by_default": [
                      {
                        "kms_master_key_id": "",
                        "sse_algorithm": "AES256"
                      }
                    ],
                    "bucket_key_enabled": false
                  }
                ]
              }
            ],
            "tags": {
              "Name": "MY s3 bucket",
              "Purpose": "Building an automation"
            },
            "tags_all": {
              "Environment": "default",
              "Name": "MY s3 bucket",
              "Owner": "Acme",
              "Provisoned": "Terrafor",
              "Purpose": "Building an automation"
            },
            "timeouts": null,
            "versioning": [
              {
                "enabled": false,
                "mfa_delete": false
              }
            ],
            "website": [],
            "website_domain": null,
            "website_endpoint": null
          },
          "sensitive_attributes": [],
          "private": "eyJlMmJmYjczMC1lY2FhLTExZTYtOGY4OC0zNDM2M2JjN2M0YzAiOnsiY3JlYXRlIjoxMjAwMDAwMDAwMDAwLCJkZWxldGUiOjM2MDAwMDAwMDAwMDAsInJlYWQiOjEyMDAwMDAwMDAwMDAsInVwZGF0ZSI6MTIwMDAwMDAwMDAwMH19",
          "dependencies": [
            "random_id.randomness"
          ]
        }
      ]
    },
    {
      "mode": "managed",
      "type": "aws_security_group",
      "name": "ingress-ssh",
      "provider": "provider[\"registry.terraform.io/hashicorp/aws\"]",
      "instances": [
        {
          "schema_version": 1,
          "attributes": {
            "arn": "arn:aws:ec2:ap-southeast-2:229342747134:security-group/sg-0c5710341538a4132",
            "description": "Managed by Terraform",
            "egress": [
              {
                "cidr_blocks": [
                  "0.0.0.0/0"
                ],
                "description": "",
                "from_port": 0,
                "ipv6_cidr_blocks": [],
                "prefix_list_ids": [],
                "protocol": "-1",
                "security_groups": [],
                "self": false,
                "to_port": 0
              }
            ],
            "id": "sg-0c5710341538a4132",
            "ingress": [
              {
                "cidr_blocks": [
                  "0.0.0.0/0"
                ],
                "description": "",
                "from_port": 22,
                "ipv6_cidr_blocks": [],
                "prefix_list_ids": [],
                "protocol": "tcp",
                "security_groups": [],
                "self": false,
                "to_port": 22
              }
            ],
            "name": "allow-all-ssh",
            "name_prefix": "",
            "owner_id": "229342747134",
            "region": "ap-southeast-2",
            "revoke_rules_on_delete": false,
            "tags": null,
            "tags_all": {
              "Environment": "default",
              "Owner": "Acme",
              "Provisoned": "Terrafor"
            },
            "timeouts": null,
            "vpc_id": "vpc-0fadc3db3146cd116"
          },
          "sensitive_attributes": [],
          "private": "eyJlMmJmYjczMC1lY2FhLTExZTYtOGY4OC0zNDM2M2JjN2M0YzAiOnsiY3JlYXRlIjo2MDAwMDAwMDAwMDAsImRlbGV0ZSI6OTAwMDAwMDAwMDAwfSwic2NoZW1hX3ZlcnNpb24iOiIxIn0=",
          "dependencies": [
            "aws_vpc.vpc",
            "data.aws_region.current"
          ]
        }
      ]
    },
    {
      "mode": "managed",
      "type": "aws_security_group",
      "name": "main",
      "provider": "provider[\"registry.terraform.io/hashicorp/aws\"]",
      "instances": [
        {
          "schema_version": 1,
          "attributes": {
            "arn": "arn:aws:ec2:ap-southeast-2:229342747134:security-group/sg-01fb8eb166073b138",
            "description": "Managed by Terraform",
            "egress": [],
            "id": "sg-01fb8eb166073b138",
            "ingress": [
              {
                "cidr_blocks": [
                  "0.0.0.0/0"
                ],
                "description": "Port 443",
                "from_port": 443,
                "ipv6_cidr_blocks": [],
                "prefix_list_ids": [],
                "protocol": "tcp",
                "security_groups": [],
                "self": false,
                "to_port": 443
              },
              {
                "cidr_blocks": [
                  "0.0.0.0/0"
                ],
                "description": "Port 80",
                "from_port": 80,
                "ipv6_cidr_blocks": [],
                "prefix_list_ids": [],
                "protocol": "tcp",
                "security_groups": [],
                "self": false,
                "to_port": 80
              }
            ],
            "name": "core-sg-global",
            "name_prefix": "",
            "owner_id": "229342747134",
            "region": "ap-southeast-2",
            "revoke_rules_on_delete": false,
            "tags": null,
            "tags_all": {
              "Environment": "default",
              "Owner": "Acme",
              "Provisoned": "Terrafor"
            },
            "timeouts": null,
            "vpc_id": "vpc-0fadc3db3146cd116"
          },
          "sensitive_attributes": [],
          "private": "eyJlMmJmYjczMC1lY2FhLTExZTYtOGY4OC0zNDM2M2JjN2M0YzAiOnsiY3JlYXRlIjo2MDAwMDAwMDAwMDAsImRlbGV0ZSI6OTAwMDAwMDAwMDAwfSwic2NoZW1hX3ZlcnNpb24iOiIxIn0=",
          "dependencies": [
            "aws_vpc.vpc",
            "data.aws_region.current"
          ],
          "create_before_destroy": true
        }
      ]
    },
    {
      "mode": "managed",
      "type": "aws_security_group",
      "name": "vpc-ping",
      "provider": "provider[\"registry.terraform.io/hashicorp/aws\"]",
      "instances": [
        {
          "schema_version": 1,
          "attributes": {
            "arn": "arn:aws:ec2:ap-southeast-2:229342747134:security-group/sg-07ca5c438cabc58a9",
            "description": "ICMP for Ping Access",
            "egress": [
              {
                "cidr_blocks": [
                  "0.0.0.0/0"
                ],
                "description": "Allow all ip and ports outbound",
                "from_port": 0,
                "ipv6_cidr_blocks": [],
                "prefix_list_ids": [],
                "protocol": "-1",
                "security_groups": [],
                "self": false,
                "to_port": 0
              }
            ],
            "id": "sg-07ca5c438cabc58a9",
            "ingress": [
              {
                "cidr_blocks": [
                  "0.0.0.0/0"
                ],
                "description": "Allow ICMP Traffic",
                "from_port": -1,
                "ipv6_cidr_blocks": [],
                "prefix_list_ids": [],
                "protocol": "icmp",
                "security_groups": [],
                "self": false,
                "to_port": -1
              }
            ],
            "name": "vpc-ping",
            "name_prefix": "",
            "owner_id": "229342747134",
            "region": "ap-southeast-2",
            "revoke_rules_on_delete": false,
            "tags": null,
            "tags_all": {
              "Environment": "default",
              "Owner": "Acme",
              "Provisoned": "Terrafor"
            },
            "timeouts": null,
            "vpc_id": "vpc-0fadc3db3146cd116"
          },
          "sensitive_attributes": [],
          "private": "eyJlMmJmYjczMC1lY2FhLTExZTYtOGY4OC0zNDM2M2JjN2M0YzAiOnsiY3JlYXRlIjo2MDAwMDAwMDAwMDAsImRlbGV0ZSI6OTAwMDAwMDAwMDAwfSwic2NoZW1hX3ZlcnNpb24iOiIxIn0=",
          "dependencies": [
            "aws_vpc.vpc",
            "data.aws_region.current"
          ]
        }
      ]
    },
    {
      "mode": "managed",
      "type": "aws_security_group",
      "name": "vpc-web",
      "provider": "provider[\"registry.terraform.io/hashicorp/aws\"]",
      "instances": [
        {
          "schema_version": 1,
          "attributes": {
            "arn": "arn:aws:ec2:ap-southeast-2:229342747134:security-group/sg-0be3c89e7cc7f35da",
            "description": "Web Traffic",
            "egress": [
              {
                "cidr_blocks": [
                  "0.0.0.0/0"
                ],
                "description": "Allow all ip and ports outbound",
                "from_port": 0,
                "ipv6_cidr_blocks": [],
                "prefix_list_ids": [],
                "protocol": "-1",
                "security_groups": [],
                "self": false,
                "to_port": 0
              }
            ],
            "id": "sg-0be3c89e7cc7f35da",
            "ingress": [
              {
                "cidr_blocks": [
                  "0.0.0.0/0"
                ],
                "description": "Allow Port 443",
                "from_port": 443,
                "ipv6_cidr_blocks": [],
                "prefix_list_ids": [],
                "protocol": "tcp",
                "security_groups": [],
                "self": false,
                "to_port": 443
              },
              {
                "cidr_blocks": [
                  "0.0.0.0/0"
                ],
                "description": "Allow Port 80",
                "from_port": 80,
                "ipv6_cidr_blocks": [],
                "prefix_list_ids": [],
                "protocol": "tcp",
                "security_groups": [],
                "self": false,
                "to_port": 80
              }
            ],
            "name": "vpc-web-default",
            "name_prefix": "",
            "owner_id": "229342747134",
            "region": "ap-southeast-2",
            "revoke_rules_on_delete": false,
            "tags": null,
            "tags_all": {
              "Environment": "default",
              "Owner": "Acme",
              "Provisoned": "Terrafor"
            },
            "timeouts": null,
            "vpc_id": "vpc-0fadc3db3146cd116"
          },
          "sensitive_attributes": [],
          "private": "eyJlMmJmYjczMC1lY2FhLTExZTYtOGY4OC0zNDM2M2JjN2M0YzAiOnsiY3JlYXRlIjo2MDAwMDAwMDAwMDAsImRlbGV0ZSI6OTAwMDAwMDAwMDAwfSwic2NoZW1hX3ZlcnNpb24iOiIxIn0=",
          "dependencies": [
            "aws_vpc.vpc",
            "data.aws_region.current"
          ]
        }
      ]
    },
    {
      "mode": "managed",
      "type": "aws_subnet",
      "name": "list_subnet",
      "provider": "provider[\"registry.terraform.io/hashicorp/aws\"]",
      "instances": [
        {
          "index_key": "Dev",
          "schema_version": 1,
          "attributes": {
            "arn": "arn:aws:ec2:ap-southeast-2:229342747134:subnet/subnet-08eeafe7b35a426a2",
            "assign_ipv6_address_on_creation": false,
            "availability_zone": "ap-southeast-2b",
            "availability_zone_id": "apse2-az3",
            "cidr_block": "10.0.250.0/24",
            "customer_owned_ipv4_pool": "",
            "enable_dns64": false,
            "enable_lni_at_device_index": 0,
            "enable_resource_name_dns_a_record_on_launch": false,
            "enable_resource_name_dns_aaaa_record_on_launch": false,
            "id": "subnet-08eeafe7b35a426a2",
            "ipv6_cidr_block": "",
            "ipv6_cidr_block_association_id": "",
            "ipv6_native": false,
            "map_customer_owned_ip_on_launch": false,
            "map_public_ip_on_launch": false,
            "outpost_arn": "",
            "owner_id": "229342747134",
            "private_dns_hostname_type_on_launch": "ip-name",
            "region": "ap-southeast-2",
            "tags": {
              "Environment": "Dev"
            },
            "tags_all": {
              "Environment": "Dev",
              "Owner": "Acme",
              "Provisoned": "Terrafor"
            },
            "timeouts": null,
            "vpc_id": "vpc-0fadc3db3146cd116"
          },
          "sensitive_attributes": [],
          "private": "eyJlMmJmYjczMC1lY2FhLTExZTYtOGY4OC0zNDM2M2JjN2M0YzAiOnsiY3JlYXRlIjo2MDAwMDAwMDAwMDAsImRlbGV0ZSI6MTIwMDAwMDAwMDAwMH0sInNjaGVtYV92ZXJzaW9uIjoiMSJ9",
          "dependencies": [
            "aws_vpc.vpc",
            "data.aws_region.current"
          ]
        },
        {
          "index_key": "Prod",
          "schema_version": 1,
          "attributes": {
            "arn": "arn:aws:ec2:ap-southeast-2:229342747134:subnet/subnet-0eab57bd31b6a444c",
            "assign_ipv6_address_on_creation": false,
            "availability_zone": "ap-southeast-2a",
            "availability_zone_id": "apse2-az1",
            "cidr_block": "10.0.150.0/24",
            "customer_owned_ipv4_pool": "",
            "enable_dns64": false,
            "enable_lni_at_device_index": 0,
            "enable_resource_name_dns_a_record_on_launch": false,
            "enable_resource_name_dns_aaaa_record_on_launch": false,
            "id": "subnet-0eab57bd31b6a444c",
            "ipv6_cidr_block": "",
            "ipv6_cidr_block_association_id": "",
            "ipv6_native": false,
            "map_customer_owned_ip_on_launch": false,
            "map_public_ip_on_launch": false,
            "outpost_arn": "",
            "owner_id": "229342747134",
            "private_dns_hostname_type_on_launch": "ip-name",
            "region": "ap-southeast-2",
            "tags": {
              "Environment": "Prod"
            },
            "tags_all": {
              "Environment": "Prod",
              "Owner": "Acme",
              "Provisoned": "Terrafor"
            },
            "timeouts": null,
            "vpc_id": "vpc-0fadc3db3146cd116"
          },
          "sensitive_attributes": [],
          "private": "eyJlMmJmYjczMC1lY2FhLTExZTYtOGY4OC0zNDM2M2JjN2M0YzAiOnsiY3JlYXRlIjo2MDAwMDAwMDAwMDAsImRlbGV0ZSI6MTIwMDAwMDAwMDAwMH0sInNjaGVtYV92ZXJzaW9uIjoiMSJ9",
          "dependencies": [
            "aws_vpc.vpc",
            "data.aws_region.current"
          ]
        }
      ]
    },
    {
      "mode": "managed",
      "type": "aws_subnet",
      "name": "private_subnets",
      "provider": "provider[\"registry.terraform.io/hashicorp/aws\"]",
      "instances": [
        {
          "index_key": "private_subnet_1",
          "schema_version": 1,
          "attributes": {
            "arn": "arn:aws:ec2:ap-southeast-2:229342747134:subnet/subnet-0125456684c232361",
            "assign_ipv6_address_on_creation": false,
            "availability_zone": "ap-southeast-2b",
            "availability_zone_id": "apse2-az3",
            "cidr_block": "10.0.1.0/24",
            "customer_owned_ipv4_pool": "",
            "enable_dns64": false,
            "enable_lni_at_device_index": 0,
            "enable_resource_name_dns_a_record_on_launch": false,
            "enable_resource_name_dns_aaaa_record_on_launch": false,
            "id": "subnet-0125456684c232361",
            "ipv6_cidr_block": "",
            "ipv6_cidr_block_association_id": "",
            "ipv6_native": false,
            "map_customer_owned_ip_on_launch": false,
            "map_public_ip_on_launch": false,
            "outpost_arn": "",
            "owner_id": "229342747134",
            "private_dns_hostname_type_on_launch": "ip-name",
            "region": "ap-southeast-2",
            "tags": {
              "Name": "private_subnet_1",
              "Terraform": "true"
            },
            "tags_all": {
              "Environment": "default",
              "Name": "private_subnet_1",
              "Owner": "Acme",
              "Provisoned": "Terrafor",
              "Terraform": "true"
            },
            "timeouts": null,
            "vpc_id": "vpc-0fadc3db3146cd116"
          },
          "sensitive_attributes": [],
          "private": "eyJlMmJmYjczMC1lY2FhLTExZTYtOGY4OC0zNDM2M2JjN2M0YzAiOnsiY3JlYXRlIjo2MDAwMDAwMDAwMDAsImRlbGV0ZSI6MTIwMDAwMDAwMDAwMH0sInNjaGVtYV92ZXJzaW9uIjoiMSJ9",
          "dependencies": [
            "aws_vpc.vpc",
            "data.aws_availability_zones.available",
            "data.aws_region.current"
          ],
          "create_before_destroy": true
        },
        {
          "index_key": "private_subnet_2",
          "schema_version": 1,
          "attributes": {
            "arn": "arn:aws:ec2:ap-southeast-2:229342747134:subnet/subnet-0f5c8ffa525e3ffa3",
            "assign_ipv6_address_on_creation": false,
            "availability_zone": "ap-southeast-2c",
            "availability_zone_id": "apse2-az2",
            "cidr_block": "10.0.2.0/24",
            "customer_owned_ipv4_pool": "",
            "enable_dns64": false,
            "enable_lni_at_device_index": 0,
            "enable_resource_name_dns_a_record_on_launch": false,
            "enable_resource_name_dns_aaaa_record_on_launch": false,
            "id": "subnet-0f5c8ffa525e3ffa3",
            "ipv6_cidr_block": "",
            "ipv6_cidr_block_association_id": "",
            "ipv6_native": false,
            "map_customer_owned_ip_on_launch": false,
            "map_public_ip_on_launch": false,
            "outpost_arn": "",
            "owner_id": "229342747134",
            "private_dns_hostname_type_on_launch": "ip-name",
            "region": "ap-southeast-2",
            "tags": {
              "Name": "private_subnet_2",
              "Terraform": "true"
            },
            "tags_all": {
              "Environment": "default",
              "Name": "private_subnet_2",
              "Owner": "Acme",
              "Provisoned": "Terrafor",
              "Terraform": "true"
            },
            "timeouts": null,
            "vpc_id": "vpc-0fadc3db3146cd116"
          },
          "sensitive_attributes": [],
          "private": "eyJlMmJmYjczMC1lY2FhLTExZTYtOGY4OC0zNDM2M2JjN2M0YzAiOnsiY3JlYXRlIjo2MDAwMDAwMDAwMDAsImRlbGV0ZSI6MTIwMDAwMDAwMDAwMH0sInNjaGVtYV92ZXJzaW9uIjoiMSJ9",
          "dependencies": [
            "aws_vpc.vpc",
            "data.aws_availability_zones.available",
            "data.aws_region.current"
          ],
          "create_before_destroy": true
        },
        {
          "index_key": "private_subnet_3",
          "schema_version": 1,
          "attributes": {
            "arn": "arn:aws:ec2:ap-southeast-2:229342747134:subnet/subnet-0f5feb53b2f8b09da",
            "assign_ipv6_address_on_creation": false,
            "availability_zone": "ap-southeast-2a",
            "availability_zone_id": "apse2-az1",
            "cidr_block": "10.0.3.0/24",
            "customer_owned_ipv4_pool": "",
            "enable_dns64": false,
            "enable_lni_at_device_index": 0,
            "enable_resource_name_dns_a_record_on_launch": false,
            "enable_resource_name_dns_aaaa_record_on_launch": false,
            "id": "subnet-0f5feb53b2f8b09da",
            "ipv6_cidr_block": "",
            "ipv6_cidr_block_association_id": "",
            "ipv6_native": false,
            "map_customer_owned_ip_on_launch": false,
            "map_public_ip_on_launch": false,
            "outpost_arn": "",
            "owner_id": "229342747134",
            "private_dns_hostname_type_on_launch": "ip-name",
            "region": "ap-southeast-2",
            "tags": {
              "Name": "private_subnet_3",
              "Terraform": "true"
            },
            "tags_all": {
              "Environment": "default",
              "Name": "private_subnet_3",
              "Owner": "Acme",
              "Provisoned": "Terrafor",
              "Terraform": "true"
            },
            "timeouts": null,
            "vpc_id": "vpc-0fadc3db3146cd116"
          },
          "sensitive_attributes": [],
          "private": "eyJlMmJmYjczMC1lY2FhLTExZTYtOGY4OC0zNDM2M2JjN2M0YzAiOnsiY3JlYXRlIjo2MDAwMDAwMDAwMDAsImRlbGV0ZSI6MTIwMDAwMDAwMDAwMH0sInNjaGVtYV92ZXJzaW9uIjoiMSJ9",
          "dependencies": [
            "aws_vpc.vpc",
            "data.aws_availability_zones.available",
            "data.aws_region.current"
          ],
          "create_before_destroy": true
        }
      ]
    },
    {
      "mode": "managed",
      "type": "aws_subnet",
      "name": "public_subnets",
      "provider": "provider[\"registry.terraform.io/hashicorp/aws\"]",
      "instances": [
        {
          "index_key": "public_subnet_1",
          "schema_version": 1,
          "attributes": {
            "arn": "arn:aws:ec2:ap-southeast-2:229342747134:subnet/subnet-0b873f4acd80a197f",
            "assign_ipv6_address_on_creation": false,
            "availability_zone": "ap-southeast-2b",
            "availability_zone_id": "apse2-az3",
            "cidr_block": "10.0.101.0/24",
            "customer_owned_ipv4_pool": "",
            "enable_dns64": false,
            "enable_lni_at_device_index": 0,
            "enable_resource_name_dns_a_record_on_launch": false,
            "enable_resource_name_dns_aaaa_record_on_launch": false,
            "id": "subnet-0b873f4acd80a197f",
            "ipv6_cidr_block": "",
            "ipv6_cidr_block_association_id": "",
            "ipv6_native": false,
            "map_customer_owned_ip_on_launch": false,
            "map_public_ip_on_launch": true,
            "outpost_arn": "",
            "owner_id": "229342747134",
            "private_dns_hostname_type_on_launch": "ip-name",
            "region": "ap-southeast-2",
            "tags": {
              "Name": "public_subnet_1",
              "Terraform": "true"
            },
            "tags_all": {
              "Environment": "default",
              "Name": "public_subnet_1",
              "Owner": "Acme",
              "Provisoned": "Terrafor",
              "Terraform": "true"
            },
            "timeouts": null,
            "vpc_id": "vpc-0fadc3db3146cd116"
          },
          "sensitive_attributes": [],
          "private": "eyJlMmJmYjczMC1lY2FhLTExZTYtOGY4OC0zNDM2M2JjN2M0YzAiOnsiY3JlYXRlIjo2MDAwMDAwMDAwMDAsImRlbGV0ZSI6MTIwMDAwMDAwMDAwMH0sInNjaGVtYV92ZXJzaW9uIjoiMSJ9",
          "dependencies": [
            "aws_vpc.vpc",
            "data.aws_availability_zones.available",
            "data.aws_region.current"
          ]
        },
        {
          "index_key": "public_subnet_2",
          "schema_version": 1,
          "attributes": {
            "arn": "arn:aws:ec2:ap-southeast-2:229342747134:subnet/subnet-060e28052ad7058b9",
            "assign_ipv6_address_on_creation": false,
            "availability_zone": "ap-southeast-2c",
            "availability_zone_id": "apse2-az2",
            "cidr_block": "10.0.102.0/24",
            "customer_owned_ipv4_pool": "",
            "enable_dns64": false,
            "enable_lni_at_device_index": 0,
            "enable_resource_name_dns_a_record_on_launch": false,
            "enable_resource_name_dns_aaaa_record_on_launch": false,
            "id": "subnet-060e28052ad7058b9",
            "ipv6_cidr_block": "",
            "ipv6_cidr_block_association_id": "",
            "ipv6_native": false,
            "map_customer_owned_ip_on_launch": false,
            "map_public_ip_on_launch": true,
            "outpost_arn": "",
            "owner_id": "229342747134",
            "private_dns_hostname_type_on_launch": "ip-name",
            "region": "ap-southeast-2",
            "tags": {
              "Name": "public_subnet_2",
              "Terraform": "true"
            },
            "tags_all": {
              "Environment": "default",
              "Name": "public_subnet_2",
              "Owner": "Acme",
              "Provisoned": "Terrafor",
              "Terraform": "true"
            },
            "timeouts": null,
            "vpc_id": "vpc-0fadc3db3146cd116"
          },
          "sensitive_attributes": [],
          "private": "eyJlMmJmYjczMC1lY2FhLTExZTYtOGY4OC0zNDM2M2JjN2M0YzAiOnsiY3JlYXRlIjo2MDAwMDAwMDAwMDAsImRlbGV0ZSI6MTIwMDAwMDAwMDAwMH0sInNjaGVtYV92ZXJzaW9uIjoiMSJ9",
          "dependencies": [
            "aws_vpc.vpc",
            "data.aws_availability_zones.available",
            "data.aws_region.current"
          ]
        },
        {
          "index_key": "public_subnet_3",
          "schema_version": 1,
          "attributes": {
            "arn": "arn:aws:ec2:ap-southeast-2:229342747134:subnet/subnet-09c59b39cf1dd5d7b",
            "assign_ipv6_address_on_creation": false,
            "availability_zone": "ap-southeast-2a",
            "availability_zone_id": "apse2-az1",
            "cidr_block": "10.0.103.0/24",
            "customer_owned_ipv4_pool": "",
            "enable_dns64": false,
            "enable_lni_at_device_index": 0,
            "enable_resource_name_dns_a_record_on_launch": false,
            "enable_resource_name_dns_aaaa_record_on_launch": false,
            "id": "subnet-09c59b39cf1dd5d7b",
            "ipv6_cidr_block": "",
            "ipv6_cidr_block_association_id": "",
            "ipv6_native": false,
            "map_customer_owned_ip_on_launch": false,
            "map_public_ip_on_launch": true,
            "outpost_arn": "",
            "owner_id": "229342747134",
            "private_dns_hostname_type_on_launch": "ip-name",
            "region": "ap-southeast-2",
            "tags": {
              "Name": "public_subnet_3",
              "Terraform": "true"
            },
            "tags_all": {
              "Environment": "default",
              "Name": "public_subnet_3",
              "Owner": "Acme",
              "Provisoned": "Terrafor",
              "Terraform": "true"
            },
            "timeouts": null,
            "vpc_id": "vpc-0fadc3db3146cd116"
          },
          "sensitive_attributes": [],
          "private": "eyJlMmJmYjczMC1lY2FhLTExZTYtOGY4OC0zNDM2M2JjN2M0YzAiOnsiY3JlYXRlIjo2MDAwMDAwMDAwMDAsImRlbGV0ZSI6MTIwMDAwMDAwMDAwMH0sInNjaGVtYV92ZXJzaW9uIjoiMSJ9",
          "dependencies": [
            "aws_vpc.vpc",
            "data.aws_availability_zones.available",
            "data.aws_region.current"
          ]
        }
      ]
    },
    {
      "mode": "managed",
      "type": "aws_subnet",
      "name": "variables-subnet",
      "provider": "provider[\"registry.terraform.io/hashicorp/aws\"]",
      "instances": [
        {
          "schema_version": 1,
          "attributes": {
            "arn": "arn:aws:ec2:ap-southeast-2:229342747134:subnet/subnet-0d9f35a456a712e0c",
            "assign_ipv6_address_on_creation": false,
            "availability_zone": "ap-southeast-2a",
            "availability_zone_id": "apse2-az1",
            "cidr_block": "10.0.204.0/24",
            "customer_owned_ipv4_pool": "",
            "enable_dns64": false,
            "enable_lni_at_device_index": 0,
            "enable_resource_name_dns_a_record_on_launch": false,
            "enable_resource_name_dns_aaaa_record_on_launch": false,
            "id": "subnet-0d9f35a456a712e0c",
            "ipv6_cidr_block": "",
            "ipv6_cidr_block_association_id": "",
            "ipv6_native": false,
            "map_customer_owned_ip_on_launch": false,
            "map_public_ip_on_launch": true,
            "outpost_arn": "",
            "owner_id": "229342747134",
            "private_dns_hostname_type_on_launch": "ip-name",
            "region": "ap-southeast-2",
            "tags": {
              "Name": "sub-variable-ap-southeast-2a",
              "Terraform": "true"
            },
            "tags_all": {
              "Environment": "default",
              "Name": "sub-variable-ap-southeast-2a",
              "Owner": "Acme",
              "Provisoned": "Terrafor",
              "Terraform": "true"
            },
            "timeouts": null,
            "vpc_id": "vpc-0fadc3db3146cd116"
          },
          "sensitive_attributes": [],
          "private": "eyJlMmJmYjczMC1lY2FhLTExZTYtOGY4OC0zNDM2M2JjN2M0YzAiOnsiY3JlYXRlIjo2MDAwMDAwMDAwMDAsImRlbGV0ZSI6MTIwMDAwMDAwMDAwMH0sInNjaGVtYV92ZXJzaW9uIjoiMSJ9",
          "dependencies": [
            "aws_vpc.vpc",
            "data.aws_region.current"
          ]
        }
      ]
    },
    {
      "mode": "managed",
      "type": "aws_vpc",
      "name": "vpc",
      "provider": "provider[\"registry.terraform.io/hashicorp/aws\"]",
      "instances": [
        {
          "schema_version": 1,
          "attributes": {
            "arn": "arn:aws:ec2:ap-southeast-2:229342747134:vpc/vpc-0fadc3db3146cd116",
            "assign_generated_ipv6_cidr_block": false,
            "cidr_block": "10.0.0.0/16",
            "default_network_acl_id": "acl-04a6383237f27d351",
            "default_route_table_id": "rtb-0a4cac3a2ea4d5cd3",
            "default_security_group_id": "sg-054c9626f998ff863",
            "dhcp_options_id": "dopt-0da38bf39f17302bc",
            "enable_dns_hostnames": false,
            "enable_dns_support": true,
            "enable_network_address_usage_metrics": false,
            "id": "vpc-0fadc3db3146cd116",
            "instance_tenancy": "default",
            "ipv4_ipam_pool_id": null,
            "ipv4_netmask_length": null,
            "ipv6_association_id": "",
            "ipv6_cidr_block": "",
            "ipv6_cidr_block_network_border_group": "",
            "ipv6_ipam_pool_id": "",
            "ipv6_netmask_length": 0,
            "main_route_table_id": "rtb-0a4cac3a2ea4d5cd3",
            "owner_id": "229342747134",
            "region": "ap-southeast-2",
            "tags": {
              "Environment": "DEV",
              "Name": "DEMO_VPC",
              "Region": "Asia Pacific (Sydney)",
              "Terraform": "true"
            },
            "tags_all": {
              "Environment": "DEV",
              "Name": "DEMO_VPC",
              "Owner": "Acme",
              "Provisoned": "Terrafor",
              "Region": "Asia Pacific (Sydney)",
              "Terraform": "true"
            }
          },
          "sensitive_attributes": [],
          "private": "eyJzY2hlbWFfdmVyc2lvbiI6IjEifQ==",
          "dependencies": [
            "data.aws_region.current"
          ],
          "create_before_destroy": true
        }
      ]
    },
    {
      "mode": "managed",
      "type": "random_id",
      "name": "randomness",
      "provider": "provider[\"registry.terraform.io/hashicorp/random\"]",
      "instances": [
        {
          "schema_version": 0,
          "attributes": {
            "b64_std": "Xy3sB4ZZrJ0AJjexj+WNIg==",
            "b64_url": "Xy3sB4ZZrJ0AJjexj-WNIg",
            "byte_length": 16,
            "dec": "126515100203044075420406529409482591522",
            "hex": "5f2dec078659ac9d002637b18fe58d22",
            "id": "Xy3sB4ZZrJ0AJjexj-WNIg",
            "keepers": null,
            "prefix": null
          },
          "sensitive_attributes": [],
          "private": "bnVsbA=="
        }
      ]
    },
    {
      "mode": "managed",
      "type": "tls_private_key",
      "name": "generated",
      "provider": "provider[\"registry.terraform.io/hashicorp/tls\"]",
      "instances": [
        {
          "schema_version": 1,
          "attributes": {
            "algorithm": "RSA",
            "ecdsa_curve": "P224",
            "id": "a2172acd34c592c6811fdfe6ce43eabfd340a09a",
            "private_key_openssh": "-----BEGIN OPENSSH PRIVATE KEY-----\nb3BlbnNzaC1rZXktdjEAAAAABG5vbmUAAAAEbm9uZQAAAAAAAAABAAABFwAAAAdz\nc2gtcnNhAAAAAwEAAQAAAQEAuwxRCHzc7Ir/d+qoowkwBy/nMATQQzWEF6CdnJaf\n9T+C6bKwI62JpCTihugbfzJJcW9QLhlNoMG+SiOqfXit6g4vTk7n2ZnVwDMNl/H/\nYRI/K0YhS8KDjF41n8WzGXwmHwc5+bDYvvpPrKc62xmUpVOX7mijHfygZh64Slon\nOnHKXVm9NkWdImjg3hQfy8rTQGSV0dNOnxXnnnefV8AAxW6KF2fIrMYTm3UYXfIT\n1feHsntc6/6pk/7FOUTsF91ef2+bt6HM2CI2dKm3cpK8OP3Xtd4519RBq9Lr68qr\nMwZCYqZH6ZygTaFd6oTu3oUke7mdBZGH4u7AJ/EyL+lr8wAAA7haZP+AWmT/gAAA\nAAdzc2gtcnNhAAABAQC7DFEIfNzsiv936qijCTAHL+cwBNBDNYQXoJ2clp/1P4Lp\nsrAjrYmkJOKG6Bt/Mklxb1AuGU2gwb5KI6p9eK3qDi9OTufZmdXAMw2X8f9hEj8r\nRiFLwoOMXjWfxbMZfCYfBzn5sNi++k+spzrbGZSlU5fuaKMd/KBmHrhKWic6ccpd\nWb02RZ0iaODeFB/LytNAZJXR006fFeeed59XwADFbooXZ8isxhObdRhd8hPV94ey\ne1zr/qmT/sU5ROwX3V5/b5u3oczYIjZ0qbdykrw4/de13jnX1EGr0uvryqszBkJi\npkfpnKBNoV3qhO7ehSR7uZ0FkYfi7sAn8TIv6WvzAAAAAwEAAQAAAQADETUjFWfo\nup30W3rCRiEH0G9PZ1vcrr/E6lvXhfNDfMbdpHtkxENLowno+Fz+mMO2E2UQo4PC\nc8RJB/LAfzTnWSZ+M8zdFXfa/rlw9VR+1Bf5+C+Fh8eHsJTbLVxQ0JSuJ/yQAk4A\nwwHbZ1Da9tuCpqQBito/ycf9zSyhO7uFH1unoMvLEepYOHSXnS7oKzsqVxrBkfQ2\nX2tcBVYuieuAKq8mJ3Uvxeh1hZawwM7ShM97U6rHzoGmeu4tGVDG1jWdD1Wn/l43\ntVHRC7mVizL2+hefNuGXgnSuNPI6R8f7IxPzafD3GgDsuNG8hv5Y8wRs02/8gm0T\nKIF6rT2Tgsc5AAAAgHQ3RhV5QPBl+UauI/QBxUVDLfdliQ3Od1CfJ+ixKYauUY5j\nGCE8k6MdqoZBUZwJWHg3DsjBNF1GPCBvFCApnZjU/S34T091jOr+kI1Do2WyTWWo\nrzVSODxWFvLdJI0ooQ2J1hBbQCBhVjj3GKunXd+3vScfVQBIy2rDg7JTFfgzAAAA\ngQDIf0TPJ9AFyZN0hyKFbpio1LaGeHUMQaL0b5ro0PCm0MHGtubHbw1vE3W52Ytj\nEIdnWtnKxg8vuVGQCQ3fbz1dS4TxqDdbjIoEBSFa7cOkbktqY9tk34YkixN1vg7N\nnNG/dlAnkkRpX9dV/xuTgF65NZraxXem5mibNWGYvyWuWwAAAIEA7tPyzq/BdfcN\ntrN3GfRSdjfFCAj4jYUZz4WLnB8xHuaY7jIG/NBxnxjcUpaYvvVECwnq9NgMkavn\nqIuwrAG58IUYktVgp1KybB8yUK8xL1UwcDCeY1H1lH0zIPieHjQY26US7GwFNKlC\nZMDfAAGhVoKC7Bqo4/423UP4RmYmXEkAAAAAAQID\n-----END OPENSSH PRIVATE KEY-----\n",
            "private_key_pem": "-----BEGIN RSA PRIVATE KEY-----\nMIIEogIBAAKCAQEAuwxRCHzc7Ir/d+qoowkwBy/nMATQQzWEF6CdnJaf9T+C6bKw\nI62JpCTihugbfzJJcW9QLhlNoMG+SiOqfXit6g4vTk7n2ZnVwDMNl/H/YRI/K0Yh\nS8KDjF41n8WzGXwmHwc5+bDYvvpPrKc62xmUpVOX7mijHfygZh64SlonOnHKXVm9\nNkWdImjg3hQfy8rTQGSV0dNOnxXnnnefV8AAxW6KF2fIrMYTm3UYXfIT1feHsntc\n6/6pk/7FOUTsF91ef2+bt6HM2CI2dKm3cpK8OP3Xtd4519RBq9Lr68qrMwZCYqZH\n6ZygTaFd6oTu3oUke7mdBZGH4u7AJ/EyL+lr8wIDAQABAoIBAAMRNSMVZ+i6nfRb\nesJGIQfQb09nW9yuv8TqW9eF80N8xt2ke2TEQ0ujCej4XP6Yw7YTZRCjg8JzxEkH\n8sB/NOdZJn4zzN0Vd9r+uXD1VH7UF/n4L4WHx4ewlNstXFDQlK4n/JACTgDDAdtn\nUNr224KmpAGK2j/Jx/3NLKE7u4UfW6egy8sR6lg4dJedLugrOypXGsGR9DZfa1wF\nVi6J64AqryYndS/F6HWFlrDAztKEz3tTqsfOgaZ67i0ZUMbWNZ0PVaf+Xje1UdEL\nuZWLMvb6F5824ZeCdK408jpHx/sjE/Np8PcaAOy40byG/ljzBGzTb/yCbRMogXqt\nPZOCxzkCgYEAyH9EzyfQBcmTdIcihW6YqNS2hnh1DEGi9G+a6NDwptDBxrbmx28N\nbxN1udmLYxCHZ1rZysYPL7lRkAkN3289XUuE8ag3W4yKBAUhWu3DpG5LamPbZN+G\nJIsTdb4OzZzRv3ZQJ5JEaV/XVf8bk4BeuTWa2sV3puZomzVhmL8lrlsCgYEA7tPy\nzq/BdfcNtrN3GfRSdjfFCAj4jYUZz4WLnB8xHuaY7jIG/NBxnxjcUpaYvvVECwnq\n9NgMkavnqIuwrAG58IUYktVgp1KybB8yUK8xL1UwcDCeY1H1lH0zIPieHjQY26US\n7GwFNKlCZMDfAAGhVoKC7Bqo4/423UP4RmYmXEkCgYBzmHT6nrCf9ZUvdQ4hMh+Q\nD3vg0ahiVaF3HrWIj5aABxIB2Mf7qfpr1SNl8JgdmJUIsOeqskBlOopc6et2q/MM\nTBMtJNgtzzxvjumpPDY1ImYWw9XlNb5oaUrh8p8kSsrfgX47ImiQ/HHxofCrPTLf\nw5kxkvImZudevQs0/tfhywKBgBFzsXmDBFsPa5QfNyPRY7k5yA8XQLpusH0moBYP\nfXJpnWFCjJoqzTK4CVmLoavKlmdMGTw9EWYPrsT1ODrJgYHe5/XK294+P8WA3hdh\nRfHUgs6f7uMJGS35nCPbpwpD+lEKlgBqwFKhz7U3FtSUSerdbJ2+MPtAF1hB4EGc\ns07pAoGAdDdGFXlA8GX5Rq4j9AHFRUMt92WJDc53UJ8n6LEphq5RjmMYITyTox2q\nhkFRnAlYeDcOyME0XUY8IG8UICmdmNT9LfhPT3WM6v6QjUOjZbJNZaivNVI4PFYW\n8t0kjSihDYnWEFtAIGFWOPcYq6dd37e9Jx9VAEjLasODslMV+DM=\n-----END RSA PRIVATE KEY-----\n",
            "private_key_pem_pkcs8": "-----BEGIN PRIVATE KEY-----\nMIIEvAIBADANBgkqhkiG9w0BAQEFAASCBKYwggSiAgEAAoIBAQC7DFEIfNzsiv93\n6qijCTAHL+cwBNBDNYQXoJ2clp/1P4LpsrAjrYmkJOKG6Bt/Mklxb1AuGU2gwb5K\nI6p9eK3qDi9OTufZmdXAMw2X8f9hEj8rRiFLwoOMXjWfxbMZfCYfBzn5sNi++k+s\npzrbGZSlU5fuaKMd/KBmHrhKWic6ccpdWb02RZ0iaODeFB/LytNAZJXR006fFeee\nd59XwADFbooXZ8isxhObdRhd8hPV94eye1zr/qmT/sU5ROwX3V5/b5u3oczYIjZ0\nqbdykrw4/de13jnX1EGr0uvryqszBkJipkfpnKBNoV3qhO7ehSR7uZ0FkYfi7sAn\n8TIv6WvzAgMBAAECggEAAxE1IxVn6Lqd9Ft6wkYhB9BvT2db3K6/xOpb14XzQ3zG\n3aR7ZMRDS6MJ6Phc/pjDthNlEKODwnPESQfywH8051kmfjPM3RV32v65cPVUftQX\n+fgvhYfHh7CU2y1cUNCUrif8kAJOAMMB22dQ2vbbgqakAYraP8nH/c0soTu7hR9b\np6DLyxHqWDh0l50u6Cs7KlcawZH0Nl9rXAVWLonrgCqvJid1L8XodYWWsMDO0oTP\ne1Oqx86BpnruLRlQxtY1nQ9Vp/5eN7VR0Qu5lYsy9voXnzbhl4J0rjTyOkfH+yMT\n82nw9xoA7LjRvIb+WPMEbNNv/IJtEyiBeq09k4LHOQKBgQDIf0TPJ9AFyZN0hyKF\nbpio1LaGeHUMQaL0b5ro0PCm0MHGtubHbw1vE3W52YtjEIdnWtnKxg8vuVGQCQ3f\nbz1dS4TxqDdbjIoEBSFa7cOkbktqY9tk34YkixN1vg7NnNG/dlAnkkRpX9dV/xuT\ngF65NZraxXem5mibNWGYvyWuWwKBgQDu0/LOr8F19w22s3cZ9FJ2N8UICPiNhRnP\nhYucHzEe5pjuMgb80HGfGNxSlpi+9UQLCer02AyRq+eoi7CsAbnwhRiS1WCnUrJs\nHzJQrzEvVTBwMJ5jUfWUfTMg+J4eNBjbpRLsbAU0qUJkwN8AAaFWgoLsGqjj/jbd\nQ/hGZiZcSQKBgHOYdPqesJ/1lS91DiEyH5APe+DRqGJVoXcetYiPloAHEgHYx/up\n+mvVI2XwmB2YlQiw56qyQGU6ilzp63ar8wxMEy0k2C3PPG+O6ak8NjUiZhbD1eU1\nvmhpSuHynyRKyt+BfjsiaJD8cfGh8Ks9Mt/DmTGS8iZm5169CzT+1+HLAoGAEXOx\neYMEWw9rlB83I9FjuTnIDxdAum6wfSagFg99cmmdYUKMmirNMrgJWYuhq8qWZ0wZ\nPD0RZg+uxPU4OsmBgd7n9crb3j4/xYDeF2FF8dSCzp/u4wkZLfmcI9unCkP6UQqW\nAGrAUqHPtTcW1JRJ6t1snb4w+0AXWEHgQZyzTukCgYB0N0YVeUDwZflGriP0AcVF\nQy33ZYkNzndQnyfosSmGrlGOYxghPJOjHaqGQVGcCVh4Nw7IwTRdRjwgbxQgKZ2Y\n1P0t+E9PdYzq/pCNQ6Nlsk1lqK81Ujg8Vhby3SSNKKENidYQW0AgYVY49xirp13f\nt70nH1UASMtqw4OyUxX4Mw==\n-----END PRIVATE KEY-----\n",
            "public_key_fingerprint_md5": "a3:39:38:9b:af:96:46:da:f3:04:fc:6c:a7:f8:08:f3",
            "public_key_fingerprint_sha256": "SHA256:Xs0K66BVPhup3NrOXfxTGhhqjeVjQtJUJVu/MS8CrT0",
            "public_key_openssh": "ssh-rsa AAAAB3NzaC1yc2EAAAADAQABAAABAQC7DFEIfNzsiv936qijCTAHL+cwBNBDNYQXoJ2clp/1P4LpsrAjrYmkJOKG6Bt/Mklxb1AuGU2gwb5KI6p9eK3qDi9OTufZmdXAMw2X8f9hEj8rRiFLwoOMXjWfxbMZfCYfBzn5sNi++k+spzrbGZSlU5fuaKMd/KBmHrhKWic6ccpdWb02RZ0iaODeFB/LytNAZJXR006fFeeed59XwADFbooXZ8isxhObdRhd8hPV94eye1zr/qmT/sU5ROwX3V5/b5u3oczYIjZ0qbdykrw4/de13jnX1EGr0uvryqszBkJipkfpnKBNoV3qhO7ehSR7uZ0FkYfi7sAn8TIv6Wvz\n",
            "public_key_pem": "-----BEGIN PUBLIC KEY-----\nMIIBIjANBgkqhkiG9w0BAQEFAAOCAQ8AMIIBCgKCAQEAuwxRCHzc7Ir/d+qoowkw\nBy/nMATQQzWEF6CdnJaf9T+C6bKwI62JpCTihugbfzJJcW9QLhlNoMG+SiOqfXit\n6g4vTk7n2ZnVwDMNl/H/YRI/K0YhS8KDjF41n8WzGXwmHwc5+bDYvvpPrKc62xmU\npVOX7mijHfygZh64SlonOnHKXVm9NkWdImjg3hQfy8rTQGSV0dNOnxXnnnefV8AA\nxW6KF2fIrMYTm3UYXfIT1feHsntc6/6pk/7FOUTsF91ef2+bt6HM2CI2dKm3cpK8\nOP3Xtd4519RBq9Lr68qrMwZCYqZH6ZygTaFd6oTu3oUke7mdBZGH4u7AJ/EyL+lr\n8wIDAQAB\n-----END PUBLIC KEY-----\n",
            "rsa_bits": 2048
          },
          "sensitive_attributes": [
            [
              {
                "type": "get_attr",
                "value": "private_key_openssh"
              }
            ],
            [
              {
                "type": "get_attr",
                "value": "private_key_pem_pkcs8"
              }
            ],
            [
              {
                "type": "get_attr",
                "value": "private_key_pem"
              }
            ]
          ]
        }
      ]
    },
    {
      "module": "module.autoscaling",
      "mode": "data",
      "type": "aws_partition",
      "name": "current",
      "provider": "provider[\"registry.terraform.io/hashicorp/aws\"]",
      "instances": [
        {
          "schema_version": 0,
          "attributes": {
            "dns_suffix": "amazonaws.com",
            "id": "aws",
            "partition": "aws",
            "reverse_dns_prefix": "com.amazonaws"
          },
          "sensitive_attributes": []
        }
      ]
    },
    {
      "module": "module.autoscaling",
      "mode": "managed",
      "type": "aws_autoscaling_group",
      "name": "this",
      "provider": "provider[\"registry.terraform.io/hashicorp/aws\"]",
      "instances": [
        {
          "index_key": 0,
          "schema_version": 1,
          "attributes": {
            "arn": "arn:aws:autoscaling:ap-southeast-2:229342747134:autoScalingGroup:2c7b2a20-51fa-4894-85fa-be8119aff11c:autoScalingGroupName/myasg-20251106081411119000000003",
            "availability_zone_distribution": [
              {
                "capacity_distribution_strategy": "balanced-best-effort"
              }
            ],
            "availability_zones": [
              "ap-southeast-2a",
              "ap-southeast-2b",
              "ap-southeast-2c"
            ],
            "capacity_rebalance": false,
            "capacity_reservation_specification": [
              {
                "capacity_reservation_preference": "default",
                "capacity_reservation_target": []
              }
            ],
            "context": "",
            "default_cooldown": 300,
            "default_instance_warmup": 0,
            "desired_capacity": 1,
            "desired_capacity_type": "",
            "enabled_metrics": null,
            "force_delete": false,
            "force_delete_warm_pool": false,
            "health_check_grace_period": 300,
            "health_check_type": "EC2",
            "id": "myasg-20251106081411119000000003",
            "ignore_failed_scaling_activities": false,
            "initial_lifecycle_hook": [],
            "instance_maintenance_policy": [],
            "instance_refresh": [],
            "launch_configuration": "",
            "launch_template": [
              {
                "id": "lt-01da66ada3b4db8ee",
                "name": "myasg-20251106081405355300000001",
                "version": "1"
              }
            ],
            "load_balancers": [],
            "max_instance_lifetime": 0,
            "max_size": 1,
            "metrics_granularity": "1Minute",
            "min_elb_capacity": null,
            "min_size": 0,
            "mixed_instances_policy": [],
            "name": "myasg-20251106081411119000000003",
            "name_prefix": "myasg-",
            "placement_group": "",
            "predicted_capacity": 0,
            "protect_from_scale_in": false,
            "region": "ap-southeast-2",
            "service_linked_role_arn": "arn:aws:iam::229342747134:role/aws-service-role/autoscaling.amazonaws.com/AWSServiceRoleForAutoScaling",
            "suspended_processes": null,
            "tag": [
              {
                "key": "Name",
                "propagate_at_launch": true,
                "value": "asg-instance"
              }
            ],
            "target_group_arns": [],
            "termination_policies": [],
            "timeouts": null,
            "traffic_source": [],
            "vpc_zone_identifier": [
              "subnet-0125456684c232361",
              "subnet-0f5c8ffa525e3ffa3",
              "subnet-0f5feb53b2f8b09da"
            ],
            "wait_for_capacity_timeout": "10m",
            "wait_for_elb_capacity": null,
            "warm_pool": [],
            "warm_pool_size": 0
          },
          "sensitive_attributes": [],
          "private": "eyJlMmJmYjczMC1lY2FhLTExZTYtOGY4OC0zNDM2M2JjN2M0YzAiOnsiZGVsZXRlIjo2MDAwMDAwMDAwMDAsInVwZGF0ZSI6NjAwMDAwMDAwMDAwfSwic2NoZW1hX3ZlcnNpb24iOiIxIn0=",
          "dependencies": [
            "aws_subnet.private_subnets",
            "aws_vpc.vpc",
            "data.aws_ami.ubuntu",
            "data.aws_availability_zones.available",
            "data.aws_region.current",
            "module.autoscaling.aws_iam_instance_profile.this",
            "module.autoscaling.aws_iam_role.this",
            "module.autoscaling.aws_launch_template.this",
            "module.autoscaling.data.aws_iam_policy_document.assume_role_policy",
            "module.autoscaling.data.aws_partition.current"
          ],
          "create_before_destroy": true
        }
      ]
    },
    {
      "module": "module.autoscaling",
      "mode": "managed",
      "type": "aws_launch_template",
      "name": "this",
      "provider": "provider[\"registry.terraform.io/hashicorp/aws\"]",
      "instances": [
        {
          "index_key": 0,
          "schema_version": 1,
          "attributes": {
            "arn": "arn:aws:ec2:ap-southeast-2:229342747134:launch-template/lt-01da66ada3b4db8ee",
            "block_device_mappings": [],
            "capacity_reservation_specification": [],
            "cpu_options": [],
            "credit_specification": [],
            "default_version": 1,
            "description": "",
            "disable_api_stop": false,
            "disable_api_termination": false,
            "ebs_optimized": "",
            "enclave_options": [],
            "hibernation_options": [],
            "iam_instance_profile": [],
            "id": "lt-01da66ada3b4db8ee",
            "image_id": "ami-06cd25c905a7e9a0f",
            "instance_initiated_shutdown_behavior": "",
            "instance_market_options": [],
            "instance_requirements": [],
            "instance_type": "t3.micro",
            "kernel_id": "",
            "key_name": "",
            "latest_version": 1,
            "license_specification": [],
            "maintenance_options": [],
            "metadata_options": [
              {
                "http_endpoint": "enabled",
                "http_protocol_ipv6": "",
                "http_put_response_hop_limit": 1,
                "http_tokens": "required",
                "instance_metadata_tags": ""
              }
            ],
            "monitoring": [
              {
                "enabled": true
              }
            ],
            "name": "myasg-20251106081405355300000001",
            "name_prefix": "myasg-",
            "network_interfaces": [],
            "placement": [],
            "private_dns_name_options": [],
            "ram_disk_id": "",
            "region": "ap-southeast-2",
            "security_group_names": null,
            "tag_specifications": [],
            "tags": {
              "Name": "Web EC2 Server 2"
            },
            "tags_all": {
              "Environment": "default",
              "Name": "Web EC2 Server 2",
              "Owner": "Acme",
              "Provisoned": "Terrafor"
            },
            "update_default_version": null,
            "user_data": "",
            "vpc_security_group_ids": null
          },
          "sensitive_attributes": [],
          "private": "eyJzY2hlbWFfdmVyc2lvbiI6IjEifQ==",
          "dependencies": [
            "data.aws_ami.ubuntu",
            "module.autoscaling.aws_iam_instance_profile.this",
            "module.autoscaling.aws_iam_role.this",
            "module.autoscaling.data.aws_iam_policy_document.assume_role_policy",
            "module.autoscaling.data.aws_partition.current"
          ],
          "create_before_destroy": true
        }
      ]
    },
    {
      "module": "module.server",
      "mode": "managed",
      "type": "aws_instance",
      "name": "web",
      "provider": "provider[\"registry.terraform.io/hashicorp/aws\"]",
      "instances": [
        {
          "schema_version": 2,
          "attributes": {
            "ami": "ami-06cd25c905a7e9a0f",
            "arn": "arn:aws:ec2:ap-southeast-2:229342747134:instance/i-0d176a428abf89c91",
            "associate_public_ip_address": true,
            "availability_zone": "ap-southeast-2a",
            "capacity_reservation_specification": [
              {
                "capacity_reservation_preference": "open",
                "capacity_reservation_target": []
              }
            ],
            "cpu_options": [
              {
                "amd_sev_snp": "",
                "core_count": 1,
                "threads_per_core": 1
              }
            ],
            "credit_specification": [
              {
                "cpu_credits": "standard"
              }
            ],
            "disable_api_stop": false,
            "disable_api_termination": false,
            "ebs_block_device": [],
            "ebs_optimized": false,
            "enable_primary_ipv6": null,
            "enclave_options": [
              {
                "enabled": false
              }
            ],
            "ephemeral_block_device": [],
            "force_destroy": false,
            "get_password_data": false,
            "hibernation": false,
            "host_id": "",
            "host_resource_group_arn": null,
            "iam_instance_profile": "",
            "id": "i-0d176a428abf89c91",
            "instance_initiated_shutdown_behavior": "stop",
            "instance_lifecycle": "",
            "instance_market_options": [],
            "instance_state": "running",
            "instance_type": "t2.micro",
            "ipv6_address_count": 0,
            "ipv6_addresses": [],
            "key_name": "",
            "launch_template": [],
            "maintenance_options": [
              {
                "auto_recovery": "default"
              }
            ],
            "metadata_options": [
              {
                "http_endpoint": "enabled",
                "http_protocol_ipv6": "disabled",
                "http_put_response_hop_limit": 1,
                "http_tokens": "optional",
                "instance_metadata_tags": "disabled"
              }
            ],
            "monitoring": false,
            "network_interface": [],
            "outpost_arn": "",
            "password_data": "",
            "placement_group": "",
            "placement_group_id": "",
            "placement_partition_number": 0,
            "primary_network_interface": [
              {
                "delete_on_termination": true,
                "network_interface_id": "eni-0c81da53b390d964c"
              }
            ],
            "primary_network_interface_id": "eni-0c81da53b390d964c",
            "private_dns": "ip-10-0-103-85.ap-southeast-2.compute.internal",
            "private_dns_name_options": [
              {
                "enable_resource_name_dns_a_record": false,
                "enable_resource_name_dns_aaaa_record": false,
                "hostname_type": "ip-name"
              }
            ],
            "private_ip": "10.0.103.85",
            "public_dns": "",
            "public_ip": "13.236.68.67",
            "region": "ap-southeast-2",
            "root_block_device": [
              {
                "delete_on_termination": true,
                "device_name": "/dev/sda1",
                "encrypted": false,
                "iops": 100,
                "kms_key_id": "",
                "tags": {
                  "Environment": "default",
                  "Owner": "Acme",
                  "Provisoned": "Terrafor"
                },
                "tags_all": {
                  "Environment": "default",
                  "Owner": "Acme",
                  "Provisoned": "Terrafor"
                },
                "throughput": 0,
                "volume_id": "vol-03cd7294e08a12699",
                "volume_size": 8,
                "volume_type": "gp2"
              }
            ],
            "secondary_private_ips": [],
            "security_groups": [],
            "source_dest_check": true,
            "spot_instance_request_id": "",
            "subnet_id": "subnet-09c59b39cf1dd5d7b",
            "tags": {
              "Environment": "Training",
              "Name": "Server from Module"
            },
            "tags_all": {
              "Environment": "Training",
              "Name": "Server from Module",
              "Owner": "Acme",
              "Provisoned": "Terrafor"
            },
            "tenancy": "default",
            "timeouts": null,
            "user_data": null,
            "user_data_base64": null,
            "user_data_replace_on_change": false,
            "volume_tags": null,
            "vpc_security_group_ids": [
              "sg-07ca5c438cabc58a9",
              "sg-0be3c89e7cc7f35da",
              "sg-0c5710341538a4132"
            ]
          },
          "sensitive_attributes": [],
          "private": "eyJlMmJmYjczMC1lY2FhLTExZTYtOGY4OC0zNDM2M2JjN2M0YzAiOnsiY3JlYXRlIjo2MDAwMDAwMDAwMDAsImRlbGV0ZSI6MTIwMDAwMDAwMDAwMCwicmVhZCI6OTAwMDAwMDAwMDAwLCJ1cGRhdGUiOjYwMDAwMDAwMDAwMH0sInNjaGVtYV92ZXJzaW9uIjoiMiJ9",
          "dependencies": [
            "aws_security_group.ingress-ssh",
            "aws_security_group.vpc-ping",
            "aws_security_group.vpc-web",
            "aws_subnet.public_subnets",
            "aws_vpc.vpc",
            "data.aws_ami.ubuntu",
            "data.aws_availability_zones.available",
            "data.aws_region.current"
          ]
        }
      ]
    },
    {
      "module": "module.server_subnet_1",
      "mode": "managed",
      "type": "aws_instance",
      "name": "web",
      "provider": "provider[\"registry.terraform.io/hashicorp/aws\"]",
      "instances": [
        {
          "schema_version": 2,
          "attributes": {
            "ami": "ami-06cd25c905a7e9a0f",
            "arn": "arn:aws:ec2:ap-southeast-2:229342747134:instance/i-094accab6d67d36ff",
            "associate_public_ip_address": true,
            "availability_zone": "ap-southeast-2b",
            "capacity_reservation_specification": [
              {
                "capacity_reservation_preference": "open",
                "capacity_reservation_target": []
              }
            ],
            "cpu_options": [
              {
                "amd_sev_snp": "",
                "core_count": 1,
                "threads_per_core": 2
              }
            ],
            "credit_specification": [
              {
                "cpu_credits": "unlimited"
              }
            ],
            "disable_api_stop": false,
            "disable_api_termination": false,
            "ebs_block_device": [],
            "ebs_optimized": false,
            "enable_primary_ipv6": null,
            "enclave_options": [
              {
                "enabled": false
              }
            ],
            "ephemeral_block_device": [],
            "force_destroy": false,
            "get_password_data": false,
            "hibernation": false,
            "host_id": "",
            "host_resource_group_arn": null,
            "iam_instance_profile": "",
            "id": "i-094accab6d67d36ff",
            "instance_initiated_shutdown_behavior": "stop",
            "instance_lifecycle": "",
            "instance_market_options": [],
            "instance_state": "running",
            "instance_type": "t3.micro",
            "ipv6_address_count": 0,
            "ipv6_addresses": [],
            "key_name": "MyAWSKey",
            "launch_template": [],
            "maintenance_options": [
              {
                "auto_recovery": "default"
              }
            ],
            "metadata_options": [
              {
                "http_endpoint": "enabled",
                "http_protocol_ipv6": "disabled",
                "http_put_response_hop_limit": 1,
                "http_tokens": "optional",
                "instance_metadata_tags": "disabled"
              }
            ],
            "monitoring": false,
            "network_interface": [],
            "outpost_arn": "",
            "password_data": "",
            "placement_group": "",
            "placement_group_id": "",
            "placement_partition_number": 0,
            "primary_network_interface": [
              {
                "delete_on_termination": true,
                "network_interface_id": "eni-0ec1fd9bf971c8281"
              }
            ],
            "primary_network_interface_id": "eni-0ec1fd9bf971c8281",
            "private_dns": "ip-10-0-101-60.ap-southeast-2.compute.internal",
            "private_dns_name_options": [
              {
                "enable_resource_name_dns_a_record": false,
                "enable_resource_name_dns_aaaa_record": false,
                "hostname_type": "ip-name"
              }
            ],
            "private_ip": "10.0.101.60",
            "public_dns": "",
            "public_ip": "54.252.25.1",
            "region": "ap-southeast-2",
            "root_block_device": [
              {
                "delete_on_termination": true,
                "device_name": "/dev/sda1",
                "encrypted": false,
                "iops": 100,
                "kms_key_id": "",
                "tags": {
                  "Environment": "default",
                  "Owner": "Acme",
                  "Provisoned": "Terrafor"
                },
                "tags_all": {
                  "Environment": "default",
                  "Owner": "Acme",
                  "Provisoned": "Terrafor"
                },
                "throughput": 0,
                "volume_id": "vol-0d191d3a0d6bbd864",
                "volume_size": 8,
                "volume_type": "gp2"
              }
            ],
            "secondary_private_ips": [],
            "security_groups": [],
            "source_dest_check": true,
            "spot_instance_request_id": "",
            "subnet_id": "subnet-0b873f4acd80a197f",
            "tags": {
              "Environment": "Training",
              "Name": "Web Server from Module"
            },
            "tags_all": {
              "Environment": "Training",
              "Name": "Web Server from Module",
              "Owner": "Acme",
              "Provisoned": "Terrafor"
            },
            "tenancy": "default",
            "timeouts": null,
            "user_data": null,
            "user_data_base64": null,
            "user_data_replace_on_change": false,
            "volume_tags": null,
            "vpc_security_group_ids": [
              "sg-01fb8eb166073b138",
              "sg-07ca5c438cabc58a9",
              "sg-0be3c89e7cc7f35da",
              "sg-0c5710341538a4132"
            ]
          },
          "sensitive_attributes": [],
          "private": "eyJlMmJmYjczMC1lY2FhLTExZTYtOGY4OC0zNDM2M2JjN2M0YzAiOnsiY3JlYXRlIjo2MDAwMDAwMDAwMDAsImRlbGV0ZSI6MTIwMDAwMDAwMDAwMCwicmVhZCI6OTAwMDAwMDAwMDAwLCJ1cGRhdGUiOjYwMDAwMDAwMDAwMH0sInNjaGVtYV92ZXJzaW9uIjoiMiJ9",
          "dependencies": [
            "aws_key_pair.generated",
            "aws_security_group.ingress-ssh",
            "aws_security_group.main",
            "aws_security_group.vpc-ping",
            "aws_security_group.vpc-web",
            "aws_subnet.public_subnets",
            "aws_vpc.vpc",
            "data.aws_ami.ubuntu",
            "data.aws_availability_zones.available",
            "data.aws_region.current",
            "tls_private_key.generated"
          ]
        }
      ]
    }
  ],
  "check_results": null
}
